{"format_version":"1.2","terraform_version":"1.13.5","variables":{"allowed_cidr":{"value":"5.152.109.0/24"},"instance_ami":{"value":"ami-097a2df4ac947655f"},"instance_type":{"value":"t3.micro"},"lambda_bucket_name":{"value":"alexrachok-terraform-web-site-static-content"},"region":{"value":"us-east-2"},"ssh_key_name":{"value":"aws_key"},"ssh_public_key":{"value":"ssh-ed25519 AAAAC3NzaC1lZDI1NTE5AAAAIC8bJfR85v9E+M096iS8Tn5eqOD3BpjezKfbASwNA8Um azuread\\aliaksandrrachok@EPGETBIW0398"}},"planned_values":{"outputs":{"alb_application_url":{"sensitive":false,"type":"string","value":"https://crypto.sys-lab.xyz/"},"alb_custom_domain":{"sensitive":false,"type":"string","value":"https://crypto.sys-lab.xyz"},"alb_dns_name":{"sensitive":false,"type":"string","value":"web-server-alb-1011333748.us-east-2.elb.amazonaws.com"},"cloudfront_custom_domain":{"sensitive":false,"type":"string","value":"https://internet.sys-lab.xyz"},"cloudfront_domain":{"sensitive":false,"type":"string","value":"d3pf16f1x4nqrx.cloudfront.net"},"cloudfront_url":{"sensitive":false,"type":"string","value":"https://internet.sys-lab.xyz/"},"nlb_dns_name":{"sensitive":false,"type":"string","value":"ssh-forward-nlb-4d7d6d4bbd98dfae.elb.us-east-2.amazonaws.com"},"rds_endpoint":{"sensitive":false,"type":"string","value":"test-postgres-db.cns6wc2k8rgh.us-east-2.rds.amazonaws.com"},"s3_bucket_name":{"sensitive":false,"type":"string","value":"alexrachok-terraform-web-site-static-content"},"ssh_bastion_command":{"sensitive":false,"type":"string","value":"ssh -p 2000 -i keys/aws_key ubuntu@ssh-forward-nlb-4d7d6d4bbd98dfae.elb.us-east-2.amazonaws.com"}},"root_module":{"resources":[{"address":"aws_acm_certificate.alb_cert","mode":"managed","type":"aws_acm_certificate","name":"alb_cert","provider_name":"registry.terraform.io/hashicorp/aws","schema_version":0,"values":{"arn":"arn:aws:acm:us-east-2:815408489721:certificate/fdf0abd1-d8ef-4e02-b2cd-d1493068bb47","certificate_authority_arn":"","certificate_body":null,"certificate_chain":null,"domain_name":"crypto.sys-lab.xyz","domain_validation_options":[{"domain_name":"crypto.sys-lab.xyz","resource_record_name":"_ca079edc6fa878b19ec5d5c5c9e4969d.crypto.sys-lab.xyz.","resource_record_type":"CNAME","resource_record_value":"_ba40e27644fe4164c49a558bc2d2e9aa.jkddzztszm.acm-validations.aws."}],"early_renewal_duration":"","id":"arn:aws:acm:us-east-2:815408489721:certificate/fdf0abd1-d8ef-4e02-b2cd-d1493068bb47","key_algorithm":"RSA_2048","not_after":"2027-01-27T23:59:59Z","not_before":"2025-12-29T00:00:00Z","options":[{"certificate_transparency_logging_preference":"ENABLED","export":"DISABLED"}],"pending_renewal":false,"private_key":null,"region":"us-east-2","renewal_eligibility":"ELIGIBLE","renewal_summary":[],"status":"ISSUED","subject_alternative_names":["crypto.sys-lab.xyz"],"tags":{},"tags_all":{},"type":"AMAZON_ISSUED","validation_emails":[],"validation_method":"DNS","validation_option":[]},"sensitive_values":{"domain_validation_options":[{}],"options":[{}],"private_key":true,"renewal_summary":[],"subject_alternative_names":[false],"tags":{},"tags_all":{},"validation_emails":[],"validation_option":[]},"identity_schema_version":0,"identity":{"arn":"arn:aws:acm:us-east-2:815408489721:certificate/fdf0abd1-d8ef-4e02-b2cd-d1493068bb47"}},{"address":"aws_acm_certificate.cloudfront_cert","mode":"managed","type":"aws_acm_certificate","name":"cloudfront_cert","provider_name":"registry.terraform.io/hashicorp/aws","schema_version":0,"values":{"arn":"arn:aws:acm:us-east-1:815408489721:certificate/66b71a8f-7172-4cb9-8aef-868ee484dd54","certificate_authority_arn":"","certificate_body":null,"certificate_chain":null,"domain_name":"sys-lab.xyz","domain_validation_options":[{"domain_name":"internet.sys-lab.xyz","resource_record_name":"_e5fa437e2c6f643361b7206dd38d4d8c.internet.sys-lab.xyz.","resource_record_type":"CNAME","resource_record_value":"_2e4f7aeaa237764a4958be71fd12bf04.jkddzztszm.acm-validations.aws."},{"domain_name":"sys-lab.xyz","resource_record_name":"_3dca63e2adbcd90c7e2b91d82b83a461.sys-lab.xyz.","resource_record_type":"CNAME","resource_record_value":"_0e5c062399b8bb1c1ee8a7f6539ecc75.jkddzztszm.acm-validations.aws."},{"domain_name":"www.internet.sys-lab.xyz","resource_record_name":"_ff3ab42d63eade181f5885597ddfee1f.www.internet.sys-lab.xyz.","resource_record_type":"CNAME","resource_record_value":"_93f8dcbef448edf93bb7dd2b37b67fb3.jkddzztszm.acm-validations.aws."}],"early_renewal_duration":"","id":"arn:aws:acm:us-east-1:815408489721:certificate/66b71a8f-7172-4cb9-8aef-868ee484dd54","key_algorithm":"RSA_2048","not_after":"2027-01-27T23:59:59Z","not_before":"2025-12-29T00:00:00Z","options":[{"certificate_transparency_logging_preference":"ENABLED","export":"DISABLED"}],"pending_renewal":false,"private_key":null,"region":"us-east-1","renewal_eligibility":"ELIGIBLE","renewal_summary":[],"status":"ISSUED","subject_alternative_names":["internet.sys-lab.xyz","sys-lab.xyz","www.internet.sys-lab.xyz"],"tags":{},"tags_all":{},"type":"AMAZON_ISSUED","validation_emails":[],"validation_method":"DNS","validation_option":[]},"sensitive_values":{"domain_validation_options":[{},{},{}],"options":[{}],"private_key":true,"renewal_summary":[],"subject_alternative_names":[false,false,false],"tags":{},"tags_all":{},"validation_emails":[],"validation_option":[]},"identity_schema_version":0,"identity":{"arn":"arn:aws:acm:us-east-1:815408489721:certificate/66b71a8f-7172-4cb9-8aef-868ee484dd54"}},{"address":"aws_acm_certificate_validation.alb_cert_validation","mode":"managed","type":"aws_acm_certificate_validation","name":"alb_cert_validation","provider_name":"registry.terraform.io/hashicorp/aws","schema_version":0,"values":{"certificate_arn":"arn:aws:acm:us-east-2:815408489721:certificate/fdf0abd1-d8ef-4e02-b2cd-d1493068bb47","id":"2025-12-29 20:13:09.397 +0000 UTC","region":"us-east-2","timeouts":null,"validation_record_fqdns":["_ca079edc6fa878b19ec5d5c5c9e4969d.crypto.sys-lab.xyz"]},"sensitive_values":{"validation_record_fqdns":[false]}},{"address":"aws_acm_certificate_validation.cloudfront_cert","mode":"managed","type":"aws_acm_certificate_validation","name":"cloudfront_cert","provider_name":"registry.terraform.io/hashicorp/aws","schema_version":0,"values":{"certificate_arn":"arn:aws:acm:us-east-1:815408489721:certificate/66b71a8f-7172-4cb9-8aef-868ee484dd54","id":"2025-12-29 20:13:08.272 +0000 UTC","region":"us-east-1","timeouts":null,"validation_record_fqdns":["_3dca63e2adbcd90c7e2b91d82b83a461.sys-lab.xyz","_e5fa437e2c6f643361b7206dd38d4d8c.internet.sys-lab.xyz","_ff3ab42d63eade181f5885597ddfee1f.www.internet.sys-lab.xyz"]},"sensitive_values":{"validation_record_fqdns":[false,false,false]}},{"address":"aws_autoscaling_group.web_asg","mode":"managed","type":"aws_autoscaling_group","name":"web_asg","provider_name":"registry.terraform.io/hashicorp/aws","schema_version":1,"values":{"arn":"arn:aws:autoscaling:us-east-2:815408489721:autoScalingGroup:6dfc5922-7c0d-4c05-b27d-4fbb22b6864f:autoScalingGroupName/web-server-asg","availability_zone_distribution":[{"capacity_distribution_strategy":"balanced-best-effort"}],"availability_zones":["us-east-2a","us-east-2b","us-east-2c"],"capacity_rebalance":false,"capacity_reservation_specification":[{"capacity_reservation_preference":"default","capacity_reservation_target":[]}],"context":"","default_cooldown":300,"default_instance_warmup":0,"desired_capacity":1,"desired_capacity_type":"","enabled_metrics":[],"force_delete":false,"force_delete_warm_pool":false,"health_check_grace_period":300,"health_check_type":"EC2","id":"web-server-asg","ignore_failed_scaling_activities":false,"initial_lifecycle_hook":[],"instance_maintenance_policy":[],"instance_refresh":[],"launch_configuration":"","launch_template":[{"id":"lt-0e0181b1080220e94","name":"web-server-lt-2025122920182297270000000f","version":"$Latest"}],"load_balancers":[],"max_instance_lifetime":0,"max_size":2,"metrics_granularity":"1Minute","min_elb_capacity":null,"min_size":1,"mixed_instances_policy":[],"name":"web-server-asg","name_prefix":"","placement_group":"","predicted_capacity":0,"protect_from_scale_in":false,"region":"us-east-2","service_linked_role_arn":"arn:aws:iam::815408489721:role/aws-service-role/autoscaling.amazonaws.com/AWSServiceRoleForAutoScaling","suspended_processes":[],"tag":[{"key":"Name","propagate_at_launch":true,"value":"web-asg-instance"}],"target_group_arns":["arn:aws:elasticloadbalancing:us-east-2:815408489721:targetgroup/web-server-tg/c241aa4bb0ea3011"],"termination_policies":[],"timeouts":null,"traffic_source":[{"identifier":"arn:aws:elasticloadbalancing:us-east-2:815408489721:targetgroup/web-server-tg/c241aa4bb0ea3011","type":"elbv2"}],"vpc_zone_identifier":["subnet-0e7f636aeeb038f14","subnet-0e83351c992742dd0","subnet-0f9f39a6e96426678"],"wait_for_capacity_timeout":"10m","wait_for_elb_capacity":null,"warm_pool":[],"warm_pool_size":0},"sensitive_values":{"availability_zone_distribution":[{}],"availability_zones":[false,false,false],"capacity_reservation_specification":[{"capacity_reservation_target":[]}],"enabled_metrics":[],"initial_lifecycle_hook":[],"instance_maintenance_policy":[],"instance_refresh":[],"launch_template":[{}],"load_balancers":[],"mixed_instances_policy":[],"suspended_processes":[],"tag":[{}],"target_group_arns":[false],"termination_policies":[],"traffic_source":[{}],"vpc_zone_identifier":[false,false,false],"warm_pool":[]}},{"address":"aws_autoscaling_policy.scale_out","mode":"managed","type":"aws_autoscaling_policy","name":"scale_out","provider_name":"registry.terraform.io/hashicorp/aws","schema_version":0,"values":{"adjustment_type":"ChangeInCapacity","arn":"arn:aws:autoscaling:us-east-2:815408489721:scalingPolicy:dbe9b62c-6a42-4f6b-91e9-29c973ed1dff:autoScalingGroupName/web-server-asg:policyName/web-scale-out","autoscaling_group_name":"web-server-asg","cooldown":60,"enabled":true,"estimated_instance_warmup":0,"id":"web-scale-out","metric_aggregation_type":"","min_adjustment_magnitude":0,"name":"web-scale-out","policy_type":"SimpleScaling","predictive_scaling_configuration":[],"region":"us-east-2","scaling_adjustment":1,"step_adjustment":[],"target_tracking_configuration":[]},"sensitive_values":{"predictive_scaling_configuration":[],"step_adjustment":[],"target_tracking_configuration":[]}},{"address":"aws_cloudfront_distribution.cdn","mode":"managed","type":"aws_cloudfront_distribution","name":"cdn","provider_name":"registry.terraform.io/hashicorp/aws","schema_version":1,"values":{"aliases":["internet.sys-lab.xyz"],"anycast_ip_list_id":"","arn":"arn:aws:cloudfront::815408489721:distribution/E1M9VOWSRDD4I3","caller_reference":"terraform-20251229203022080200000001","comment":null,"continuous_deployment_policy_id":"","custom_error_response":[],"default_cache_behavior":[{"allowed_methods":["GET","HEAD"],"cache_policy_id":"658327ea-f89d-4fab-a63d-7e88639e58f6","cached_methods":["GET","HEAD"],"compress":false,"default_ttl":0,"field_level_encryption_id":"","forwarded_values":[],"function_association":[],"grpc_config":[{"enabled":false}],"lambda_function_association":[],"max_ttl":0,"min_ttl":0,"origin_request_policy_id":"88a5eaf4-2fd4-4709-b370-b4c650ea3fcf","realtime_log_config_arn":"","response_headers_policy_id":"","smooth_streaming":false,"target_origin_id":"s3-origin","trusted_key_groups":[],"trusted_signers":[],"viewer_protocol_policy":"redirect-to-https"}],"default_root_object":"index.html","domain_name":"d3pf16f1x4nqrx.cloudfront.net","enabled":true,"etag":"E2NLAODHNTH2JN","hosted_zone_id":"Z2FDTNDATAQYW2","http_version":"http2","id":"E1M9VOWSRDD4I3","in_progress_validation_batches":0,"is_ipv6_enabled":false,"last_modified_time":"2025-12-29 20:30:23.192 +0000 UTC","logging_config":[{"bucket":"alexrachok-cloudfront-logs.s3.amazonaws.com","include_cookies":false,"prefix":"cloudfront/"}],"logging_v1_enabled":true,"ordered_cache_behavior":[],"origin":[{"connection_attempts":3,"connection_timeout":10,"custom_header":[],"custom_origin_config":[],"domain_name":"alexrachok-terraform-web-site-static-content.s3.us-east-2.amazonaws.com","origin_access_control_id":"E2EUZB4VYDVFE7","origin_id":"s3-origin","origin_path":"","origin_shield":[],"response_completion_timeout":0,"s3_origin_config":[],"vpc_origin_config":[]}],"origin_group":[],"price_class":"PriceClass_All","restrictions":[{"geo_restriction":[{"locations":[],"restriction_type":"none"}]}],"retain_on_delete":false,"staging":false,"status":"Deployed","tags":{},"tags_all":{},"trusted_key_groups":[{"enabled":false,"items":[]}],"trusted_signers":[{"enabled":false,"items":[]}],"viewer_certificate":[{"acm_certificate_arn":"arn:aws:acm:us-east-1:815408489721:certificate/66b71a8f-7172-4cb9-8aef-868ee484dd54","cloudfront_default_certificate":false,"iam_certificate_id":"","minimum_protocol_version":"TLSv1.2_2021","ssl_support_method":"sni-only"}],"wait_for_deployment":true,"web_acl_id":"arn:aws:wafv2:us-east-1:815408489721:global/webacl/cloudfront-waf/6297f2b4-d8ec-4c9f-92a8-5352f3c56f36"},"sensitive_values":{"aliases":[false],"custom_error_response":[],"default_cache_behavior":[{"allowed_methods":[false,false],"cached_methods":[false,false],"forwarded_values":[],"function_association":[],"grpc_config":[{}],"lambda_function_association":[],"trusted_key_groups":[],"trusted_signers":[]}],"logging_config":[{}],"ordered_cache_behavior":[],"origin":[{"custom_header":[],"custom_origin_config":[],"origin_shield":[],"s3_origin_config":[],"vpc_origin_config":[]}],"origin_group":[],"restrictions":[{"geo_restriction":[{"locations":[]}]}],"tags":{},"tags_all":{},"trusted_key_groups":[{"items":[]}],"trusted_signers":[{"items":[]}],"viewer_certificate":[{}]}},{"address":"aws_cloudfront_origin_access_control.oac","mode":"managed","type":"aws_cloudfront_origin_access_control","name":"oac","provider_name":"registry.terraform.io/hashicorp/aws","schema_version":0,"values":{"arn":"arn:aws:cloudfront::815408489721:origin-access-control/E2EUZB4VYDVFE7","description":"Access control for CloudFront to read S3 bucket","etag":"ETVPDKIKX0DER","id":"E2EUZB4VYDVFE7","name":"s3-oac-web-site","origin_access_control_origin_type":"s3","signing_behavior":"always","signing_protocol":"sigv4"},"sensitive_values":{}},{"address":"aws_cloudwatch_event_rule.lambda_schedule","mode":"managed","type":"aws_cloudwatch_event_rule","name":"lambda_schedule","provider_name":"registry.terraform.io/hashicorp/aws","schema_version":1,"values":{"arn":"arn:aws:events:us-east-2:815408489721:rule/crypto-updater-schedule","description":"","event_bus_name":"default","event_pattern":null,"force_destroy":false,"id":"crypto-updater-schedule","is_enabled":true,"name":"crypto-updater-schedule","name_prefix":"","region":"us-east-2","role_arn":"","schedule_expression":"rate(5 minutes)","state":"ENABLED","tags":{},"tags_all":{}},"sensitive_values":{"tags":{},"tags_all":{}},"identity_schema_version":0,"identity":{"account_id":"815408489721","name":"crypto-updater-schedule","region":"us-east-2"}},{"address":"aws_cloudwatch_event_target.lambda_target","mode":"managed","type":"aws_cloudwatch_event_target","name":"lambda_target","provider_name":"registry.terraform.io/hashicorp/aws","schema_version":1,"values":{"appsync_target":[],"arn":"arn:aws:lambda:us-east-2:815408489721:function:crypto-updater","batch_target":[],"dead_letter_config":[],"ecs_target":[],"event_bus_name":"default","force_destroy":false,"http_target":[],"id":"crypto-updater-schedule-crypto-updater","input":"","input_path":"","input_transformer":[],"kinesis_target":[],"redshift_target":[],"region":"us-east-2","retry_policy":[],"role_arn":"","rule":"crypto-updater-schedule","run_command_targets":[],"sagemaker_pipeline_target":[],"sqs_target":[],"target_id":"crypto-updater"},"sensitive_values":{"appsync_target":[],"batch_target":[],"dead_letter_config":[],"ecs_target":[],"http_target":[],"input_transformer":[],"kinesis_target":[],"redshift_target":[],"retry_policy":[],"run_command_targets":[],"sagemaker_pipeline_target":[],"sqs_target":[]},"identity_schema_version":0,"identity":{"account_id":"815408489721","event_bus_name":"default","region":"us-east-2","rule":"crypto-updater-schedule","target_id":"crypto-updater"}},{"address":"aws_cloudwatch_metric_alarm.cpu_high","mode":"managed","type":"aws_cloudwatch_metric_alarm","name":"cpu_high","provider_name":"registry.terraform.io/hashicorp/aws","schema_version":1,"values":{"actions_enabled":true,"alarm_actions":["arn:aws:autoscaling:us-east-2:815408489721:scalingPolicy:dbe9b62c-6a42-4f6b-91e9-29c973ed1dff:autoScalingGroupName/web-server-asg:policyName/web-scale-out"],"alarm_description":"","alarm_name":"web-cpu-high","arn":"arn:aws:cloudwatch:us-east-2:815408489721:alarm:web-cpu-high","comparison_operator":"GreaterThanThreshold","datapoints_to_alarm":0,"dimensions":{"AutoScalingGroupName":"web-server-asg"},"evaluate_low_sample_count_percentiles":"","evaluation_periods":2,"extended_statistic":"","id":"web-cpu-high","insufficient_data_actions":[],"metric_name":"CPUUtilization","metric_query":[],"namespace":"AWS/EC2","ok_actions":[],"period":60,"region":"us-east-2","statistic":"Average","tags":{},"tags_all":{},"threshold":70,"threshold_metric_id":"","treat_missing_data":"missing","unit":""},"sensitive_values":{"alarm_actions":[false],"dimensions":{},"insufficient_data_actions":[],"metric_query":[],"ok_actions":[],"tags":{},"tags_all":{}},"identity_schema_version":0,"identity":{"account_id":"815408489721","alarm_name":"web-cpu-high","region":"us-east-2"}},{"address":"aws_db_instance.postgres","mode":"managed","type":"aws_db_instance","name":"postgres","provider_name":"registry.terraform.io/hashicorp/aws","schema_version":2,"values":{"address":"test-postgres-db.cns6wc2k8rgh.us-east-2.rds.amazonaws.com","allocated_storage":20,"allow_major_version_upgrade":null,"apply_immediately":false,"arn":"arn:aws:rds:us-east-2:815408489721:db:test-postgres-db","auto_minor_version_upgrade":true,"availability_zone":"us-east-2c","backup_retention_period":0,"backup_target":"region","backup_window":"09:46-10:16","blue_green_update":[],"ca_cert_identifier":"rds-ca-rsa2048-g1","character_set_name":"","copy_tags_to_snapshot":false,"custom_iam_instance_profile":"","customer_owned_ip_enabled":false,"database_insights_mode":"standard","db_name":"postgres","db_subnet_group_name":"postgress-db-subnet-group","dedicated_log_volume":false,"delete_automated_backups":true,"deletion_protection":false,"domain":"","domain_auth_secret_arn":"","domain_dns_ips":[],"domain_fqdn":"","domain_iam_role_name":"","domain_ou":"","enabled_cloudwatch_logs_exports":[],"endpoint":"test-postgres-db.cns6wc2k8rgh.us-east-2.rds.amazonaws.com:5432","engine":"postgres","engine_lifecycle_support":"open-source-rds-extended-support","engine_version":"17.6","engine_version_actual":"17.6","final_snapshot_identifier":null,"hosted_zone_id":"Z2XHWR1WZ565X2","iam_database_authentication_enabled":false,"id":"db-FOZMFZE2WTBGYVWJMGATFNYRLA","identifier":"test-postgres-db","identifier_prefix":"","instance_class":"db.t4g.micro","iops":0,"kms_key_id":"","latest_restorable_time":"","license_model":"postgresql-license","listener_endpoint":[],"maintenance_window":"mon:09:11-mon:09:41","manage_master_user_password":null,"master_user_secret":[],"master_user_secret_kms_key_id":null,"max_allocated_storage":0,"monitoring_interval":0,"monitoring_role_arn":"","multi_az":false,"nchar_character_set_name":"","network_type":"IPV4","option_group_name":"default:postgres-17","parameter_group_name":"default.postgres17","password":"DU9AZNAFx7IxxsfRb2P4","password_wo":null,"password_wo_version":null,"performance_insights_enabled":false,"performance_insights_kms_key_id":"","performance_insights_retention_period":0,"port":5432,"publicly_accessible":false,"region":"us-east-2","replica_mode":"","replicas":[],"replicate_source_db":"","resource_id":"db-FOZMFZE2WTBGYVWJMGATFNYRLA","restore_to_point_in_time":[],"s3_import":[],"skip_final_snapshot":true,"snapshot_identifier":null,"status":"available","storage_encrypted":false,"storage_throughput":0,"storage_type":"gp2","tags":{},"tags_all":{},"timeouts":null,"timezone":"","upgrade_storage_config":null,"username":"postgres_admin","vpc_security_group_ids":["sg-0b35d65d63761ff18"]},"sensitive_values":{"blue_green_update":[],"db_name":true,"domain_dns_ips":[],"enabled_cloudwatch_logs_exports":[],"listener_endpoint":[],"master_user_secret":[],"password":true,"password_wo":true,"replicas":[],"restore_to_point_in_time":[],"s3_import":[],"tags":{},"tags_all":{},"username":true,"vpc_security_group_ids":[false]}},{"address":"aws_db_subnet_group.db_subnets","mode":"managed","type":"aws_db_subnet_group","name":"db_subnets","provider_name":"registry.terraform.io/hashicorp/aws","schema_version":0,"values":{"arn":"arn:aws:rds:us-east-2:815408489721:subgrp:postgress-db-subnet-group","description":"Managed by Terraform","id":"postgress-db-subnet-group","name":"postgress-db-subnet-group","name_prefix":"","region":"us-east-2","subnet_ids":["subnet-0e7f636aeeb038f14","subnet-0e83351c992742dd0","subnet-0f9f39a6e96426678"],"supported_network_types":["IPV4"],"tags":{"Name":"db-subnet-group"},"tags_all":{"Name":"db-subnet-group"},"vpc_id":"vpc-0dca73f239e3b5e7d"},"sensitive_values":{"subnet_ids":[false,false,false],"supported_network_types":[false],"tags":{},"tags_all":{}}},{"address":"aws_eip.nat_eip","mode":"managed","type":"aws_eip","name":"nat_eip","provider_name":"registry.terraform.io/hashicorp/aws","schema_version":0,"values":{"address":null,"allocation_id":"eipalloc-01ee5e42cf7fc4fb4","arn":"arn:aws:ec2:us-east-2:815408489721:elastic-ip/eipalloc-01ee5e42cf7fc4fb4","associate_with_private_ip":null,"association_id":"eipassoc-016437751892b184f","carrier_ip":"","customer_owned_ip":"","customer_owned_ipv4_pool":"","domain":"vpc","id":"eipalloc-01ee5e42cf7fc4fb4","instance":"","ipam_pool_id":null,"network_border_group":"us-east-2","network_interface":"eni-0af9cb1665bf41ac6","private_dns":"ip-10-0-0-57.us-east-2.compute.internal","private_ip":"10.0.0.57","ptr_record":"","public_dns":"ec2-3-136-33-199.us-east-2.compute.amazonaws.com","public_ip":"3.136.33.199","public_ipv4_pool":"amazon","region":"us-east-2","tags":{},"tags_all":{},"timeouts":null},"sensitive_values":{"tags":{},"tags_all":{}}},{"address":"aws_iam_instance_profile.ec2_profile","mode":"managed","type":"aws_iam_instance_profile","name":"ec2_profile","provider_name":"registry.terraform.io/hashicorp/aws","schema_version":0,"values":{"arn":"arn:aws:iam::815408489721:instance-profile/ec2_s3_profile","create_date":"2025-12-29T20:12:50Z","id":"ec2_s3_profile","name":"ec2_s3_profile","name_prefix":"","path":"/","role":"ec2_s3_access_role","tags":{},"tags_all":{},"unique_id":"AIPA33WRCET4TGWWTEQ44"},"sensitive_values":{"tags":{},"tags_all":{}}},{"address":"aws_iam_role.ec2_role","mode":"managed","type":"aws_iam_role","name":"ec2_role","provider_name":"registry.terraform.io/hashicorp/aws","schema_version":0,"values":{"arn":"arn:aws:iam::815408489721:role/ec2_s3_access_role","assume_role_policy":"{\"Statement\":[{\"Action\":\"sts:AssumeRole\",\"Effect\":\"Allow\",\"Principal\":{\"Service\":\"ec2.amazonaws.com\"}}],\"Version\":\"2012-10-17\"}","create_date":"2025-12-29T20:12:49Z","description":"","force_detach_policies":false,"id":"ec2_s3_access_role","inline_policy":[{"name":"ec2_s3_read","policy":"{\"Version\":\"2012-10-17\",\"Statement\":[{\"Action\":[\"s3:GetObject\",\"s3:ListBucket\"],\"Effect\":\"Allow\",\"Resource\":[\"arn:aws:s3:::alexrachok-terraform-web-site-static-content\",\"arn:aws:s3:::alexrachok-terraform-web-site-static-content/*\"]}]}"}],"managed_policy_arns":[],"max_session_duration":3600,"name":"ec2_s3_access_role","name_prefix":"","path":"/","permissions_boundary":"","tags":{},"tags_all":{},"unique_id":"AROA33WRCET47TDM4MSMI"},"sensitive_values":{"inline_policy":[{}],"managed_policy_arns":[],"tags":{},"tags_all":{}},"identity_schema_version":0,"identity":{"account_id":"815408489721","name":"ec2_s3_access_role"}},{"address":"aws_iam_role.lambda_role","mode":"managed","type":"aws_iam_role","name":"lambda_role","provider_name":"registry.terraform.io/hashicorp/aws","schema_version":0,"values":{"arn":"arn:aws:iam::815408489721:role/crypto_updater_lambda_role","assume_role_policy":"{\"Statement\":[{\"Action\":\"sts:AssumeRole\",\"Effect\":\"Allow\",\"Principal\":{\"Service\":\"lambda.amazonaws.com\"}}],\"Version\":\"2012-10-17\"}","create_date":"2025-12-29T20:12:49Z","description":"","force_detach_policies":false,"id":"crypto_updater_lambda_role","inline_policy":[{"name":"crypto-updater-policy","policy":"{\"Version\":\"2012-10-17\",\"Statement\":[{\"Action\":[\"logs:CreateLogGroup\",\"logs:CreateLogStream\",\"logs:PutLogEvents\"],\"Effect\":\"Allow\",\"Resource\":\"*\"},{\"Action\":[\"s3:GetObject\"],\"Effect\":\"Allow\",\"Resource\":\"arn:aws:s3:::alexrachok-terraform-web-site-static-content/*\"}]}"}],"managed_policy_arns":["arn:aws:iam::aws:policy/service-role/AWSLambdaBasicExecutionRole","arn:aws:iam::aws:policy/service-role/AWSLambdaVPCAccessExecutionRole"],"max_session_duration":3600,"name":"crypto_updater_lambda_role","name_prefix":"","path":"/","permissions_boundary":"","tags":{},"tags_all":{},"unique_id":"AROA33WRCET4UN3LEMRET"},"sensitive_values":{"inline_policy":[{}],"managed_policy_arns":[false,false],"tags":{},"tags_all":{}},"identity_schema_version":0,"identity":{"account_id":"815408489721","name":"crypto_updater_lambda_role"}},{"address":"aws_iam_role_policy.ec2_s3_policy","mode":"managed","type":"aws_iam_role_policy","name":"ec2_s3_policy","provider_name":"registry.terraform.io/hashicorp/aws","schema_version":0,"values":{"id":"ec2_s3_access_role:ec2_s3_read","name":"ec2_s3_read","name_prefix":"","policy":"{\"Version\":\"2012-10-17\",\"Statement\":[{\"Action\":[\"s3:GetObject\",\"s3:ListBucket\"],\"Effect\":\"Allow\",\"Resource\":[\"arn:aws:s3:::alexrachok-terraform-web-site-static-content\",\"arn:aws:s3:::alexrachok-terraform-web-site-static-content/*\"]}]}","role":"ec2_s3_access_role"},"sensitive_values":{},"identity_schema_version":0,"identity":{"account_id":"815408489721","name":"ec2_s3_read","role":"ec2_s3_access_role"}},{"address":"aws_iam_role_policy.lambda_policy","mode":"managed","type":"aws_iam_role_policy","name":"lambda_policy","provider_name":"registry.terraform.io/hashicorp/aws","schema_version":0,"values":{"id":"crypto_updater_lambda_role:crypto-updater-policy","name":"crypto-updater-policy","name_prefix":"","policy":"{\"Version\":\"2012-10-17\",\"Statement\":[{\"Action\":[\"logs:CreateLogGroup\",\"logs:CreateLogStream\",\"logs:PutLogEvents\"],\"Effect\":\"Allow\",\"Resource\":\"*\"},{\"Action\":[\"s3:GetObject\"],\"Effect\":\"Allow\",\"Resource\":\"arn:aws:s3:::alexrachok-terraform-web-site-static-content/*\"}]}","role":"crypto_updater_lambda_role"},"sensitive_values":{},"identity_schema_version":0,"identity":{"account_id":"815408489721","name":"crypto-updater-policy","role":"crypto_updater_lambda_role"}},{"address":"aws_iam_role_policy_attachment.lambda_basic_execution","mode":"managed","type":"aws_iam_role_policy_attachment","name":"lambda_basic_execution","provider_name":"registry.terraform.io/hashicorp/aws","schema_version":0,"values":{"id":"crypto_updater_lambda_role/arn:aws:iam::aws:policy/service-role/AWSLambdaBasicExecutionRole","policy_arn":"arn:aws:iam::aws:policy/service-role/AWSLambdaBasicExecutionRole","role":"crypto_updater_lambda_role"},"sensitive_values":{},"identity_schema_version":0,"identity":{"account_id":"815408489721","policy_arn":"arn:aws:iam::aws:policy/service-role/AWSLambdaBasicExecutionRole","role":"crypto_updater_lambda_role"}},{"address":"aws_iam_role_policy_attachment.lambda_vpc_access","mode":"managed","type":"aws_iam_role_policy_attachment","name":"lambda_vpc_access","provider_name":"registry.terraform.io/hashicorp/aws","schema_version":0,"values":{"id":"crypto_updater_lambda_role/arn:aws:iam::aws:policy/service-role/AWSLambdaVPCAccessExecutionRole","policy_arn":"arn:aws:iam::aws:policy/service-role/AWSLambdaVPCAccessExecutionRole","role":"crypto_updater_lambda_role"},"sensitive_values":{},"identity_schema_version":0,"identity":{"account_id":"815408489721","policy_arn":"arn:aws:iam::aws:policy/service-role/AWSLambdaVPCAccessExecutionRole","role":"crypto_updater_lambda_role"}},{"address":"aws_instance.bastion","mode":"managed","type":"aws_instance","name":"bastion","provider_name":"registry.terraform.io/hashicorp/aws","schema_version":2,"values":{"ami":"ami-097a2df4ac947655f","arn":"arn:aws:ec2:us-east-2:815408489721:instance/i-00c6d473f5b1fe5b6","associate_public_ip_address":true,"availability_zone":"us-east-2a","capacity_reservation_specification":[{"capacity_reservation_preference":"open","capacity_reservation_target":[]}],"cpu_options":[{"amd_sev_snp":"","core_count":1,"threads_per_core":2}],"credit_specification":[{"cpu_credits":"unlimited"}],"disable_api_stop":false,"disable_api_termination":false,"ebs_block_device":[],"ebs_optimized":false,"enable_primary_ipv6":null,"enclave_options":[{"enabled":false}],"ephemeral_block_device":[],"force_destroy":false,"get_password_data":false,"hibernation":false,"host_id":"","host_resource_group_arn":null,"iam_instance_profile":"","id":"i-00c6d473f5b1fe5b6","instance_initiated_shutdown_behavior":"stop","instance_lifecycle":"","instance_market_options":[],"instance_state":"running","instance_type":"t3.micro","ipv6_address_count":0,"ipv6_addresses":[],"key_name":"aws_key","launch_template":[],"maintenance_options":[{"auto_recovery":"default"}],"metadata_options":[{"http_endpoint":"enabled","http_protocol_ipv6":"disabled","http_put_response_hop_limit":1,"http_tokens":"optional","instance_metadata_tags":"disabled"}],"monitoring":false,"network_interface":[],"outpost_arn":"","password_data":"","placement_group":"","placement_group_id":"","placement_partition_number":0,"primary_network_interface":[{"delete_on_termination":true,"network_interface_id":"eni-02fde7c64140ec522"}],"primary_network_interface_id":"eni-02fde7c64140ec522","private_dns":"ip-10-0-0-41.us-east-2.compute.internal","private_dns_name_options":[{"enable_resource_name_dns_a_record":false,"enable_resource_name_dns_aaaa_record":false,"hostname_type":"ip-name"}],"private_ip":"10.0.0.41","public_dns":"ec2-3-135-195-249.us-east-2.compute.amazonaws.com","public_ip":"3.135.195.249","region":"us-east-2","root_block_device":[{"delete_on_termination":true,"device_name":"/dev/sda1","encrypted":false,"iops":100,"kms_key_id":"","tags":{},"tags_all":{},"throughput":0,"volume_id":"vol-0cea0afe4d3d8ee84","volume_size":8,"volume_type":"gp2"}],"secondary_private_ips":[],"security_groups":[],"source_dest_check":true,"spot_instance_request_id":"","subnet_id":"subnet-0d94d88880f9c195c","tags":{"Name":"bastion-host","os":"ubuntu-22"},"tags_all":{"Name":"bastion-host","os":"ubuntu-22"},"tenancy":"default","timeouts":null,"user_data":null,"user_data_base64":null,"user_data_replace_on_change":false,"volume_tags":null,"vpc_security_group_ids":["sg-0e22ad20f929a8ed1"]},"sensitive_values":{"capacity_reservation_specification":[{"capacity_reservation_target":[]}],"cpu_options":[{}],"credit_specification":[{}],"ebs_block_device":[],"enclave_options":[{}],"ephemeral_block_device":[],"instance_market_options":[],"ipv6_addresses":[],"launch_template":[],"maintenance_options":[{}],"metadata_options":[{}],"network_interface":[],"primary_network_interface":[{}],"private_dns_name_options":[{}],"root_block_device":[{"tags":{},"tags_all":{}}],"secondary_private_ips":[],"security_groups":[],"tags":{},"tags_all":{},"vpc_security_group_ids":[false]},"identity_schema_version":0,"identity":{"account_id":"815408489721","id":"i-00c6d473f5b1fe5b6","region":"us-east-2"}},{"address":"aws_internet_gateway.igw","mode":"managed","type":"aws_internet_gateway","name":"igw","provider_name":"registry.terraform.io/hashicorp/aws","schema_version":0,"values":{"arn":"arn:aws:ec2:us-east-2:815408489721:internet-gateway/igw-00df441e9e8bdc2fc","id":"igw-00df441e9e8bdc2fc","owner_id":"815408489721","region":"us-east-2","tags":{"Name":"victors_lab_igw"},"tags_all":{"Name":"victors_lab_igw"},"timeouts":null,"vpc_id":"vpc-0dca73f239e3b5e7d"},"sensitive_values":{"tags":{},"tags_all":{}}},{"address":"aws_key_pair.deployer","mode":"managed","type":"aws_key_pair","name":"deployer","provider_name":"registry.terraform.io/hashicorp/aws","schema_version":1,"values":{"arn":"arn:aws:ec2:us-east-2:815408489721:key-pair/aws_key","fingerprint":"P7/sXcpNCqIzmorQCmKrtQqExYj3cA6jHDNYFh2bMD4=","id":"aws_key","key_name":"aws_key","key_name_prefix":"","key_pair_id":"key-0c0a821be24fa10e3","key_type":"ed25519","public_key":"ssh-ed25519 AAAAC3NzaC1lZDI1NTE5AAAAIC8bJfR85v9E+M096iS8Tn5eqOD3BpjezKfbASwNA8Um azuread\\aliaksandrrachok@EPGETBIW0398","region":"us-east-2","tags":{},"tags_all":{}},"sensitive_values":{"tags":{},"tags_all":{}}},{"address":"aws_lambda_function.crypto_updater","mode":"managed","type":"aws_lambda_function","name":"crypto_updater","provider_name":"registry.terraform.io/hashicorp/aws","schema_version":0,"values":{"architectures":["x86_64"],"arn":"arn:aws:lambda:us-east-2:815408489721:function:crypto-updater","code_sha256":"qED0DCMVTgzgcLfE5/KC9Nv6XyFf1GtnjtN/oAdfEN8=","code_signing_config_arn":"","dead_letter_config":[],"description":"","environment":[{"variables":{"DB_HOST":"test-postgres-db.cns6wc2k8rgh.us-east-2.rds.amazonaws.com","DB_NAME":"postgres","DB_PASS":"DU9AZNAFx7IxxsfRb2P4","DB_USER":"postgres_admin"}}],"ephemeral_storage":[{"size":512}],"file_system_config":[],"filename":null,"function_name":"crypto-updater","handler":"lambda_function.lambda_handler","id":"crypto-updater","image_config":[],"image_uri":"","invoke_arn":"arn:aws:apigateway:us-east-2:lambda:path/2015-03-31/functions/arn:aws:lambda:us-east-2:815408489721:function:crypto-updater/invocations","kms_key_arn":"","last_modified":"2025-12-29T20:18:23.989+0000","layers":["arn:aws:lambda:us-east-2:815408489721:layer:crypto-updater-layer:21"],"logging_config":[{"application_log_level":"","log_format":"Text","log_group":"/aws/lambda/crypto-updater","system_log_level":""}],"memory_size":128,"package_type":"Zip","publish":false,"qualified_arn":"arn:aws:lambda:us-east-2:815408489721:function:crypto-updater:$LATEST","qualified_invoke_arn":"arn:aws:apigateway:us-east-2:lambda:path/2015-03-31/functions/arn:aws:lambda:us-east-2:815408489721:function:crypto-updater:$LATEST/invocations","region":"us-east-2","replace_security_groups_on_destroy":null,"replacement_security_group_ids":null,"reserved_concurrent_executions":-1,"role":"arn:aws:iam::815408489721:role/crypto_updater_lambda_role","runtime":"python3.12","s3_bucket":"alexrachok-terraform-web-site-static-content","s3_key":"lambda/functions/crypto_updater.zip","s3_object_version":null,"signing_job_arn":"","signing_profile_version_arn":"","skip_destroy":false,"snap_start":[],"source_code_hash":"","source_code_size":1013,"source_kms_key_arn":"","tags":{},"tags_all":{},"timeout":60,"timeouts":null,"tracing_config":[{"mode":"PassThrough"}],"version":"$LATEST","vpc_config":[{"ipv6_allowed_for_dual_stack":false,"security_group_ids":["sg-0b51cfafa5933a0bf"],"subnet_ids":["subnet-0e83351c992742dd0","subnet-0f9f39a6e96426678"],"vpc_id":"vpc-0dca73f239e3b5e7d"}]},"sensitive_values":{"architectures":[false],"dead_letter_config":[],"environment":[{"variables":{"DB_NAME":true,"DB_PASS":true,"DB_USER":true}}],"ephemeral_storage":[{}],"file_system_config":[],"image_config":[],"layers":[false],"logging_config":[{}],"snap_start":[],"tags":{},"tags_all":{},"tracing_config":[{}],"vpc_config":[{"security_group_ids":[false],"subnet_ids":[false,false]}]},"identity_schema_version":0,"identity":{"account_id":"815408489721","function_name":"crypto-updater","region":"us-east-2"}},{"address":"aws_lambda_layer_version.crypto_layer","mode":"managed","type":"aws_lambda_layer_version","name":"crypto_layer","provider_name":"registry.terraform.io/hashicorp/aws","schema_version":0,"values":{"arn":"arn:aws:lambda:us-east-2:815408489721:layer:crypto-updater-layer:21","code_sha256":"8WZtGSxTwo3Ip6AOp0/sYmBN2Ez1YKg0bo3Cj3rkCqw=","compatible_architectures":[],"compatible_runtimes":["python3.12"],"created_date":"2025-12-29T20:13:05.262+0000","description":"","filename":null,"id":"arn:aws:lambda:us-east-2:815408489721:layer:crypto-updater-layer:21","layer_arn":"arn:aws:lambda:us-east-2:815408489721:layer:crypto-updater-layer","layer_name":"crypto-updater-layer","license_info":"","region":"us-east-2","s3_bucket":"alexrachok-terraform-web-site-static-content","s3_key":"lambda/layers/lambda_layer.zip","s3_object_version":null,"signing_job_arn":"","signing_profile_version_arn":"","skip_destroy":false,"source_code_hash":"","source_code_size":23291871,"version":"21"},"sensitive_values":{"compatible_architectures":[],"compatible_runtimes":[false]}},{"address":"aws_lambda_permission.lambda_schedule_permission","mode":"managed","type":"aws_lambda_permission","name":"lambda_schedule_permission","provider_name":"registry.terraform.io/hashicorp/aws","schema_version":0,"values":{"action":"lambda:InvokeFunction","event_source_token":null,"function_name":"crypto-updater","function_url_auth_type":null,"id":"allow_cloudwatch_invoke","principal":"events.amazonaws.com","principal_org_id":null,"qualifier":"","region":"us-east-2","source_account":null,"source_arn":"arn:aws:events:us-east-2:815408489721:rule/crypto-updater-schedule","statement_id":"allow_cloudwatch_invoke","statement_id_prefix":""},"sensitive_values":{},"identity_schema_version":0,"identity":{"account_id":"815408489721","function_name":"crypto-updater","qualifier":null,"region":"us-east-2","statement_id":"allow_cloudwatch_invoke"}},{"address":"aws_launch_template.web_lt","mode":"managed","type":"aws_launch_template","name":"web_lt","provider_name":"registry.terraform.io/hashicorp/aws","schema_version":1,"values":{"arn":"arn:aws:ec2:us-east-2:815408489721:launch-template/lt-0e0181b1080220e94","block_device_mappings":[],"capacity_reservation_specification":[],"cpu_options":[],"credit_specification":[],"default_version":1,"description":"","disable_api_stop":false,"disable_api_termination":false,"ebs_optimized":"","enclave_options":[],"hibernation_options":[],"iam_instance_profile":[{"arn":"","name":"ec2_s3_profile"}],"id":"lt-0e0181b1080220e94","image_id":"ami-097a2df4ac947655f","instance_initiated_shutdown_behavior":"","instance_market_options":[],"instance_requirements":[],"instance_type":"t3.micro","kernel_id":"","key_name":"aws_key","latest_version":1,"license_specification":[],"maintenance_options":[],"metadata_options":[],"monitoring":[],"name":"web-server-lt-2025122920182297270000000f","name_prefix":"web-server-lt-","network_interfaces":[{"associate_carrier_ip_address":"","associate_public_ip_address":"","connection_tracking_specification":[],"delete_on_termination":"","description":"","device_index":0,"ena_srd_specification":[],"interface_type":"","ipv4_address_count":0,"ipv4_addresses":[],"ipv4_prefix_count":0,"ipv4_prefixes":[],"ipv6_address_count":0,"ipv6_addresses":[],"ipv6_prefix_count":0,"ipv6_prefixes":[],"network_card_index":0,"network_interface_id":"","primary_ipv6":"","private_ip_address":"","security_groups":["sg-06de0d78bda6332f6","sg-07d99963b27f95843"],"subnet_id":""}],"placement":[],"private_dns_name_options":[],"ram_disk_id":"","region":"us-east-2","security_group_names":[],"tag_specifications":[{"resource_type":"instance","tags":{"Name":"autoscaled-web-server","os":"ubuntu-22"}}],"tags":{},"tags_all":{},"update_default_version":null,"user_data":"I2Nsb3VkLWNvbmZpZy1ta2RvY3Mtc3lzdGVtDQoNCmdyb3VwczoNCiAgLSB1YnVudHU6IFtyb290LHN5c10NCiAgLSBkcHJvNDItZ3JvdXANCg0KdXNlcnM6DQogIC0gZGVmYXVsdA0KICAtIG5hbWU6IHNwaWRlcm1hbg0KICAgIGdlY29zOiBQZXRlciBQYXJrZXINCiAgICBzaGVsbDogL2Jpbi9iYXNoDQogICAgcHJpbWFyeV9ncm91cDogZHBybzQyLWdyb3VwDQogICAgc3VkbzogQUxMPShBTEwpIE5PUEFTU1dEOkFMTA0KICAgIGdyb3VwczogdXNlcnMsIGFkbWluDQogICAgbG9ja19wYXNzd2Q6IGZhbHNlDQogICAgc3NoX2F1dGhvcml6ZWRfa2V5czoNCiAgICAgIC0gc3NoLWVkMjU1MTkgQUFBQUMzTnphQzFsWkRJMU5URTVBQUFBSUM4YkpmUjg1djlFK00wOTZpUzhUbjVlcU9EM0JwamV6S2ZiQVN3TkE4VW0gYXp1cmVhZFxhbGlha3NhbmRycmFjaG9rQEVQR0VUQklXMDM5OA0KDQpwYWNrYWdlczoNCiAgLSBhcGFjaGUyDQogIC0gcGhwDQogIC0gcGhwLXBnc3FsDQogIC0gbGliYXBhY2hlMi1tb2QtcGhwDQogIC0gcG9zdGdyZXNxbC1jbGllbnQNCiAgLSBhd3NjbGkNCiAgLSBnaXQNCiAgLSBjdXJsDQogIC0gd2dldA0KDQpydW5jbWQ6DQogICMgLS0tIEFwYWNoZSBzZXR1cCAtLS0NCiAgLSBybSAvdmFyL3d3dy9odG1sL2luZGV4Lmh0bWwgfHwgdHJ1ZQ0KICAtIGF3cyBzMyBjcCBzMzovL2FsZXhyYWNob2stdGVycmFmb3JtLXdlYi1zaXRlLXN0YXRpYy1jb250ZW50L2luZGV4Lmh0bWwgL3Zhci93d3cvaHRtbC9pbmRleDEuaHRtbA0KICAtIGF3cyBzMyBjcCBzMzovL2FsZXhyYWNob2stdGVycmFmb3JtLXdlYi1zaXRlLXN0YXRpYy1jb250ZW50L3dlYl9zaXRlMi9pbmRleC5waHAgL3Zhci93d3cvaHRtbC9pbmRleC5waHANCiAgLSBzeXN0ZW1jdGwgcmVzdGFydCBhcGFjaGUyDQoNCiAgIyAtLS0gSGVhbHRoY2hlY2sgcGFnZSAtLS0NCiAgLSBhd3MgczMgY3AgczM6Ly9hbGV4cmFjaG9rLXRlcnJhZm9ybS13ZWItc2l0ZS1zdGF0aWMtY29udGVudC93ZWJfc2l0ZTIvaGVhbHRoY2hlY2tfaW5pdC5zaCAvdG1wL2hlYWx0aGNoZWNrX2luaXQuc2gNCiAgLSBjaG1vZCAreCAvdG1wL2hlYWx0aGNoZWNrX2luaXQuc2gNCiAgLSAvdG1wL2hlYWx0aGNoZWNrX2luaXQuc2gNCg0KICAjIC0tLSBQb3N0Z3JlU1FMIHJlcG9zaXRvcnkgaW5zdGFsbCAtLS0NCiAgLSBzaCAtYyAnZWNobyAiZGViIGh0dHA6Ly9hcHQucG9zdGdyZXNxbC5vcmcvcHViL3JlcG9zL2FwdC8gJChsc2JfcmVsZWFzZSAtY3MpLXBnZGcgbWFpbiIgPiAvZXRjL2FwdC9zb3VyY2VzLmxpc3QuZC9wZ2RnLmxpc3QnDQogIC0gd2dldCAtLXF1aWV0IC1PIC0gaHR0cHM6Ly93d3cucG9zdGdyZXNxbC5vcmcvbWVkaWEva2V5cy9BQ0NDNENGOC5hc2MgfCBhcHQta2V5IGFkZCAtDQogIC0gYXB0IHVwZGF0ZQ0KICAtIERFQklBTl9GUk9OVEVORD1ub25pbnRlcmFjdGl2ZSBhcHQgaW5zdGFsbCAteSBwb3N0Z3Jlc3FsLWNsaWVudC0xNw0KDQogICMgLS0tIERhdGFiYXNlIHJlc3RvcmUgKG9wdGlvbmFsKSAtLS0NCiAgLSBhd3MgczMgY3AgczM6Ly9hbGV4cmFjaG9rLXRlcnJhZm9ybS13ZWItc2l0ZS1zdGF0aWMtY29udGVudC93ZWJfc2l0ZTIvZGJfYmFja3VwLmR1bXAgL3RtcC9kYi5zcWwuZHVtcCB8fCB0cnVlDQogIC0gUEdQQVNTV09SRD0nRFU5QVpOQUZ4N0l4eHNmUmIyUDQnIHBzcWwgLWggdGVzdC1wb3N0Z3Jlcy1kYi5jbnM2d2MyazhyZ2gudXMtZWFzdC0yLnJkcy5hbWF6b25hd3MuY29tIC1VIHBvc3RncmVzX2FkbWluIC1kIHBvc3RncmVzIC1jICJDUkVBVEUgREFUQUJBU0UgcG9zdGdyZXM7IiB8fCB0cnVlDQogIC0gUEdQQVNTV09SRD0nRFU5QVpOQUZ4N0l4eHNmUmIyUDQnIHBzcWwgLWggdGVzdC1wb3N0Z3Jlcy1kYi5jbnM2d2MyazhyZ2gudXMtZWFzdC0yLnJkcy5hbWF6b25hd3MuY29tIC1VIHBvc3RncmVzX2FkbWluIC1kIHBvc3RncmVzIC1mIC90bXAvZGIuc3FsLmR1bXAgfHwgdHJ1ZQ0KDQo=","vpc_security_group_ids":[]},"sensitive_values":{"block_device_mappings":[],"capacity_reservation_specification":[],"cpu_options":[],"credit_specification":[],"enclave_options":[],"hibernation_options":[],"iam_instance_profile":[{}],"instance_market_options":[],"instance_requirements":[],"license_specification":[],"maintenance_options":[],"metadata_options":[],"monitoring":[],"network_interfaces":[{"connection_tracking_specification":[],"ena_srd_specification":[],"ipv4_addresses":[],"ipv4_prefixes":[],"ipv6_addresses":[],"ipv6_prefixes":[],"security_groups":[false,false]}],"placement":[],"private_dns_name_options":[],"security_group_names":[],"tag_specifications":[{"tags":{}}],"tags":{},"tags_all":{},"user_data":true,"vpc_security_group_ids":[]}},{"address":"aws_lb.alb","mode":"managed","type":"aws_lb","name":"alb","provider_name":"registry.terraform.io/hashicorp/aws","schema_version":0,"values":{"access_logs":[{"bucket":"","enabled":false,"prefix":""}],"arn":"arn:aws:elasticloadbalancing:us-east-2:815408489721:loadbalancer/app/web-server-alb/7677b1d6303bbb27","arn_suffix":"app/web-server-alb/7677b1d6303bbb27","client_keep_alive":3600,"connection_logs":[{"bucket":"","enabled":false,"prefix":""}],"customer_owned_ipv4_pool":"","desync_mitigation_mode":"defensive","dns_name":"web-server-alb-1011333748.us-east-2.elb.amazonaws.com","dns_record_client_routing_policy":null,"drop_invalid_header_fields":false,"enable_cross_zone_load_balancing":true,"enable_deletion_protection":false,"enable_http2":true,"enable_tls_version_and_cipher_suite_headers":false,"enable_waf_fail_open":false,"enable_xff_client_port":false,"enable_zonal_shift":false,"enforce_security_group_inbound_rules_on_private_link_traffic":"","id":"arn:aws:elasticloadbalancing:us-east-2:815408489721:loadbalancer/app/web-server-alb/7677b1d6303bbb27","idle_timeout":60,"internal":false,"ip_address_type":"ipv4","ipam_pools":[],"load_balancer_type":"application","minimum_load_balancer_capacity":[],"name":"web-server-alb","name_prefix":"","preserve_host_header":false,"region":"us-east-2","secondary_ips_auto_assigned_per_subnet":null,"security_groups":["sg-08d0111c2b335a760"],"subnet_mapping":[{"allocation_id":"","ipv6_address":"","outpost_id":"","private_ipv4_address":"","subnet_id":"subnet-00da800a0e2d9d641"},{"allocation_id":"","ipv6_address":"","outpost_id":"","private_ipv4_address":"","subnet_id":"subnet-0a71ebea939640ad0"},{"allocation_id":"","ipv6_address":"","outpost_id":"","private_ipv4_address":"","subnet_id":"subnet-0d94d88880f9c195c"}],"subnets":["subnet-00da800a0e2d9d641","subnet-0a71ebea939640ad0","subnet-0d94d88880f9c195c"],"tags":{"Name":"web-server-alb"},"tags_all":{"Name":"web-server-alb"},"timeouts":null,"vpc_id":"vpc-0dca73f239e3b5e7d","xff_header_processing_mode":"append","zone_id":"Z3AADJGX6KTTL2"},"sensitive_values":{"access_logs":[{}],"connection_logs":[{}],"ipam_pools":[],"minimum_load_balancer_capacity":[],"security_groups":[false],"subnet_mapping":[{},{},{}],"subnets":[false,false,false],"tags":{},"tags_all":{}},"identity_schema_version":0,"identity":{"arn":"arn:aws:elasticloadbalancing:us-east-2:815408489721:loadbalancer/app/web-server-alb/7677b1d6303bbb27"}},{"address":"aws_lb.nlb","mode":"managed","type":"aws_lb","name":"nlb","provider_name":"registry.terraform.io/hashicorp/aws","schema_version":0,"values":{"access_logs":[{"bucket":"","enabled":false,"prefix":""}],"arn":"arn:aws:elasticloadbalancing:us-east-2:815408489721:loadbalancer/net/ssh-forward-nlb/4d7d6d4bbd98dfae","arn_suffix":"net/ssh-forward-nlb/4d7d6d4bbd98dfae","client_keep_alive":null,"connection_logs":[],"customer_owned_ipv4_pool":"","desync_mitigation_mode":null,"dns_name":"ssh-forward-nlb-4d7d6d4bbd98dfae.elb.us-east-2.amazonaws.com","dns_record_client_routing_policy":"any_availability_zone","drop_invalid_header_fields":null,"enable_cross_zone_load_balancing":false,"enable_deletion_protection":false,"enable_http2":null,"enable_tls_version_and_cipher_suite_headers":null,"enable_waf_fail_open":null,"enable_xff_client_port":null,"enable_zonal_shift":false,"enforce_security_group_inbound_rules_on_private_link_traffic":"","id":"arn:aws:elasticloadbalancing:us-east-2:815408489721:loadbalancer/net/ssh-forward-nlb/4d7d6d4bbd98dfae","idle_timeout":null,"internal":false,"ip_address_type":"ipv4","ipam_pools":[],"load_balancer_type":"network","minimum_load_balancer_capacity":[],"name":"ssh-forward-nlb","name_prefix":"","preserve_host_header":null,"region":"us-east-2","secondary_ips_auto_assigned_per_subnet":0,"security_groups":["sg-06a642da74cef8075"],"subnet_mapping":[{"allocation_id":"","ipv6_address":"","outpost_id":"","private_ipv4_address":"","subnet_id":"subnet-0d94d88880f9c195c"}],"subnets":["subnet-0d94d88880f9c195c"],"tags":{},"tags_all":{},"timeouts":null,"vpc_id":"vpc-0dca73f239e3b5e7d","xff_header_processing_mode":null,"zone_id":"ZLMOA37VPKANP"},"sensitive_values":{"access_logs":[{}],"connection_logs":[],"ipam_pools":[],"minimum_load_balancer_capacity":[],"security_groups":[false],"subnet_mapping":[{}],"subnets":[false],"tags":{},"tags_all":{}},"identity_schema_version":0,"identity":{"arn":"arn:aws:elasticloadbalancing:us-east-2:815408489721:loadbalancer/net/ssh-forward-nlb/4d7d6d4bbd98dfae"}},{"address":"aws_lb_listener.http","mode":"managed","type":"aws_lb_listener","name":"http","provider_name":"registry.terraform.io/hashicorp/aws","schema_version":0,"values":{"alpn_policy":null,"arn":"arn:aws:elasticloadbalancing:us-east-2:815408489721:listener/app/web-server-alb/7677b1d6303bbb27/959e7e5839db3a81","certificate_arn":null,"default_action":[{"authenticate_cognito":[],"authenticate_oidc":[],"fixed_response":[],"forward":[],"order":1,"redirect":[{"host":"#{host}","path":"/#{path}","port":"443","protocol":"HTTPS","query":"#{query}","status_code":"HTTP_301"}],"target_group_arn":"","type":"redirect"}],"id":"arn:aws:elasticloadbalancing:us-east-2:815408489721:listener/app/web-server-alb/7677b1d6303bbb27/959e7e5839db3a81","load_balancer_arn":"arn:aws:elasticloadbalancing:us-east-2:815408489721:loadbalancer/app/web-server-alb/7677b1d6303bbb27","mutual_authentication":[],"port":80,"protocol":"HTTP","region":"us-east-2","routing_http_request_x_amzn_mtls_clientcert_header_name":null,"routing_http_request_x_amzn_mtls_clientcert_issuer_header_name":null,"routing_http_request_x_amzn_mtls_clientcert_leaf_header_name":null,"routing_http_request_x_amzn_mtls_clientcert_serial_number_header_name":null,"routing_http_request_x_amzn_mtls_clientcert_subject_header_name":null,"routing_http_request_x_amzn_mtls_clientcert_validity_header_name":null,"routing_http_request_x_amzn_tls_cipher_suite_header_name":null,"routing_http_request_x_amzn_tls_version_header_name":null,"routing_http_response_access_control_allow_credentials_header_value":"","routing_http_response_access_control_allow_headers_header_value":"","routing_http_response_access_control_allow_methods_header_value":"","routing_http_response_access_control_allow_origin_header_value":"","routing_http_response_access_control_expose_headers_header_value":"","routing_http_response_access_control_max_age_header_value":"","routing_http_response_content_security_policy_header_value":"","routing_http_response_server_enabled":true,"routing_http_response_strict_transport_security_header_value":"","routing_http_response_x_content_type_options_header_value":"","routing_http_response_x_frame_options_header_value":"","ssl_policy":"","tags":{},"tags_all":{},"tcp_idle_timeout_seconds":null,"timeouts":null},"sensitive_values":{"default_action":[{"authenticate_cognito":[],"authenticate_oidc":[],"fixed_response":[],"forward":[],"redirect":[{}]}],"mutual_authentication":[],"tags":{},"tags_all":{}},"identity_schema_version":0,"identity":{"arn":"arn:aws:elasticloadbalancing:us-east-2:815408489721:listener/app/web-server-alb/7677b1d6303bbb27/959e7e5839db3a81"}},{"address":"aws_lb_listener.https","mode":"managed","type":"aws_lb_listener","name":"https","provider_name":"registry.terraform.io/hashicorp/aws","schema_version":0,"values":{"alpn_policy":null,"arn":"arn:aws:elasticloadbalancing:us-east-2:815408489721:listener/app/web-server-alb/7677b1d6303bbb27/b2234bced3d56762","certificate_arn":"arn:aws:acm:us-east-2:815408489721:certificate/fdf0abd1-d8ef-4e02-b2cd-d1493068bb47","default_action":[{"authenticate_cognito":[],"authenticate_oidc":[],"fixed_response":[],"forward":[],"order":1,"redirect":[],"target_group_arn":"arn:aws:elasticloadbalancing:us-east-2:815408489721:targetgroup/web-server-tg/c241aa4bb0ea3011","type":"forward"}],"id":"arn:aws:elasticloadbalancing:us-east-2:815408489721:listener/app/web-server-alb/7677b1d6303bbb27/b2234bced3d56762","load_balancer_arn":"arn:aws:elasticloadbalancing:us-east-2:815408489721:loadbalancer/app/web-server-alb/7677b1d6303bbb27","mutual_authentication":[{"advertise_trust_store_ca_names":"","ignore_client_certificate_expiry":false,"mode":"off","trust_store_arn":""}],"port":443,"protocol":"HTTPS","region":"us-east-2","routing_http_request_x_amzn_mtls_clientcert_header_name":"","routing_http_request_x_amzn_mtls_clientcert_issuer_header_name":"","routing_http_request_x_amzn_mtls_clientcert_leaf_header_name":"","routing_http_request_x_amzn_mtls_clientcert_serial_number_header_name":"","routing_http_request_x_amzn_mtls_clientcert_subject_header_name":"","routing_http_request_x_amzn_mtls_clientcert_validity_header_name":"","routing_http_request_x_amzn_tls_cipher_suite_header_name":"","routing_http_request_x_amzn_tls_version_header_name":"","routing_http_response_access_control_allow_credentials_header_value":"","routing_http_response_access_control_allow_headers_header_value":"","routing_http_response_access_control_allow_methods_header_value":"","routing_http_response_access_control_allow_origin_header_value":"","routing_http_response_access_control_expose_headers_header_value":"","routing_http_response_access_control_max_age_header_value":"","routing_http_response_content_security_policy_header_value":"","routing_http_response_server_enabled":true,"routing_http_response_strict_transport_security_header_value":"","routing_http_response_x_content_type_options_header_value":"","routing_http_response_x_frame_options_header_value":"","ssl_policy":"ELBSecurityPolicy-TLS13-1-2-2021-06","tags":{},"tags_all":{},"tcp_idle_timeout_seconds":null,"timeouts":null},"sensitive_values":{"default_action":[{"authenticate_cognito":[],"authenticate_oidc":[],"fixed_response":[],"forward":[],"redirect":[]}],"mutual_authentication":[{}],"tags":{},"tags_all":{}},"identity_schema_version":0,"identity":{"arn":"arn:aws:elasticloadbalancing:us-east-2:815408489721:listener/app/web-server-alb/7677b1d6303bbb27/b2234bced3d56762"}},{"address":"aws_lb_listener.ssh_listener","mode":"managed","type":"aws_lb_listener","name":"ssh_listener","provider_name":"registry.terraform.io/hashicorp/aws","schema_version":0,"values":{"alpn_policy":null,"arn":"arn:aws:elasticloadbalancing:us-east-2:815408489721:listener/net/ssh-forward-nlb/4d7d6d4bbd98dfae/0885ce3ac65f2b7b","certificate_arn":null,"default_action":[{"authenticate_cognito":[],"authenticate_oidc":[],"fixed_response":[],"forward":[],"order":1,"redirect":[],"target_group_arn":"arn:aws:elasticloadbalancing:us-east-2:815408489721:targetgroup/ssh-target/1099c874235ec5a6","type":"forward"}],"id":"arn:aws:elasticloadbalancing:us-east-2:815408489721:listener/net/ssh-forward-nlb/4d7d6d4bbd98dfae/0885ce3ac65f2b7b","load_balancer_arn":"arn:aws:elasticloadbalancing:us-east-2:815408489721:loadbalancer/net/ssh-forward-nlb/4d7d6d4bbd98dfae","mutual_authentication":[],"port":2000,"protocol":"TCP","region":"us-east-2","routing_http_request_x_amzn_mtls_clientcert_header_name":null,"routing_http_request_x_amzn_mtls_clientcert_issuer_header_name":null,"routing_http_request_x_amzn_mtls_clientcert_leaf_header_name":null,"routing_http_request_x_amzn_mtls_clientcert_serial_number_header_name":null,"routing_http_request_x_amzn_mtls_clientcert_subject_header_name":null,"routing_http_request_x_amzn_mtls_clientcert_validity_header_name":null,"routing_http_request_x_amzn_tls_cipher_suite_header_name":null,"routing_http_request_x_amzn_tls_version_header_name":null,"routing_http_response_access_control_allow_credentials_header_value":null,"routing_http_response_access_control_allow_headers_header_value":null,"routing_http_response_access_control_allow_methods_header_value":null,"routing_http_response_access_control_allow_origin_header_value":null,"routing_http_response_access_control_expose_headers_header_value":null,"routing_http_response_access_control_max_age_header_value":null,"routing_http_response_content_security_policy_header_value":null,"routing_http_response_server_enabled":null,"routing_http_response_strict_transport_security_header_value":null,"routing_http_response_x_content_type_options_header_value":null,"routing_http_response_x_frame_options_header_value":null,"ssl_policy":"","tags":{},"tags_all":{},"tcp_idle_timeout_seconds":350,"timeouts":null},"sensitive_values":{"default_action":[{"authenticate_cognito":[],"authenticate_oidc":[],"fixed_response":[],"forward":[],"redirect":[]}],"mutual_authentication":[],"tags":{},"tags_all":{}},"identity_schema_version":0,"identity":{"arn":"arn:aws:elasticloadbalancing:us-east-2:815408489721:listener/net/ssh-forward-nlb/4d7d6d4bbd98dfae/0885ce3ac65f2b7b"}},{"address":"aws_lb_target_group.ssh_target","mode":"managed","type":"aws_lb_target_group","name":"ssh_target","provider_name":"registry.terraform.io/hashicorp/aws","schema_version":0,"values":{"arn":"arn:aws:elasticloadbalancing:us-east-2:815408489721:targetgroup/ssh-target/1099c874235ec5a6","arn_suffix":"targetgroup/ssh-target/1099c874235ec5a6","connection_termination":false,"deregistration_delay":"300","health_check":[{"enabled":true,"healthy_threshold":5,"interval":30,"matcher":"","path":"","port":"traffic-port","protocol":"TCP","timeout":10,"unhealthy_threshold":2}],"id":"arn:aws:elasticloadbalancing:us-east-2:815408489721:targetgroup/ssh-target/1099c874235ec5a6","ip_address_type":"ipv4","lambda_multi_value_headers_enabled":false,"load_balancer_arns":["arn:aws:elasticloadbalancing:us-east-2:815408489721:loadbalancer/net/ssh-forward-nlb/4d7d6d4bbd98dfae"],"load_balancing_algorithm_type":null,"load_balancing_anomaly_mitigation":null,"load_balancing_cross_zone_enabled":"use_load_balancer_configuration","name":"ssh-target","name_prefix":"","port":22,"preserve_client_ip":"true","protocol":"TCP","protocol_version":null,"proxy_protocol_v2":false,"region":"us-east-2","slow_start":0,"stickiness":[{"cookie_duration":0,"cookie_name":"","enabled":false,"type":"source_ip"}],"tags":{},"tags_all":{},"target_failover":[{"on_deregistration":null,"on_unhealthy":null}],"target_group_health":[{"dns_failover":[{"minimum_healthy_targets_count":"1","minimum_healthy_targets_percentage":"off"}],"unhealthy_state_routing":[{"minimum_healthy_targets_count":1,"minimum_healthy_targets_percentage":"off"}]}],"target_health_state":[{"enable_unhealthy_connection_termination":true,"unhealthy_draining_interval":0}],"target_type":"instance","vpc_id":"vpc-0dca73f239e3b5e7d"},"sensitive_values":{"health_check":[{}],"load_balancer_arns":[false],"stickiness":[{}],"tags":{},"tags_all":{},"target_failover":[{}],"target_group_health":[{"dns_failover":[{}],"unhealthy_state_routing":[{}]}],"target_health_state":[{}]},"identity_schema_version":0,"identity":{"arn":"arn:aws:elasticloadbalancing:us-east-2:815408489721:targetgroup/ssh-target/1099c874235ec5a6"}},{"address":"aws_lb_target_group.web_tg","mode":"managed","type":"aws_lb_target_group","name":"web_tg","provider_name":"registry.terraform.io/hashicorp/aws","schema_version":0,"values":{"arn":"arn:aws:elasticloadbalancing:us-east-2:815408489721:targetgroup/web-server-tg/c241aa4bb0ea3011","arn_suffix":"targetgroup/web-server-tg/c241aa4bb0ea3011","connection_termination":null,"deregistration_delay":"300","health_check":[{"enabled":true,"healthy_threshold":2,"interval":30,"matcher":"200","path":"/","port":"traffic-port","protocol":"HTTP","timeout":5,"unhealthy_threshold":5}],"id":"arn:aws:elasticloadbalancing:us-east-2:815408489721:targetgroup/web-server-tg/c241aa4bb0ea3011","ip_address_type":"ipv4","lambda_multi_value_headers_enabled":false,"load_balancer_arns":["arn:aws:elasticloadbalancing:us-east-2:815408489721:loadbalancer/app/web-server-alb/7677b1d6303bbb27"],"load_balancing_algorithm_type":"round_robin","load_balancing_anomaly_mitigation":"off","load_balancing_cross_zone_enabled":"use_load_balancer_configuration","name":"web-server-tg","name_prefix":"","port":80,"preserve_client_ip":null,"protocol":"HTTP","protocol_version":"HTTP1","proxy_protocol_v2":false,"region":"us-east-2","slow_start":0,"stickiness":[{"cookie_duration":86400,"cookie_name":"","enabled":false,"type":"lb_cookie"}],"tags":{},"tags_all":{},"target_failover":[{"on_deregistration":null,"on_unhealthy":null}],"target_group_health":[{"dns_failover":[{"minimum_healthy_targets_count":"1","minimum_healthy_targets_percentage":"off"}],"unhealthy_state_routing":[{"minimum_healthy_targets_count":1,"minimum_healthy_targets_percentage":"off"}]}],"target_health_state":[{"enable_unhealthy_connection_termination":null,"unhealthy_draining_interval":null}],"target_type":"instance","vpc_id":"vpc-0dca73f239e3b5e7d"},"sensitive_values":{"health_check":[{}],"load_balancer_arns":[false],"stickiness":[{}],"tags":{},"tags_all":{},"target_failover":[{}],"target_group_health":[{"dns_failover":[{}],"unhealthy_state_routing":[{}]}],"target_health_state":[{}]},"identity_schema_version":0,"identity":{"arn":"arn:aws:elasticloadbalancing:us-east-2:815408489721:targetgroup/web-server-tg/c241aa4bb0ea3011"}},{"address":"aws_lb_target_group_attachment.ssh_attachment_bastion","mode":"managed","type":"aws_lb_target_group_attachment","name":"ssh_attachment_bastion","provider_name":"registry.terraform.io/hashicorp/aws","schema_version":0,"values":{"availability_zone":null,"id":"arn:aws:elasticloadbalancing:us-east-2:815408489721:targetgroup/ssh-target/1099c874235ec5a6-2025122920133462650000000c","port":22,"region":"us-east-2","target_group_arn":"arn:aws:elasticloadbalancing:us-east-2:815408489721:targetgroup/ssh-target/1099c874235ec5a6","target_id":"i-00c6d473f5b1fe5b6"},"sensitive_values":{}},{"address":"aws_nat_gateway.nat","mode":"managed","type":"aws_nat_gateway","name":"nat","provider_name":"registry.terraform.io/hashicorp/aws","schema_version":0,"values":{"allocation_id":"eipalloc-01ee5e42cf7fc4fb4","association_id":"eipassoc-016437751892b184f","connectivity_type":"public","id":"nat-0c4e3afc69b8f0046","network_interface_id":"eni-0af9cb1665bf41ac6","private_ip":"10.0.0.57","public_ip":"3.136.33.199","region":"us-east-2","secondary_allocation_ids":[],"secondary_private_ip_address_count":0,"secondary_private_ip_addresses":[],"subnet_id":"subnet-0d94d88880f9c195c","tags":{"Name":"victors_lab_nat"},"tags_all":{"Name":"victors_lab_nat"},"timeouts":null},"sensitive_values":{"secondary_allocation_ids":[],"secondary_private_ip_addresses":[],"tags":{},"tags_all":{}}},{"address":"aws_route53_record.alb_cert_validation[\"crypto.sys-lab.xyz\"]","mode":"managed","type":"aws_route53_record","name":"alb_cert_validation","index":"crypto.sys-lab.xyz","provider_name":"registry.terraform.io/hashicorp/aws","schema_version":2,"values":{"alias":[],"allow_overwrite":null,"cidr_routing_policy":[],"failover_routing_policy":[],"fqdn":"_ca079edc6fa878b19ec5d5c5c9e4969d.crypto.sys-lab.xyz","geolocation_routing_policy":[],"geoproximity_routing_policy":[],"health_check_id":"","id":"Z01701153CPZZN6JNE61O__ca079edc6fa878b19ec5d5c5c9e4969d.crypto.sys-lab.xyz._CNAME","latency_routing_policy":[],"multivalue_answer_routing_policy":false,"name":"_ca079edc6fa878b19ec5d5c5c9e4969d.crypto.sys-lab.xyz","records":["_ba40e27644fe4164c49a558bc2d2e9aa.jkddzztszm.acm-validations.aws."],"set_identifier":"","timeouts":null,"ttl":60,"type":"CNAME","weighted_routing_policy":[],"zone_id":"Z01701153CPZZN6JNE61O"},"sensitive_values":{"alias":[],"cidr_routing_policy":[],"failover_routing_policy":[],"geolocation_routing_policy":[],"geoproximity_routing_policy":[],"latency_routing_policy":[],"records":[false],"weighted_routing_policy":[]},"identity_schema_version":0,"identity":{"account_id":"815408489721","name":"_ca079edc6fa878b19ec5d5c5c9e4969d.crypto.sys-lab.xyz","set_identifier":null,"type":"CNAME","zone_id":"Z01701153CPZZN6JNE61O"}},{"address":"aws_route53_record.alb_dns","mode":"managed","type":"aws_route53_record","name":"alb_dns","provider_name":"registry.terraform.io/hashicorp/aws","schema_version":2,"values":{"alias":[{"evaluate_target_health":true,"name":"web-server-alb-1011333748.us-east-2.elb.amazonaws.com","zone_id":"Z3AADJGX6KTTL2"}],"allow_overwrite":null,"cidr_routing_policy":[],"failover_routing_policy":[],"fqdn":"crypto.sys-lab.xyz","geolocation_routing_policy":[],"geoproximity_routing_policy":[],"health_check_id":"","id":"Z01701153CPZZN6JNE61O_crypto.sys-lab.xyz_A","latency_routing_policy":[],"multivalue_answer_routing_policy":false,"name":"crypto.sys-lab.xyz","records":[],"set_identifier":"","timeouts":null,"ttl":0,"type":"A","weighted_routing_policy":[],"zone_id":"Z01701153CPZZN6JNE61O"},"sensitive_values":{"alias":[{}],"cidr_routing_policy":[],"failover_routing_policy":[],"geolocation_routing_policy":[],"geoproximity_routing_policy":[],"latency_routing_policy":[],"records":[],"weighted_routing_policy":[]},"identity_schema_version":0,"identity":{"account_id":"815408489721","name":"crypto.sys-lab.xyz","set_identifier":null,"type":"A","zone_id":"Z01701153CPZZN6JNE61O"}},{"address":"aws_route53_record.cloudfront_cert_validation[\"internet.sys-lab.xyz\"]","mode":"managed","type":"aws_route53_record","name":"cloudfront_cert_validation","index":"internet.sys-lab.xyz","provider_name":"registry.terraform.io/hashicorp/aws","schema_version":2,"values":{"alias":[],"allow_overwrite":null,"cidr_routing_policy":[],"failover_routing_policy":[],"fqdn":"_e5fa437e2c6f643361b7206dd38d4d8c.internet.sys-lab.xyz","geolocation_routing_policy":[],"geoproximity_routing_policy":[],"health_check_id":"","id":"Z01701153CPZZN6JNE61O__e5fa437e2c6f643361b7206dd38d4d8c.internet.sys-lab.xyz._CNAME","latency_routing_policy":[],"multivalue_answer_routing_policy":false,"name":"_e5fa437e2c6f643361b7206dd38d4d8c.internet.sys-lab.xyz","records":["_2e4f7aeaa237764a4958be71fd12bf04.jkddzztszm.acm-validations.aws."],"set_identifier":"","timeouts":null,"ttl":60,"type":"CNAME","weighted_routing_policy":[],"zone_id":"Z01701153CPZZN6JNE61O"},"sensitive_values":{"alias":[],"cidr_routing_policy":[],"failover_routing_policy":[],"geolocation_routing_policy":[],"geoproximity_routing_policy":[],"latency_routing_policy":[],"records":[false],"weighted_routing_policy":[]},"identity_schema_version":0,"identity":{"account_id":"815408489721","name":"_e5fa437e2c6f643361b7206dd38d4d8c.internet.sys-lab.xyz","set_identifier":null,"type":"CNAME","zone_id":"Z01701153CPZZN6JNE61O"}},{"address":"aws_route53_record.cloudfront_cert_validation[\"sys-lab.xyz\"]","mode":"managed","type":"aws_route53_record","name":"cloudfront_cert_validation","index":"sys-lab.xyz","provider_name":"registry.terraform.io/hashicorp/aws","schema_version":2,"values":{"alias":[],"allow_overwrite":null,"cidr_routing_policy":[],"failover_routing_policy":[],"fqdn":"_3dca63e2adbcd90c7e2b91d82b83a461.sys-lab.xyz","geolocation_routing_policy":[],"geoproximity_routing_policy":[],"health_check_id":"","id":"Z01701153CPZZN6JNE61O__3dca63e2adbcd90c7e2b91d82b83a461.sys-lab.xyz._CNAME","latency_routing_policy":[],"multivalue_answer_routing_policy":false,"name":"_3dca63e2adbcd90c7e2b91d82b83a461.sys-lab.xyz","records":["_0e5c062399b8bb1c1ee8a7f6539ecc75.jkddzztszm.acm-validations.aws."],"set_identifier":"","timeouts":null,"ttl":60,"type":"CNAME","weighted_routing_policy":[],"zone_id":"Z01701153CPZZN6JNE61O"},"sensitive_values":{"alias":[],"cidr_routing_policy":[],"failover_routing_policy":[],"geolocation_routing_policy":[],"geoproximity_routing_policy":[],"latency_routing_policy":[],"records":[false],"weighted_routing_policy":[]},"identity_schema_version":0,"identity":{"account_id":"815408489721","name":"_3dca63e2adbcd90c7e2b91d82b83a461.sys-lab.xyz","set_identifier":null,"type":"CNAME","zone_id":"Z01701153CPZZN6JNE61O"}},{"address":"aws_route53_record.cloudfront_cert_validation[\"www.internet.sys-lab.xyz\"]","mode":"managed","type":"aws_route53_record","name":"cloudfront_cert_validation","index":"www.internet.sys-lab.xyz","provider_name":"registry.terraform.io/hashicorp/aws","schema_version":2,"values":{"alias":[],"allow_overwrite":null,"cidr_routing_policy":[],"failover_routing_policy":[],"fqdn":"_ff3ab42d63eade181f5885597ddfee1f.www.internet.sys-lab.xyz","geolocation_routing_policy":[],"geoproximity_routing_policy":[],"health_check_id":"","id":"Z01701153CPZZN6JNE61O__ff3ab42d63eade181f5885597ddfee1f.www.internet.sys-lab.xyz._CNAME","latency_routing_policy":[],"multivalue_answer_routing_policy":false,"name":"_ff3ab42d63eade181f5885597ddfee1f.www.internet.sys-lab.xyz","records":["_93f8dcbef448edf93bb7dd2b37b67fb3.jkddzztszm.acm-validations.aws."],"set_identifier":"","timeouts":null,"ttl":60,"type":"CNAME","weighted_routing_policy":[],"zone_id":"Z01701153CPZZN6JNE61O"},"sensitive_values":{"alias":[],"cidr_routing_policy":[],"failover_routing_policy":[],"geolocation_routing_policy":[],"geoproximity_routing_policy":[],"latency_routing_policy":[],"records":[false],"weighted_routing_policy":[]},"identity_schema_version":0,"identity":{"account_id":"815408489721","name":"_ff3ab42d63eade181f5885597ddfee1f.www.internet.sys-lab.xyz","set_identifier":null,"type":"CNAME","zone_id":"Z01701153CPZZN6JNE61O"}},{"address":"aws_route53_record.cloudfront_dns","mode":"managed","type":"aws_route53_record","name":"cloudfront_dns","provider_name":"registry.terraform.io/hashicorp/aws","schema_version":2,"values":{"alias":[{"evaluate_target_health":false,"name":"d3pf16f1x4nqrx.cloudfront.net","zone_id":"Z2FDTNDATAQYW2"}],"allow_overwrite":null,"cidr_routing_policy":[],"failover_routing_policy":[],"fqdn":"internet.sys-lab.xyz","geolocation_routing_policy":[],"geoproximity_routing_policy":[],"health_check_id":"","id":"Z01701153CPZZN6JNE61O_internet.sys-lab.xyz_A","latency_routing_policy":[],"multivalue_answer_routing_policy":false,"name":"internet.sys-lab.xyz","records":[],"set_identifier":"","timeouts":null,"ttl":0,"type":"A","weighted_routing_policy":[],"zone_id":"Z01701153CPZZN6JNE61O"},"sensitive_values":{"alias":[{}],"cidr_routing_policy":[],"failover_routing_policy":[],"geolocation_routing_policy":[],"geoproximity_routing_policy":[],"latency_routing_policy":[],"records":[],"weighted_routing_policy":[]},"identity_schema_version":0,"identity":{"account_id":"815408489721","name":"internet.sys-lab.xyz","set_identifier":null,"type":"A","zone_id":"Z01701153CPZZN6JNE61O"}},{"address":"aws_route_table.private_rt","mode":"managed","type":"aws_route_table","name":"private_rt","provider_name":"registry.terraform.io/hashicorp/aws","schema_version":0,"values":{"arn":"arn:aws:ec2:us-east-2:815408489721:route-table/rtb-06f4e4cd5f3e3a57c","id":"rtb-06f4e4cd5f3e3a57c","owner_id":"815408489721","propagating_vgws":[],"region":"us-east-2","route":[{"carrier_gateway_id":"","cidr_block":"0.0.0.0/0","core_network_arn":"","destination_prefix_list_id":"","egress_only_gateway_id":"","gateway_id":"","ipv6_cidr_block":"","local_gateway_id":"","nat_gateway_id":"nat-0c4e3afc69b8f0046","network_interface_id":"","transit_gateway_id":"","vpc_endpoint_id":"","vpc_peering_connection_id":""}],"tags":{"Name":"private-rt"},"tags_all":{"Name":"private-rt"},"timeouts":null,"vpc_id":"vpc-0dca73f239e3b5e7d"},"sensitive_values":{"propagating_vgws":[],"route":[{}],"tags":{},"tags_all":{}},"identity_schema_version":0,"identity":{"account_id":"815408489721","id":"rtb-06f4e4cd5f3e3a57c","region":"us-east-2"}},{"address":"aws_route_table.public_rt","mode":"managed","type":"aws_route_table","name":"public_rt","provider_name":"registry.terraform.io/hashicorp/aws","schema_version":0,"values":{"arn":"arn:aws:ec2:us-east-2:815408489721:route-table/rtb-0fcea1bdbad2242fa","id":"rtb-0fcea1bdbad2242fa","owner_id":"815408489721","propagating_vgws":[],"region":"us-east-2","route":[{"carrier_gateway_id":"","cidr_block":"0.0.0.0/0","core_network_arn":"","destination_prefix_list_id":"","egress_only_gateway_id":"","gateway_id":"igw-00df441e9e8bdc2fc","ipv6_cidr_block":"","local_gateway_id":"","nat_gateway_id":"","network_interface_id":"","transit_gateway_id":"","vpc_endpoint_id":"","vpc_peering_connection_id":""}],"tags":{"Name":"public-rt"},"tags_all":{"Name":"public-rt"},"timeouts":null,"vpc_id":"vpc-0dca73f239e3b5e7d"},"sensitive_values":{"propagating_vgws":[],"route":[{}],"tags":{},"tags_all":{}},"identity_schema_version":0,"identity":{"account_id":"815408489721","id":"rtb-0fcea1bdbad2242fa","region":"us-east-2"}},{"address":"aws_route_table_association.private_2_assoc","mode":"managed","type":"aws_route_table_association","name":"private_2_assoc","provider_name":"registry.terraform.io/hashicorp/aws","schema_version":0,"values":{"gateway_id":"","id":"rtbassoc-058fbf13593beb5bf","region":"us-east-2","route_table_id":"rtb-06f4e4cd5f3e3a57c","subnet_id":"subnet-0f9f39a6e96426678","timeouts":null},"sensitive_values":{}},{"address":"aws_route_table_association.private_3_assoc","mode":"managed","type":"aws_route_table_association","name":"private_3_assoc","provider_name":"registry.terraform.io/hashicorp/aws","schema_version":0,"values":{"gateway_id":"","id":"rtbassoc-0fdfe606d62dc725b","region":"us-east-2","route_table_id":"rtb-06f4e4cd5f3e3a57c","subnet_id":"subnet-0e7f636aeeb038f14","timeouts":null},"sensitive_values":{}},{"address":"aws_route_table_association.private_assoc","mode":"managed","type":"aws_route_table_association","name":"private_assoc","provider_name":"registry.terraform.io/hashicorp/aws","schema_version":0,"values":{"gateway_id":"","id":"rtbassoc-043602e6e3e1e53ea","region":"us-east-2","route_table_id":"rtb-06f4e4cd5f3e3a57c","subnet_id":"subnet-0e83351c992742dd0","timeouts":null},"sensitive_values":{}},{"address":"aws_route_table_association.public_2_assoc","mode":"managed","type":"aws_route_table_association","name":"public_2_assoc","provider_name":"registry.terraform.io/hashicorp/aws","schema_version":0,"values":{"gateway_id":"","id":"rtbassoc-058b1cba90912a3cd","region":"us-east-2","route_table_id":"rtb-0fcea1bdbad2242fa","subnet_id":"subnet-0a71ebea939640ad0","timeouts":null},"sensitive_values":{}},{"address":"aws_route_table_association.public_3_assoc","mode":"managed","type":"aws_route_table_association","name":"public_3_assoc","provider_name":"registry.terraform.io/hashicorp/aws","schema_version":0,"values":{"gateway_id":"","id":"rtbassoc-08f9601a5016fad54","region":"us-east-2","route_table_id":"rtb-0fcea1bdbad2242fa","subnet_id":"subnet-00da800a0e2d9d641","timeouts":null},"sensitive_values":{}},{"address":"aws_route_table_association.public_assoc","mode":"managed","type":"aws_route_table_association","name":"public_assoc","provider_name":"registry.terraform.io/hashicorp/aws","schema_version":0,"values":{"gateway_id":"","id":"rtbassoc-0572cc0a43c5fb0c0","region":"us-east-2","route_table_id":"rtb-0fcea1bdbad2242fa","subnet_id":"subnet-0d94d88880f9c195c","timeouts":null},"sensitive_values":{}},{"address":"aws_s3_bucket.cloudfront_logs","mode":"managed","type":"aws_s3_bucket","name":"cloudfront_logs","provider_name":"registry.terraform.io/hashicorp/aws","schema_version":0,"values":{"acceleration_status":"","acl":null,"arn":"arn:aws:s3:::alexrachok-cloudfront-logs","bucket":"alexrachok-cloudfront-logs","bucket_domain_name":"alexrachok-cloudfront-logs.s3.amazonaws.com","bucket_prefix":"","bucket_region":"us-east-2","bucket_regional_domain_name":"alexrachok-cloudfront-logs.s3.us-east-2.amazonaws.com","cors_rule":[],"force_destroy":false,"grant":[{"id":"216139b4b34298aeeb030691a880dfdd536e3fc9c9b158c739b40b82d55406b8","permissions":["FULL_CONTROL"],"type":"CanonicalUser","uri":""},{"id":"c4c1ede66af53448b93c283ce9448c4ba468c9432aa01d700d3878632f77d2d0","permissions":["FULL_CONTROL"],"type":"CanonicalUser","uri":""}],"hosted_zone_id":"Z2O1EMRO9K5GLX","id":"alexrachok-cloudfront-logs","lifecycle_rule":[],"logging":[],"object_lock_configuration":[],"object_lock_enabled":false,"policy":"","region":"us-east-2","replication_configuration":[],"request_payer":"BucketOwner","server_side_encryption_configuration":[{"rule":[{"apply_server_side_encryption_by_default":[{"kms_master_key_id":"","sse_algorithm":"AES256"}],"bucket_key_enabled":false}]}],"tags":{"Name":"cloudfront-access-logs"},"tags_all":{"Name":"cloudfront-access-logs"},"timeouts":null,"versioning":[{"enabled":false,"mfa_delete":false}],"website":[],"website_domain":null,"website_endpoint":null},"sensitive_values":{"cors_rule":[],"grant":[{"permissions":[false]},{"permissions":[false]}],"lifecycle_rule":[],"logging":[],"object_lock_configuration":[],"replication_configuration":[],"server_side_encryption_configuration":[{"rule":[{"apply_server_side_encryption_by_default":[{}]}]}],"tags":{},"tags_all":{},"versioning":[{}],"website":[]},"identity_schema_version":0,"identity":{"account_id":"815408489721","bucket":"alexrachok-cloudfront-logs","region":"us-east-2"}},{"address":"aws_s3_bucket.static_web_site_bucket","mode":"managed","type":"aws_s3_bucket","name":"static_web_site_bucket","provider_name":"registry.terraform.io/hashicorp/aws","schema_version":0,"values":{"acceleration_status":"","acl":null,"arn":"arn:aws:s3:::alexrachok-terraform-web-site-static-content","bucket":"alexrachok-terraform-web-site-static-content","bucket_domain_name":"alexrachok-terraform-web-site-static-content.s3.amazonaws.com","bucket_prefix":"","bucket_region":"us-east-2","bucket_regional_domain_name":"alexrachok-terraform-web-site-static-content.s3.us-east-2.amazonaws.com","cors_rule":[],"force_destroy":false,"grant":[{"id":"216139b4b34298aeeb030691a880dfdd536e3fc9c9b158c739b40b82d55406b8","permissions":["FULL_CONTROL"],"type":"CanonicalUser","uri":""}],"hosted_zone_id":"Z2O1EMRO9K5GLX","id":"alexrachok-terraform-web-site-static-content","lifecycle_rule":[],"logging":[],"object_lock_configuration":[],"object_lock_enabled":false,"policy":"{\"Statement\":[{\"Action\":\"s3:GetObject\",\"Condition\":{\"StringEquals\":{\"AWS:SourceArn\":\"arn:aws:cloudfront::815408489721:distribution/E1M9VOWSRDD4I3\"}},\"Effect\":\"Allow\",\"Principal\":{\"Service\":\"cloudfront.amazonaws.com\"},\"Resource\":\"arn:aws:s3:::alexrachok-terraform-web-site-static-content/*\",\"Sid\":\"AllowCloudFrontRead\"}],\"Version\":\"2012-10-17\"}","region":"us-east-2","replication_configuration":[],"request_payer":"BucketOwner","server_side_encryption_configuration":[{"rule":[{"apply_server_side_encryption_by_default":[{"kms_master_key_id":"","sse_algorithm":"AES256"}],"bucket_key_enabled":false}]}],"tags":{"Name":"Static web site content"},"tags_all":{"Name":"Static web site content"},"timeouts":null,"versioning":[{"enabled":false,"mfa_delete":false}],"website":[],"website_domain":null,"website_endpoint":null},"sensitive_values":{"cors_rule":[],"grant":[{"permissions":[false]}],"lifecycle_rule":[],"logging":[],"object_lock_configuration":[],"replication_configuration":[],"server_side_encryption_configuration":[{"rule":[{"apply_server_side_encryption_by_default":[{}]}]}],"tags":{},"tags_all":{},"versioning":[{}],"website":[]},"identity_schema_version":0,"identity":{"account_id":"815408489721","bucket":"alexrachok-terraform-web-site-static-content","region":"us-east-2"}},{"address":"aws_s3_bucket_ownership_controls.cloudfront_logs","mode":"managed","type":"aws_s3_bucket_ownership_controls","name":"cloudfront_logs","provider_name":"registry.terraform.io/hashicorp/aws","schema_version":0,"values":{"bucket":"alexrachok-cloudfront-logs","id":"alexrachok-cloudfront-logs","region":"us-east-2","rule":[{"object_ownership":"ObjectWriter"}]},"sensitive_values":{"rule":[{}]},"identity_schema_version":0,"identity":{"account_id":"815408489721","bucket":"alexrachok-cloudfront-logs","region":"us-east-2"}},{"address":"aws_s3_bucket_ownership_controls.s3_ownership_controls","mode":"managed","type":"aws_s3_bucket_ownership_controls","name":"s3_ownership_controls","provider_name":"registry.terraform.io/hashicorp/aws","schema_version":0,"values":{"bucket":"alexrachok-terraform-web-site-static-content","id":"alexrachok-terraform-web-site-static-content","region":"us-east-2","rule":[{"object_ownership":"BucketOwnerEnforced"}]},"sensitive_values":{"rule":[{}]},"identity_schema_version":0,"identity":{"account_id":"815408489721","bucket":"alexrachok-terraform-web-site-static-content","region":"us-east-2"}},{"address":"aws_s3_bucket_policy.bucket_policy","mode":"managed","type":"aws_s3_bucket_policy","name":"bucket_policy","provider_name":"registry.terraform.io/hashicorp/aws","schema_version":0,"values":{"bucket":"alexrachok-terraform-web-site-static-content","id":"alexrachok-terraform-web-site-static-content","policy":"{\"Statement\":[{\"Action\":[\"s3:GetObject\"],\"Condition\":{\"StringEquals\":{\"AWS:SourceArn\":\"arn:aws:cloudfront::815408489721:distribution/E1M9VOWSRDD4I3\"}},\"Effect\":\"Allow\",\"Principal\":{\"Service\":\"cloudfront.amazonaws.com\"},\"Resource\":\"arn:aws:s3:::alexrachok-terraform-web-site-static-content/*\",\"Sid\":\"AllowCloudFrontRead\"}],\"Version\":\"2012-10-17\"}","region":"us-east-2"},"sensitive_values":{},"identity_schema_version":0,"identity":{"account_id":"815408489721","bucket":"alexrachok-terraform-web-site-static-content","region":"us-east-2"}},{"address":"aws_s3_bucket_public_access_block.cloudfront_logs","mode":"managed","type":"aws_s3_bucket_public_access_block","name":"cloudfront_logs","provider_name":"registry.terraform.io/hashicorp/aws","schema_version":0,"values":{"block_public_acls":false,"block_public_policy":true,"bucket":"alexrachok-cloudfront-logs","id":"alexrachok-cloudfront-logs","ignore_public_acls":false,"region":"us-east-2","restrict_public_buckets":true,"skip_destroy":null},"sensitive_values":{},"identity_schema_version":0,"identity":{"account_id":"815408489721","bucket":"alexrachok-cloudfront-logs","region":"us-east-2"}},{"address":"aws_s3_bucket_public_access_block.s3_block_public_access","mode":"managed","type":"aws_s3_bucket_public_access_block","name":"s3_block_public_access","provider_name":"registry.terraform.io/hashicorp/aws","schema_version":0,"values":{"block_public_acls":true,"block_public_policy":true,"bucket":"alexrachok-terraform-web-site-static-content","id":"alexrachok-terraform-web-site-static-content","ignore_public_acls":true,"region":"us-east-2","restrict_public_buckets":true,"skip_destroy":null},"sensitive_values":{},"identity_schema_version":0,"identity":{"account_id":"815408489721","bucket":"alexrachok-terraform-web-site-static-content","region":"us-east-2"}},{"address":"aws_s3_object.crypto_updater_script","mode":"managed","type":"aws_s3_object","name":"crypto_updater_script","provider_name":"registry.terraform.io/hashicorp/aws","schema_version":0,"values":{"acl":null,"arn":"arn:aws:s3:::alexrachok-terraform-web-site-static-content/web_site2/crypto_updater.py","bucket":"alexrachok-terraform-web-site-static-content","bucket_key_enabled":false,"cache_control":"","checksum_algorithm":null,"checksum_crc32":"","checksum_crc32c":"","checksum_crc64nvme":"","checksum_sha1":"","checksum_sha256":"","content":null,"content_base64":null,"content_disposition":"","content_encoding":"","content_language":"","content_type":"application/octet-stream","etag":"aac246edd9cff23db676f5b23cb5a201","force_destroy":false,"id":"alexrachok-terraform-web-site-static-content/web_site2/crypto_updater.py","key":"web_site2/crypto_updater.py","kms_key_id":null,"metadata":{},"object_lock_legal_hold_status":"","object_lock_mode":"","object_lock_retain_until_date":"","override_provider":[],"region":"us-east-2","server_side_encryption":"AES256","source":"www_site2/crypto_updater.py","source_hash":null,"storage_class":"STANDARD","tags":{},"tags_all":{},"version_id":"","website_redirect":""},"sensitive_values":{"metadata":{},"override_provider":[],"tags":{},"tags_all":{}},"identity_schema_version":0,"identity":{"account_id":"815408489721","bucket":"alexrachok-terraform-web-site-static-content","key":"web_site2/crypto_updater.py","region":"us-east-2"}},{"address":"aws_s3_object.db_backup","mode":"managed","type":"aws_s3_object","name":"db_backup","provider_name":"registry.terraform.io/hashicorp/aws","schema_version":0,"values":{"acl":null,"arn":"arn:aws:s3:::alexrachok-terraform-web-site-static-content/web_site2/db_backup.dump","bucket":"alexrachok-terraform-web-site-static-content","bucket_key_enabled":false,"cache_control":"","checksum_algorithm":null,"checksum_crc32":"","checksum_crc32c":"","checksum_crc64nvme":"","checksum_sha1":"","checksum_sha256":"","content":null,"content_base64":null,"content_disposition":"","content_encoding":"","content_language":"","content_type":"application/octet-stream","etag":"29430cbd66cfe2078d9e46e45065087b","force_destroy":false,"id":"alexrachok-terraform-web-site-static-content/web_site2/db_backup.dump","key":"web_site2/db_backup.dump","kms_key_id":null,"metadata":{},"object_lock_legal_hold_status":"","object_lock_mode":"","object_lock_retain_until_date":"","override_provider":[],"region":"us-east-2","server_side_encryption":"AES256","source":"www_site2/my_backup.dump","source_hash":null,"storage_class":"STANDARD","tags":{},"tags_all":{},"version_id":"","website_redirect":""},"sensitive_values":{"metadata":{},"override_provider":[],"tags":{},"tags_all":{}},"identity_schema_version":0,"identity":{"account_id":"815408489721","bucket":"alexrachok-terraform-web-site-static-content","key":"web_site2/db_backup.dump","region":"us-east-2"}},{"address":"aws_s3_object.healthcheck_script","mode":"managed","type":"aws_s3_object","name":"healthcheck_script","provider_name":"registry.terraform.io/hashicorp/aws","schema_version":0,"values":{"acl":null,"arn":"arn:aws:s3:::alexrachok-terraform-web-site-static-content/web_site2/healthcheck_init.sh","bucket":"alexrachok-terraform-web-site-static-content","bucket_key_enabled":false,"cache_control":"","checksum_algorithm":null,"checksum_crc32":"","checksum_crc32c":"","checksum_crc64nvme":"","checksum_sha1":"","checksum_sha256":"","content":null,"content_base64":null,"content_disposition":"","content_encoding":"","content_language":"","content_type":"application/octet-stream","etag":"ec60a60594dc342505c5cc346a4d8b69","force_destroy":false,"id":"alexrachok-terraform-web-site-static-content/web_site2/healthcheck_init.sh","key":"web_site2/healthcheck_init.sh","kms_key_id":null,"metadata":{},"object_lock_legal_hold_status":"","object_lock_mode":"","object_lock_retain_until_date":"","override_provider":[],"region":"us-east-2","server_side_encryption":"AES256","source":"www_site2/healthcheck_init.sh","source_hash":null,"storage_class":"STANDARD","tags":{},"tags_all":{},"version_id":"","website_redirect":""},"sensitive_values":{"metadata":{},"override_provider":[],"tags":{},"tags_all":{}},"identity_schema_version":0,"identity":{"account_id":"815408489721","bucket":"alexrachok-terraform-web-site-static-content","key":"web_site2/healthcheck_init.sh","region":"us-east-2"}},{"address":"aws_s3_object.index","mode":"managed","type":"aws_s3_object","name":"index","provider_name":"registry.terraform.io/hashicorp/aws","schema_version":0,"values":{"acl":null,"arn":"arn:aws:s3:::alexrachok-terraform-web-site-static-content/index.html","bucket":"alexrachok-terraform-web-site-static-content","bucket_key_enabled":false,"cache_control":"","checksum_algorithm":null,"checksum_crc32":"","checksum_crc32c":"","checksum_crc64nvme":"","checksum_sha1":"","checksum_sha256":"","content":"\u003c!DOCTYPE html\u003e\n\u003chtml lang=\"en\"\u003e\n\u003chead\u003e\n  \u003cmeta charset=\"UTF-8\" /\u003e\n  \u003cmeta name=\"viewport\" content=\"width=device-width, initial-scale=1.0\" /\u003e\n  \u003ctitle\u003eWelcome to My AWS Static Website\u003c/title\u003e\n\n  \u003cstyle\u003e\n    body {\n      font-family: Arial, sans-serif;\n      background: #f4f4f4;\n      color: #333;\n      margin: 0;\n      padding: 40px;\n      text-align: center;\n    }\n\n    .container {\n      background: white;\n      padding: 30px;\n      border-radius: 12px;\n      max-width: 600px;\n      margin: auto;\n      box-shadow: 0 4px 10px rgba(0,0,0,0.1);\n    }\n\n    img {\n      max-width: 100%;\n      border-radius: 8px;\n      margin-top: 20px;\n    }\n  \u003c/style\u003e\n\u003c/head\u003e\n\u003cbody\u003e\n\n  \u003cdiv class=\"container\"\u003e\n    \u003ch1\u003eWelcome to My AWS Static Website!\u003c/h1\u003e\n    \u003cp\u003eThis page is deployed using Terraform → S3 → CloudFront.\u003c/p\u003e\n\n    \u003cimg src=\"https://d3pf16f1x4nqrx.cloudfront.net/web_site1/images/test_site_image.jpg\" alt=\"Test Image\" /\u003e\n  \u003c/div\u003e\n\n\u003c/body\u003e\n\u003c/html\u003e","content_base64":null,"content_disposition":"","content_encoding":"","content_language":"","content_type":"text/html","etag":"f3d74e94f4e13d5d53730839660b7ae5","force_destroy":false,"id":"alexrachok-terraform-web-site-static-content/index.html","key":"index.html","kms_key_id":null,"metadata":{},"object_lock_legal_hold_status":"","object_lock_mode":"","object_lock_retain_until_date":"","override_provider":[],"region":"us-east-2","server_side_encryption":"AES256","source":null,"source_hash":null,"storage_class":"STANDARD","tags":{},"tags_all":{},"version_id":"","website_redirect":""},"sensitive_values":{"metadata":{},"override_provider":[],"tags":{},"tags_all":{}},"identity_schema_version":0,"identity":{"account_id":"815408489721","bucket":"alexrachok-terraform-web-site-static-content","key":"index.html","region":"us-east-2"}},{"address":"aws_s3_object.lambda_function_zip","mode":"managed","type":"aws_s3_object","name":"lambda_function_zip","provider_name":"registry.terraform.io/hashicorp/aws","schema_version":0,"values":{"acl":null,"arn":"arn:aws:s3:::alexrachok-terraform-web-site-static-content/lambda/functions/crypto_updater.zip","bucket":"alexrachok-terraform-web-site-static-content","bucket_key_enabled":false,"cache_control":"","checksum_algorithm":null,"checksum_crc32":"","checksum_crc32c":"","checksum_crc64nvme":"","checksum_sha1":"","checksum_sha256":"","content":null,"content_base64":null,"content_disposition":"","content_encoding":"","content_language":"","content_type":"application/octet-stream","etag":"cd86b4798716d43ccf4ae32d01295e42","force_destroy":false,"id":"alexrachok-terraform-web-site-static-content/lambda/functions/crypto_updater.zip","key":"lambda/functions/crypto_updater.zip","kms_key_id":null,"metadata":{},"object_lock_legal_hold_status":"","object_lock_mode":"","object_lock_retain_until_date":"","override_provider":[],"region":"us-east-2","server_side_encryption":"AES256","source":"www_site2/lambda/crypto_updater.zip","source_hash":null,"storage_class":"STANDARD","tags":{},"tags_all":{},"version_id":"","website_redirect":""},"sensitive_values":{"metadata":{},"override_provider":[],"tags":{},"tags_all":{}},"identity_schema_version":0,"identity":{"account_id":"815408489721","bucket":"alexrachok-terraform-web-site-static-content","key":"lambda/functions/crypto_updater.zip","region":"us-east-2"}},{"address":"aws_s3_object.lambda_layer_zip","mode":"managed","type":"aws_s3_object","name":"lambda_layer_zip","provider_name":"registry.terraform.io/hashicorp/aws","schema_version":0,"values":{"acl":null,"arn":"arn:aws:s3:::alexrachok-terraform-web-site-static-content/lambda/layers/lambda_layer.zip","bucket":"alexrachok-terraform-web-site-static-content","bucket_key_enabled":false,"cache_control":"","checksum_algorithm":null,"checksum_crc32":"","checksum_crc32c":"","checksum_crc64nvme":"","checksum_sha1":"","checksum_sha256":"","content":null,"content_base64":null,"content_disposition":"","content_encoding":"","content_language":"","content_type":"binary/octet-stream","etag":"7c71985090486ace73635690ea086ec5","force_destroy":false,"id":"alexrachok-terraform-web-site-static-content/lambda/layers/lambda_layer.zip","key":"lambda/layers/lambda_layer.zip","kms_key_id":null,"metadata":{},"object_lock_legal_hold_status":"","object_lock_mode":"","object_lock_retain_until_date":"","override_provider":[],"region":"us-east-2","server_side_encryption":"AES256","source":"www_site2/lambda/lambda_layer.zip","source_hash":null,"storage_class":"STANDARD","tags":{},"tags_all":{},"website_redirect":""},"sensitive_values":{"metadata":{},"override_provider":[],"tags":{},"tags_all":{}},"identity_schema_version":0,"identity":{"account_id":"815408489721","bucket":"alexrachok-terraform-web-site-static-content","key":"lambda/layers/lambda_layer.zip","region":"us-east-2"}},{"address":"aws_s3_object.php_index","mode":"managed","type":"aws_s3_object","name":"php_index","provider_name":"registry.terraform.io/hashicorp/aws","schema_version":0,"values":{"acl":null,"arn":"arn:aws:s3:::alexrachok-terraform-web-site-static-content/web_site2/index.php","bucket":"alexrachok-terraform-web-site-static-content","bucket_key_enabled":false,"cache_control":"","checksum_algorithm":null,"checksum_crc32":"","checksum_crc32c":"","checksum_crc64nvme":"","checksum_sha1":"","checksum_sha256":"","content":"\u003c?php\n// ---------------------------\n// PostgreSQL Connection\n// ---------------------------\n$db_host = \"test-postgres-db.cns6wc2k8rgh.us-east-2.rds.amazonaws.com\";\n$db_name = \"postgres\";\n$db_user = \"postgres_admin\";\n$db_pass = \"DU9AZNAFx7IxxsfRb2P4\";\n$db_port = \"5432\";\n\n$conn_string = \"host=$db_host port=$db_port dbname=$db_name user=$db_user password=$db_pass\";\n$db_conn = pg_connect($conn_string);\n\ndate_default_timezone_set('Asia/Tbilisi');\n// ---------------------------\n// Helper functions\n// ---------------------------\nfunction format_rate($value) {\n    return rtrim(rtrim(number_format((float)$value, 8, '.', ''), '0'), '.');\n}\n\nfunction format_time($date_str, $time_str) {\n    // Combine DATE + TIME from DB\n    $dt = new DateTime(\"$date_str $time_str\", new DateTimeZone(\"UTC\"));\n    // Convert to your timezone\n    $dt-\u003esetTimezone(new DateTimeZone(\"Asia/Tbilisi\"));\n    return $dt-\u003eformat(\"H:i:s\");\n}\n\n// ---------------------------\n// Fetch Latest Crypto Rates\n// ---------------------------\nif (!$db_conn) {\n    $db_status = \"❌ Failed to connect to Postgres DB: \" . pg_last_error();\n    $latest_text = \"\";\n    $history_text = \"\";\n} else {\n    $db_status = \"✅ Postgres DB connected successfully.\";\n\n    // Latest rate\n    $query_latest = \"\n        SELECT *\n        FROM public.crypto_rates\n        ORDER BY rate_date DESC, rate_time DESC\n        LIMIT 1;\n    \";\n    $result_latest = pg_query($db_conn, $query_latest);\n\n    if (!$result_latest) {\n        $latest_text = \"Query failed: \" . pg_last_error();\n    } elseif (pg_num_rows($result_latest) == 0) {\n        $latest_text = \"No crypto rates found.\";\n    } else {\n        $row = pg_fetch_assoc($result_latest);\n        $latest_text = \"\n            \u003cdiv class='db-box'\u003e\n                \u003ch2\u003eLatest Crypto Rates\u003c/h2\u003e\n                \u003ctable border='1' cellpadding='8' cellspacing='0'\u003e\n                    \u003cthead\u003e\n                        \u003ctr\u003e\n                            \u003cth\u003eDate\u003c/th\u003e\n                            \u003cth\u003eTime\u003c/th\u003e\n                            \u003cth\u003eBTC/USD\u003c/th\u003e\n                            \u003cth\u003eETH/USD\u003c/th\u003e\n                            \u003cth\u003eSOL/USD\u003c/th\u003e\n                        \u003c/tr\u003e\n                    \u003c/thead\u003e\n                    \u003ctbody\u003e\n                        \u003ctr\u003e\n                            \u003ctd\u003e{$row['rate_date']}\u003c/td\u003e\n                            \u003ctd class='utc-time'\n                              data-date=\\\"{$row['rate_date']}\\\"\n                              data-time=\\\"{$row['rate_time']}\\\"\u003e\n                              {$row['rate_time']}\n                           \u003c/td\u003e\n                            \u003ctd\u003e\" . format_rate($row['btc_usd']) . \"\u003c/td\u003e\n                            \u003ctd\u003e\" . format_rate($row['eth_usd']) . \"\u003c/td\u003e\n                            \u003ctd\u003e\" . format_rate($row['sol_usd']) . \"\u003c/td\u003e\n                        \u003c/tr\u003e\n                    \u003c/tbody\u003e\n                \u003c/table\u003e\n            \u003c/div\u003e\n        \";\n    }\n\n    // Previous 10 records for history\n    $query_history = \"\n        SELECT *\n        FROM public.crypto_rates\n        ORDER BY rate_date DESC, rate_time DESC\n        OFFSET 1\n        LIMIT 10;\n    \";\n    $result_history = pg_query($db_conn, $query_history);\n\n    if ($result_history \u0026\u0026 pg_num_rows($result_history) \u003e 0) {\n        $history_text = \"\n            \u003cdiv class='db-box'\u003e\n                \u003ch2\u003eExchange Rate History (Previous 10 Records)\u003c/h2\u003e\n                \u003ctable border='1' cellpadding='8' cellspacing='0'\u003e\n                    \u003cthead\u003e\n                        \u003ctr\u003e\n                            \u003cth\u003eDate\u003c/th\u003e\n                            \u003cth\u003eTime\u003c/th\u003e\n                            \u003cth\u003eBTC/USD\u003c/th\u003e\n                            \u003cth\u003eETH/USD\u003c/th\u003e\n                            \u003cth\u003eSOL/USD\u003c/th\u003e\n                        \u003c/tr\u003e\n                    \u003c/thead\u003e\n                    \u003ctbody\u003e\n        \";\n        while ($row_hist = pg_fetch_assoc($result_history)) {\n            $history_text .= \"\n                \u003ctr\u003e\n                    \u003ctd\u003e{$row_hist['rate_date']}\u003c/td\u003e\n                    \u003ctd class='utc-time'\n                      data-date=\\\"{$row_hist['rate_date']}\\\"\n                      data-time=\\\"{$row_hist['rate_time']}\\\"\u003e\n                      {$row_hist['rate_time']}\n                   \u003c/td\u003e\n                    \u003ctd\u003e\" . format_rate($row_hist['btc_usd']) . \"\u003c/td\u003e\n                    \u003ctd\u003e\" . format_rate($row_hist['eth_usd']) . \"\u003c/td\u003e\n                    \u003ctd\u003e\" . format_rate($row_hist['sol_usd']) . \"\u003c/td\u003e\n                \u003c/tr\u003e\n            \";\n        }\n        $history_text .= \"\n                    \u003c/tbody\u003e\n                \u003c/table\u003e\n            \u003c/div\u003e\n        \";\n    } else {\n        $history_text = \"\u003cdiv class='db-box'\u003e\u003cp\u003eNo historical records found.\u003c/p\u003e\u003c/div\u003e\";\n    }\n\n    pg_close($db_conn);\n}\n?\u003e\n\u003c!DOCTYPE html\u003e\n\u003chtml lang=\"en\"\u003e\n\u003chead\u003e\n  \u003cmeta charset=\"UTF-8\" /\u003e\n  \u003cmeta name=\"viewport\" content=\"width=device-width, initial-scale=1.0\" /\u003e\n  \u003ctitle\u003eWelcome to My AWS Website with RDS\u003c/title\u003e\n  \u003cstyle\u003e\n    body {\n      font-family: Arial, sans-serif;\n      background: #f4f4f4;\n      color: #333;\n      margin: 0;\n      padding: 40px;\n      text-align: center;\n    }\n    .container {\n      background: white;\n      padding: 30px;\n      border-radius: 12px;\n      max-width: 700px;\n      margin: auto;\n      box-shadow: 0 4px 10px rgba(0,0,0,0.1);\n    }\n    .db-box {\n      background: #eef7ff;\n      padding: 20px;\n      border-radius: 10px;\n      margin-top: 25px;\n      font-size: 18px;\n      text-align: left;\n    }\n    table {\n      width: 100%;\n      border-collapse: collapse;\n    }\n    th, td {\n      padding: 8px;\n      border: 1px solid #ccc;\n      text-align: center;\n    }\n    th {\n      background: #eef7ff;\n    }\n    img {\n      max-width: 100%;\n      border-radius: 8px;\n      margin-bottom: 20px;\n    }\n  \u003c/style\u003e\n\u003c/head\u003e\n\u003cbody\u003e\n  \u003cdiv class=\"container\"\u003e\n    \u003cimg src=\"\u003c?= \"https://d3pf16f1x4nqrx.cloudfront.net/web_site2/images/crypto.jpg\" ?\u003e\" alt=\"Crypto Image\" /\u003e\n    \u003ch1\u003eWelcome to My AWS Website with RDS!\u003c/h1\u003e\n    \u003cp\u003eThis page is running on EC2 → Private RDS PostgreSQL → Terraform-managed infrastructure.\u003c/p\u003e\n\n    \u003cdiv class=\"db-box\"\u003e\n        \u003cstrong\u003eDB Status:\u003c/strong\u003e \u003c?= $db_status ?\u003e\n    \u003c/div\u003e\n\n    \u003c?= $latest_text ?\u003e\n    \u003c?= $history_text ?\u003e\n  \u003c/div\u003e\n\n  \u003cscript\u003e\n    document.addEventListener(\"DOMContentLoaded\", function () {\n        const cells = document.querySelectorAll(\".utc-time\");\n\n        cells.forEach(cell =\u003e {\n            const date = cell.getAttribute(\"data-date\");\n            const time = cell.getAttribute(\"data-time\").substring(0, 8);\n\n            const utcString = date + \"T\" + time + \"Z\"; \n            const localDate = new Date(utcString);\n\n            const localTime = localDate.toLocaleTimeString([], {\n                hour: \"2-digit\",\n                minute: \"2-digit\",\n                second: \"2-digit\"\n            });\n\n            cell.textContent = localTime;\n        });\n    });\n  \u003c/script\u003e\n\u003c/body\u003e\n\u003c/html\u003e","content_base64":null,"content_disposition":"","content_encoding":"","content_language":"","content_type":"application/x-httpd-php","etag":"b8ffc5fe5cd4353b89e864ccee85c26c","force_destroy":false,"id":"alexrachok-terraform-web-site-static-content/web_site2/index.php","key":"web_site2/index.php","kms_key_id":null,"metadata":{},"object_lock_legal_hold_status":"","object_lock_mode":"","object_lock_retain_until_date":"","override_provider":[],"region":"us-east-2","server_side_encryption":"AES256","source":null,"source_hash":null,"storage_class":"STANDARD","tags":{},"tags_all":{},"version_id":"","website_redirect":""},"sensitive_values":{"content":true,"etag":true,"metadata":{},"override_provider":[],"tags":{},"tags_all":{}},"identity_schema_version":0,"identity":{"account_id":"815408489721","bucket":"alexrachok-terraform-web-site-static-content","key":"web_site2/index.php","region":"us-east-2"}},{"address":"aws_s3_object.site1_image","mode":"managed","type":"aws_s3_object","name":"site1_image","provider_name":"registry.terraform.io/hashicorp/aws","schema_version":0,"values":{"acl":null,"arn":"arn:aws:s3:::alexrachok-terraform-web-site-static-content/web_site1/images/test_site_image.jpg","bucket":"alexrachok-terraform-web-site-static-content","bucket_key_enabled":false,"cache_control":"","checksum_algorithm":null,"checksum_crc32":"","checksum_crc32c":"","checksum_crc64nvme":"","checksum_sha1":"","checksum_sha256":"","content":null,"content_base64":null,"content_disposition":"","content_encoding":"","content_language":"","content_type":"application/octet-stream","etag":"3b6986d45333251b2b76ccf8eb0471b8","force_destroy":false,"id":"alexrachok-terraform-web-site-static-content/web_site1/images/test_site_image.jpg","key":"web_site1/images/test_site_image.jpg","kms_key_id":null,"metadata":{},"object_lock_legal_hold_status":"","object_lock_mode":"","object_lock_retain_until_date":"","override_provider":[],"region":"us-east-2","server_side_encryption":"AES256","source":"www_site1/test_site_image.jpg","source_hash":null,"storage_class":"STANDARD","tags":{},"tags_all":{},"version_id":"","website_redirect":""},"sensitive_values":{"metadata":{},"override_provider":[],"tags":{},"tags_all":{}},"identity_schema_version":0,"identity":{"account_id":"815408489721","bucket":"alexrachok-terraform-web-site-static-content","key":"web_site1/images/test_site_image.jpg","region":"us-east-2"}},{"address":"aws_s3_object.site2_image","mode":"managed","type":"aws_s3_object","name":"site2_image","provider_name":"registry.terraform.io/hashicorp/aws","schema_version":0,"values":{"acl":null,"arn":"arn:aws:s3:::alexrachok-terraform-web-site-static-content/web_site2/images/crypto.jpg","bucket":"alexrachok-terraform-web-site-static-content","bucket_key_enabled":false,"cache_control":"","checksum_algorithm":null,"checksum_crc32":"","checksum_crc32c":"","checksum_crc64nvme":"","checksum_sha1":"","checksum_sha256":"","content":null,"content_base64":null,"content_disposition":"","content_encoding":"","content_language":"","content_type":"application/octet-stream","etag":"df82d1cb3838986ff477cc8477c7d1bc","force_destroy":false,"id":"alexrachok-terraform-web-site-static-content/web_site2/images/crypto.jpg","key":"web_site2/images/crypto.jpg","kms_key_id":null,"metadata":{},"object_lock_legal_hold_status":"","object_lock_mode":"","object_lock_retain_until_date":"","override_provider":[],"region":"us-east-2","server_side_encryption":"AES256","source":"www_site2/crypto.jpg","source_hash":null,"storage_class":"STANDARD","tags":{},"tags_all":{},"version_id":"","website_redirect":""},"sensitive_values":{"metadata":{},"override_provider":[],"tags":{},"tags_all":{}},"identity_schema_version":0,"identity":{"account_id":"815408489721","bucket":"alexrachok-terraform-web-site-static-content","key":"web_site2/images/crypto.jpg","region":"us-east-2"}},{"address":"aws_security_group.lambda_sg","mode":"managed","type":"aws_security_group","name":"lambda_sg","provider_name":"registry.terraform.io/hashicorp/aws","schema_version":1,"values":{"arn":"arn:aws:ec2:us-east-2:815408489721:security-group/sg-0b51cfafa5933a0bf","description":"Allow Lambda to access RDS","egress":[{"cidr_blocks":["0.0.0.0/0"],"description":"","from_port":0,"ipv6_cidr_blocks":[],"prefix_list_ids":[],"protocol":"-1","security_groups":[],"self":false,"to_port":0}],"id":"sg-0b51cfafa5933a0bf","ingress":[],"name":"lambda_sg","name_prefix":"","owner_id":"815408489721","region":"us-east-2","revoke_rules_on_delete":false,"tags":{},"tags_all":{},"timeouts":null,"vpc_id":"vpc-0dca73f239e3b5e7d"},"sensitive_values":{"egress":[{"cidr_blocks":[false],"ipv6_cidr_blocks":[],"prefix_list_ids":[],"security_groups":[]}],"ingress":[],"tags":{},"tags_all":{}},"identity_schema_version":0,"identity":{"account_id":"815408489721","id":"sg-0b51cfafa5933a0bf","region":"us-east-2"}},{"address":"aws_security_group.sg_alb","mode":"managed","type":"aws_security_group","name":"sg_alb","provider_name":"registry.terraform.io/hashicorp/aws","schema_version":1,"values":{"arn":"arn:aws:ec2:us-east-2:815408489721:security-group/sg-08d0111c2b335a760","description":"Allow HTTP/HTTPS from Internet","egress":[{"cidr_blocks":["0.0.0.0/0"],"description":"","from_port":0,"ipv6_cidr_blocks":[],"prefix_list_ids":[],"protocol":"-1","security_groups":[],"self":false,"to_port":0}],"id":"sg-08d0111c2b335a760","ingress":[{"cidr_blocks":["0.0.0.0/0"],"description":"Allow HTTP from anywhere","from_port":80,"ipv6_cidr_blocks":[],"prefix_list_ids":[],"protocol":"tcp","security_groups":[],"self":false,"to_port":80},{"cidr_blocks":["0.0.0.0/0"],"description":"Allow HTTPS from anywhere","from_port":443,"ipv6_cidr_blocks":[],"prefix_list_ids":[],"protocol":"tcp","security_groups":[],"self":false,"to_port":443}],"name":"alb-sg","name_prefix":"","owner_id":"815408489721","region":"us-east-2","revoke_rules_on_delete":false,"tags":{"Name":"alb-sg"},"tags_all":{"Name":"alb-sg"},"timeouts":null,"vpc_id":"vpc-0dca73f239e3b5e7d"},"sensitive_values":{"egress":[{"cidr_blocks":[false],"ipv6_cidr_blocks":[],"prefix_list_ids":[],"security_groups":[]}],"ingress":[{"cidr_blocks":[false],"ipv6_cidr_blocks":[],"prefix_list_ids":[],"security_groups":[]},{"cidr_blocks":[false],"ipv6_cidr_blocks":[],"prefix_list_ids":[],"security_groups":[]}],"tags":{},"tags_all":{}},"identity_schema_version":0,"identity":{"account_id":"815408489721","id":"sg-08d0111c2b335a760","region":"us-east-2"}},{"address":"aws_security_group.sg_bastion","mode":"managed","type":"aws_security_group","name":"sg_bastion","provider_name":"registry.terraform.io/hashicorp/aws","schema_version":1,"values":{"arn":"arn:aws:ec2:us-east-2:815408489721:security-group/sg-0e22ad20f929a8ed1","description":"Bastion SG","egress":[{"cidr_blocks":["0.0.0.0/0"],"description":"Allow all outbound","from_port":0,"ipv6_cidr_blocks":[],"prefix_list_ids":[],"protocol":"-1","security_groups":[],"self":false,"to_port":0}],"id":"sg-0e22ad20f929a8ed1","ingress":[{"cidr_blocks":[],"description":"Allow SSH from NLB","from_port":22,"ipv6_cidr_blocks":[],"prefix_list_ids":[],"protocol":"tcp","security_groups":["sg-06a642da74cef8075"],"self":false,"to_port":22}],"name":"terraform-20251229201311263700000007","name_prefix":"terraform-","owner_id":"815408489721","region":"us-east-2","revoke_rules_on_delete":false,"tags":{},"tags_all":{},"timeouts":null,"vpc_id":"vpc-0dca73f239e3b5e7d"},"sensitive_values":{"egress":[{"cidr_blocks":[false],"ipv6_cidr_blocks":[],"prefix_list_ids":[],"security_groups":[]}],"ingress":[{"cidr_blocks":[],"ipv6_cidr_blocks":[],"prefix_list_ids":[],"security_groups":[false]}],"tags":{},"tags_all":{}},"identity_schema_version":0,"identity":{"account_id":"815408489721","id":"sg-0e22ad20f929a8ed1","region":"us-east-2"}},{"address":"aws_security_group.sg_http","mode":"managed","type":"aws_security_group","name":"sg_http","provider_name":"registry.terraform.io/hashicorp/aws","schema_version":1,"values":{"arn":"arn:aws:ec2:us-east-2:815408489721:security-group/sg-0d31e00c241811008","description":"Allow HTTP from allowed CIDR","egress":[{"cidr_blocks":["0.0.0.0/0"],"description":"","from_port":0,"ipv6_cidr_blocks":[],"prefix_list_ids":[],"protocol":"-1","security_groups":[],"self":false,"to_port":0}],"id":"sg-0d31e00c241811008","ingress":[{"cidr_blocks":["5.152.109.0/24"],"description":"","from_port":80,"ipv6_cidr_blocks":[],"prefix_list_ids":[],"protocol":"tcp","security_groups":[],"self":false,"to_port":80}],"name":"terraform-20251229201302723100000002","name_prefix":"terraform-","owner_id":"815408489721","region":"us-east-2","revoke_rules_on_delete":false,"tags":{},"tags_all":{},"timeouts":null,"vpc_id":"vpc-0dca73f239e3b5e7d"},"sensitive_values":{"egress":[{"cidr_blocks":[false],"ipv6_cidr_blocks":[],"prefix_list_ids":[],"security_groups":[]}],"ingress":[{"cidr_blocks":[false],"ipv6_cidr_blocks":[],"prefix_list_ids":[],"security_groups":[]}],"tags":{},"tags_all":{}},"identity_schema_version":0,"identity":{"account_id":"815408489721","id":"sg-0d31e00c241811008","region":"us-east-2"}},{"address":"aws_security_group.sg_https","mode":"managed","type":"aws_security_group","name":"sg_https","provider_name":"registry.terraform.io/hashicorp/aws","schema_version":1,"values":{"arn":"arn:aws:ec2:us-east-2:815408489721:security-group/sg-042446341344523c5","description":"Allow HTTPS from allowed CIDR","egress":[{"cidr_blocks":["0.0.0.0/0"],"description":"","from_port":0,"ipv6_cidr_blocks":[],"prefix_list_ids":[],"protocol":"-1","security_groups":[],"self":false,"to_port":0}],"id":"sg-042446341344523c5","ingress":[{"cidr_blocks":["5.152.109.0/24"],"description":"","from_port":443,"ipv6_cidr_blocks":[],"prefix_list_ids":[],"protocol":"tcp","security_groups":[],"self":false,"to_port":443}],"name":"terraform-20251229201302723400000003","name_prefix":"terraform-","owner_id":"815408489721","region":"us-east-2","revoke_rules_on_delete":false,"tags":{},"tags_all":{},"timeouts":null,"vpc_id":"vpc-0dca73f239e3b5e7d"},"sensitive_values":{"egress":[{"cidr_blocks":[false],"ipv6_cidr_blocks":[],"prefix_list_ids":[],"security_groups":[]}],"ingress":[{"cidr_blocks":[false],"ipv6_cidr_blocks":[],"prefix_list_ids":[],"security_groups":[]}],"tags":{},"tags_all":{}},"identity_schema_version":0,"identity":{"account_id":"815408489721","id":"sg-042446341344523c5","region":"us-east-2"}},{"address":"aws_security_group.sg_nlb","mode":"managed","type":"aws_security_group","name":"sg_nlb","provider_name":"registry.terraform.io/hashicorp/aws","schema_version":1,"values":{"arn":"arn:aws:ec2:us-east-2:815408489721:security-group/sg-06a642da74cef8075","description":"Allow inbound on port 2000","egress":[{"cidr_blocks":["0.0.0.0/0"],"description":"","from_port":0,"ipv6_cidr_blocks":[],"prefix_list_ids":[],"protocol":"-1","security_groups":[],"self":false,"to_port":0}],"id":"sg-06a642da74cef8075","ingress":[{"cidr_blocks":["5.152.109.0/24"],"description":"Allow SSH forwarding","from_port":2000,"ipv6_cidr_blocks":[],"prefix_list_ids":[],"protocol":"tcp","security_groups":[],"self":false,"to_port":2000}],"name":"terraform-20251229201305250400000005","name_prefix":"terraform-","owner_id":"815408489721","region":"us-east-2","revoke_rules_on_delete":false,"tags":{},"tags_all":{},"timeouts":null,"vpc_id":"vpc-0dca73f239e3b5e7d"},"sensitive_values":{"egress":[{"cidr_blocks":[false],"ipv6_cidr_blocks":[],"prefix_list_ids":[],"security_groups":[]}],"ingress":[{"cidr_blocks":[false],"ipv6_cidr_blocks":[],"prefix_list_ids":[],"security_groups":[]}],"tags":{},"tags_all":{}},"identity_schema_version":0,"identity":{"account_id":"815408489721","id":"sg-06a642da74cef8075","region":"us-east-2"}},{"address":"aws_security_group.sg_rds","mode":"managed","type":"aws_security_group","name":"sg_rds","provider_name":"registry.terraform.io/hashicorp/aws","schema_version":1,"values":{"arn":"arn:aws:ec2:us-east-2:815408489721:security-group/sg-0b35d65d63761ff18","description":"Allow Postgres from web-server","egress":[{"cidr_blocks":["0.0.0.0/0"],"description":"","from_port":0,"ipv6_cidr_blocks":[],"prefix_list_ids":[],"protocol":"-1","security_groups":[],"self":false,"to_port":0}],"id":"sg-0b35d65d63761ff18","ingress":[{"cidr_blocks":[],"description":"","from_port":5432,"ipv6_cidr_blocks":[],"prefix_list_ids":[],"protocol":"tcp","security_groups":["sg-07d99963b27f95843"],"self":false,"to_port":5432},{"cidr_blocks":[],"description":"","from_port":5432,"ipv6_cidr_blocks":[],"prefix_list_ids":[],"protocol":"tcp","security_groups":["sg-0b51cfafa5933a0bf"],"self":false,"to_port":5432}],"name":"rds-sg","name_prefix":"","owner_id":"815408489721","region":"us-east-2","revoke_rules_on_delete":false,"tags":{},"tags_all":{},"timeouts":null,"vpc_id":"vpc-0dca73f239e3b5e7d"},"sensitive_values":{"egress":[{"cidr_blocks":[false],"ipv6_cidr_blocks":[],"prefix_list_ids":[],"security_groups":[]}],"ingress":[{"cidr_blocks":[],"ipv6_cidr_blocks":[],"prefix_list_ids":[],"security_groups":[false]},{"cidr_blocks":[],"ipv6_cidr_blocks":[],"prefix_list_ids":[],"security_groups":[false]}],"tags":{},"tags_all":{}},"identity_schema_version":0,"identity":{"account_id":"815408489721","id":"sg-0b35d65d63761ff18","region":"us-east-2"}},{"address":"aws_security_group.sg_ssh","mode":"managed","type":"aws_security_group","name":"sg_ssh","provider_name":"registry.terraform.io/hashicorp/aws","schema_version":1,"values":{"arn":"arn:aws:ec2:us-east-2:815408489721:security-group/sg-07d99963b27f95843","description":"Allow SSH and ICMP from Bastion","egress":[{"cidr_blocks":["0.0.0.0/0"],"description":"","from_port":0,"ipv6_cidr_blocks":[],"prefix_list_ids":[],"protocol":"-1","security_groups":[],"self":false,"to_port":0}],"id":"sg-07d99963b27f95843","ingress":[{"cidr_blocks":[],"description":"Allow SSH from bastion","from_port":22,"ipv6_cidr_blocks":[],"prefix_list_ids":[],"protocol":"tcp","security_groups":["sg-0e22ad20f929a8ed1"],"self":false,"to_port":22}],"name":"terraform-20251229201315121700000008","name_prefix":"terraform-","owner_id":"815408489721","region":"us-east-2","revoke_rules_on_delete":false,"tags":{},"tags_all":{},"timeouts":null,"vpc_id":"vpc-0dca73f239e3b5e7d"},"sensitive_values":{"egress":[{"cidr_blocks":[false],"ipv6_cidr_blocks":[],"prefix_list_ids":[],"security_groups":[]}],"ingress":[{"cidr_blocks":[],"ipv6_cidr_blocks":[],"prefix_list_ids":[],"security_groups":[false]}],"tags":{},"tags_all":{}},"identity_schema_version":0,"identity":{"account_id":"815408489721","id":"sg-07d99963b27f95843","region":"us-east-2"}},{"address":"aws_security_group.sg_web_ingress","mode":"managed","type":"aws_security_group","name":"sg_web_ingress","provider_name":"registry.terraform.io/hashicorp/aws","schema_version":1,"values":{"arn":"arn:aws:ec2:us-east-2:815408489721:security-group/sg-06de0d78bda6332f6","description":"Allow HTTP/HTTPS from allowed CIDR","egress":[{"cidr_blocks":["0.0.0.0/0"],"description":"All outbound","from_port":0,"ipv6_cidr_blocks":[],"prefix_list_ids":[],"protocol":"-1","security_groups":[],"self":false,"to_port":0}],"id":"sg-06de0d78bda6332f6","ingress":[{"cidr_blocks":["5.152.109.0/24"],"description":"HTTP from allowed CIDR","from_port":80,"ipv6_cidr_blocks":[],"prefix_list_ids":[],"protocol":"tcp","security_groups":[],"self":false,"to_port":80},{"cidr_blocks":["5.152.109.0/24"],"description":"HTTPS from allowed CIDR","from_port":443,"ipv6_cidr_blocks":[],"prefix_list_ids":[],"protocol":"tcp","security_groups":[],"self":false,"to_port":443}],"name":"terraform-20251229201302724400000004","name_prefix":"terraform-","owner_id":"815408489721","region":"us-east-2","revoke_rules_on_delete":false,"tags":{"Name":"web-ingress-sg"},"tags_all":{"Name":"web-ingress-sg"},"timeouts":null,"vpc_id":"vpc-0dca73f239e3b5e7d"},"sensitive_values":{"egress":[{"cidr_blocks":[false],"ipv6_cidr_blocks":[],"prefix_list_ids":[],"security_groups":[]}],"ingress":[{"cidr_blocks":[false],"ipv6_cidr_blocks":[],"prefix_list_ids":[],"security_groups":[]},{"cidr_blocks":[false],"ipv6_cidr_blocks":[],"prefix_list_ids":[],"security_groups":[]}],"tags":{},"tags_all":{}},"identity_schema_version":0,"identity":{"account_id":"815408489721","id":"sg-06de0d78bda6332f6","region":"us-east-2"}},{"address":"aws_security_group_rule.allow_alb_http","mode":"managed","type":"aws_security_group_rule","name":"allow_alb_http","provider_name":"registry.terraform.io/hashicorp/aws","schema_version":2,"values":{"cidr_blocks":null,"description":null,"from_port":80,"ipv6_cidr_blocks":null,"prefix_list_ids":null,"protocol":"tcp","region":"us-east-2","security_group_id":"sg-07d99963b27f95843","self":false,"source_security_group_id":"sg-08d0111c2b335a760","timeouts":null,"to_port":80,"type":"ingress"},"sensitive_values":{}},{"address":"aws_security_group_rule.allow_alb_https","mode":"managed","type":"aws_security_group_rule","name":"allow_alb_https","provider_name":"registry.terraform.io/hashicorp/aws","schema_version":2,"values":{"cidr_blocks":null,"description":null,"from_port":443,"ipv6_cidr_blocks":null,"prefix_list_ids":null,"protocol":"tcp","region":"us-east-2","security_group_id":"sg-07d99963b27f95843","self":false,"source_security_group_id":"sg-08d0111c2b335a760","timeouts":null,"to_port":443,"type":"ingress"},"sensitive_values":{}},{"address":"aws_subnet.private","mode":"managed","type":"aws_subnet","name":"private","provider_name":"registry.terraform.io/hashicorp/aws","schema_version":1,"values":{"arn":"arn:aws:ec2:us-east-2:815408489721:subnet/subnet-0e83351c992742dd0","assign_ipv6_address_on_creation":false,"availability_zone":"us-east-2b","availability_zone_id":"use2-az2","cidr_block":"10.0.1.0/24","customer_owned_ipv4_pool":"","enable_dns64":false,"enable_lni_at_device_index":0,"enable_resource_name_dns_a_record_on_launch":false,"enable_resource_name_dns_aaaa_record_on_launch":false,"id":"subnet-0e83351c992742dd0","ipv6_cidr_block":"","ipv6_cidr_block_association_id":"","ipv6_native":false,"map_customer_owned_ip_on_launch":false,"map_public_ip_on_launch":false,"outpost_arn":"","owner_id":"815408489721","private_dns_hostname_type_on_launch":"ip-name","region":"us-east-2","tags":{"Name":"private subnet"},"tags_all":{"Name":"private subnet"},"timeouts":null,"vpc_id":"vpc-0dca73f239e3b5e7d"},"sensitive_values":{"tags":{},"tags_all":{}},"identity_schema_version":0,"identity":{"account_id":"815408489721","id":"subnet-0e83351c992742dd0","region":"us-east-2"}},{"address":"aws_subnet.private_2","mode":"managed","type":"aws_subnet","name":"private_2","provider_name":"registry.terraform.io/hashicorp/aws","schema_version":1,"values":{"arn":"arn:aws:ec2:us-east-2:815408489721:subnet/subnet-0f9f39a6e96426678","assign_ipv6_address_on_creation":false,"availability_zone":"us-east-2c","availability_zone_id":"use2-az3","cidr_block":"10.0.3.0/24","customer_owned_ipv4_pool":"","enable_dns64":false,"enable_lni_at_device_index":0,"enable_resource_name_dns_a_record_on_launch":false,"enable_resource_name_dns_aaaa_record_on_launch":false,"id":"subnet-0f9f39a6e96426678","ipv6_cidr_block":"","ipv6_cidr_block_association_id":"","ipv6_native":false,"map_customer_owned_ip_on_launch":false,"map_public_ip_on_launch":false,"outpost_arn":"","owner_id":"815408489721","private_dns_hostname_type_on_launch":"ip-name","region":"us-east-2","tags":{"Name":"private-subnet-2"},"tags_all":{"Name":"private-subnet-2"},"timeouts":null,"vpc_id":"vpc-0dca73f239e3b5e7d"},"sensitive_values":{"tags":{},"tags_all":{}},"identity_schema_version":0,"identity":{"account_id":"815408489721","id":"subnet-0f9f39a6e96426678","region":"us-east-2"}},{"address":"aws_subnet.private_3","mode":"managed","type":"aws_subnet","name":"private_3","provider_name":"registry.terraform.io/hashicorp/aws","schema_version":1,"values":{"arn":"arn:aws:ec2:us-east-2:815408489721:subnet/subnet-0e7f636aeeb038f14","assign_ipv6_address_on_creation":false,"availability_zone":"us-east-2a","availability_zone_id":"use2-az1","cidr_block":"10.0.5.0/24","customer_owned_ipv4_pool":"","enable_dns64":false,"enable_lni_at_device_index":0,"enable_resource_name_dns_a_record_on_launch":false,"enable_resource_name_dns_aaaa_record_on_launch":false,"id":"subnet-0e7f636aeeb038f14","ipv6_cidr_block":"","ipv6_cidr_block_association_id":"","ipv6_native":false,"map_customer_owned_ip_on_launch":false,"map_public_ip_on_launch":false,"outpost_arn":"","owner_id":"815408489721","private_dns_hostname_type_on_launch":"ip-name","region":"us-east-2","tags":{"Name":"private-subnet-3"},"tags_all":{"Name":"private-subnet-3"},"timeouts":null,"vpc_id":"vpc-0dca73f239e3b5e7d"},"sensitive_values":{"tags":{},"tags_all":{}},"identity_schema_version":0,"identity":{"account_id":"815408489721","id":"subnet-0e7f636aeeb038f14","region":"us-east-2"}},{"address":"aws_subnet.public","mode":"managed","type":"aws_subnet","name":"public","provider_name":"registry.terraform.io/hashicorp/aws","schema_version":1,"values":{"arn":"arn:aws:ec2:us-east-2:815408489721:subnet/subnet-0d94d88880f9c195c","assign_ipv6_address_on_creation":false,"availability_zone":"us-east-2a","availability_zone_id":"use2-az1","cidr_block":"10.0.0.0/24","customer_owned_ipv4_pool":"","enable_dns64":false,"enable_lni_at_device_index":0,"enable_resource_name_dns_a_record_on_launch":false,"enable_resource_name_dns_aaaa_record_on_launch":false,"id":"subnet-0d94d88880f9c195c","ipv6_cidr_block":"","ipv6_cidr_block_association_id":"","ipv6_native":false,"map_customer_owned_ip_on_launch":false,"map_public_ip_on_launch":true,"outpost_arn":"","owner_id":"815408489721","private_dns_hostname_type_on_launch":"ip-name","region":"us-east-2","tags":{"Name":"public subnet"},"tags_all":{"Name":"public subnet"},"timeouts":null,"vpc_id":"vpc-0dca73f239e3b5e7d"},"sensitive_values":{"tags":{},"tags_all":{}},"identity_schema_version":0,"identity":{"account_id":"815408489721","id":"subnet-0d94d88880f9c195c","region":"us-east-2"}},{"address":"aws_subnet.public_2","mode":"managed","type":"aws_subnet","name":"public_2","provider_name":"registry.terraform.io/hashicorp/aws","schema_version":1,"values":{"arn":"arn:aws:ec2:us-east-2:815408489721:subnet/subnet-0a71ebea939640ad0","assign_ipv6_address_on_creation":false,"availability_zone":"us-east-2b","availability_zone_id":"use2-az2","cidr_block":"10.0.2.0/24","customer_owned_ipv4_pool":"","enable_dns64":false,"enable_lni_at_device_index":0,"enable_resource_name_dns_a_record_on_launch":false,"enable_resource_name_dns_aaaa_record_on_launch":false,"id":"subnet-0a71ebea939640ad0","ipv6_cidr_block":"","ipv6_cidr_block_association_id":"","ipv6_native":false,"map_customer_owned_ip_on_launch":false,"map_public_ip_on_launch":true,"outpost_arn":"","owner_id":"815408489721","private_dns_hostname_type_on_launch":"ip-name","region":"us-east-2","tags":{"Name":"public-subnet-2"},"tags_all":{"Name":"public-subnet-2"},"timeouts":null,"vpc_id":"vpc-0dca73f239e3b5e7d"},"sensitive_values":{"tags":{},"tags_all":{}},"identity_schema_version":0,"identity":{"account_id":"815408489721","id":"subnet-0a71ebea939640ad0","region":"us-east-2"}},{"address":"aws_subnet.public_3","mode":"managed","type":"aws_subnet","name":"public_3","provider_name":"registry.terraform.io/hashicorp/aws","schema_version":1,"values":{"arn":"arn:aws:ec2:us-east-2:815408489721:subnet/subnet-00da800a0e2d9d641","assign_ipv6_address_on_creation":false,"availability_zone":"us-east-2c","availability_zone_id":"use2-az3","cidr_block":"10.0.4.0/24","customer_owned_ipv4_pool":"","enable_dns64":false,"enable_lni_at_device_index":0,"enable_resource_name_dns_a_record_on_launch":false,"enable_resource_name_dns_aaaa_record_on_launch":false,"id":"subnet-00da800a0e2d9d641","ipv6_cidr_block":"","ipv6_cidr_block_association_id":"","ipv6_native":false,"map_customer_owned_ip_on_launch":false,"map_public_ip_on_launch":true,"outpost_arn":"","owner_id":"815408489721","private_dns_hostname_type_on_launch":"ip-name","region":"us-east-2","tags":{"Name":"public-subnet-3"},"tags_all":{"Name":"public-subnet-3"},"timeouts":null,"vpc_id":"vpc-0dca73f239e3b5e7d"},"sensitive_values":{"tags":{},"tags_all":{}},"identity_schema_version":0,"identity":{"account_id":"815408489721","id":"subnet-00da800a0e2d9d641","region":"us-east-2"}},{"address":"aws_vpc.victors_lab_vpc","mode":"managed","type":"aws_vpc","name":"victors_lab_vpc","provider_name":"registry.terraform.io/hashicorp/aws","schema_version":1,"values":{"arn":"arn:aws:ec2:us-east-2:815408489721:vpc/vpc-0dca73f239e3b5e7d","assign_generated_ipv6_cidr_block":false,"cidr_block":"10.0.0.0/16","default_network_acl_id":"acl-003bd0e8c47893adc","default_route_table_id":"rtb-0fbbe92e75f438e68","default_security_group_id":"sg-0f37054129a87e3ae","dhcp_options_id":"dopt-04c5425eaa937dc73","enable_dns_hostnames":true,"enable_dns_support":true,"enable_network_address_usage_metrics":false,"id":"vpc-0dca73f239e3b5e7d","instance_tenancy":"default","ipv4_ipam_pool_id":null,"ipv4_netmask_length":null,"ipv6_association_id":"","ipv6_cidr_block":"","ipv6_cidr_block_network_border_group":"","ipv6_ipam_pool_id":"","ipv6_netmask_length":0,"main_route_table_id":"rtb-0fbbe92e75f438e68","owner_id":"815408489721","region":"us-east-2","tags":{"Name":"victors_lab_vpc"},"tags_all":{"Name":"victors_lab_vpc"}},"sensitive_values":{"tags":{},"tags_all":{}},"identity_schema_version":0,"identity":{"account_id":"815408489721","id":"vpc-0dca73f239e3b5e7d","region":"us-east-2"}},{"address":"aws_vpc_endpoint.s3","mode":"managed","type":"aws_vpc_endpoint","name":"s3","provider_name":"registry.terraform.io/hashicorp/aws","schema_version":0,"values":{"arn":"arn:aws:ec2:us-east-2:815408489721:vpc-endpoint/vpce-0e3e60fe6da38bd66","auto_accept":null,"cidr_blocks":["18.34.252.0/22","52.219.141.0/24","18.34.72.0/21","52.219.96.0/20","52.219.224.0/21","16.12.60.0/22","52.219.232.0/22","52.219.80.0/20","3.5.128.0/22","52.219.142.0/23","3.5.132.0/23","16.12.64.0/22","52.219.212.0/22","52.219.176.0/22"],"dns_entry":[],"dns_options":[{"dns_record_ip_type":"service-defined","private_dns_only_for_inbound_resolver_endpoint":false}],"id":"vpce-0e3e60fe6da38bd66","ip_address_type":"ipv4","network_interface_ids":[],"owner_id":"815408489721","policy":"{\"Statement\":[{\"Action\":\"*\",\"Effect\":\"Allow\",\"Principal\":\"*\",\"Resource\":\"*\"}],\"Version\":\"2008-10-17\"}","prefix_list_id":"pl-7ba54012","private_dns_enabled":false,"region":"us-east-2","requester_managed":false,"resource_configuration_arn":"","route_table_ids":["rtb-06f4e4cd5f3e3a57c"],"security_group_ids":[],"service_name":"com.amazonaws.us-east-2.s3","service_network_arn":"","service_region":"us-east-2","state":"available","subnet_configuration":[],"subnet_ids":[],"tags":{},"tags_all":{},"timeouts":null,"vpc_endpoint_type":"Gateway","vpc_id":"vpc-0dca73f239e3b5e7d"},"sensitive_values":{"cidr_blocks":[false,false,false,false,false,false,false,false,false,false,false,false,false,false],"dns_entry":[],"dns_options":[{}],"network_interface_ids":[],"route_table_ids":[false],"security_group_ids":[],"subnet_configuration":[],"subnet_ids":[],"tags":{},"tags_all":{}},"identity_schema_version":0,"identity":{"account_id":"815408489721","id":"vpce-0e3e60fe6da38bd66","region":"us-east-2"}},{"address":"aws_wafv2_web_acl.cloudfront","mode":"managed","type":"aws_wafv2_web_acl","name":"cloudfront","provider_name":"registry.terraform.io/hashicorp/aws","schema_version":0,"values":{"application_integration_url":"","arn":"arn:aws:wafv2:us-east-1:815408489721:global/webacl/cloudfront-waf/6297f2b4-d8ec-4c9f-92a8-5352f3c56f36","association_config":[],"capacity":700,"captcha_config":[],"challenge_config":[],"custom_response_body":[],"data_protection_config":[],"default_action":[{"allow":[{"custom_request_handling":[]}],"block":[]}],"description":"","id":"6297f2b4-d8ec-4c9f-92a8-5352f3c56f36","lock_token":"8848ae7f-f083-4c46-a53c-b386622d1a0c","name":"cloudfront-waf","name_prefix":"","region":"us-east-1","rule":[{"action":[],"captcha_config":[],"challenge_config":[],"name":"AWSManagedCommonRuleSet","override_action":[{"count":[],"none":[{}]}],"priority":1,"rule_label":[],"statement":[{"and_statement":[],"asn_match_statement":[],"byte_match_statement":[],"geo_match_statement":[],"ip_set_reference_statement":[],"label_match_statement":[],"managed_rule_group_statement":[{"managed_rule_group_configs":[],"name":"AWSManagedRulesCommonRuleSet","rule_action_override":[],"scope_down_statement":[],"vendor_name":"AWS","version":""}],"not_statement":[],"or_statement":[],"rate_based_statement":[],"regex_match_statement":[],"regex_pattern_set_reference_statement":[],"rule_group_reference_statement":[],"size_constraint_statement":[],"sqli_match_statement":[],"xss_match_statement":[]}],"visibility_config":[{"cloudwatch_metrics_enabled":true,"metric_name":"commonRules","sampled_requests_enabled":true}]}],"rule_json":null,"scope":"CLOUDFRONT","tags":{},"tags_all":{},"token_domains":[],"visibility_config":[{"cloudwatch_metrics_enabled":true,"metric_name":"cloudfrontWAF","sampled_requests_enabled":true}]},"sensitive_values":{"association_config":[],"captcha_config":[],"challenge_config":[],"custom_response_body":[],"data_protection_config":[],"default_action":[{"allow":[{"custom_request_handling":[]}],"block":[]}],"rule":[{"action":[],"captcha_config":[],"challenge_config":[],"override_action":[{"count":[],"none":[{}]}],"rule_label":[],"statement":[{"and_statement":[],"asn_match_statement":[],"byte_match_statement":[],"geo_match_statement":[],"ip_set_reference_statement":[],"label_match_statement":[],"managed_rule_group_statement":[{"managed_rule_group_configs":[],"rule_action_override":[],"scope_down_statement":[]}],"not_statement":[],"or_statement":[],"rate_based_statement":[],"regex_match_statement":[],"regex_pattern_set_reference_statement":[],"rule_group_reference_statement":[],"size_constraint_statement":[],"sqli_match_statement":[],"xss_match_statement":[]}],"visibility_config":[{}]}],"tags":{},"tags_all":{},"token_domains":[],"visibility_config":[{}]}}]}},"resource_drift":[{"address":"aws_acm_certificate.cloudfront_cert","mode":"managed","type":"aws_acm_certificate","name":"cloudfront_cert","provider_name":"registry.terraform.io/hashicorp/aws","change":{"actions":["update"],"before":{"arn":"arn:aws:acm:us-east-1:815408489721:certificate/66b71a8f-7172-4cb9-8aef-868ee484dd54","certificate_authority_arn":"","certificate_body":null,"certificate_chain":null,"domain_name":"sys-lab.xyz","domain_validation_options":[{"domain_name":"internet.sys-lab.xyz","resource_record_name":"_e5fa437e2c6f643361b7206dd38d4d8c.internet.sys-lab.xyz.","resource_record_type":"CNAME","resource_record_value":"_2e4f7aeaa237764a4958be71fd12bf04.jkddzztszm.acm-validations.aws."},{"domain_name":"sys-lab.xyz","resource_record_name":"_3dca63e2adbcd90c7e2b91d82b83a461.sys-lab.xyz.","resource_record_type":"CNAME","resource_record_value":"_0e5c062399b8bb1c1ee8a7f6539ecc75.jkddzztszm.acm-validations.aws."},{"domain_name":"www.internet.sys-lab.xyz","resource_record_name":"_ff3ab42d63eade181f5885597ddfee1f.www.internet.sys-lab.xyz.","resource_record_type":"CNAME","resource_record_value":"_93f8dcbef448edf93bb7dd2b37b67fb3.jkddzztszm.acm-validations.aws."}],"early_renewal_duration":"","id":"arn:aws:acm:us-east-1:815408489721:certificate/66b71a8f-7172-4cb9-8aef-868ee484dd54","key_algorithm":"RSA_2048","not_after":"2027-01-27T23:59:59Z","not_before":"2025-12-29T00:00:00Z","options":[{"certificate_transparency_logging_preference":"ENABLED","export":"DISABLED"}],"pending_renewal":false,"private_key":null,"region":"us-east-1","renewal_eligibility":"INELIGIBLE","renewal_summary":[],"status":"ISSUED","subject_alternative_names":["internet.sys-lab.xyz","sys-lab.xyz","www.internet.sys-lab.xyz"],"tags":{},"tags_all":{},"type":"AMAZON_ISSUED","validation_emails":[],"validation_method":"DNS","validation_option":[]},"after":{"arn":"arn:aws:acm:us-east-1:815408489721:certificate/66b71a8f-7172-4cb9-8aef-868ee484dd54","certificate_authority_arn":"","certificate_body":null,"certificate_chain":null,"domain_name":"sys-lab.xyz","domain_validation_options":[{"domain_name":"internet.sys-lab.xyz","resource_record_name":"_e5fa437e2c6f643361b7206dd38d4d8c.internet.sys-lab.xyz.","resource_record_type":"CNAME","resource_record_value":"_2e4f7aeaa237764a4958be71fd12bf04.jkddzztszm.acm-validations.aws."},{"domain_name":"sys-lab.xyz","resource_record_name":"_3dca63e2adbcd90c7e2b91d82b83a461.sys-lab.xyz.","resource_record_type":"CNAME","resource_record_value":"_0e5c062399b8bb1c1ee8a7f6539ecc75.jkddzztszm.acm-validations.aws."},{"domain_name":"www.internet.sys-lab.xyz","resource_record_name":"_ff3ab42d63eade181f5885597ddfee1f.www.internet.sys-lab.xyz.","resource_record_type":"CNAME","resource_record_value":"_93f8dcbef448edf93bb7dd2b37b67fb3.jkddzztszm.acm-validations.aws."}],"early_renewal_duration":"","id":"arn:aws:acm:us-east-1:815408489721:certificate/66b71a8f-7172-4cb9-8aef-868ee484dd54","key_algorithm":"RSA_2048","not_after":"2027-01-27T23:59:59Z","not_before":"2025-12-29T00:00:00Z","options":[{"certificate_transparency_logging_preference":"ENABLED","export":"DISABLED"}],"pending_renewal":false,"private_key":null,"region":"us-east-1","renewal_eligibility":"ELIGIBLE","renewal_summary":[],"status":"ISSUED","subject_alternative_names":["internet.sys-lab.xyz","sys-lab.xyz","www.internet.sys-lab.xyz"],"tags":{},"tags_all":{},"type":"AMAZON_ISSUED","validation_emails":[],"validation_method":"DNS","validation_option":[]},"after_unknown":{},"before_sensitive":{"domain_validation_options":[{},{},{}],"options":[{}],"private_key":true,"renewal_summary":[],"subject_alternative_names":[false,false,false],"tags":{},"tags_all":{},"validation_emails":[],"validation_option":[]},"after_sensitive":{"domain_validation_options":[{},{},{}],"options":[{}],"private_key":true,"renewal_summary":[],"subject_alternative_names":[false,false,false],"tags":{},"tags_all":{},"validation_emails":[],"validation_option":[]}}},{"address":"aws_cloudfront_distribution.cdn","mode":"managed","type":"aws_cloudfront_distribution","name":"cdn","provider_name":"registry.terraform.io/hashicorp/aws","change":{"actions":["update"],"before":{"aliases":["internet.sys-lab.xyz"],"anycast_ip_list_id":"","arn":"arn:aws:cloudfront::815408489721:distribution/E1M9VOWSRDD4I3","caller_reference":"terraform-20251229203022080200000001","comment":null,"continuous_deployment_policy_id":"","custom_error_response":[],"default_cache_behavior":[{"allowed_methods":["GET","HEAD"],"cache_policy_id":"658327ea-f89d-4fab-a63d-7e88639e58f6","cached_methods":["GET","HEAD"],"compress":false,"default_ttl":0,"field_level_encryption_id":"","forwarded_values":[],"function_association":[],"grpc_config":[{"enabled":false}],"lambda_function_association":[],"max_ttl":0,"min_ttl":0,"origin_request_policy_id":"88a5eaf4-2fd4-4709-b370-b4c650ea3fcf","realtime_log_config_arn":"","response_headers_policy_id":"","smooth_streaming":false,"target_origin_id":"s3-origin","trusted_key_groups":[],"trusted_signers":[],"viewer_protocol_policy":"redirect-to-https"}],"default_root_object":"index.html","domain_name":"d3pf16f1x4nqrx.cloudfront.net","enabled":true,"etag":"E2NLAODHNTH2JN","hosted_zone_id":"Z2FDTNDATAQYW2","http_version":"http2","id":"E1M9VOWSRDD4I3","in_progress_validation_batches":0,"is_ipv6_enabled":false,"last_modified_time":"2025-12-29 20:30:23.192 +0000 UTC","logging_config":[{"bucket":"alexrachok-cloudfront-logs.s3.amazonaws.com","include_cookies":false,"prefix":"cloudfront/"}],"logging_v1_enabled":true,"ordered_cache_behavior":[],"origin":[{"connection_attempts":3,"connection_timeout":10,"custom_header":[],"custom_origin_config":[],"domain_name":"alexrachok-terraform-web-site-static-content.s3.us-east-2.amazonaws.com","origin_access_control_id":"E2EUZB4VYDVFE7","origin_id":"s3-origin","origin_path":"","origin_shield":[],"response_completion_timeout":0,"s3_origin_config":[],"vpc_origin_config":[]}],"origin_group":[],"price_class":"PriceClass_All","restrictions":[{"geo_restriction":[{"locations":[],"restriction_type":"none"}]}],"retain_on_delete":false,"staging":false,"status":"Deployed","tags":null,"tags_all":{},"trusted_key_groups":[{"enabled":false,"items":[]}],"trusted_signers":[{"enabled":false,"items":[]}],"viewer_certificate":[{"acm_certificate_arn":"arn:aws:acm:us-east-1:815408489721:certificate/66b71a8f-7172-4cb9-8aef-868ee484dd54","cloudfront_default_certificate":false,"iam_certificate_id":"","minimum_protocol_version":"TLSv1.2_2021","ssl_support_method":"sni-only"}],"wait_for_deployment":true,"web_acl_id":"arn:aws:wafv2:us-east-1:815408489721:global/webacl/cloudfront-waf/6297f2b4-d8ec-4c9f-92a8-5352f3c56f36"},"after":{"aliases":["internet.sys-lab.xyz"],"anycast_ip_list_id":"","arn":"arn:aws:cloudfront::815408489721:distribution/E1M9VOWSRDD4I3","caller_reference":"terraform-20251229203022080200000001","comment":null,"continuous_deployment_policy_id":"","custom_error_response":[],"default_cache_behavior":[{"allowed_methods":["GET","HEAD"],"cache_policy_id":"658327ea-f89d-4fab-a63d-7e88639e58f6","cached_methods":["GET","HEAD"],"compress":false,"default_ttl":0,"field_level_encryption_id":"","forwarded_values":[],"function_association":[],"grpc_config":[{"enabled":false}],"lambda_function_association":[],"max_ttl":0,"min_ttl":0,"origin_request_policy_id":"88a5eaf4-2fd4-4709-b370-b4c650ea3fcf","realtime_log_config_arn":"","response_headers_policy_id":"","smooth_streaming":false,"target_origin_id":"s3-origin","trusted_key_groups":[],"trusted_signers":[],"viewer_protocol_policy":"redirect-to-https"}],"default_root_object":"index.html","domain_name":"d3pf16f1x4nqrx.cloudfront.net","enabled":true,"etag":"E2NLAODHNTH2JN","hosted_zone_id":"Z2FDTNDATAQYW2","http_version":"http2","id":"E1M9VOWSRDD4I3","in_progress_validation_batches":0,"is_ipv6_enabled":false,"last_modified_time":"2025-12-29 20:30:23.192 +0000 UTC","logging_config":[{"bucket":"alexrachok-cloudfront-logs.s3.amazonaws.com","include_cookies":false,"prefix":"cloudfront/"}],"logging_v1_enabled":true,"ordered_cache_behavior":[],"origin":[{"connection_attempts":3,"connection_timeout":10,"custom_header":[],"custom_origin_config":[],"domain_name":"alexrachok-terraform-web-site-static-content.s3.us-east-2.amazonaws.com","origin_access_control_id":"E2EUZB4VYDVFE7","origin_id":"s3-origin","origin_path":"","origin_shield":[],"response_completion_timeout":0,"s3_origin_config":[],"vpc_origin_config":[]}],"origin_group":[],"price_class":"PriceClass_All","restrictions":[{"geo_restriction":[{"locations":[],"restriction_type":"none"}]}],"retain_on_delete":false,"staging":false,"status":"Deployed","tags":{},"tags_all":{},"trusted_key_groups":[{"enabled":false,"items":[]}],"trusted_signers":[{"enabled":false,"items":[]}],"viewer_certificate":[{"acm_certificate_arn":"arn:aws:acm:us-east-1:815408489721:certificate/66b71a8f-7172-4cb9-8aef-868ee484dd54","cloudfront_default_certificate":false,"iam_certificate_id":"","minimum_protocol_version":"TLSv1.2_2021","ssl_support_method":"sni-only"}],"wait_for_deployment":true,"web_acl_id":"arn:aws:wafv2:us-east-1:815408489721:global/webacl/cloudfront-waf/6297f2b4-d8ec-4c9f-92a8-5352f3c56f36"},"after_unknown":{},"before_sensitive":{"aliases":[false],"custom_error_response":[],"default_cache_behavior":[{"allowed_methods":[false,false],"cached_methods":[false,false],"forwarded_values":[],"function_association":[],"grpc_config":[{}],"lambda_function_association":[],"trusted_key_groups":[],"trusted_signers":[]}],"logging_config":[{}],"ordered_cache_behavior":[],"origin":[{"custom_header":[],"custom_origin_config":[],"origin_shield":[],"s3_origin_config":[],"vpc_origin_config":[]}],"origin_group":[],"restrictions":[{"geo_restriction":[{"locations":[]}]}],"tags_all":{},"trusted_key_groups":[{"items":[]}],"trusted_signers":[{"items":[]}],"viewer_certificate":[{}]},"after_sensitive":{"aliases":[false],"custom_error_response":[],"default_cache_behavior":[{"allowed_methods":[false,false],"cached_methods":[false,false],"forwarded_values":[],"function_association":[],"grpc_config":[{}],"lambda_function_association":[],"trusted_key_groups":[],"trusted_signers":[]}],"logging_config":[{}],"ordered_cache_behavior":[],"origin":[{"custom_header":[],"custom_origin_config":[],"origin_shield":[],"s3_origin_config":[],"vpc_origin_config":[]}],"origin_group":[],"restrictions":[{"geo_restriction":[{"locations":[]}]}],"tags":{},"tags_all":{},"trusted_key_groups":[{"items":[]}],"trusted_signers":[{"items":[]}],"viewer_certificate":[{}]}}},{"address":"aws_route53_record.cloudfront_dns","mode":"managed","type":"aws_route53_record","name":"cloudfront_dns","provider_name":"registry.terraform.io/hashicorp/aws","change":{"actions":["update"],"before":{"alias":[{"evaluate_target_health":false,"name":"d3pf16f1x4nqrx.cloudfront.net","zone_id":"Z2FDTNDATAQYW2"}],"allow_overwrite":null,"cidr_routing_policy":[],"failover_routing_policy":[],"fqdn":"internet.sys-lab.xyz","geolocation_routing_policy":[],"geoproximity_routing_policy":[],"health_check_id":"","id":"Z01701153CPZZN6JNE61O_internet.sys-lab.xyz_A","latency_routing_policy":[],"multivalue_answer_routing_policy":false,"name":"internet.sys-lab.xyz","records":null,"set_identifier":"","timeouts":null,"ttl":0,"type":"A","weighted_routing_policy":[],"zone_id":"Z01701153CPZZN6JNE61O"},"after":{"alias":[{"evaluate_target_health":false,"name":"d3pf16f1x4nqrx.cloudfront.net","zone_id":"Z2FDTNDATAQYW2"}],"allow_overwrite":null,"cidr_routing_policy":[],"failover_routing_policy":[],"fqdn":"internet.sys-lab.xyz","geolocation_routing_policy":[],"geoproximity_routing_policy":[],"health_check_id":"","id":"Z01701153CPZZN6JNE61O_internet.sys-lab.xyz_A","latency_routing_policy":[],"multivalue_answer_routing_policy":false,"name":"internet.sys-lab.xyz","records":[],"set_identifier":"","timeouts":null,"ttl":0,"type":"A","weighted_routing_policy":[],"zone_id":"Z01701153CPZZN6JNE61O"},"after_unknown":{},"before_sensitive":{"alias":[{}],"cidr_routing_policy":[],"failover_routing_policy":[],"geolocation_routing_policy":[],"geoproximity_routing_policy":[],"latency_routing_policy":[],"weighted_routing_policy":[]},"after_sensitive":{"alias":[{}],"cidr_routing_policy":[],"failover_routing_policy":[],"geolocation_routing_policy":[],"geoproximity_routing_policy":[],"latency_routing_policy":[],"records":[],"weighted_routing_policy":[]}}},{"address":"aws_s3_bucket.cloudfront_logs","mode":"managed","type":"aws_s3_bucket","name":"cloudfront_logs","provider_name":"registry.terraform.io/hashicorp/aws","change":{"actions":["update"],"before":{"acceleration_status":"","acl":null,"arn":"arn:aws:s3:::alexrachok-cloudfront-logs","bucket":"alexrachok-cloudfront-logs","bucket_domain_name":"alexrachok-cloudfront-logs.s3.amazonaws.com","bucket_prefix":"","bucket_region":"us-east-2","bucket_regional_domain_name":"alexrachok-cloudfront-logs.s3.us-east-2.amazonaws.com","cors_rule":[],"force_destroy":false,"grant":[{"id":"216139b4b34298aeeb030691a880dfdd536e3fc9c9b158c739b40b82d55406b8","permissions":["FULL_CONTROL"],"type":"CanonicalUser","uri":""}],"hosted_zone_id":"Z2O1EMRO9K5GLX","id":"alexrachok-cloudfront-logs","lifecycle_rule":[],"logging":[],"object_lock_configuration":[],"object_lock_enabled":false,"policy":"","region":"us-east-2","replication_configuration":[],"request_payer":"BucketOwner","server_side_encryption_configuration":[{"rule":[{"apply_server_side_encryption_by_default":[{"kms_master_key_id":"","sse_algorithm":"AES256"}],"bucket_key_enabled":false}]}],"tags":{"Name":"cloudfront-access-logs"},"tags_all":{"Name":"cloudfront-access-logs"},"timeouts":null,"versioning":[{"enabled":false,"mfa_delete":false}],"website":[],"website_domain":null,"website_endpoint":null},"after":{"acceleration_status":"","acl":null,"arn":"arn:aws:s3:::alexrachok-cloudfront-logs","bucket":"alexrachok-cloudfront-logs","bucket_domain_name":"alexrachok-cloudfront-logs.s3.amazonaws.com","bucket_prefix":"","bucket_region":"us-east-2","bucket_regional_domain_name":"alexrachok-cloudfront-logs.s3.us-east-2.amazonaws.com","cors_rule":[],"force_destroy":false,"grant":[{"id":"216139b4b34298aeeb030691a880dfdd536e3fc9c9b158c739b40b82d55406b8","permissions":["FULL_CONTROL"],"type":"CanonicalUser","uri":""},{"id":"c4c1ede66af53448b93c283ce9448c4ba468c9432aa01d700d3878632f77d2d0","permissions":["FULL_CONTROL"],"type":"CanonicalUser","uri":""}],"hosted_zone_id":"Z2O1EMRO9K5GLX","id":"alexrachok-cloudfront-logs","lifecycle_rule":[],"logging":[],"object_lock_configuration":[],"object_lock_enabled":false,"policy":"","region":"us-east-2","replication_configuration":[],"request_payer":"BucketOwner","server_side_encryption_configuration":[{"rule":[{"apply_server_side_encryption_by_default":[{"kms_master_key_id":"","sse_algorithm":"AES256"}],"bucket_key_enabled":false}]}],"tags":{"Name":"cloudfront-access-logs"},"tags_all":{"Name":"cloudfront-access-logs"},"timeouts":null,"versioning":[{"enabled":false,"mfa_delete":false}],"website":[],"website_domain":null,"website_endpoint":null},"after_unknown":{},"before_sensitive":{"cors_rule":[],"grant":[{"permissions":[false]}],"lifecycle_rule":[],"logging":[],"object_lock_configuration":[],"replication_configuration":[],"server_side_encryption_configuration":[{"rule":[{"apply_server_side_encryption_by_default":[{}]}]}],"tags":{},"tags_all":{},"versioning":[{}],"website":[]},"after_sensitive":{"cors_rule":[],"grant":[{"permissions":[false]},{"permissions":[false]}],"lifecycle_rule":[],"logging":[],"object_lock_configuration":[],"replication_configuration":[],"server_side_encryption_configuration":[{"rule":[{"apply_server_side_encryption_by_default":[{}]}]}],"tags":{},"tags_all":{},"versioning":[{}],"website":[]}}},{"address":"aws_s3_bucket.static_web_site_bucket","mode":"managed","type":"aws_s3_bucket","name":"static_web_site_bucket","provider_name":"registry.terraform.io/hashicorp/aws","change":{"actions":["update"],"before":{"acceleration_status":"","acl":null,"arn":"arn:aws:s3:::alexrachok-terraform-web-site-static-content","bucket":"alexrachok-terraform-web-site-static-content","bucket_domain_name":"alexrachok-terraform-web-site-static-content.s3.amazonaws.com","bucket_prefix":"","bucket_region":"us-east-2","bucket_regional_domain_name":"alexrachok-terraform-web-site-static-content.s3.us-east-2.amazonaws.com","cors_rule":[],"force_destroy":false,"grant":[{"id":"216139b4b34298aeeb030691a880dfdd536e3fc9c9b158c739b40b82d55406b8","permissions":["FULL_CONTROL"],"type":"CanonicalUser","uri":""}],"hosted_zone_id":"Z2O1EMRO9K5GLX","id":"alexrachok-terraform-web-site-static-content","lifecycle_rule":[],"logging":[],"object_lock_configuration":[],"object_lock_enabled":false,"policy":"","region":"us-east-2","replication_configuration":[],"request_payer":"BucketOwner","server_side_encryption_configuration":[{"rule":[{"apply_server_side_encryption_by_default":[{"kms_master_key_id":"","sse_algorithm":"AES256"}],"bucket_key_enabled":false}]}],"tags":{"Name":"Static web site content"},"tags_all":{"Name":"Static web site content"},"timeouts":null,"versioning":[{"enabled":false,"mfa_delete":false}],"website":[],"website_domain":null,"website_endpoint":null},"after":{"acceleration_status":"","acl":null,"arn":"arn:aws:s3:::alexrachok-terraform-web-site-static-content","bucket":"alexrachok-terraform-web-site-static-content","bucket_domain_name":"alexrachok-terraform-web-site-static-content.s3.amazonaws.com","bucket_prefix":"","bucket_region":"us-east-2","bucket_regional_domain_name":"alexrachok-terraform-web-site-static-content.s3.us-east-2.amazonaws.com","cors_rule":[],"force_destroy":false,"grant":[{"id":"216139b4b34298aeeb030691a880dfdd536e3fc9c9b158c739b40b82d55406b8","permissions":["FULL_CONTROL"],"type":"CanonicalUser","uri":""}],"hosted_zone_id":"Z2O1EMRO9K5GLX","id":"alexrachok-terraform-web-site-static-content","lifecycle_rule":[],"logging":[],"object_lock_configuration":[],"object_lock_enabled":false,"policy":"{\"Statement\":[{\"Action\":\"s3:GetObject\",\"Condition\":{\"StringEquals\":{\"AWS:SourceArn\":\"arn:aws:cloudfront::815408489721:distribution/E1M9VOWSRDD4I3\"}},\"Effect\":\"Allow\",\"Principal\":{\"Service\":\"cloudfront.amazonaws.com\"},\"Resource\":\"arn:aws:s3:::alexrachok-terraform-web-site-static-content/*\",\"Sid\":\"AllowCloudFrontRead\"}],\"Version\":\"2012-10-17\"}","region":"us-east-2","replication_configuration":[],"request_payer":"BucketOwner","server_side_encryption_configuration":[{"rule":[{"apply_server_side_encryption_by_default":[{"kms_master_key_id":"","sse_algorithm":"AES256"}],"bucket_key_enabled":false}]}],"tags":{"Name":"Static web site content"},"tags_all":{"Name":"Static web site content"},"timeouts":null,"versioning":[{"enabled":false,"mfa_delete":false}],"website":[],"website_domain":null,"website_endpoint":null},"after_unknown":{},"before_sensitive":{"cors_rule":[],"grant":[{"permissions":[false]}],"lifecycle_rule":[],"logging":[],"object_lock_configuration":[],"replication_configuration":[],"server_side_encryption_configuration":[{"rule":[{"apply_server_side_encryption_by_default":[{}]}]}],"tags":{},"tags_all":{},"versioning":[{}],"website":[]},"after_sensitive":{"cors_rule":[],"grant":[{"permissions":[false]}],"lifecycle_rule":[],"logging":[],"object_lock_configuration":[],"replication_configuration":[],"server_side_encryption_configuration":[{"rule":[{"apply_server_side_encryption_by_default":[{}]}]}],"tags":{},"tags_all":{},"versioning":[{}],"website":[]}}},{"address":"aws_s3_object.index","mode":"managed","type":"aws_s3_object","name":"index","provider_name":"registry.terraform.io/hashicorp/aws","change":{"actions":["update"],"before":{"acl":null,"arn":"arn:aws:s3:::alexrachok-terraform-web-site-static-content/index.html","bucket":"alexrachok-terraform-web-site-static-content","bucket_key_enabled":false,"cache_control":"","checksum_algorithm":null,"checksum_crc32":"","checksum_crc32c":"","checksum_crc64nvme":"","checksum_sha1":"","checksum_sha256":"","content":"\u003c!DOCTYPE html\u003e\n\u003chtml lang=\"en\"\u003e\n\u003chead\u003e\n  \u003cmeta charset=\"UTF-8\" /\u003e\n  \u003cmeta name=\"viewport\" content=\"width=device-width, initial-scale=1.0\" /\u003e\n  \u003ctitle\u003eWelcome to My AWS Static Website\u003c/title\u003e\n\n  \u003cstyle\u003e\n    body {\n      font-family: Arial, sans-serif;\n      background: #f4f4f4;\n      color: #333;\n      margin: 0;\n      padding: 40px;\n      text-align: center;\n    }\n\n    .container {\n      background: white;\n      padding: 30px;\n      border-radius: 12px;\n      max-width: 600px;\n      margin: auto;\n      box-shadow: 0 4px 10px rgba(0,0,0,0.1);\n    }\n\n    img {\n      max-width: 100%;\n      border-radius: 8px;\n      margin-top: 20px;\n    }\n  \u003c/style\u003e\n\u003c/head\u003e\n\u003cbody\u003e\n\n  \u003cdiv class=\"container\"\u003e\n    \u003ch1\u003eWelcome to My AWS Static Website!\u003c/h1\u003e\n    \u003cp\u003eThis page is deployed using Terraform → S3 → CloudFront.\u003c/p\u003e\n\n    \u003cimg src=\"https://d3pf16f1x4nqrx.cloudfront.net/web_site1/images/test_site_image.jpg\" alt=\"Test Image\" /\u003e\n  \u003c/div\u003e\n\n\u003c/body\u003e\n\u003c/html\u003e","content_base64":null,"content_disposition":"","content_encoding":"","content_language":"","content_type":"text/html","etag":"f3d74e94f4e13d5d53730839660b7ae5","force_destroy":false,"id":"alexrachok-terraform-web-site-static-content/index.html","key":"index.html","kms_key_id":null,"metadata":null,"object_lock_legal_hold_status":"","object_lock_mode":"","object_lock_retain_until_date":"","override_provider":[],"region":"us-east-2","server_side_encryption":"AES256","source":null,"source_hash":null,"storage_class":"STANDARD","tags":null,"tags_all":{},"version_id":"","website_redirect":""},"after":{"acl":null,"arn":"arn:aws:s3:::alexrachok-terraform-web-site-static-content/index.html","bucket":"alexrachok-terraform-web-site-static-content","bucket_key_enabled":false,"cache_control":"","checksum_algorithm":null,"checksum_crc32":"","checksum_crc32c":"","checksum_crc64nvme":"","checksum_sha1":"","checksum_sha256":"","content":"\u003c!DOCTYPE html\u003e\n\u003chtml lang=\"en\"\u003e\n\u003chead\u003e\n  \u003cmeta charset=\"UTF-8\" /\u003e\n  \u003cmeta name=\"viewport\" content=\"width=device-width, initial-scale=1.0\" /\u003e\n  \u003ctitle\u003eWelcome to My AWS Static Website\u003c/title\u003e\n\n  \u003cstyle\u003e\n    body {\n      font-family: Arial, sans-serif;\n      background: #f4f4f4;\n      color: #333;\n      margin: 0;\n      padding: 40px;\n      text-align: center;\n    }\n\n    .container {\n      background: white;\n      padding: 30px;\n      border-radius: 12px;\n      max-width: 600px;\n      margin: auto;\n      box-shadow: 0 4px 10px rgba(0,0,0,0.1);\n    }\n\n    img {\n      max-width: 100%;\n      border-radius: 8px;\n      margin-top: 20px;\n    }\n  \u003c/style\u003e\n\u003c/head\u003e\n\u003cbody\u003e\n\n  \u003cdiv class=\"container\"\u003e\n    \u003ch1\u003eWelcome to My AWS Static Website!\u003c/h1\u003e\n    \u003cp\u003eThis page is deployed using Terraform → S3 → CloudFront.\u003c/p\u003e\n\n    \u003cimg src=\"https://d3pf16f1x4nqrx.cloudfront.net/web_site1/images/test_site_image.jpg\" alt=\"Test Image\" /\u003e\n  \u003c/div\u003e\n\n\u003c/body\u003e\n\u003c/html\u003e","content_base64":null,"content_disposition":"","content_encoding":"","content_language":"","content_type":"text/html","etag":"f3d74e94f4e13d5d53730839660b7ae5","force_destroy":false,"id":"alexrachok-terraform-web-site-static-content/index.html","key":"index.html","kms_key_id":null,"metadata":{},"object_lock_legal_hold_status":"","object_lock_mode":"","object_lock_retain_until_date":"","override_provider":[],"region":"us-east-2","server_side_encryption":"AES256","source":null,"source_hash":null,"storage_class":"STANDARD","tags":{},"tags_all":{},"version_id":"","website_redirect":""},"after_unknown":{},"before_sensitive":{"override_provider":[],"tags_all":{}},"after_sensitive":{"metadata":{},"override_provider":[],"tags":{},"tags_all":{}}}},{"address":"aws_s3_object.php_index","mode":"managed","type":"aws_s3_object","name":"php_index","provider_name":"registry.terraform.io/hashicorp/aws","change":{"actions":["update"],"before":{"acl":null,"arn":"arn:aws:s3:::alexrachok-terraform-web-site-static-content/web_site2/index.php","bucket":"alexrachok-terraform-web-site-static-content","bucket_key_enabled":false,"cache_control":"","checksum_algorithm":null,"checksum_crc32":"","checksum_crc32c":"","checksum_crc64nvme":"","checksum_sha1":"","checksum_sha256":"","content":"\u003c?php\n// ---------------------------\n// PostgreSQL Connection\n// ---------------------------\n$db_host = \"test-postgres-db.cns6wc2k8rgh.us-east-2.rds.amazonaws.com\";\n$db_name = \"postgres\";\n$db_user = \"postgres_admin\";\n$db_pass = \"DU9AZNAFx7IxxsfRb2P4\";\n$db_port = \"5432\";\n\n$conn_string = \"host=$db_host port=$db_port dbname=$db_name user=$db_user password=$db_pass\";\n$db_conn = pg_connect($conn_string);\n\ndate_default_timezone_set('Asia/Tbilisi');\n// ---------------------------\n// Helper functions\n// ---------------------------\nfunction format_rate($value) {\n    return rtrim(rtrim(number_format((float)$value, 8, '.', ''), '0'), '.');\n}\n\nfunction format_time($date_str, $time_str) {\n    // Combine DATE + TIME from DB\n    $dt = new DateTime(\"$date_str $time_str\", new DateTimeZone(\"UTC\"));\n    // Convert to your timezone\n    $dt-\u003esetTimezone(new DateTimeZone(\"Asia/Tbilisi\"));\n    return $dt-\u003eformat(\"H:i:s\");\n}\n\n// ---------------------------\n// Fetch Latest Crypto Rates\n// ---------------------------\nif (!$db_conn) {\n    $db_status = \"❌ Failed to connect to Postgres DB: \" . pg_last_error();\n    $latest_text = \"\";\n    $history_text = \"\";\n} else {\n    $db_status = \"✅ Postgres DB connected successfully.\";\n\n    // Latest rate\n    $query_latest = \"\n        SELECT *\n        FROM public.crypto_rates\n        ORDER BY rate_date DESC, rate_time DESC\n        LIMIT 1;\n    \";\n    $result_latest = pg_query($db_conn, $query_latest);\n\n    if (!$result_latest) {\n        $latest_text = \"Query failed: \" . pg_last_error();\n    } elseif (pg_num_rows($result_latest) == 0) {\n        $latest_text = \"No crypto rates found.\";\n    } else {\n        $row = pg_fetch_assoc($result_latest);\n        $latest_text = \"\n            \u003cdiv class='db-box'\u003e\n                \u003ch2\u003eLatest Crypto Rates\u003c/h2\u003e\n                \u003ctable border='1' cellpadding='8' cellspacing='0'\u003e\n                    \u003cthead\u003e\n                        \u003ctr\u003e\n                            \u003cth\u003eDate\u003c/th\u003e\n                            \u003cth\u003eTime\u003c/th\u003e\n                            \u003cth\u003eBTC/USD\u003c/th\u003e\n                            \u003cth\u003eETH/USD\u003c/th\u003e\n                            \u003cth\u003eSOL/USD\u003c/th\u003e\n                        \u003c/tr\u003e\n                    \u003c/thead\u003e\n                    \u003ctbody\u003e\n                        \u003ctr\u003e\n                            \u003ctd\u003e{$row['rate_date']}\u003c/td\u003e\n                            \u003ctd class='utc-time'\n                              data-date=\\\"{$row['rate_date']}\\\"\n                              data-time=\\\"{$row['rate_time']}\\\"\u003e\n                              {$row['rate_time']}\n                           \u003c/td\u003e\n                            \u003ctd\u003e\" . format_rate($row['btc_usd']) . \"\u003c/td\u003e\n                            \u003ctd\u003e\" . format_rate($row['eth_usd']) . \"\u003c/td\u003e\n                            \u003ctd\u003e\" . format_rate($row['sol_usd']) . \"\u003c/td\u003e\n                        \u003c/tr\u003e\n                    \u003c/tbody\u003e\n                \u003c/table\u003e\n            \u003c/div\u003e\n        \";\n    }\n\n    // Previous 10 records for history\n    $query_history = \"\n        SELECT *\n        FROM public.crypto_rates\n        ORDER BY rate_date DESC, rate_time DESC\n        OFFSET 1\n        LIMIT 10;\n    \";\n    $result_history = pg_query($db_conn, $query_history);\n\n    if ($result_history \u0026\u0026 pg_num_rows($result_history) \u003e 0) {\n        $history_text = \"\n            \u003cdiv class='db-box'\u003e\n                \u003ch2\u003eExchange Rate History (Previous 10 Records)\u003c/h2\u003e\n                \u003ctable border='1' cellpadding='8' cellspacing='0'\u003e\n                    \u003cthead\u003e\n                        \u003ctr\u003e\n                            \u003cth\u003eDate\u003c/th\u003e\n                            \u003cth\u003eTime\u003c/th\u003e\n                            \u003cth\u003eBTC/USD\u003c/th\u003e\n                            \u003cth\u003eETH/USD\u003c/th\u003e\n                            \u003cth\u003eSOL/USD\u003c/th\u003e\n                        \u003c/tr\u003e\n                    \u003c/thead\u003e\n                    \u003ctbody\u003e\n        \";\n        while ($row_hist = pg_fetch_assoc($result_history)) {\n            $history_text .= \"\n                \u003ctr\u003e\n                    \u003ctd\u003e{$row_hist['rate_date']}\u003c/td\u003e\n                    \u003ctd class='utc-time'\n                      data-date=\\\"{$row_hist['rate_date']}\\\"\n                      data-time=\\\"{$row_hist['rate_time']}\\\"\u003e\n                      {$row_hist['rate_time']}\n                   \u003c/td\u003e\n                    \u003ctd\u003e\" . format_rate($row_hist['btc_usd']) . \"\u003c/td\u003e\n                    \u003ctd\u003e\" . format_rate($row_hist['eth_usd']) . \"\u003c/td\u003e\n                    \u003ctd\u003e\" . format_rate($row_hist['sol_usd']) . \"\u003c/td\u003e\n                \u003c/tr\u003e\n            \";\n        }\n        $history_text .= \"\n                    \u003c/tbody\u003e\n                \u003c/table\u003e\n            \u003c/div\u003e\n        \";\n    } else {\n        $history_text = \"\u003cdiv class='db-box'\u003e\u003cp\u003eNo historical records found.\u003c/p\u003e\u003c/div\u003e\";\n    }\n\n    pg_close($db_conn);\n}\n?\u003e\n\u003c!DOCTYPE html\u003e\n\u003chtml lang=\"en\"\u003e\n\u003chead\u003e\n  \u003cmeta charset=\"UTF-8\" /\u003e\n  \u003cmeta name=\"viewport\" content=\"width=device-width, initial-scale=1.0\" /\u003e\n  \u003ctitle\u003eWelcome to My AWS Website with RDS\u003c/title\u003e\n  \u003cstyle\u003e\n    body {\n      font-family: Arial, sans-serif;\n      background: #f4f4f4;\n      color: #333;\n      margin: 0;\n      padding: 40px;\n      text-align: center;\n    }\n    .container {\n      background: white;\n      padding: 30px;\n      border-radius: 12px;\n      max-width: 700px;\n      margin: auto;\n      box-shadow: 0 4px 10px rgba(0,0,0,0.1);\n    }\n    .db-box {\n      background: #eef7ff;\n      padding: 20px;\n      border-radius: 10px;\n      margin-top: 25px;\n      font-size: 18px;\n      text-align: left;\n    }\n    table {\n      width: 100%;\n      border-collapse: collapse;\n    }\n    th, td {\n      padding: 8px;\n      border: 1px solid #ccc;\n      text-align: center;\n    }\n    th {\n      background: #eef7ff;\n    }\n    img {\n      max-width: 100%;\n      border-radius: 8px;\n      margin-bottom: 20px;\n    }\n  \u003c/style\u003e\n\u003c/head\u003e\n\u003cbody\u003e\n  \u003cdiv class=\"container\"\u003e\n    \u003cimg src=\"\u003c?= \"https://d3pf16f1x4nqrx.cloudfront.net/web_site2/images/crypto.jpg\" ?\u003e\" alt=\"Crypto Image\" /\u003e\n    \u003ch1\u003eWelcome to My AWS Website with RDS!\u003c/h1\u003e\n    \u003cp\u003eThis page is running on EC2 → Private RDS PostgreSQL → Terraform-managed infrastructure.\u003c/p\u003e\n\n    \u003cdiv class=\"db-box\"\u003e\n        \u003cstrong\u003eDB Status:\u003c/strong\u003e \u003c?= $db_status ?\u003e\n    \u003c/div\u003e\n\n    \u003c?= $latest_text ?\u003e\n    \u003c?= $history_text ?\u003e\n  \u003c/div\u003e\n\n  \u003cscript\u003e\n    document.addEventListener(\"DOMContentLoaded\", function () {\n        const cells = document.querySelectorAll(\".utc-time\");\n\n        cells.forEach(cell =\u003e {\n            const date = cell.getAttribute(\"data-date\");\n            const time = cell.getAttribute(\"data-time\").substring(0, 8);\n\n            const utcString = date + \"T\" + time + \"Z\"; \n            const localDate = new Date(utcString);\n\n            const localTime = localDate.toLocaleTimeString([], {\n                hour: \"2-digit\",\n                minute: \"2-digit\",\n                second: \"2-digit\"\n            });\n\n            cell.textContent = localTime;\n        });\n    });\n  \u003c/script\u003e\n\u003c/body\u003e\n\u003c/html\u003e","content_base64":null,"content_disposition":"","content_encoding":"","content_language":"","content_type":"application/x-httpd-php","etag":"b8ffc5fe5cd4353b89e864ccee85c26c","force_destroy":false,"id":"alexrachok-terraform-web-site-static-content/web_site2/index.php","key":"web_site2/index.php","kms_key_id":null,"metadata":null,"object_lock_legal_hold_status":"","object_lock_mode":"","object_lock_retain_until_date":"","override_provider":[],"region":"us-east-2","server_side_encryption":"AES256","source":null,"source_hash":null,"storage_class":"STANDARD","tags":null,"tags_all":{},"version_id":"","website_redirect":""},"after":{"acl":null,"arn":"arn:aws:s3:::alexrachok-terraform-web-site-static-content/web_site2/index.php","bucket":"alexrachok-terraform-web-site-static-content","bucket_key_enabled":false,"cache_control":"","checksum_algorithm":null,"checksum_crc32":"","checksum_crc32c":"","checksum_crc64nvme":"","checksum_sha1":"","checksum_sha256":"","content":"\u003c?php\n// ---------------------------\n// PostgreSQL Connection\n// ---------------------------\n$db_host = \"test-postgres-db.cns6wc2k8rgh.us-east-2.rds.amazonaws.com\";\n$db_name = \"postgres\";\n$db_user = \"postgres_admin\";\n$db_pass = \"DU9AZNAFx7IxxsfRb2P4\";\n$db_port = \"5432\";\n\n$conn_string = \"host=$db_host port=$db_port dbname=$db_name user=$db_user password=$db_pass\";\n$db_conn = pg_connect($conn_string);\n\ndate_default_timezone_set('Asia/Tbilisi');\n// ---------------------------\n// Helper functions\n// ---------------------------\nfunction format_rate($value) {\n    return rtrim(rtrim(number_format((float)$value, 8, '.', ''), '0'), '.');\n}\n\nfunction format_time($date_str, $time_str) {\n    // Combine DATE + TIME from DB\n    $dt = new DateTime(\"$date_str $time_str\", new DateTimeZone(\"UTC\"));\n    // Convert to your timezone\n    $dt-\u003esetTimezone(new DateTimeZone(\"Asia/Tbilisi\"));\n    return $dt-\u003eformat(\"H:i:s\");\n}\n\n// ---------------------------\n// Fetch Latest Crypto Rates\n// ---------------------------\nif (!$db_conn) {\n    $db_status = \"❌ Failed to connect to Postgres DB: \" . pg_last_error();\n    $latest_text = \"\";\n    $history_text = \"\";\n} else {\n    $db_status = \"✅ Postgres DB connected successfully.\";\n\n    // Latest rate\n    $query_latest = \"\n        SELECT *\n        FROM public.crypto_rates\n        ORDER BY rate_date DESC, rate_time DESC\n        LIMIT 1;\n    \";\n    $result_latest = pg_query($db_conn, $query_latest);\n\n    if (!$result_latest) {\n        $latest_text = \"Query failed: \" . pg_last_error();\n    } elseif (pg_num_rows($result_latest) == 0) {\n        $latest_text = \"No crypto rates found.\";\n    } else {\n        $row = pg_fetch_assoc($result_latest);\n        $latest_text = \"\n            \u003cdiv class='db-box'\u003e\n                \u003ch2\u003eLatest Crypto Rates\u003c/h2\u003e\n                \u003ctable border='1' cellpadding='8' cellspacing='0'\u003e\n                    \u003cthead\u003e\n                        \u003ctr\u003e\n                            \u003cth\u003eDate\u003c/th\u003e\n                            \u003cth\u003eTime\u003c/th\u003e\n                            \u003cth\u003eBTC/USD\u003c/th\u003e\n                            \u003cth\u003eETH/USD\u003c/th\u003e\n                            \u003cth\u003eSOL/USD\u003c/th\u003e\n                        \u003c/tr\u003e\n                    \u003c/thead\u003e\n                    \u003ctbody\u003e\n                        \u003ctr\u003e\n                            \u003ctd\u003e{$row['rate_date']}\u003c/td\u003e\n                            \u003ctd class='utc-time'\n                              data-date=\\\"{$row['rate_date']}\\\"\n                              data-time=\\\"{$row['rate_time']}\\\"\u003e\n                              {$row['rate_time']}\n                           \u003c/td\u003e\n                            \u003ctd\u003e\" . format_rate($row['btc_usd']) . \"\u003c/td\u003e\n                            \u003ctd\u003e\" . format_rate($row['eth_usd']) . \"\u003c/td\u003e\n                            \u003ctd\u003e\" . format_rate($row['sol_usd']) . \"\u003c/td\u003e\n                        \u003c/tr\u003e\n                    \u003c/tbody\u003e\n                \u003c/table\u003e\n            \u003c/div\u003e\n        \";\n    }\n\n    // Previous 10 records for history\n    $query_history = \"\n        SELECT *\n        FROM public.crypto_rates\n        ORDER BY rate_date DESC, rate_time DESC\n        OFFSET 1\n        LIMIT 10;\n    \";\n    $result_history = pg_query($db_conn, $query_history);\n\n    if ($result_history \u0026\u0026 pg_num_rows($result_history) \u003e 0) {\n        $history_text = \"\n            \u003cdiv class='db-box'\u003e\n                \u003ch2\u003eExchange Rate History (Previous 10 Records)\u003c/h2\u003e\n                \u003ctable border='1' cellpadding='8' cellspacing='0'\u003e\n                    \u003cthead\u003e\n                        \u003ctr\u003e\n                            \u003cth\u003eDate\u003c/th\u003e\n                            \u003cth\u003eTime\u003c/th\u003e\n                            \u003cth\u003eBTC/USD\u003c/th\u003e\n                            \u003cth\u003eETH/USD\u003c/th\u003e\n                            \u003cth\u003eSOL/USD\u003c/th\u003e\n                        \u003c/tr\u003e\n                    \u003c/thead\u003e\n                    \u003ctbody\u003e\n        \";\n        while ($row_hist = pg_fetch_assoc($result_history)) {\n            $history_text .= \"\n                \u003ctr\u003e\n                    \u003ctd\u003e{$row_hist['rate_date']}\u003c/td\u003e\n                    \u003ctd class='utc-time'\n                      data-date=\\\"{$row_hist['rate_date']}\\\"\n                      data-time=\\\"{$row_hist['rate_time']}\\\"\u003e\n                      {$row_hist['rate_time']}\n                   \u003c/td\u003e\n                    \u003ctd\u003e\" . format_rate($row_hist['btc_usd']) . \"\u003c/td\u003e\n                    \u003ctd\u003e\" . format_rate($row_hist['eth_usd']) . \"\u003c/td\u003e\n                    \u003ctd\u003e\" . format_rate($row_hist['sol_usd']) . \"\u003c/td\u003e\n                \u003c/tr\u003e\n            \";\n        }\n        $history_text .= \"\n                    \u003c/tbody\u003e\n                \u003c/table\u003e\n            \u003c/div\u003e\n        \";\n    } else {\n        $history_text = \"\u003cdiv class='db-box'\u003e\u003cp\u003eNo historical records found.\u003c/p\u003e\u003c/div\u003e\";\n    }\n\n    pg_close($db_conn);\n}\n?\u003e\n\u003c!DOCTYPE html\u003e\n\u003chtml lang=\"en\"\u003e\n\u003chead\u003e\n  \u003cmeta charset=\"UTF-8\" /\u003e\n  \u003cmeta name=\"viewport\" content=\"width=device-width, initial-scale=1.0\" /\u003e\n  \u003ctitle\u003eWelcome to My AWS Website with RDS\u003c/title\u003e\n  \u003cstyle\u003e\n    body {\n      font-family: Arial, sans-serif;\n      background: #f4f4f4;\n      color: #333;\n      margin: 0;\n      padding: 40px;\n      text-align: center;\n    }\n    .container {\n      background: white;\n      padding: 30px;\n      border-radius: 12px;\n      max-width: 700px;\n      margin: auto;\n      box-shadow: 0 4px 10px rgba(0,0,0,0.1);\n    }\n    .db-box {\n      background: #eef7ff;\n      padding: 20px;\n      border-radius: 10px;\n      margin-top: 25px;\n      font-size: 18px;\n      text-align: left;\n    }\n    table {\n      width: 100%;\n      border-collapse: collapse;\n    }\n    th, td {\n      padding: 8px;\n      border: 1px solid #ccc;\n      text-align: center;\n    }\n    th {\n      background: #eef7ff;\n    }\n    img {\n      max-width: 100%;\n      border-radius: 8px;\n      margin-bottom: 20px;\n    }\n  \u003c/style\u003e\n\u003c/head\u003e\n\u003cbody\u003e\n  \u003cdiv class=\"container\"\u003e\n    \u003cimg src=\"\u003c?= \"https://d3pf16f1x4nqrx.cloudfront.net/web_site2/images/crypto.jpg\" ?\u003e\" alt=\"Crypto Image\" /\u003e\n    \u003ch1\u003eWelcome to My AWS Website with RDS!\u003c/h1\u003e\n    \u003cp\u003eThis page is running on EC2 → Private RDS PostgreSQL → Terraform-managed infrastructure.\u003c/p\u003e\n\n    \u003cdiv class=\"db-box\"\u003e\n        \u003cstrong\u003eDB Status:\u003c/strong\u003e \u003c?= $db_status ?\u003e\n    \u003c/div\u003e\n\n    \u003c?= $latest_text ?\u003e\n    \u003c?= $history_text ?\u003e\n  \u003c/div\u003e\n\n  \u003cscript\u003e\n    document.addEventListener(\"DOMContentLoaded\", function () {\n        const cells = document.querySelectorAll(\".utc-time\");\n\n        cells.forEach(cell =\u003e {\n            const date = cell.getAttribute(\"data-date\");\n            const time = cell.getAttribute(\"data-time\").substring(0, 8);\n\n            const utcString = date + \"T\" + time + \"Z\"; \n            const localDate = new Date(utcString);\n\n            const localTime = localDate.toLocaleTimeString([], {\n                hour: \"2-digit\",\n                minute: \"2-digit\",\n                second: \"2-digit\"\n            });\n\n            cell.textContent = localTime;\n        });\n    });\n  \u003c/script\u003e\n\u003c/body\u003e\n\u003c/html\u003e","content_base64":null,"content_disposition":"","content_encoding":"","content_language":"","content_type":"application/x-httpd-php","etag":"b8ffc5fe5cd4353b89e864ccee85c26c","force_destroy":false,"id":"alexrachok-terraform-web-site-static-content/web_site2/index.php","key":"web_site2/index.php","kms_key_id":null,"metadata":{},"object_lock_legal_hold_status":"","object_lock_mode":"","object_lock_retain_until_date":"","override_provider":[],"region":"us-east-2","server_side_encryption":"AES256","source":null,"source_hash":null,"storage_class":"STANDARD","tags":{},"tags_all":{},"version_id":"","website_redirect":""},"after_unknown":{},"before_sensitive":{"content":true,"etag":true,"override_provider":[],"tags_all":{}},"after_sensitive":{"content":true,"etag":true,"metadata":{},"override_provider":[],"tags":{},"tags_all":{}}}},{"address":"aws_security_group_rule.allow_alb_http","mode":"managed","type":"aws_security_group_rule","name":"allow_alb_http","provider_name":"registry.terraform.io/hashicorp/aws","change":{"actions":["delete"],"before":{"cidr_blocks":null,"description":null,"from_port":80,"id":"sgrule-1787283282","ipv6_cidr_blocks":null,"prefix_list_ids":null,"protocol":"tcp","region":"us-east-2","security_group_id":"sg-07d99963b27f95843","security_group_rule_id":"sgr-0bd0020865bd2b52f","self":false,"source_security_group_id":"sg-08d0111c2b335a760","timeouts":null,"to_port":80,"type":"ingress"},"after":null,"after_unknown":{},"before_sensitive":{},"after_sensitive":false}},{"address":"aws_security_group_rule.allow_alb_https","mode":"managed","type":"aws_security_group_rule","name":"allow_alb_https","provider_name":"registry.terraform.io/hashicorp/aws","change":{"actions":["delete"],"before":{"cidr_blocks":null,"description":null,"from_port":443,"id":"sgrule-2985133062","ipv6_cidr_blocks":null,"prefix_list_ids":null,"protocol":"tcp","region":"us-east-2","security_group_id":"sg-07d99963b27f95843","security_group_rule_id":"sgr-0595b72520efab05b","self":false,"source_security_group_id":"sg-08d0111c2b335a760","timeouts":null,"to_port":443,"type":"ingress"},"after":null,"after_unknown":{},"before_sensitive":{},"after_sensitive":false}}],"resource_changes":[{"address":"aws_acm_certificate.alb_cert","mode":"managed","type":"aws_acm_certificate","name":"alb_cert","provider_name":"registry.terraform.io/hashicorp/aws","change":{"actions":["no-op"],"before":{"arn":"arn:aws:acm:us-east-2:815408489721:certificate/fdf0abd1-d8ef-4e02-b2cd-d1493068bb47","certificate_authority_arn":"","certificate_body":null,"certificate_chain":null,"domain_name":"crypto.sys-lab.xyz","domain_validation_options":[{"domain_name":"crypto.sys-lab.xyz","resource_record_name":"_ca079edc6fa878b19ec5d5c5c9e4969d.crypto.sys-lab.xyz.","resource_record_type":"CNAME","resource_record_value":"_ba40e27644fe4164c49a558bc2d2e9aa.jkddzztszm.acm-validations.aws."}],"early_renewal_duration":"","id":"arn:aws:acm:us-east-2:815408489721:certificate/fdf0abd1-d8ef-4e02-b2cd-d1493068bb47","key_algorithm":"RSA_2048","not_after":"2027-01-27T23:59:59Z","not_before":"2025-12-29T00:00:00Z","options":[{"certificate_transparency_logging_preference":"ENABLED","export":"DISABLED"}],"pending_renewal":false,"private_key":null,"region":"us-east-2","renewal_eligibility":"ELIGIBLE","renewal_summary":[],"status":"ISSUED","subject_alternative_names":["crypto.sys-lab.xyz"],"tags":{},"tags_all":{},"type":"AMAZON_ISSUED","validation_emails":[],"validation_method":"DNS","validation_option":[]},"after":{"arn":"arn:aws:acm:us-east-2:815408489721:certificate/fdf0abd1-d8ef-4e02-b2cd-d1493068bb47","certificate_authority_arn":"","certificate_body":null,"certificate_chain":null,"domain_name":"crypto.sys-lab.xyz","domain_validation_options":[{"domain_name":"crypto.sys-lab.xyz","resource_record_name":"_ca079edc6fa878b19ec5d5c5c9e4969d.crypto.sys-lab.xyz.","resource_record_type":"CNAME","resource_record_value":"_ba40e27644fe4164c49a558bc2d2e9aa.jkddzztszm.acm-validations.aws."}],"early_renewal_duration":"","id":"arn:aws:acm:us-east-2:815408489721:certificate/fdf0abd1-d8ef-4e02-b2cd-d1493068bb47","key_algorithm":"RSA_2048","not_after":"2027-01-27T23:59:59Z","not_before":"2025-12-29T00:00:00Z","options":[{"certificate_transparency_logging_preference":"ENABLED","export":"DISABLED"}],"pending_renewal":false,"private_key":null,"region":"us-east-2","renewal_eligibility":"ELIGIBLE","renewal_summary":[],"status":"ISSUED","subject_alternative_names":["crypto.sys-lab.xyz"],"tags":{},"tags_all":{},"type":"AMAZON_ISSUED","validation_emails":[],"validation_method":"DNS","validation_option":[]},"after_unknown":{},"before_sensitive":{"domain_validation_options":[{}],"options":[{}],"private_key":true,"renewal_summary":[],"subject_alternative_names":[false],"tags":{},"tags_all":{},"validation_emails":[],"validation_option":[]},"after_sensitive":{"domain_validation_options":[{}],"options":[{}],"private_key":true,"renewal_summary":[],"subject_alternative_names":[false],"tags":{},"tags_all":{},"validation_emails":[],"validation_option":[]},"before_identity":{"arn":"arn:aws:acm:us-east-2:815408489721:certificate/fdf0abd1-d8ef-4e02-b2cd-d1493068bb47"},"after_identity":{"arn":"arn:aws:acm:us-east-2:815408489721:certificate/fdf0abd1-d8ef-4e02-b2cd-d1493068bb47"}}},{"address":"aws_acm_certificate.cloudfront_cert","mode":"managed","type":"aws_acm_certificate","name":"cloudfront_cert","provider_name":"registry.terraform.io/hashicorp/aws","change":{"actions":["no-op"],"before":{"arn":"arn:aws:acm:us-east-1:815408489721:certificate/66b71a8f-7172-4cb9-8aef-868ee484dd54","certificate_authority_arn":"","certificate_body":null,"certificate_chain":null,"domain_name":"sys-lab.xyz","domain_validation_options":[{"domain_name":"internet.sys-lab.xyz","resource_record_name":"_e5fa437e2c6f643361b7206dd38d4d8c.internet.sys-lab.xyz.","resource_record_type":"CNAME","resource_record_value":"_2e4f7aeaa237764a4958be71fd12bf04.jkddzztszm.acm-validations.aws."},{"domain_name":"sys-lab.xyz","resource_record_name":"_3dca63e2adbcd90c7e2b91d82b83a461.sys-lab.xyz.","resource_record_type":"CNAME","resource_record_value":"_0e5c062399b8bb1c1ee8a7f6539ecc75.jkddzztszm.acm-validations.aws."},{"domain_name":"www.internet.sys-lab.xyz","resource_record_name":"_ff3ab42d63eade181f5885597ddfee1f.www.internet.sys-lab.xyz.","resource_record_type":"CNAME","resource_record_value":"_93f8dcbef448edf93bb7dd2b37b67fb3.jkddzztszm.acm-validations.aws."}],"early_renewal_duration":"","id":"arn:aws:acm:us-east-1:815408489721:certificate/66b71a8f-7172-4cb9-8aef-868ee484dd54","key_algorithm":"RSA_2048","not_after":"2027-01-27T23:59:59Z","not_before":"2025-12-29T00:00:00Z","options":[{"certificate_transparency_logging_preference":"ENABLED","export":"DISABLED"}],"pending_renewal":false,"private_key":null,"region":"us-east-1","renewal_eligibility":"ELIGIBLE","renewal_summary":[],"status":"ISSUED","subject_alternative_names":["internet.sys-lab.xyz","sys-lab.xyz","www.internet.sys-lab.xyz"],"tags":{},"tags_all":{},"type":"AMAZON_ISSUED","validation_emails":[],"validation_method":"DNS","validation_option":[]},"after":{"arn":"arn:aws:acm:us-east-1:815408489721:certificate/66b71a8f-7172-4cb9-8aef-868ee484dd54","certificate_authority_arn":"","certificate_body":null,"certificate_chain":null,"domain_name":"sys-lab.xyz","domain_validation_options":[{"domain_name":"internet.sys-lab.xyz","resource_record_name":"_e5fa437e2c6f643361b7206dd38d4d8c.internet.sys-lab.xyz.","resource_record_type":"CNAME","resource_record_value":"_2e4f7aeaa237764a4958be71fd12bf04.jkddzztszm.acm-validations.aws."},{"domain_name":"sys-lab.xyz","resource_record_name":"_3dca63e2adbcd90c7e2b91d82b83a461.sys-lab.xyz.","resource_record_type":"CNAME","resource_record_value":"_0e5c062399b8bb1c1ee8a7f6539ecc75.jkddzztszm.acm-validations.aws."},{"domain_name":"www.internet.sys-lab.xyz","resource_record_name":"_ff3ab42d63eade181f5885597ddfee1f.www.internet.sys-lab.xyz.","resource_record_type":"CNAME","resource_record_value":"_93f8dcbef448edf93bb7dd2b37b67fb3.jkddzztszm.acm-validations.aws."}],"early_renewal_duration":"","id":"arn:aws:acm:us-east-1:815408489721:certificate/66b71a8f-7172-4cb9-8aef-868ee484dd54","key_algorithm":"RSA_2048","not_after":"2027-01-27T23:59:59Z","not_before":"2025-12-29T00:00:00Z","options":[{"certificate_transparency_logging_preference":"ENABLED","export":"DISABLED"}],"pending_renewal":false,"private_key":null,"region":"us-east-1","renewal_eligibility":"ELIGIBLE","renewal_summary":[],"status":"ISSUED","subject_alternative_names":["internet.sys-lab.xyz","sys-lab.xyz","www.internet.sys-lab.xyz"],"tags":{},"tags_all":{},"type":"AMAZON_ISSUED","validation_emails":[],"validation_method":"DNS","validation_option":[]},"after_unknown":{},"before_sensitive":{"domain_validation_options":[{},{},{}],"options":[{}],"private_key":true,"renewal_summary":[],"subject_alternative_names":[false,false,false],"tags":{},"tags_all":{},"validation_emails":[],"validation_option":[]},"after_sensitive":{"domain_validation_options":[{},{},{}],"options":[{}],"private_key":true,"renewal_summary":[],"subject_alternative_names":[false,false,false],"tags":{},"tags_all":{},"validation_emails":[],"validation_option":[]},"before_identity":{"arn":"arn:aws:acm:us-east-1:815408489721:certificate/66b71a8f-7172-4cb9-8aef-868ee484dd54"},"after_identity":{"arn":"arn:aws:acm:us-east-1:815408489721:certificate/66b71a8f-7172-4cb9-8aef-868ee484dd54"}}},{"address":"aws_acm_certificate_validation.alb_cert_validation","mode":"managed","type":"aws_acm_certificate_validation","name":"alb_cert_validation","provider_name":"registry.terraform.io/hashicorp/aws","change":{"actions":["no-op"],"before":{"certificate_arn":"arn:aws:acm:us-east-2:815408489721:certificate/fdf0abd1-d8ef-4e02-b2cd-d1493068bb47","id":"2025-12-29 20:13:09.397 +0000 UTC","region":"us-east-2","timeouts":null,"validation_record_fqdns":["_ca079edc6fa878b19ec5d5c5c9e4969d.crypto.sys-lab.xyz"]},"after":{"certificate_arn":"arn:aws:acm:us-east-2:815408489721:certificate/fdf0abd1-d8ef-4e02-b2cd-d1493068bb47","id":"2025-12-29 20:13:09.397 +0000 UTC","region":"us-east-2","timeouts":null,"validation_record_fqdns":["_ca079edc6fa878b19ec5d5c5c9e4969d.crypto.sys-lab.xyz"]},"after_unknown":{},"before_sensitive":{"validation_record_fqdns":[false]},"after_sensitive":{"validation_record_fqdns":[false]}}},{"address":"aws_acm_certificate_validation.cloudfront_cert","mode":"managed","type":"aws_acm_certificate_validation","name":"cloudfront_cert","provider_name":"registry.terraform.io/hashicorp/aws","change":{"actions":["no-op"],"before":{"certificate_arn":"arn:aws:acm:us-east-1:815408489721:certificate/66b71a8f-7172-4cb9-8aef-868ee484dd54","id":"2025-12-29 20:13:08.272 +0000 UTC","region":"us-east-1","timeouts":null,"validation_record_fqdns":["_3dca63e2adbcd90c7e2b91d82b83a461.sys-lab.xyz","_e5fa437e2c6f643361b7206dd38d4d8c.internet.sys-lab.xyz","_ff3ab42d63eade181f5885597ddfee1f.www.internet.sys-lab.xyz"]},"after":{"certificate_arn":"arn:aws:acm:us-east-1:815408489721:certificate/66b71a8f-7172-4cb9-8aef-868ee484dd54","id":"2025-12-29 20:13:08.272 +0000 UTC","region":"us-east-1","timeouts":null,"validation_record_fqdns":["_3dca63e2adbcd90c7e2b91d82b83a461.sys-lab.xyz","_e5fa437e2c6f643361b7206dd38d4d8c.internet.sys-lab.xyz","_ff3ab42d63eade181f5885597ddfee1f.www.internet.sys-lab.xyz"]},"after_unknown":{},"before_sensitive":{"validation_record_fqdns":[false,false,false]},"after_sensitive":{"validation_record_fqdns":[false,false,false]}}},{"address":"aws_autoscaling_group.web_asg","mode":"managed","type":"aws_autoscaling_group","name":"web_asg","provider_name":"registry.terraform.io/hashicorp/aws","change":{"actions":["no-op"],"before":{"arn":"arn:aws:autoscaling:us-east-2:815408489721:autoScalingGroup:6dfc5922-7c0d-4c05-b27d-4fbb22b6864f:autoScalingGroupName/web-server-asg","availability_zone_distribution":[{"capacity_distribution_strategy":"balanced-best-effort"}],"availability_zones":["us-east-2a","us-east-2b","us-east-2c"],"capacity_rebalance":false,"capacity_reservation_specification":[{"capacity_reservation_preference":"default","capacity_reservation_target":[]}],"context":"","default_cooldown":300,"default_instance_warmup":0,"desired_capacity":1,"desired_capacity_type":"","enabled_metrics":[],"force_delete":false,"force_delete_warm_pool":false,"health_check_grace_period":300,"health_check_type":"EC2","id":"web-server-asg","ignore_failed_scaling_activities":false,"initial_lifecycle_hook":[],"instance_maintenance_policy":[],"instance_refresh":[],"launch_configuration":"","launch_template":[{"id":"lt-0e0181b1080220e94","name":"web-server-lt-2025122920182297270000000f","version":"$Latest"}],"load_balancers":[],"max_instance_lifetime":0,"max_size":2,"metrics_granularity":"1Minute","min_elb_capacity":null,"min_size":1,"mixed_instances_policy":[],"name":"web-server-asg","name_prefix":"","placement_group":"","predicted_capacity":0,"protect_from_scale_in":false,"region":"us-east-2","service_linked_role_arn":"arn:aws:iam::815408489721:role/aws-service-role/autoscaling.amazonaws.com/AWSServiceRoleForAutoScaling","suspended_processes":[],"tag":[{"key":"Name","propagate_at_launch":true,"value":"web-asg-instance"}],"target_group_arns":["arn:aws:elasticloadbalancing:us-east-2:815408489721:targetgroup/web-server-tg/c241aa4bb0ea3011"],"termination_policies":[],"timeouts":null,"traffic_source":[{"identifier":"arn:aws:elasticloadbalancing:us-east-2:815408489721:targetgroup/web-server-tg/c241aa4bb0ea3011","type":"elbv2"}],"vpc_zone_identifier":["subnet-0e7f636aeeb038f14","subnet-0e83351c992742dd0","subnet-0f9f39a6e96426678"],"wait_for_capacity_timeout":"10m","wait_for_elb_capacity":null,"warm_pool":[],"warm_pool_size":0},"after":{"arn":"arn:aws:autoscaling:us-east-2:815408489721:autoScalingGroup:6dfc5922-7c0d-4c05-b27d-4fbb22b6864f:autoScalingGroupName/web-server-asg","availability_zone_distribution":[{"capacity_distribution_strategy":"balanced-best-effort"}],"availability_zones":["us-east-2a","us-east-2b","us-east-2c"],"capacity_rebalance":false,"capacity_reservation_specification":[{"capacity_reservation_preference":"default","capacity_reservation_target":[]}],"context":"","default_cooldown":300,"default_instance_warmup":0,"desired_capacity":1,"desired_capacity_type":"","enabled_metrics":[],"force_delete":false,"force_delete_warm_pool":false,"health_check_grace_period":300,"health_check_type":"EC2","id":"web-server-asg","ignore_failed_scaling_activities":false,"initial_lifecycle_hook":[],"instance_maintenance_policy":[],"instance_refresh":[],"launch_configuration":"","launch_template":[{"id":"lt-0e0181b1080220e94","name":"web-server-lt-2025122920182297270000000f","version":"$Latest"}],"load_balancers":[],"max_instance_lifetime":0,"max_size":2,"metrics_granularity":"1Minute","min_elb_capacity":null,"min_size":1,"mixed_instances_policy":[],"name":"web-server-asg","name_prefix":"","placement_group":"","predicted_capacity":0,"protect_from_scale_in":false,"region":"us-east-2","service_linked_role_arn":"arn:aws:iam::815408489721:role/aws-service-role/autoscaling.amazonaws.com/AWSServiceRoleForAutoScaling","suspended_processes":[],"tag":[{"key":"Name","propagate_at_launch":true,"value":"web-asg-instance"}],"target_group_arns":["arn:aws:elasticloadbalancing:us-east-2:815408489721:targetgroup/web-server-tg/c241aa4bb0ea3011"],"termination_policies":[],"timeouts":null,"traffic_source":[{"identifier":"arn:aws:elasticloadbalancing:us-east-2:815408489721:targetgroup/web-server-tg/c241aa4bb0ea3011","type":"elbv2"}],"vpc_zone_identifier":["subnet-0e7f636aeeb038f14","subnet-0e83351c992742dd0","subnet-0f9f39a6e96426678"],"wait_for_capacity_timeout":"10m","wait_for_elb_capacity":null,"warm_pool":[],"warm_pool_size":0},"after_unknown":{},"before_sensitive":{"availability_zone_distribution":[{}],"availability_zones":[false,false,false],"capacity_reservation_specification":[{"capacity_reservation_target":[]}],"enabled_metrics":[],"initial_lifecycle_hook":[],"instance_maintenance_policy":[],"instance_refresh":[],"launch_template":[{}],"load_balancers":[],"mixed_instances_policy":[],"suspended_processes":[],"tag":[{}],"target_group_arns":[false],"termination_policies":[],"traffic_source":[{}],"vpc_zone_identifier":[false,false,false],"warm_pool":[]},"after_sensitive":{"availability_zone_distribution":[{}],"availability_zones":[false,false,false],"capacity_reservation_specification":[{"capacity_reservation_target":[]}],"enabled_metrics":[],"initial_lifecycle_hook":[],"instance_maintenance_policy":[],"instance_refresh":[],"launch_template":[{}],"load_balancers":[],"mixed_instances_policy":[],"suspended_processes":[],"tag":[{}],"target_group_arns":[false],"termination_policies":[],"traffic_source":[{}],"vpc_zone_identifier":[false,false,false],"warm_pool":[]}}},{"address":"aws_autoscaling_policy.scale_out","mode":"managed","type":"aws_autoscaling_policy","name":"scale_out","provider_name":"registry.terraform.io/hashicorp/aws","change":{"actions":["no-op"],"before":{"adjustment_type":"ChangeInCapacity","arn":"arn:aws:autoscaling:us-east-2:815408489721:scalingPolicy:dbe9b62c-6a42-4f6b-91e9-29c973ed1dff:autoScalingGroupName/web-server-asg:policyName/web-scale-out","autoscaling_group_name":"web-server-asg","cooldown":60,"enabled":true,"estimated_instance_warmup":0,"id":"web-scale-out","metric_aggregation_type":"","min_adjustment_magnitude":0,"name":"web-scale-out","policy_type":"SimpleScaling","predictive_scaling_configuration":[],"region":"us-east-2","scaling_adjustment":1,"step_adjustment":[],"target_tracking_configuration":[]},"after":{"adjustment_type":"ChangeInCapacity","arn":"arn:aws:autoscaling:us-east-2:815408489721:scalingPolicy:dbe9b62c-6a42-4f6b-91e9-29c973ed1dff:autoScalingGroupName/web-server-asg:policyName/web-scale-out","autoscaling_group_name":"web-server-asg","cooldown":60,"enabled":true,"estimated_instance_warmup":0,"id":"web-scale-out","metric_aggregation_type":"","min_adjustment_magnitude":0,"name":"web-scale-out","policy_type":"SimpleScaling","predictive_scaling_configuration":[],"region":"us-east-2","scaling_adjustment":1,"step_adjustment":[],"target_tracking_configuration":[]},"after_unknown":{},"before_sensitive":{"predictive_scaling_configuration":[],"step_adjustment":[],"target_tracking_configuration":[]},"after_sensitive":{"predictive_scaling_configuration":[],"step_adjustment":[],"target_tracking_configuration":[]}}},{"address":"aws_cloudfront_distribution.cdn","mode":"managed","type":"aws_cloudfront_distribution","name":"cdn","provider_name":"registry.terraform.io/hashicorp/aws","change":{"actions":["no-op"],"before":{"aliases":["internet.sys-lab.xyz"],"anycast_ip_list_id":"","arn":"arn:aws:cloudfront::815408489721:distribution/E1M9VOWSRDD4I3","caller_reference":"terraform-20251229203022080200000001","comment":null,"continuous_deployment_policy_id":"","custom_error_response":[],"default_cache_behavior":[{"allowed_methods":["GET","HEAD"],"cache_policy_id":"658327ea-f89d-4fab-a63d-7e88639e58f6","cached_methods":["GET","HEAD"],"compress":false,"default_ttl":0,"field_level_encryption_id":"","forwarded_values":[],"function_association":[],"grpc_config":[{"enabled":false}],"lambda_function_association":[],"max_ttl":0,"min_ttl":0,"origin_request_policy_id":"88a5eaf4-2fd4-4709-b370-b4c650ea3fcf","realtime_log_config_arn":"","response_headers_policy_id":"","smooth_streaming":false,"target_origin_id":"s3-origin","trusted_key_groups":[],"trusted_signers":[],"viewer_protocol_policy":"redirect-to-https"}],"default_root_object":"index.html","domain_name":"d3pf16f1x4nqrx.cloudfront.net","enabled":true,"etag":"E2NLAODHNTH2JN","hosted_zone_id":"Z2FDTNDATAQYW2","http_version":"http2","id":"E1M9VOWSRDD4I3","in_progress_validation_batches":0,"is_ipv6_enabled":false,"last_modified_time":"2025-12-29 20:30:23.192 +0000 UTC","logging_config":[{"bucket":"alexrachok-cloudfront-logs.s3.amazonaws.com","include_cookies":false,"prefix":"cloudfront/"}],"logging_v1_enabled":true,"ordered_cache_behavior":[],"origin":[{"connection_attempts":3,"connection_timeout":10,"custom_header":[],"custom_origin_config":[],"domain_name":"alexrachok-terraform-web-site-static-content.s3.us-east-2.amazonaws.com","origin_access_control_id":"E2EUZB4VYDVFE7","origin_id":"s3-origin","origin_path":"","origin_shield":[],"response_completion_timeout":0,"s3_origin_config":[],"vpc_origin_config":[]}],"origin_group":[],"price_class":"PriceClass_All","restrictions":[{"geo_restriction":[{"locations":[],"restriction_type":"none"}]}],"retain_on_delete":false,"staging":false,"status":"Deployed","tags":{},"tags_all":{},"trusted_key_groups":[{"enabled":false,"items":[]}],"trusted_signers":[{"enabled":false,"items":[]}],"viewer_certificate":[{"acm_certificate_arn":"arn:aws:acm:us-east-1:815408489721:certificate/66b71a8f-7172-4cb9-8aef-868ee484dd54","cloudfront_default_certificate":false,"iam_certificate_id":"","minimum_protocol_version":"TLSv1.2_2021","ssl_support_method":"sni-only"}],"wait_for_deployment":true,"web_acl_id":"arn:aws:wafv2:us-east-1:815408489721:global/webacl/cloudfront-waf/6297f2b4-d8ec-4c9f-92a8-5352f3c56f36"},"after":{"aliases":["internet.sys-lab.xyz"],"anycast_ip_list_id":"","arn":"arn:aws:cloudfront::815408489721:distribution/E1M9VOWSRDD4I3","caller_reference":"terraform-20251229203022080200000001","comment":null,"continuous_deployment_policy_id":"","custom_error_response":[],"default_cache_behavior":[{"allowed_methods":["GET","HEAD"],"cache_policy_id":"658327ea-f89d-4fab-a63d-7e88639e58f6","cached_methods":["GET","HEAD"],"compress":false,"default_ttl":0,"field_level_encryption_id":"","forwarded_values":[],"function_association":[],"grpc_config":[{"enabled":false}],"lambda_function_association":[],"max_ttl":0,"min_ttl":0,"origin_request_policy_id":"88a5eaf4-2fd4-4709-b370-b4c650ea3fcf","realtime_log_config_arn":"","response_headers_policy_id":"","smooth_streaming":false,"target_origin_id":"s3-origin","trusted_key_groups":[],"trusted_signers":[],"viewer_protocol_policy":"redirect-to-https"}],"default_root_object":"index.html","domain_name":"d3pf16f1x4nqrx.cloudfront.net","enabled":true,"etag":"E2NLAODHNTH2JN","hosted_zone_id":"Z2FDTNDATAQYW2","http_version":"http2","id":"E1M9VOWSRDD4I3","in_progress_validation_batches":0,"is_ipv6_enabled":false,"last_modified_time":"2025-12-29 20:30:23.192 +0000 UTC","logging_config":[{"bucket":"alexrachok-cloudfront-logs.s3.amazonaws.com","include_cookies":false,"prefix":"cloudfront/"}],"logging_v1_enabled":true,"ordered_cache_behavior":[],"origin":[{"connection_attempts":3,"connection_timeout":10,"custom_header":[],"custom_origin_config":[],"domain_name":"alexrachok-terraform-web-site-static-content.s3.us-east-2.amazonaws.com","origin_access_control_id":"E2EUZB4VYDVFE7","origin_id":"s3-origin","origin_path":"","origin_shield":[],"response_completion_timeout":0,"s3_origin_config":[],"vpc_origin_config":[]}],"origin_group":[],"price_class":"PriceClass_All","restrictions":[{"geo_restriction":[{"locations":[],"restriction_type":"none"}]}],"retain_on_delete":false,"staging":false,"status":"Deployed","tags":{},"tags_all":{},"trusted_key_groups":[{"enabled":false,"items":[]}],"trusted_signers":[{"enabled":false,"items":[]}],"viewer_certificate":[{"acm_certificate_arn":"arn:aws:acm:us-east-1:815408489721:certificate/66b71a8f-7172-4cb9-8aef-868ee484dd54","cloudfront_default_certificate":false,"iam_certificate_id":"","minimum_protocol_version":"TLSv1.2_2021","ssl_support_method":"sni-only"}],"wait_for_deployment":true,"web_acl_id":"arn:aws:wafv2:us-east-1:815408489721:global/webacl/cloudfront-waf/6297f2b4-d8ec-4c9f-92a8-5352f3c56f36"},"after_unknown":{},"before_sensitive":{"aliases":[false],"custom_error_response":[],"default_cache_behavior":[{"allowed_methods":[false,false],"cached_methods":[false,false],"forwarded_values":[],"function_association":[],"grpc_config":[{}],"lambda_function_association":[],"trusted_key_groups":[],"trusted_signers":[]}],"logging_config":[{}],"ordered_cache_behavior":[],"origin":[{"custom_header":[],"custom_origin_config":[],"origin_shield":[],"s3_origin_config":[],"vpc_origin_config":[]}],"origin_group":[],"restrictions":[{"geo_restriction":[{"locations":[]}]}],"tags":{},"tags_all":{},"trusted_key_groups":[{"items":[]}],"trusted_signers":[{"items":[]}],"viewer_certificate":[{}]},"after_sensitive":{"aliases":[false],"custom_error_response":[],"default_cache_behavior":[{"allowed_methods":[false,false],"cached_methods":[false,false],"forwarded_values":[],"function_association":[],"grpc_config":[{}],"lambda_function_association":[],"trusted_key_groups":[],"trusted_signers":[]}],"logging_config":[{}],"ordered_cache_behavior":[],"origin":[{"custom_header":[],"custom_origin_config":[],"origin_shield":[],"s3_origin_config":[],"vpc_origin_config":[]}],"origin_group":[],"restrictions":[{"geo_restriction":[{"locations":[]}]}],"tags":{},"tags_all":{},"trusted_key_groups":[{"items":[]}],"trusted_signers":[{"items":[]}],"viewer_certificate":[{}]}}},{"address":"aws_cloudfront_origin_access_control.oac","mode":"managed","type":"aws_cloudfront_origin_access_control","name":"oac","provider_name":"registry.terraform.io/hashicorp/aws","change":{"actions":["no-op"],"before":{"arn":"arn:aws:cloudfront::815408489721:origin-access-control/E2EUZB4VYDVFE7","description":"Access control for CloudFront to read S3 bucket","etag":"ETVPDKIKX0DER","id":"E2EUZB4VYDVFE7","name":"s3-oac-web-site","origin_access_control_origin_type":"s3","signing_behavior":"always","signing_protocol":"sigv4"},"after":{"arn":"arn:aws:cloudfront::815408489721:origin-access-control/E2EUZB4VYDVFE7","description":"Access control for CloudFront to read S3 bucket","etag":"ETVPDKIKX0DER","id":"E2EUZB4VYDVFE7","name":"s3-oac-web-site","origin_access_control_origin_type":"s3","signing_behavior":"always","signing_protocol":"sigv4"},"after_unknown":{},"before_sensitive":{},"after_sensitive":{}}},{"address":"aws_cloudwatch_event_rule.lambda_schedule","mode":"managed","type":"aws_cloudwatch_event_rule","name":"lambda_schedule","provider_name":"registry.terraform.io/hashicorp/aws","change":{"actions":["no-op"],"before":{"arn":"arn:aws:events:us-east-2:815408489721:rule/crypto-updater-schedule","description":"","event_bus_name":"default","event_pattern":null,"force_destroy":false,"id":"crypto-updater-schedule","is_enabled":true,"name":"crypto-updater-schedule","name_prefix":"","region":"us-east-2","role_arn":"","schedule_expression":"rate(5 minutes)","state":"ENABLED","tags":{},"tags_all":{}},"after":{"arn":"arn:aws:events:us-east-2:815408489721:rule/crypto-updater-schedule","description":"","event_bus_name":"default","event_pattern":null,"force_destroy":false,"id":"crypto-updater-schedule","is_enabled":true,"name":"crypto-updater-schedule","name_prefix":"","region":"us-east-2","role_arn":"","schedule_expression":"rate(5 minutes)","state":"ENABLED","tags":{},"tags_all":{}},"after_unknown":{},"before_sensitive":{"tags":{},"tags_all":{}},"after_sensitive":{"tags":{},"tags_all":{}},"before_identity":{"account_id":"815408489721","name":"crypto-updater-schedule","region":"us-east-2"},"after_identity":{"account_id":"815408489721","name":"crypto-updater-schedule","region":"us-east-2"}}},{"address":"aws_cloudwatch_event_target.lambda_target","mode":"managed","type":"aws_cloudwatch_event_target","name":"lambda_target","provider_name":"registry.terraform.io/hashicorp/aws","change":{"actions":["no-op"],"before":{"appsync_target":[],"arn":"arn:aws:lambda:us-east-2:815408489721:function:crypto-updater","batch_target":[],"dead_letter_config":[],"ecs_target":[],"event_bus_name":"default","force_destroy":false,"http_target":[],"id":"crypto-updater-schedule-crypto-updater","input":"","input_path":"","input_transformer":[],"kinesis_target":[],"redshift_target":[],"region":"us-east-2","retry_policy":[],"role_arn":"","rule":"crypto-updater-schedule","run_command_targets":[],"sagemaker_pipeline_target":[],"sqs_target":[],"target_id":"crypto-updater"},"after":{"appsync_target":[],"arn":"arn:aws:lambda:us-east-2:815408489721:function:crypto-updater","batch_target":[],"dead_letter_config":[],"ecs_target":[],"event_bus_name":"default","force_destroy":false,"http_target":[],"id":"crypto-updater-schedule-crypto-updater","input":"","input_path":"","input_transformer":[],"kinesis_target":[],"redshift_target":[],"region":"us-east-2","retry_policy":[],"role_arn":"","rule":"crypto-updater-schedule","run_command_targets":[],"sagemaker_pipeline_target":[],"sqs_target":[],"target_id":"crypto-updater"},"after_unknown":{},"before_sensitive":{"appsync_target":[],"batch_target":[],"dead_letter_config":[],"ecs_target":[],"http_target":[],"input_transformer":[],"kinesis_target":[],"redshift_target":[],"retry_policy":[],"run_command_targets":[],"sagemaker_pipeline_target":[],"sqs_target":[]},"after_sensitive":{"appsync_target":[],"batch_target":[],"dead_letter_config":[],"ecs_target":[],"http_target":[],"input_transformer":[],"kinesis_target":[],"redshift_target":[],"retry_policy":[],"run_command_targets":[],"sagemaker_pipeline_target":[],"sqs_target":[]},"before_identity":{"account_id":"815408489721","event_bus_name":"default","region":"us-east-2","rule":"crypto-updater-schedule","target_id":"crypto-updater"},"after_identity":{"account_id":"815408489721","event_bus_name":"default","region":"us-east-2","rule":"crypto-updater-schedule","target_id":"crypto-updater"}}},{"address":"aws_cloudwatch_metric_alarm.cpu_high","mode":"managed","type":"aws_cloudwatch_metric_alarm","name":"cpu_high","provider_name":"registry.terraform.io/hashicorp/aws","change":{"actions":["no-op"],"before":{"actions_enabled":true,"alarm_actions":["arn:aws:autoscaling:us-east-2:815408489721:scalingPolicy:dbe9b62c-6a42-4f6b-91e9-29c973ed1dff:autoScalingGroupName/web-server-asg:policyName/web-scale-out"],"alarm_description":"","alarm_name":"web-cpu-high","arn":"arn:aws:cloudwatch:us-east-2:815408489721:alarm:web-cpu-high","comparison_operator":"GreaterThanThreshold","datapoints_to_alarm":0,"dimensions":{"AutoScalingGroupName":"web-server-asg"},"evaluate_low_sample_count_percentiles":"","evaluation_periods":2,"extended_statistic":"","id":"web-cpu-high","insufficient_data_actions":[],"metric_name":"CPUUtilization","metric_query":[],"namespace":"AWS/EC2","ok_actions":[],"period":60,"region":"us-east-2","statistic":"Average","tags":{},"tags_all":{},"threshold":70,"threshold_metric_id":"","treat_missing_data":"missing","unit":""},"after":{"actions_enabled":true,"alarm_actions":["arn:aws:autoscaling:us-east-2:815408489721:scalingPolicy:dbe9b62c-6a42-4f6b-91e9-29c973ed1dff:autoScalingGroupName/web-server-asg:policyName/web-scale-out"],"alarm_description":"","alarm_name":"web-cpu-high","arn":"arn:aws:cloudwatch:us-east-2:815408489721:alarm:web-cpu-high","comparison_operator":"GreaterThanThreshold","datapoints_to_alarm":0,"dimensions":{"AutoScalingGroupName":"web-server-asg"},"evaluate_low_sample_count_percentiles":"","evaluation_periods":2,"extended_statistic":"","id":"web-cpu-high","insufficient_data_actions":[],"metric_name":"CPUUtilization","metric_query":[],"namespace":"AWS/EC2","ok_actions":[],"period":60,"region":"us-east-2","statistic":"Average","tags":{},"tags_all":{},"threshold":70,"threshold_metric_id":"","treat_missing_data":"missing","unit":""},"after_unknown":{},"before_sensitive":{"alarm_actions":[false],"dimensions":{},"insufficient_data_actions":[],"metric_query":[],"ok_actions":[],"tags":{},"tags_all":{}},"after_sensitive":{"alarm_actions":[false],"dimensions":{},"insufficient_data_actions":[],"metric_query":[],"ok_actions":[],"tags":{},"tags_all":{}},"before_identity":{"account_id":"815408489721","alarm_name":"web-cpu-high","region":"us-east-2"},"after_identity":{"account_id":"815408489721","alarm_name":"web-cpu-high","region":"us-east-2"}}},{"address":"aws_db_instance.postgres","mode":"managed","type":"aws_db_instance","name":"postgres","provider_name":"registry.terraform.io/hashicorp/aws","change":{"actions":["no-op"],"before":{"address":"test-postgres-db.cns6wc2k8rgh.us-east-2.rds.amazonaws.com","allocated_storage":20,"allow_major_version_upgrade":null,"apply_immediately":false,"arn":"arn:aws:rds:us-east-2:815408489721:db:test-postgres-db","auto_minor_version_upgrade":true,"availability_zone":"us-east-2c","backup_retention_period":0,"backup_target":"region","backup_window":"09:46-10:16","blue_green_update":[],"ca_cert_identifier":"rds-ca-rsa2048-g1","character_set_name":"","copy_tags_to_snapshot":false,"custom_iam_instance_profile":"","customer_owned_ip_enabled":false,"database_insights_mode":"standard","db_name":"postgres","db_subnet_group_name":"postgress-db-subnet-group","dedicated_log_volume":false,"delete_automated_backups":true,"deletion_protection":false,"domain":"","domain_auth_secret_arn":"","domain_dns_ips":[],"domain_fqdn":"","domain_iam_role_name":"","domain_ou":"","enabled_cloudwatch_logs_exports":[],"endpoint":"test-postgres-db.cns6wc2k8rgh.us-east-2.rds.amazonaws.com:5432","engine":"postgres","engine_lifecycle_support":"open-source-rds-extended-support","engine_version":"17.6","engine_version_actual":"17.6","final_snapshot_identifier":null,"hosted_zone_id":"Z2XHWR1WZ565X2","iam_database_authentication_enabled":false,"id":"db-FOZMFZE2WTBGYVWJMGATFNYRLA","identifier":"test-postgres-db","identifier_prefix":"","instance_class":"db.t4g.micro","iops":0,"kms_key_id":"","latest_restorable_time":"","license_model":"postgresql-license","listener_endpoint":[],"maintenance_window":"mon:09:11-mon:09:41","manage_master_user_password":null,"master_user_secret":[],"master_user_secret_kms_key_id":null,"max_allocated_storage":0,"monitoring_interval":0,"monitoring_role_arn":"","multi_az":false,"nchar_character_set_name":"","network_type":"IPV4","option_group_name":"default:postgres-17","parameter_group_name":"default.postgres17","password":"DU9AZNAFx7IxxsfRb2P4","password_wo":null,"password_wo_version":null,"performance_insights_enabled":false,"performance_insights_kms_key_id":"","performance_insights_retention_period":0,"port":5432,"publicly_accessible":false,"region":"us-east-2","replica_mode":"","replicas":[],"replicate_source_db":"","resource_id":"db-FOZMFZE2WTBGYVWJMGATFNYRLA","restore_to_point_in_time":[],"s3_import":[],"skip_final_snapshot":true,"snapshot_identifier":null,"status":"available","storage_encrypted":false,"storage_throughput":0,"storage_type":"gp2","tags":{},"tags_all":{},"timeouts":null,"timezone":"","upgrade_storage_config":null,"username":"postgres_admin","vpc_security_group_ids":["sg-0b35d65d63761ff18"]},"after":{"address":"test-postgres-db.cns6wc2k8rgh.us-east-2.rds.amazonaws.com","allocated_storage":20,"allow_major_version_upgrade":null,"apply_immediately":false,"arn":"arn:aws:rds:us-east-2:815408489721:db:test-postgres-db","auto_minor_version_upgrade":true,"availability_zone":"us-east-2c","backup_retention_period":0,"backup_target":"region","backup_window":"09:46-10:16","blue_green_update":[],"ca_cert_identifier":"rds-ca-rsa2048-g1","character_set_name":"","copy_tags_to_snapshot":false,"custom_iam_instance_profile":"","customer_owned_ip_enabled":false,"database_insights_mode":"standard","db_name":"postgres","db_subnet_group_name":"postgress-db-subnet-group","dedicated_log_volume":false,"delete_automated_backups":true,"deletion_protection":false,"domain":"","domain_auth_secret_arn":"","domain_dns_ips":[],"domain_fqdn":"","domain_iam_role_name":"","domain_ou":"","enabled_cloudwatch_logs_exports":[],"endpoint":"test-postgres-db.cns6wc2k8rgh.us-east-2.rds.amazonaws.com:5432","engine":"postgres","engine_lifecycle_support":"open-source-rds-extended-support","engine_version":"17.6","engine_version_actual":"17.6","final_snapshot_identifier":null,"hosted_zone_id":"Z2XHWR1WZ565X2","iam_database_authentication_enabled":false,"id":"db-FOZMFZE2WTBGYVWJMGATFNYRLA","identifier":"test-postgres-db","identifier_prefix":"","instance_class":"db.t4g.micro","iops":0,"kms_key_id":"","latest_restorable_time":"","license_model":"postgresql-license","listener_endpoint":[],"maintenance_window":"mon:09:11-mon:09:41","manage_master_user_password":null,"master_user_secret":[],"master_user_secret_kms_key_id":null,"max_allocated_storage":0,"monitoring_interval":0,"monitoring_role_arn":"","multi_az":false,"nchar_character_set_name":"","network_type":"IPV4","option_group_name":"default:postgres-17","parameter_group_name":"default.postgres17","password":"DU9AZNAFx7IxxsfRb2P4","password_wo":null,"password_wo_version":null,"performance_insights_enabled":false,"performance_insights_kms_key_id":"","performance_insights_retention_period":0,"port":5432,"publicly_accessible":false,"region":"us-east-2","replica_mode":"","replicas":[],"replicate_source_db":"","resource_id":"db-FOZMFZE2WTBGYVWJMGATFNYRLA","restore_to_point_in_time":[],"s3_import":[],"skip_final_snapshot":true,"snapshot_identifier":null,"status":"available","storage_encrypted":false,"storage_throughput":0,"storage_type":"gp2","tags":{},"tags_all":{},"timeouts":null,"timezone":"","upgrade_storage_config":null,"username":"postgres_admin","vpc_security_group_ids":["sg-0b35d65d63761ff18"]},"after_unknown":{},"before_sensitive":{"blue_green_update":[],"db_name":true,"domain_dns_ips":[],"enabled_cloudwatch_logs_exports":[],"listener_endpoint":[],"master_user_secret":[],"password":true,"password_wo":true,"replicas":[],"restore_to_point_in_time":[],"s3_import":[],"tags":{},"tags_all":{},"username":true,"vpc_security_group_ids":[false]},"after_sensitive":{"blue_green_update":[],"db_name":true,"domain_dns_ips":[],"enabled_cloudwatch_logs_exports":[],"listener_endpoint":[],"master_user_secret":[],"password":true,"password_wo":true,"replicas":[],"restore_to_point_in_time":[],"s3_import":[],"tags":{},"tags_all":{},"username":true,"vpc_security_group_ids":[false]}}},{"address":"aws_db_subnet_group.db_subnets","mode":"managed","type":"aws_db_subnet_group","name":"db_subnets","provider_name":"registry.terraform.io/hashicorp/aws","change":{"actions":["no-op"],"before":{"arn":"arn:aws:rds:us-east-2:815408489721:subgrp:postgress-db-subnet-group","description":"Managed by Terraform","id":"postgress-db-subnet-group","name":"postgress-db-subnet-group","name_prefix":"","region":"us-east-2","subnet_ids":["subnet-0e7f636aeeb038f14","subnet-0e83351c992742dd0","subnet-0f9f39a6e96426678"],"supported_network_types":["IPV4"],"tags":{"Name":"db-subnet-group"},"tags_all":{"Name":"db-subnet-group"},"vpc_id":"vpc-0dca73f239e3b5e7d"},"after":{"arn":"arn:aws:rds:us-east-2:815408489721:subgrp:postgress-db-subnet-group","description":"Managed by Terraform","id":"postgress-db-subnet-group","name":"postgress-db-subnet-group","name_prefix":"","region":"us-east-2","subnet_ids":["subnet-0e7f636aeeb038f14","subnet-0e83351c992742dd0","subnet-0f9f39a6e96426678"],"supported_network_types":["IPV4"],"tags":{"Name":"db-subnet-group"},"tags_all":{"Name":"db-subnet-group"},"vpc_id":"vpc-0dca73f239e3b5e7d"},"after_unknown":{},"before_sensitive":{"subnet_ids":[false,false,false],"supported_network_types":[false],"tags":{},"tags_all":{}},"after_sensitive":{"subnet_ids":[false,false,false],"supported_network_types":[false],"tags":{},"tags_all":{}}}},{"address":"aws_eip.nat_eip","mode":"managed","type":"aws_eip","name":"nat_eip","provider_name":"registry.terraform.io/hashicorp/aws","change":{"actions":["no-op"],"before":{"address":null,"allocation_id":"eipalloc-01ee5e42cf7fc4fb4","arn":"arn:aws:ec2:us-east-2:815408489721:elastic-ip/eipalloc-01ee5e42cf7fc4fb4","associate_with_private_ip":null,"association_id":"eipassoc-016437751892b184f","carrier_ip":"","customer_owned_ip":"","customer_owned_ipv4_pool":"","domain":"vpc","id":"eipalloc-01ee5e42cf7fc4fb4","instance":"","ipam_pool_id":null,"network_border_group":"us-east-2","network_interface":"eni-0af9cb1665bf41ac6","private_dns":"ip-10-0-0-57.us-east-2.compute.internal","private_ip":"10.0.0.57","ptr_record":"","public_dns":"ec2-3-136-33-199.us-east-2.compute.amazonaws.com","public_ip":"3.136.33.199","public_ipv4_pool":"amazon","region":"us-east-2","tags":{},"tags_all":{},"timeouts":null},"after":{"address":null,"allocation_id":"eipalloc-01ee5e42cf7fc4fb4","arn":"arn:aws:ec2:us-east-2:815408489721:elastic-ip/eipalloc-01ee5e42cf7fc4fb4","associate_with_private_ip":null,"association_id":"eipassoc-016437751892b184f","carrier_ip":"","customer_owned_ip":"","customer_owned_ipv4_pool":"","domain":"vpc","id":"eipalloc-01ee5e42cf7fc4fb4","instance":"","ipam_pool_id":null,"network_border_group":"us-east-2","network_interface":"eni-0af9cb1665bf41ac6","private_dns":"ip-10-0-0-57.us-east-2.compute.internal","private_ip":"10.0.0.57","ptr_record":"","public_dns":"ec2-3-136-33-199.us-east-2.compute.amazonaws.com","public_ip":"3.136.33.199","public_ipv4_pool":"amazon","region":"us-east-2","tags":{},"tags_all":{},"timeouts":null},"after_unknown":{},"before_sensitive":{"tags":{},"tags_all":{}},"after_sensitive":{"tags":{},"tags_all":{}}}},{"address":"aws_iam_instance_profile.ec2_profile","mode":"managed","type":"aws_iam_instance_profile","name":"ec2_profile","provider_name":"registry.terraform.io/hashicorp/aws","change":{"actions":["no-op"],"before":{"arn":"arn:aws:iam::815408489721:instance-profile/ec2_s3_profile","create_date":"2025-12-29T20:12:50Z","id":"ec2_s3_profile","name":"ec2_s3_profile","name_prefix":"","path":"/","role":"ec2_s3_access_role","tags":{},"tags_all":{},"unique_id":"AIPA33WRCET4TGWWTEQ44"},"after":{"arn":"arn:aws:iam::815408489721:instance-profile/ec2_s3_profile","create_date":"2025-12-29T20:12:50Z","id":"ec2_s3_profile","name":"ec2_s3_profile","name_prefix":"","path":"/","role":"ec2_s3_access_role","tags":{},"tags_all":{},"unique_id":"AIPA33WRCET4TGWWTEQ44"},"after_unknown":{},"before_sensitive":{"tags":{},"tags_all":{}},"after_sensitive":{"tags":{},"tags_all":{}}}},{"address":"aws_iam_role.ec2_role","mode":"managed","type":"aws_iam_role","name":"ec2_role","provider_name":"registry.terraform.io/hashicorp/aws","change":{"actions":["no-op"],"before":{"arn":"arn:aws:iam::815408489721:role/ec2_s3_access_role","assume_role_policy":"{\"Statement\":[{\"Action\":\"sts:AssumeRole\",\"Effect\":\"Allow\",\"Principal\":{\"Service\":\"ec2.amazonaws.com\"}}],\"Version\":\"2012-10-17\"}","create_date":"2025-12-29T20:12:49Z","description":"","force_detach_policies":false,"id":"ec2_s3_access_role","inline_policy":[{"name":"ec2_s3_read","policy":"{\"Version\":\"2012-10-17\",\"Statement\":[{\"Action\":[\"s3:GetObject\",\"s3:ListBucket\"],\"Effect\":\"Allow\",\"Resource\":[\"arn:aws:s3:::alexrachok-terraform-web-site-static-content\",\"arn:aws:s3:::alexrachok-terraform-web-site-static-content/*\"]}]}"}],"managed_policy_arns":[],"max_session_duration":3600,"name":"ec2_s3_access_role","name_prefix":"","path":"/","permissions_boundary":"","tags":{},"tags_all":{},"unique_id":"AROA33WRCET47TDM4MSMI"},"after":{"arn":"arn:aws:iam::815408489721:role/ec2_s3_access_role","assume_role_policy":"{\"Statement\":[{\"Action\":\"sts:AssumeRole\",\"Effect\":\"Allow\",\"Principal\":{\"Service\":\"ec2.amazonaws.com\"}}],\"Version\":\"2012-10-17\"}","create_date":"2025-12-29T20:12:49Z","description":"","force_detach_policies":false,"id":"ec2_s3_access_role","inline_policy":[{"name":"ec2_s3_read","policy":"{\"Version\":\"2012-10-17\",\"Statement\":[{\"Action\":[\"s3:GetObject\",\"s3:ListBucket\"],\"Effect\":\"Allow\",\"Resource\":[\"arn:aws:s3:::alexrachok-terraform-web-site-static-content\",\"arn:aws:s3:::alexrachok-terraform-web-site-static-content/*\"]}]}"}],"managed_policy_arns":[],"max_session_duration":3600,"name":"ec2_s3_access_role","name_prefix":"","path":"/","permissions_boundary":"","tags":{},"tags_all":{},"unique_id":"AROA33WRCET47TDM4MSMI"},"after_unknown":{},"before_sensitive":{"inline_policy":[{}],"managed_policy_arns":[],"tags":{},"tags_all":{}},"after_sensitive":{"inline_policy":[{}],"managed_policy_arns":[],"tags":{},"tags_all":{}},"before_identity":{"account_id":"815408489721","name":"ec2_s3_access_role"},"after_identity":{"account_id":"815408489721","name":"ec2_s3_access_role"}}},{"address":"aws_iam_role.lambda_role","mode":"managed","type":"aws_iam_role","name":"lambda_role","provider_name":"registry.terraform.io/hashicorp/aws","change":{"actions":["no-op"],"before":{"arn":"arn:aws:iam::815408489721:role/crypto_updater_lambda_role","assume_role_policy":"{\"Statement\":[{\"Action\":\"sts:AssumeRole\",\"Effect\":\"Allow\",\"Principal\":{\"Service\":\"lambda.amazonaws.com\"}}],\"Version\":\"2012-10-17\"}","create_date":"2025-12-29T20:12:49Z","description":"","force_detach_policies":false,"id":"crypto_updater_lambda_role","inline_policy":[{"name":"crypto-updater-policy","policy":"{\"Version\":\"2012-10-17\",\"Statement\":[{\"Action\":[\"logs:CreateLogGroup\",\"logs:CreateLogStream\",\"logs:PutLogEvents\"],\"Effect\":\"Allow\",\"Resource\":\"*\"},{\"Action\":[\"s3:GetObject\"],\"Effect\":\"Allow\",\"Resource\":\"arn:aws:s3:::alexrachok-terraform-web-site-static-content/*\"}]}"}],"managed_policy_arns":["arn:aws:iam::aws:policy/service-role/AWSLambdaBasicExecutionRole","arn:aws:iam::aws:policy/service-role/AWSLambdaVPCAccessExecutionRole"],"max_session_duration":3600,"name":"crypto_updater_lambda_role","name_prefix":"","path":"/","permissions_boundary":"","tags":{},"tags_all":{},"unique_id":"AROA33WRCET4UN3LEMRET"},"after":{"arn":"arn:aws:iam::815408489721:role/crypto_updater_lambda_role","assume_role_policy":"{\"Statement\":[{\"Action\":\"sts:AssumeRole\",\"Effect\":\"Allow\",\"Principal\":{\"Service\":\"lambda.amazonaws.com\"}}],\"Version\":\"2012-10-17\"}","create_date":"2025-12-29T20:12:49Z","description":"","force_detach_policies":false,"id":"crypto_updater_lambda_role","inline_policy":[{"name":"crypto-updater-policy","policy":"{\"Version\":\"2012-10-17\",\"Statement\":[{\"Action\":[\"logs:CreateLogGroup\",\"logs:CreateLogStream\",\"logs:PutLogEvents\"],\"Effect\":\"Allow\",\"Resource\":\"*\"},{\"Action\":[\"s3:GetObject\"],\"Effect\":\"Allow\",\"Resource\":\"arn:aws:s3:::alexrachok-terraform-web-site-static-content/*\"}]}"}],"managed_policy_arns":["arn:aws:iam::aws:policy/service-role/AWSLambdaBasicExecutionRole","arn:aws:iam::aws:policy/service-role/AWSLambdaVPCAccessExecutionRole"],"max_session_duration":3600,"name":"crypto_updater_lambda_role","name_prefix":"","path":"/","permissions_boundary":"","tags":{},"tags_all":{},"unique_id":"AROA33WRCET4UN3LEMRET"},"after_unknown":{},"before_sensitive":{"inline_policy":[{}],"managed_policy_arns":[false,false],"tags":{},"tags_all":{}},"after_sensitive":{"inline_policy":[{}],"managed_policy_arns":[false,false],"tags":{},"tags_all":{}},"before_identity":{"account_id":"815408489721","name":"crypto_updater_lambda_role"},"after_identity":{"account_id":"815408489721","name":"crypto_updater_lambda_role"}}},{"address":"aws_iam_role_policy.ec2_s3_policy","mode":"managed","type":"aws_iam_role_policy","name":"ec2_s3_policy","provider_name":"registry.terraform.io/hashicorp/aws","change":{"actions":["no-op"],"before":{"id":"ec2_s3_access_role:ec2_s3_read","name":"ec2_s3_read","name_prefix":"","policy":"{\"Version\":\"2012-10-17\",\"Statement\":[{\"Action\":[\"s3:GetObject\",\"s3:ListBucket\"],\"Effect\":\"Allow\",\"Resource\":[\"arn:aws:s3:::alexrachok-terraform-web-site-static-content\",\"arn:aws:s3:::alexrachok-terraform-web-site-static-content/*\"]}]}","role":"ec2_s3_access_role"},"after":{"id":"ec2_s3_access_role:ec2_s3_read","name":"ec2_s3_read","name_prefix":"","policy":"{\"Version\":\"2012-10-17\",\"Statement\":[{\"Action\":[\"s3:GetObject\",\"s3:ListBucket\"],\"Effect\":\"Allow\",\"Resource\":[\"arn:aws:s3:::alexrachok-terraform-web-site-static-content\",\"arn:aws:s3:::alexrachok-terraform-web-site-static-content/*\"]}]}","role":"ec2_s3_access_role"},"after_unknown":{},"before_sensitive":{},"after_sensitive":{},"before_identity":{"account_id":"815408489721","name":"ec2_s3_read","role":"ec2_s3_access_role"},"after_identity":{"account_id":"815408489721","name":"ec2_s3_read","role":"ec2_s3_access_role"}}},{"address":"aws_iam_role_policy.lambda_policy","mode":"managed","type":"aws_iam_role_policy","name":"lambda_policy","provider_name":"registry.terraform.io/hashicorp/aws","change":{"actions":["no-op"],"before":{"id":"crypto_updater_lambda_role:crypto-updater-policy","name":"crypto-updater-policy","name_prefix":"","policy":"{\"Version\":\"2012-10-17\",\"Statement\":[{\"Action\":[\"logs:CreateLogGroup\",\"logs:CreateLogStream\",\"logs:PutLogEvents\"],\"Effect\":\"Allow\",\"Resource\":\"*\"},{\"Action\":[\"s3:GetObject\"],\"Effect\":\"Allow\",\"Resource\":\"arn:aws:s3:::alexrachok-terraform-web-site-static-content/*\"}]}","role":"crypto_updater_lambda_role"},"after":{"id":"crypto_updater_lambda_role:crypto-updater-policy","name":"crypto-updater-policy","name_prefix":"","policy":"{\"Version\":\"2012-10-17\",\"Statement\":[{\"Action\":[\"logs:CreateLogGroup\",\"logs:CreateLogStream\",\"logs:PutLogEvents\"],\"Effect\":\"Allow\",\"Resource\":\"*\"},{\"Action\":[\"s3:GetObject\"],\"Effect\":\"Allow\",\"Resource\":\"arn:aws:s3:::alexrachok-terraform-web-site-static-content/*\"}]}","role":"crypto_updater_lambda_role"},"after_unknown":{},"before_sensitive":{},"after_sensitive":{},"before_identity":{"account_id":"815408489721","name":"crypto-updater-policy","role":"crypto_updater_lambda_role"},"after_identity":{"account_id":"815408489721","name":"crypto-updater-policy","role":"crypto_updater_lambda_role"}}},{"address":"aws_iam_role_policy_attachment.lambda_basic_execution","mode":"managed","type":"aws_iam_role_policy_attachment","name":"lambda_basic_execution","provider_name":"registry.terraform.io/hashicorp/aws","change":{"actions":["no-op"],"before":{"id":"crypto_updater_lambda_role/arn:aws:iam::aws:policy/service-role/AWSLambdaBasicExecutionRole","policy_arn":"arn:aws:iam::aws:policy/service-role/AWSLambdaBasicExecutionRole","role":"crypto_updater_lambda_role"},"after":{"id":"crypto_updater_lambda_role/arn:aws:iam::aws:policy/service-role/AWSLambdaBasicExecutionRole","policy_arn":"arn:aws:iam::aws:policy/service-role/AWSLambdaBasicExecutionRole","role":"crypto_updater_lambda_role"},"after_unknown":{},"before_sensitive":{},"after_sensitive":{},"before_identity":{"account_id":"815408489721","policy_arn":"arn:aws:iam::aws:policy/service-role/AWSLambdaBasicExecutionRole","role":"crypto_updater_lambda_role"},"after_identity":{"account_id":"815408489721","policy_arn":"arn:aws:iam::aws:policy/service-role/AWSLambdaBasicExecutionRole","role":"crypto_updater_lambda_role"}}},{"address":"aws_iam_role_policy_attachment.lambda_vpc_access","mode":"managed","type":"aws_iam_role_policy_attachment","name":"lambda_vpc_access","provider_name":"registry.terraform.io/hashicorp/aws","change":{"actions":["no-op"],"before":{"id":"crypto_updater_lambda_role/arn:aws:iam::aws:policy/service-role/AWSLambdaVPCAccessExecutionRole","policy_arn":"arn:aws:iam::aws:policy/service-role/AWSLambdaVPCAccessExecutionRole","role":"crypto_updater_lambda_role"},"after":{"id":"crypto_updater_lambda_role/arn:aws:iam::aws:policy/service-role/AWSLambdaVPCAccessExecutionRole","policy_arn":"arn:aws:iam::aws:policy/service-role/AWSLambdaVPCAccessExecutionRole","role":"crypto_updater_lambda_role"},"after_unknown":{},"before_sensitive":{},"after_sensitive":{},"before_identity":{"account_id":"815408489721","policy_arn":"arn:aws:iam::aws:policy/service-role/AWSLambdaVPCAccessExecutionRole","role":"crypto_updater_lambda_role"},"after_identity":{"account_id":"815408489721","policy_arn":"arn:aws:iam::aws:policy/service-role/AWSLambdaVPCAccessExecutionRole","role":"crypto_updater_lambda_role"}}},{"address":"aws_instance.bastion","mode":"managed","type":"aws_instance","name":"bastion","provider_name":"registry.terraform.io/hashicorp/aws","change":{"actions":["no-op"],"before":{"ami":"ami-097a2df4ac947655f","arn":"arn:aws:ec2:us-east-2:815408489721:instance/i-00c6d473f5b1fe5b6","associate_public_ip_address":true,"availability_zone":"us-east-2a","capacity_reservation_specification":[{"capacity_reservation_preference":"open","capacity_reservation_target":[]}],"cpu_options":[{"amd_sev_snp":"","core_count":1,"threads_per_core":2}],"credit_specification":[{"cpu_credits":"unlimited"}],"disable_api_stop":false,"disable_api_termination":false,"ebs_block_device":[],"ebs_optimized":false,"enable_primary_ipv6":null,"enclave_options":[{"enabled":false}],"ephemeral_block_device":[],"force_destroy":false,"get_password_data":false,"hibernation":false,"host_id":"","host_resource_group_arn":null,"iam_instance_profile":"","id":"i-00c6d473f5b1fe5b6","instance_initiated_shutdown_behavior":"stop","instance_lifecycle":"","instance_market_options":[],"instance_state":"running","instance_type":"t3.micro","ipv6_address_count":0,"ipv6_addresses":[],"key_name":"aws_key","launch_template":[],"maintenance_options":[{"auto_recovery":"default"}],"metadata_options":[{"http_endpoint":"enabled","http_protocol_ipv6":"disabled","http_put_response_hop_limit":1,"http_tokens":"optional","instance_metadata_tags":"disabled"}],"monitoring":false,"network_interface":[],"outpost_arn":"","password_data":"","placement_group":"","placement_group_id":"","placement_partition_number":0,"primary_network_interface":[{"delete_on_termination":true,"network_interface_id":"eni-02fde7c64140ec522"}],"primary_network_interface_id":"eni-02fde7c64140ec522","private_dns":"ip-10-0-0-41.us-east-2.compute.internal","private_dns_name_options":[{"enable_resource_name_dns_a_record":false,"enable_resource_name_dns_aaaa_record":false,"hostname_type":"ip-name"}],"private_ip":"10.0.0.41","public_dns":"ec2-3-135-195-249.us-east-2.compute.amazonaws.com","public_ip":"3.135.195.249","region":"us-east-2","root_block_device":[{"delete_on_termination":true,"device_name":"/dev/sda1","encrypted":false,"iops":100,"kms_key_id":"","tags":{},"tags_all":{},"throughput":0,"volume_id":"vol-0cea0afe4d3d8ee84","volume_size":8,"volume_type":"gp2"}],"secondary_private_ips":[],"security_groups":[],"source_dest_check":true,"spot_instance_request_id":"","subnet_id":"subnet-0d94d88880f9c195c","tags":{"Name":"bastion-host","os":"ubuntu-22"},"tags_all":{"Name":"bastion-host","os":"ubuntu-22"},"tenancy":"default","timeouts":null,"user_data":null,"user_data_base64":null,"user_data_replace_on_change":false,"volume_tags":null,"vpc_security_group_ids":["sg-0e22ad20f929a8ed1"]},"after":{"ami":"ami-097a2df4ac947655f","arn":"arn:aws:ec2:us-east-2:815408489721:instance/i-00c6d473f5b1fe5b6","associate_public_ip_address":true,"availability_zone":"us-east-2a","capacity_reservation_specification":[{"capacity_reservation_preference":"open","capacity_reservation_target":[]}],"cpu_options":[{"amd_sev_snp":"","core_count":1,"threads_per_core":2}],"credit_specification":[{"cpu_credits":"unlimited"}],"disable_api_stop":false,"disable_api_termination":false,"ebs_block_device":[],"ebs_optimized":false,"enable_primary_ipv6":null,"enclave_options":[{"enabled":false}],"ephemeral_block_device":[],"force_destroy":false,"get_password_data":false,"hibernation":false,"host_id":"","host_resource_group_arn":null,"iam_instance_profile":"","id":"i-00c6d473f5b1fe5b6","instance_initiated_shutdown_behavior":"stop","instance_lifecycle":"","instance_market_options":[],"instance_state":"running","instance_type":"t3.micro","ipv6_address_count":0,"ipv6_addresses":[],"key_name":"aws_key","launch_template":[],"maintenance_options":[{"auto_recovery":"default"}],"metadata_options":[{"http_endpoint":"enabled","http_protocol_ipv6":"disabled","http_put_response_hop_limit":1,"http_tokens":"optional","instance_metadata_tags":"disabled"}],"monitoring":false,"network_interface":[],"outpost_arn":"","password_data":"","placement_group":"","placement_group_id":"","placement_partition_number":0,"primary_network_interface":[{"delete_on_termination":true,"network_interface_id":"eni-02fde7c64140ec522"}],"primary_network_interface_id":"eni-02fde7c64140ec522","private_dns":"ip-10-0-0-41.us-east-2.compute.internal","private_dns_name_options":[{"enable_resource_name_dns_a_record":false,"enable_resource_name_dns_aaaa_record":false,"hostname_type":"ip-name"}],"private_ip":"10.0.0.41","public_dns":"ec2-3-135-195-249.us-east-2.compute.amazonaws.com","public_ip":"3.135.195.249","region":"us-east-2","root_block_device":[{"delete_on_termination":true,"device_name":"/dev/sda1","encrypted":false,"iops":100,"kms_key_id":"","tags":{},"tags_all":{},"throughput":0,"volume_id":"vol-0cea0afe4d3d8ee84","volume_size":8,"volume_type":"gp2"}],"secondary_private_ips":[],"security_groups":[],"source_dest_check":true,"spot_instance_request_id":"","subnet_id":"subnet-0d94d88880f9c195c","tags":{"Name":"bastion-host","os":"ubuntu-22"},"tags_all":{"Name":"bastion-host","os":"ubuntu-22"},"tenancy":"default","timeouts":null,"user_data":null,"user_data_base64":null,"user_data_replace_on_change":false,"volume_tags":null,"vpc_security_group_ids":["sg-0e22ad20f929a8ed1"]},"after_unknown":{},"before_sensitive":{"capacity_reservation_specification":[{"capacity_reservation_target":[]}],"cpu_options":[{}],"credit_specification":[{}],"ebs_block_device":[],"enclave_options":[{}],"ephemeral_block_device":[],"instance_market_options":[],"ipv6_addresses":[],"launch_template":[],"maintenance_options":[{}],"metadata_options":[{}],"network_interface":[],"primary_network_interface":[{}],"private_dns_name_options":[{}],"root_block_device":[{"tags":{},"tags_all":{}}],"secondary_private_ips":[],"security_groups":[],"tags":{},"tags_all":{},"vpc_security_group_ids":[false]},"after_sensitive":{"capacity_reservation_specification":[{"capacity_reservation_target":[]}],"cpu_options":[{}],"credit_specification":[{}],"ebs_block_device":[],"enclave_options":[{}],"ephemeral_block_device":[],"instance_market_options":[],"ipv6_addresses":[],"launch_template":[],"maintenance_options":[{}],"metadata_options":[{}],"network_interface":[],"primary_network_interface":[{}],"private_dns_name_options":[{}],"root_block_device":[{"tags":{},"tags_all":{}}],"secondary_private_ips":[],"security_groups":[],"tags":{},"tags_all":{},"vpc_security_group_ids":[false]},"before_identity":{"account_id":"815408489721","id":"i-00c6d473f5b1fe5b6","region":"us-east-2"},"after_identity":{"account_id":"815408489721","id":"i-00c6d473f5b1fe5b6","region":"us-east-2"}}},{"address":"aws_internet_gateway.igw","mode":"managed","type":"aws_internet_gateway","name":"igw","provider_name":"registry.terraform.io/hashicorp/aws","change":{"actions":["no-op"],"before":{"arn":"arn:aws:ec2:us-east-2:815408489721:internet-gateway/igw-00df441e9e8bdc2fc","id":"igw-00df441e9e8bdc2fc","owner_id":"815408489721","region":"us-east-2","tags":{"Name":"victors_lab_igw"},"tags_all":{"Name":"victors_lab_igw"},"timeouts":null,"vpc_id":"vpc-0dca73f239e3b5e7d"},"after":{"arn":"arn:aws:ec2:us-east-2:815408489721:internet-gateway/igw-00df441e9e8bdc2fc","id":"igw-00df441e9e8bdc2fc","owner_id":"815408489721","region":"us-east-2","tags":{"Name":"victors_lab_igw"},"tags_all":{"Name":"victors_lab_igw"},"timeouts":null,"vpc_id":"vpc-0dca73f239e3b5e7d"},"after_unknown":{},"before_sensitive":{"tags":{},"tags_all":{}},"after_sensitive":{"tags":{},"tags_all":{}}}},{"address":"aws_key_pair.deployer","mode":"managed","type":"aws_key_pair","name":"deployer","provider_name":"registry.terraform.io/hashicorp/aws","change":{"actions":["no-op"],"before":{"arn":"arn:aws:ec2:us-east-2:815408489721:key-pair/aws_key","fingerprint":"P7/sXcpNCqIzmorQCmKrtQqExYj3cA6jHDNYFh2bMD4=","id":"aws_key","key_name":"aws_key","key_name_prefix":"","key_pair_id":"key-0c0a821be24fa10e3","key_type":"ed25519","public_key":"ssh-ed25519 AAAAC3NzaC1lZDI1NTE5AAAAIC8bJfR85v9E+M096iS8Tn5eqOD3BpjezKfbASwNA8Um azuread\\aliaksandrrachok@EPGETBIW0398","region":"us-east-2","tags":{},"tags_all":{}},"after":{"arn":"arn:aws:ec2:us-east-2:815408489721:key-pair/aws_key","fingerprint":"P7/sXcpNCqIzmorQCmKrtQqExYj3cA6jHDNYFh2bMD4=","id":"aws_key","key_name":"aws_key","key_name_prefix":"","key_pair_id":"key-0c0a821be24fa10e3","key_type":"ed25519","public_key":"ssh-ed25519 AAAAC3NzaC1lZDI1NTE5AAAAIC8bJfR85v9E+M096iS8Tn5eqOD3BpjezKfbASwNA8Um azuread\\aliaksandrrachok@EPGETBIW0398","region":"us-east-2","tags":{},"tags_all":{}},"after_unknown":{},"before_sensitive":{"tags":{},"tags_all":{}},"after_sensitive":{"tags":{},"tags_all":{}}}},{"address":"aws_lambda_function.crypto_updater","mode":"managed","type":"aws_lambda_function","name":"crypto_updater","provider_name":"registry.terraform.io/hashicorp/aws","change":{"actions":["no-op"],"before":{"architectures":["x86_64"],"arn":"arn:aws:lambda:us-east-2:815408489721:function:crypto-updater","code_sha256":"qED0DCMVTgzgcLfE5/KC9Nv6XyFf1GtnjtN/oAdfEN8=","code_signing_config_arn":"","dead_letter_config":[],"description":"","environment":[{"variables":{"DB_HOST":"test-postgres-db.cns6wc2k8rgh.us-east-2.rds.amazonaws.com","DB_NAME":"postgres","DB_PASS":"DU9AZNAFx7IxxsfRb2P4","DB_USER":"postgres_admin"}}],"ephemeral_storage":[{"size":512}],"file_system_config":[],"filename":null,"function_name":"crypto-updater","handler":"lambda_function.lambda_handler","id":"crypto-updater","image_config":[],"image_uri":"","invoke_arn":"arn:aws:apigateway:us-east-2:lambda:path/2015-03-31/functions/arn:aws:lambda:us-east-2:815408489721:function:crypto-updater/invocations","kms_key_arn":"","last_modified":"2025-12-29T20:18:23.989+0000","layers":["arn:aws:lambda:us-east-2:815408489721:layer:crypto-updater-layer:21"],"logging_config":[{"application_log_level":"","log_format":"Text","log_group":"/aws/lambda/crypto-updater","system_log_level":""}],"memory_size":128,"package_type":"Zip","publish":false,"qualified_arn":"arn:aws:lambda:us-east-2:815408489721:function:crypto-updater:$LATEST","qualified_invoke_arn":"arn:aws:apigateway:us-east-2:lambda:path/2015-03-31/functions/arn:aws:lambda:us-east-2:815408489721:function:crypto-updater:$LATEST/invocations","region":"us-east-2","replace_security_groups_on_destroy":null,"replacement_security_group_ids":null,"reserved_concurrent_executions":-1,"role":"arn:aws:iam::815408489721:role/crypto_updater_lambda_role","runtime":"python3.12","s3_bucket":"alexrachok-terraform-web-site-static-content","s3_key":"lambda/functions/crypto_updater.zip","s3_object_version":null,"signing_job_arn":"","signing_profile_version_arn":"","skip_destroy":false,"snap_start":[],"source_code_hash":"","source_code_size":1013,"source_kms_key_arn":"","tags":{},"tags_all":{},"timeout":60,"timeouts":null,"tracing_config":[{"mode":"PassThrough"}],"version":"$LATEST","vpc_config":[{"ipv6_allowed_for_dual_stack":false,"security_group_ids":["sg-0b51cfafa5933a0bf"],"subnet_ids":["subnet-0e83351c992742dd0","subnet-0f9f39a6e96426678"],"vpc_id":"vpc-0dca73f239e3b5e7d"}]},"after":{"architectures":["x86_64"],"arn":"arn:aws:lambda:us-east-2:815408489721:function:crypto-updater","code_sha256":"qED0DCMVTgzgcLfE5/KC9Nv6XyFf1GtnjtN/oAdfEN8=","code_signing_config_arn":"","dead_letter_config":[],"description":"","environment":[{"variables":{"DB_HOST":"test-postgres-db.cns6wc2k8rgh.us-east-2.rds.amazonaws.com","DB_NAME":"postgres","DB_PASS":"DU9AZNAFx7IxxsfRb2P4","DB_USER":"postgres_admin"}}],"ephemeral_storage":[{"size":512}],"file_system_config":[],"filename":null,"function_name":"crypto-updater","handler":"lambda_function.lambda_handler","id":"crypto-updater","image_config":[],"image_uri":"","invoke_arn":"arn:aws:apigateway:us-east-2:lambda:path/2015-03-31/functions/arn:aws:lambda:us-east-2:815408489721:function:crypto-updater/invocations","kms_key_arn":"","last_modified":"2025-12-29T20:18:23.989+0000","layers":["arn:aws:lambda:us-east-2:815408489721:layer:crypto-updater-layer:21"],"logging_config":[{"application_log_level":"","log_format":"Text","log_group":"/aws/lambda/crypto-updater","system_log_level":""}],"memory_size":128,"package_type":"Zip","publish":false,"qualified_arn":"arn:aws:lambda:us-east-2:815408489721:function:crypto-updater:$LATEST","qualified_invoke_arn":"arn:aws:apigateway:us-east-2:lambda:path/2015-03-31/functions/arn:aws:lambda:us-east-2:815408489721:function:crypto-updater:$LATEST/invocations","region":"us-east-2","replace_security_groups_on_destroy":null,"replacement_security_group_ids":null,"reserved_concurrent_executions":-1,"role":"arn:aws:iam::815408489721:role/crypto_updater_lambda_role","runtime":"python3.12","s3_bucket":"alexrachok-terraform-web-site-static-content","s3_key":"lambda/functions/crypto_updater.zip","s3_object_version":null,"signing_job_arn":"","signing_profile_version_arn":"","skip_destroy":false,"snap_start":[],"source_code_hash":"","source_code_size":1013,"source_kms_key_arn":"","tags":{},"tags_all":{},"timeout":60,"timeouts":null,"tracing_config":[{"mode":"PassThrough"}],"version":"$LATEST","vpc_config":[{"ipv6_allowed_for_dual_stack":false,"security_group_ids":["sg-0b51cfafa5933a0bf"],"subnet_ids":["subnet-0e83351c992742dd0","subnet-0f9f39a6e96426678"],"vpc_id":"vpc-0dca73f239e3b5e7d"}]},"after_unknown":{},"before_sensitive":{"architectures":[false],"dead_letter_config":[],"environment":[{"variables":{"DB_NAME":true,"DB_PASS":true,"DB_USER":true}}],"ephemeral_storage":[{}],"file_system_config":[],"image_config":[],"layers":[false],"logging_config":[{}],"snap_start":[],"tags":{},"tags_all":{},"tracing_config":[{}],"vpc_config":[{"security_group_ids":[false],"subnet_ids":[false,false]}]},"after_sensitive":{"architectures":[false],"dead_letter_config":[],"environment":[{"variables":{"DB_NAME":true,"DB_PASS":true,"DB_USER":true}}],"ephemeral_storage":[{}],"file_system_config":[],"image_config":[],"layers":[false],"logging_config":[{}],"snap_start":[],"tags":{},"tags_all":{},"tracing_config":[{}],"vpc_config":[{"security_group_ids":[false],"subnet_ids":[false,false]}]},"before_identity":{"account_id":"815408489721","function_name":"crypto-updater","region":"us-east-2"},"after_identity":{"account_id":"815408489721","function_name":"crypto-updater","region":"us-east-2"}}},{"address":"aws_lambda_layer_version.crypto_layer","mode":"managed","type":"aws_lambda_layer_version","name":"crypto_layer","provider_name":"registry.terraform.io/hashicorp/aws","change":{"actions":["no-op"],"before":{"arn":"arn:aws:lambda:us-east-2:815408489721:layer:crypto-updater-layer:21","code_sha256":"8WZtGSxTwo3Ip6AOp0/sYmBN2Ez1YKg0bo3Cj3rkCqw=","compatible_architectures":[],"compatible_runtimes":["python3.12"],"created_date":"2025-12-29T20:13:05.262+0000","description":"","filename":null,"id":"arn:aws:lambda:us-east-2:815408489721:layer:crypto-updater-layer:21","layer_arn":"arn:aws:lambda:us-east-2:815408489721:layer:crypto-updater-layer","layer_name":"crypto-updater-layer","license_info":"","region":"us-east-2","s3_bucket":"alexrachok-terraform-web-site-static-content","s3_key":"lambda/layers/lambda_layer.zip","s3_object_version":null,"signing_job_arn":"","signing_profile_version_arn":"","skip_destroy":false,"source_code_hash":"","source_code_size":23291871,"version":"21"},"after":{"arn":"arn:aws:lambda:us-east-2:815408489721:layer:crypto-updater-layer:21","code_sha256":"8WZtGSxTwo3Ip6AOp0/sYmBN2Ez1YKg0bo3Cj3rkCqw=","compatible_architectures":[],"compatible_runtimes":["python3.12"],"created_date":"2025-12-29T20:13:05.262+0000","description":"","filename":null,"id":"arn:aws:lambda:us-east-2:815408489721:layer:crypto-updater-layer:21","layer_arn":"arn:aws:lambda:us-east-2:815408489721:layer:crypto-updater-layer","layer_name":"crypto-updater-layer","license_info":"","region":"us-east-2","s3_bucket":"alexrachok-terraform-web-site-static-content","s3_key":"lambda/layers/lambda_layer.zip","s3_object_version":null,"signing_job_arn":"","signing_profile_version_arn":"","skip_destroy":false,"source_code_hash":"","source_code_size":23291871,"version":"21"},"after_unknown":{},"before_sensitive":{"compatible_architectures":[],"compatible_runtimes":[false]},"after_sensitive":{"compatible_architectures":[],"compatible_runtimes":[false]}}},{"address":"aws_lambda_permission.lambda_schedule_permission","mode":"managed","type":"aws_lambda_permission","name":"lambda_schedule_permission","provider_name":"registry.terraform.io/hashicorp/aws","change":{"actions":["no-op"],"before":{"action":"lambda:InvokeFunction","event_source_token":null,"function_name":"crypto-updater","function_url_auth_type":null,"id":"allow_cloudwatch_invoke","principal":"events.amazonaws.com","principal_org_id":null,"qualifier":"","region":"us-east-2","source_account":null,"source_arn":"arn:aws:events:us-east-2:815408489721:rule/crypto-updater-schedule","statement_id":"allow_cloudwatch_invoke","statement_id_prefix":""},"after":{"action":"lambda:InvokeFunction","event_source_token":null,"function_name":"crypto-updater","function_url_auth_type":null,"id":"allow_cloudwatch_invoke","principal":"events.amazonaws.com","principal_org_id":null,"qualifier":"","region":"us-east-2","source_account":null,"source_arn":"arn:aws:events:us-east-2:815408489721:rule/crypto-updater-schedule","statement_id":"allow_cloudwatch_invoke","statement_id_prefix":""},"after_unknown":{},"before_sensitive":{},"after_sensitive":{},"before_identity":{"account_id":"815408489721","function_name":"crypto-updater","qualifier":null,"region":"us-east-2","statement_id":"allow_cloudwatch_invoke"},"after_identity":{"account_id":"815408489721","function_name":"crypto-updater","qualifier":null,"region":"us-east-2","statement_id":"allow_cloudwatch_invoke"}}},{"address":"aws_launch_template.web_lt","mode":"managed","type":"aws_launch_template","name":"web_lt","provider_name":"registry.terraform.io/hashicorp/aws","change":{"actions":["no-op"],"before":{"arn":"arn:aws:ec2:us-east-2:815408489721:launch-template/lt-0e0181b1080220e94","block_device_mappings":[],"capacity_reservation_specification":[],"cpu_options":[],"credit_specification":[],"default_version":1,"description":"","disable_api_stop":false,"disable_api_termination":false,"ebs_optimized":"","enclave_options":[],"hibernation_options":[],"iam_instance_profile":[{"arn":"","name":"ec2_s3_profile"}],"id":"lt-0e0181b1080220e94","image_id":"ami-097a2df4ac947655f","instance_initiated_shutdown_behavior":"","instance_market_options":[],"instance_requirements":[],"instance_type":"t3.micro","kernel_id":"","key_name":"aws_key","latest_version":1,"license_specification":[],"maintenance_options":[],"metadata_options":[],"monitoring":[],"name":"web-server-lt-2025122920182297270000000f","name_prefix":"web-server-lt-","network_interfaces":[{"associate_carrier_ip_address":"","associate_public_ip_address":"","connection_tracking_specification":[],"delete_on_termination":"","description":"","device_index":0,"ena_srd_specification":[],"interface_type":"","ipv4_address_count":0,"ipv4_addresses":[],"ipv4_prefix_count":0,"ipv4_prefixes":[],"ipv6_address_count":0,"ipv6_addresses":[],"ipv6_prefix_count":0,"ipv6_prefixes":[],"network_card_index":0,"network_interface_id":"","primary_ipv6":"","private_ip_address":"","security_groups":["sg-06de0d78bda6332f6","sg-07d99963b27f95843"],"subnet_id":""}],"placement":[],"private_dns_name_options":[],"ram_disk_id":"","region":"us-east-2","security_group_names":[],"tag_specifications":[{"resource_type":"instance","tags":{"Name":"autoscaled-web-server","os":"ubuntu-22"}}],"tags":{},"tags_all":{},"update_default_version":null,"user_data":"I2Nsb3VkLWNvbmZpZy1ta2RvY3Mtc3lzdGVtDQoNCmdyb3VwczoNCiAgLSB1YnVudHU6IFtyb290LHN5c10NCiAgLSBkcHJvNDItZ3JvdXANCg0KdXNlcnM6DQogIC0gZGVmYXVsdA0KICAtIG5hbWU6IHNwaWRlcm1hbg0KICAgIGdlY29zOiBQZXRlciBQYXJrZXINCiAgICBzaGVsbDogL2Jpbi9iYXNoDQogICAgcHJpbWFyeV9ncm91cDogZHBybzQyLWdyb3VwDQogICAgc3VkbzogQUxMPShBTEwpIE5PUEFTU1dEOkFMTA0KICAgIGdyb3VwczogdXNlcnMsIGFkbWluDQogICAgbG9ja19wYXNzd2Q6IGZhbHNlDQogICAgc3NoX2F1dGhvcml6ZWRfa2V5czoNCiAgICAgIC0gc3NoLWVkMjU1MTkgQUFBQUMzTnphQzFsWkRJMU5URTVBQUFBSUM4YkpmUjg1djlFK00wOTZpUzhUbjVlcU9EM0JwamV6S2ZiQVN3TkE4VW0gYXp1cmVhZFxhbGlha3NhbmRycmFjaG9rQEVQR0VUQklXMDM5OA0KDQpwYWNrYWdlczoNCiAgLSBhcGFjaGUyDQogIC0gcGhwDQogIC0gcGhwLXBnc3FsDQogIC0gbGliYXBhY2hlMi1tb2QtcGhwDQogIC0gcG9zdGdyZXNxbC1jbGllbnQNCiAgLSBhd3NjbGkNCiAgLSBnaXQNCiAgLSBjdXJsDQogIC0gd2dldA0KDQpydW5jbWQ6DQogICMgLS0tIEFwYWNoZSBzZXR1cCAtLS0NCiAgLSBybSAvdmFyL3d3dy9odG1sL2luZGV4Lmh0bWwgfHwgdHJ1ZQ0KICAtIGF3cyBzMyBjcCBzMzovL2FsZXhyYWNob2stdGVycmFmb3JtLXdlYi1zaXRlLXN0YXRpYy1jb250ZW50L2luZGV4Lmh0bWwgL3Zhci93d3cvaHRtbC9pbmRleDEuaHRtbA0KICAtIGF3cyBzMyBjcCBzMzovL2FsZXhyYWNob2stdGVycmFmb3JtLXdlYi1zaXRlLXN0YXRpYy1jb250ZW50L3dlYl9zaXRlMi9pbmRleC5waHAgL3Zhci93d3cvaHRtbC9pbmRleC5waHANCiAgLSBzeXN0ZW1jdGwgcmVzdGFydCBhcGFjaGUyDQoNCiAgIyAtLS0gSGVhbHRoY2hlY2sgcGFnZSAtLS0NCiAgLSBhd3MgczMgY3AgczM6Ly9hbGV4cmFjaG9rLXRlcnJhZm9ybS13ZWItc2l0ZS1zdGF0aWMtY29udGVudC93ZWJfc2l0ZTIvaGVhbHRoY2hlY2tfaW5pdC5zaCAvdG1wL2hlYWx0aGNoZWNrX2luaXQuc2gNCiAgLSBjaG1vZCAreCAvdG1wL2hlYWx0aGNoZWNrX2luaXQuc2gNCiAgLSAvdG1wL2hlYWx0aGNoZWNrX2luaXQuc2gNCg0KICAjIC0tLSBQb3N0Z3JlU1FMIHJlcG9zaXRvcnkgaW5zdGFsbCAtLS0NCiAgLSBzaCAtYyAnZWNobyAiZGViIGh0dHA6Ly9hcHQucG9zdGdyZXNxbC5vcmcvcHViL3JlcG9zL2FwdC8gJChsc2JfcmVsZWFzZSAtY3MpLXBnZGcgbWFpbiIgPiAvZXRjL2FwdC9zb3VyY2VzLmxpc3QuZC9wZ2RnLmxpc3QnDQogIC0gd2dldCAtLXF1aWV0IC1PIC0gaHR0cHM6Ly93d3cucG9zdGdyZXNxbC5vcmcvbWVkaWEva2V5cy9BQ0NDNENGOC5hc2MgfCBhcHQta2V5IGFkZCAtDQogIC0gYXB0IHVwZGF0ZQ0KICAtIERFQklBTl9GUk9OVEVORD1ub25pbnRlcmFjdGl2ZSBhcHQgaW5zdGFsbCAteSBwb3N0Z3Jlc3FsLWNsaWVudC0xNw0KDQogICMgLS0tIERhdGFiYXNlIHJlc3RvcmUgKG9wdGlvbmFsKSAtLS0NCiAgLSBhd3MgczMgY3AgczM6Ly9hbGV4cmFjaG9rLXRlcnJhZm9ybS13ZWItc2l0ZS1zdGF0aWMtY29udGVudC93ZWJfc2l0ZTIvZGJfYmFja3VwLmR1bXAgL3RtcC9kYi5zcWwuZHVtcCB8fCB0cnVlDQogIC0gUEdQQVNTV09SRD0nRFU5QVpOQUZ4N0l4eHNmUmIyUDQnIHBzcWwgLWggdGVzdC1wb3N0Z3Jlcy1kYi5jbnM2d2MyazhyZ2gudXMtZWFzdC0yLnJkcy5hbWF6b25hd3MuY29tIC1VIHBvc3RncmVzX2FkbWluIC1kIHBvc3RncmVzIC1jICJDUkVBVEUgREFUQUJBU0UgcG9zdGdyZXM7IiB8fCB0cnVlDQogIC0gUEdQQVNTV09SRD0nRFU5QVpOQUZ4N0l4eHNmUmIyUDQnIHBzcWwgLWggdGVzdC1wb3N0Z3Jlcy1kYi5jbnM2d2MyazhyZ2gudXMtZWFzdC0yLnJkcy5hbWF6b25hd3MuY29tIC1VIHBvc3RncmVzX2FkbWluIC1kIHBvc3RncmVzIC1mIC90bXAvZGIuc3FsLmR1bXAgfHwgdHJ1ZQ0KDQo=","vpc_security_group_ids":[]},"after":{"arn":"arn:aws:ec2:us-east-2:815408489721:launch-template/lt-0e0181b1080220e94","block_device_mappings":[],"capacity_reservation_specification":[],"cpu_options":[],"credit_specification":[],"default_version":1,"description":"","disable_api_stop":false,"disable_api_termination":false,"ebs_optimized":"","enclave_options":[],"hibernation_options":[],"iam_instance_profile":[{"arn":"","name":"ec2_s3_profile"}],"id":"lt-0e0181b1080220e94","image_id":"ami-097a2df4ac947655f","instance_initiated_shutdown_behavior":"","instance_market_options":[],"instance_requirements":[],"instance_type":"t3.micro","kernel_id":"","key_name":"aws_key","latest_version":1,"license_specification":[],"maintenance_options":[],"metadata_options":[],"monitoring":[],"name":"web-server-lt-2025122920182297270000000f","name_prefix":"web-server-lt-","network_interfaces":[{"associate_carrier_ip_address":"","associate_public_ip_address":"","connection_tracking_specification":[],"delete_on_termination":"","description":"","device_index":0,"ena_srd_specification":[],"interface_type":"","ipv4_address_count":0,"ipv4_addresses":[],"ipv4_prefix_count":0,"ipv4_prefixes":[],"ipv6_address_count":0,"ipv6_addresses":[],"ipv6_prefix_count":0,"ipv6_prefixes":[],"network_card_index":0,"network_interface_id":"","primary_ipv6":"","private_ip_address":"","security_groups":["sg-06de0d78bda6332f6","sg-07d99963b27f95843"],"subnet_id":""}],"placement":[],"private_dns_name_options":[],"ram_disk_id":"","region":"us-east-2","security_group_names":[],"tag_specifications":[{"resource_type":"instance","tags":{"Name":"autoscaled-web-server","os":"ubuntu-22"}}],"tags":{},"tags_all":{},"update_default_version":null,"user_data":"I2Nsb3VkLWNvbmZpZy1ta2RvY3Mtc3lzdGVtDQoNCmdyb3VwczoNCiAgLSB1YnVudHU6IFtyb290LHN5c10NCiAgLSBkcHJvNDItZ3JvdXANCg0KdXNlcnM6DQogIC0gZGVmYXVsdA0KICAtIG5hbWU6IHNwaWRlcm1hbg0KICAgIGdlY29zOiBQZXRlciBQYXJrZXINCiAgICBzaGVsbDogL2Jpbi9iYXNoDQogICAgcHJpbWFyeV9ncm91cDogZHBybzQyLWdyb3VwDQogICAgc3VkbzogQUxMPShBTEwpIE5PUEFTU1dEOkFMTA0KICAgIGdyb3VwczogdXNlcnMsIGFkbWluDQogICAgbG9ja19wYXNzd2Q6IGZhbHNlDQogICAgc3NoX2F1dGhvcml6ZWRfa2V5czoNCiAgICAgIC0gc3NoLWVkMjU1MTkgQUFBQUMzTnphQzFsWkRJMU5URTVBQUFBSUM4YkpmUjg1djlFK00wOTZpUzhUbjVlcU9EM0JwamV6S2ZiQVN3TkE4VW0gYXp1cmVhZFxhbGlha3NhbmRycmFjaG9rQEVQR0VUQklXMDM5OA0KDQpwYWNrYWdlczoNCiAgLSBhcGFjaGUyDQogIC0gcGhwDQogIC0gcGhwLXBnc3FsDQogIC0gbGliYXBhY2hlMi1tb2QtcGhwDQogIC0gcG9zdGdyZXNxbC1jbGllbnQNCiAgLSBhd3NjbGkNCiAgLSBnaXQNCiAgLSBjdXJsDQogIC0gd2dldA0KDQpydW5jbWQ6DQogICMgLS0tIEFwYWNoZSBzZXR1cCAtLS0NCiAgLSBybSAvdmFyL3d3dy9odG1sL2luZGV4Lmh0bWwgfHwgdHJ1ZQ0KICAtIGF3cyBzMyBjcCBzMzovL2FsZXhyYWNob2stdGVycmFmb3JtLXdlYi1zaXRlLXN0YXRpYy1jb250ZW50L2luZGV4Lmh0bWwgL3Zhci93d3cvaHRtbC9pbmRleDEuaHRtbA0KICAtIGF3cyBzMyBjcCBzMzovL2FsZXhyYWNob2stdGVycmFmb3JtLXdlYi1zaXRlLXN0YXRpYy1jb250ZW50L3dlYl9zaXRlMi9pbmRleC5waHAgL3Zhci93d3cvaHRtbC9pbmRleC5waHANCiAgLSBzeXN0ZW1jdGwgcmVzdGFydCBhcGFjaGUyDQoNCiAgIyAtLS0gSGVhbHRoY2hlY2sgcGFnZSAtLS0NCiAgLSBhd3MgczMgY3AgczM6Ly9hbGV4cmFjaG9rLXRlcnJhZm9ybS13ZWItc2l0ZS1zdGF0aWMtY29udGVudC93ZWJfc2l0ZTIvaGVhbHRoY2hlY2tfaW5pdC5zaCAvdG1wL2hlYWx0aGNoZWNrX2luaXQuc2gNCiAgLSBjaG1vZCAreCAvdG1wL2hlYWx0aGNoZWNrX2luaXQuc2gNCiAgLSAvdG1wL2hlYWx0aGNoZWNrX2luaXQuc2gNCg0KICAjIC0tLSBQb3N0Z3JlU1FMIHJlcG9zaXRvcnkgaW5zdGFsbCAtLS0NCiAgLSBzaCAtYyAnZWNobyAiZGViIGh0dHA6Ly9hcHQucG9zdGdyZXNxbC5vcmcvcHViL3JlcG9zL2FwdC8gJChsc2JfcmVsZWFzZSAtY3MpLXBnZGcgbWFpbiIgPiAvZXRjL2FwdC9zb3VyY2VzLmxpc3QuZC9wZ2RnLmxpc3QnDQogIC0gd2dldCAtLXF1aWV0IC1PIC0gaHR0cHM6Ly93d3cucG9zdGdyZXNxbC5vcmcvbWVkaWEva2V5cy9BQ0NDNENGOC5hc2MgfCBhcHQta2V5IGFkZCAtDQogIC0gYXB0IHVwZGF0ZQ0KICAtIERFQklBTl9GUk9OVEVORD1ub25pbnRlcmFjdGl2ZSBhcHQgaW5zdGFsbCAteSBwb3N0Z3Jlc3FsLWNsaWVudC0xNw0KDQogICMgLS0tIERhdGFiYXNlIHJlc3RvcmUgKG9wdGlvbmFsKSAtLS0NCiAgLSBhd3MgczMgY3AgczM6Ly9hbGV4cmFjaG9rLXRlcnJhZm9ybS13ZWItc2l0ZS1zdGF0aWMtY29udGVudC93ZWJfc2l0ZTIvZGJfYmFja3VwLmR1bXAgL3RtcC9kYi5zcWwuZHVtcCB8fCB0cnVlDQogIC0gUEdQQVNTV09SRD0nRFU5QVpOQUZ4N0l4eHNmUmIyUDQnIHBzcWwgLWggdGVzdC1wb3N0Z3Jlcy1kYi5jbnM2d2MyazhyZ2gudXMtZWFzdC0yLnJkcy5hbWF6b25hd3MuY29tIC1VIHBvc3RncmVzX2FkbWluIC1kIHBvc3RncmVzIC1jICJDUkVBVEUgREFUQUJBU0UgcG9zdGdyZXM7IiB8fCB0cnVlDQogIC0gUEdQQVNTV09SRD0nRFU5QVpOQUZ4N0l4eHNmUmIyUDQnIHBzcWwgLWggdGVzdC1wb3N0Z3Jlcy1kYi5jbnM2d2MyazhyZ2gudXMtZWFzdC0yLnJkcy5hbWF6b25hd3MuY29tIC1VIHBvc3RncmVzX2FkbWluIC1kIHBvc3RncmVzIC1mIC90bXAvZGIuc3FsLmR1bXAgfHwgdHJ1ZQ0KDQo=","vpc_security_group_ids":[]},"after_unknown":{},"before_sensitive":{"block_device_mappings":[],"capacity_reservation_specification":[],"cpu_options":[],"credit_specification":[],"enclave_options":[],"hibernation_options":[],"iam_instance_profile":[{}],"instance_market_options":[],"instance_requirements":[],"license_specification":[],"maintenance_options":[],"metadata_options":[],"monitoring":[],"network_interfaces":[{"connection_tracking_specification":[],"ena_srd_specification":[],"ipv4_addresses":[],"ipv4_prefixes":[],"ipv6_addresses":[],"ipv6_prefixes":[],"security_groups":[false,false]}],"placement":[],"private_dns_name_options":[],"security_group_names":[],"tag_specifications":[{"tags":{}}],"tags":{},"tags_all":{},"user_data":true,"vpc_security_group_ids":[]},"after_sensitive":{"block_device_mappings":[],"capacity_reservation_specification":[],"cpu_options":[],"credit_specification":[],"enclave_options":[],"hibernation_options":[],"iam_instance_profile":[{}],"instance_market_options":[],"instance_requirements":[],"license_specification":[],"maintenance_options":[],"metadata_options":[],"monitoring":[],"network_interfaces":[{"connection_tracking_specification":[],"ena_srd_specification":[],"ipv4_addresses":[],"ipv4_prefixes":[],"ipv6_addresses":[],"ipv6_prefixes":[],"security_groups":[false,false]}],"placement":[],"private_dns_name_options":[],"security_group_names":[],"tag_specifications":[{"tags":{}}],"tags":{},"tags_all":{},"user_data":true,"vpc_security_group_ids":[]}}},{"address":"aws_lb.alb","mode":"managed","type":"aws_lb","name":"alb","provider_name":"registry.terraform.io/hashicorp/aws","change":{"actions":["no-op"],"before":{"access_logs":[{"bucket":"","enabled":false,"prefix":""}],"arn":"arn:aws:elasticloadbalancing:us-east-2:815408489721:loadbalancer/app/web-server-alb/7677b1d6303bbb27","arn_suffix":"app/web-server-alb/7677b1d6303bbb27","client_keep_alive":3600,"connection_logs":[{"bucket":"","enabled":false,"prefix":""}],"customer_owned_ipv4_pool":"","desync_mitigation_mode":"defensive","dns_name":"web-server-alb-1011333748.us-east-2.elb.amazonaws.com","dns_record_client_routing_policy":null,"drop_invalid_header_fields":false,"enable_cross_zone_load_balancing":true,"enable_deletion_protection":false,"enable_http2":true,"enable_tls_version_and_cipher_suite_headers":false,"enable_waf_fail_open":false,"enable_xff_client_port":false,"enable_zonal_shift":false,"enforce_security_group_inbound_rules_on_private_link_traffic":"","id":"arn:aws:elasticloadbalancing:us-east-2:815408489721:loadbalancer/app/web-server-alb/7677b1d6303bbb27","idle_timeout":60,"internal":false,"ip_address_type":"ipv4","ipam_pools":[],"load_balancer_type":"application","minimum_load_balancer_capacity":[],"name":"web-server-alb","name_prefix":"","preserve_host_header":false,"region":"us-east-2","secondary_ips_auto_assigned_per_subnet":null,"security_groups":["sg-08d0111c2b335a760"],"subnet_mapping":[{"allocation_id":"","ipv6_address":"","outpost_id":"","private_ipv4_address":"","subnet_id":"subnet-00da800a0e2d9d641"},{"allocation_id":"","ipv6_address":"","outpost_id":"","private_ipv4_address":"","subnet_id":"subnet-0a71ebea939640ad0"},{"allocation_id":"","ipv6_address":"","outpost_id":"","private_ipv4_address":"","subnet_id":"subnet-0d94d88880f9c195c"}],"subnets":["subnet-00da800a0e2d9d641","subnet-0a71ebea939640ad0","subnet-0d94d88880f9c195c"],"tags":{"Name":"web-server-alb"},"tags_all":{"Name":"web-server-alb"},"timeouts":null,"vpc_id":"vpc-0dca73f239e3b5e7d","xff_header_processing_mode":"append","zone_id":"Z3AADJGX6KTTL2"},"after":{"access_logs":[{"bucket":"","enabled":false,"prefix":""}],"arn":"arn:aws:elasticloadbalancing:us-east-2:815408489721:loadbalancer/app/web-server-alb/7677b1d6303bbb27","arn_suffix":"app/web-server-alb/7677b1d6303bbb27","client_keep_alive":3600,"connection_logs":[{"bucket":"","enabled":false,"prefix":""}],"customer_owned_ipv4_pool":"","desync_mitigation_mode":"defensive","dns_name":"web-server-alb-1011333748.us-east-2.elb.amazonaws.com","dns_record_client_routing_policy":null,"drop_invalid_header_fields":false,"enable_cross_zone_load_balancing":true,"enable_deletion_protection":false,"enable_http2":true,"enable_tls_version_and_cipher_suite_headers":false,"enable_waf_fail_open":false,"enable_xff_client_port":false,"enable_zonal_shift":false,"enforce_security_group_inbound_rules_on_private_link_traffic":"","id":"arn:aws:elasticloadbalancing:us-east-2:815408489721:loadbalancer/app/web-server-alb/7677b1d6303bbb27","idle_timeout":60,"internal":false,"ip_address_type":"ipv4","ipam_pools":[],"load_balancer_type":"application","minimum_load_balancer_capacity":[],"name":"web-server-alb","name_prefix":"","preserve_host_header":false,"region":"us-east-2","secondary_ips_auto_assigned_per_subnet":null,"security_groups":["sg-08d0111c2b335a760"],"subnet_mapping":[{"allocation_id":"","ipv6_address":"","outpost_id":"","private_ipv4_address":"","subnet_id":"subnet-00da800a0e2d9d641"},{"allocation_id":"","ipv6_address":"","outpost_id":"","private_ipv4_address":"","subnet_id":"subnet-0a71ebea939640ad0"},{"allocation_id":"","ipv6_address":"","outpost_id":"","private_ipv4_address":"","subnet_id":"subnet-0d94d88880f9c195c"}],"subnets":["subnet-00da800a0e2d9d641","subnet-0a71ebea939640ad0","subnet-0d94d88880f9c195c"],"tags":{"Name":"web-server-alb"},"tags_all":{"Name":"web-server-alb"},"timeouts":null,"vpc_id":"vpc-0dca73f239e3b5e7d","xff_header_processing_mode":"append","zone_id":"Z3AADJGX6KTTL2"},"after_unknown":{},"before_sensitive":{"access_logs":[{}],"connection_logs":[{}],"ipam_pools":[],"minimum_load_balancer_capacity":[],"security_groups":[false],"subnet_mapping":[{},{},{}],"subnets":[false,false,false],"tags":{},"tags_all":{}},"after_sensitive":{"access_logs":[{}],"connection_logs":[{}],"ipam_pools":[],"minimum_load_balancer_capacity":[],"security_groups":[false],"subnet_mapping":[{},{},{}],"subnets":[false,false,false],"tags":{},"tags_all":{}},"before_identity":{"arn":"arn:aws:elasticloadbalancing:us-east-2:815408489721:loadbalancer/app/web-server-alb/7677b1d6303bbb27"},"after_identity":{"arn":"arn:aws:elasticloadbalancing:us-east-2:815408489721:loadbalancer/app/web-server-alb/7677b1d6303bbb27"}}},{"address":"aws_lb.nlb","mode":"managed","type":"aws_lb","name":"nlb","provider_name":"registry.terraform.io/hashicorp/aws","change":{"actions":["no-op"],"before":{"access_logs":[{"bucket":"","enabled":false,"prefix":""}],"arn":"arn:aws:elasticloadbalancing:us-east-2:815408489721:loadbalancer/net/ssh-forward-nlb/4d7d6d4bbd98dfae","arn_suffix":"net/ssh-forward-nlb/4d7d6d4bbd98dfae","client_keep_alive":null,"connection_logs":[],"customer_owned_ipv4_pool":"","desync_mitigation_mode":null,"dns_name":"ssh-forward-nlb-4d7d6d4bbd98dfae.elb.us-east-2.amazonaws.com","dns_record_client_routing_policy":"any_availability_zone","drop_invalid_header_fields":null,"enable_cross_zone_load_balancing":false,"enable_deletion_protection":false,"enable_http2":null,"enable_tls_version_and_cipher_suite_headers":null,"enable_waf_fail_open":null,"enable_xff_client_port":null,"enable_zonal_shift":false,"enforce_security_group_inbound_rules_on_private_link_traffic":"","id":"arn:aws:elasticloadbalancing:us-east-2:815408489721:loadbalancer/net/ssh-forward-nlb/4d7d6d4bbd98dfae","idle_timeout":null,"internal":false,"ip_address_type":"ipv4","ipam_pools":[],"load_balancer_type":"network","minimum_load_balancer_capacity":[],"name":"ssh-forward-nlb","name_prefix":"","preserve_host_header":null,"region":"us-east-2","secondary_ips_auto_assigned_per_subnet":0,"security_groups":["sg-06a642da74cef8075"],"subnet_mapping":[{"allocation_id":"","ipv6_address":"","outpost_id":"","private_ipv4_address":"","subnet_id":"subnet-0d94d88880f9c195c"}],"subnets":["subnet-0d94d88880f9c195c"],"tags":{},"tags_all":{},"timeouts":null,"vpc_id":"vpc-0dca73f239e3b5e7d","xff_header_processing_mode":null,"zone_id":"ZLMOA37VPKANP"},"after":{"access_logs":[{"bucket":"","enabled":false,"prefix":""}],"arn":"arn:aws:elasticloadbalancing:us-east-2:815408489721:loadbalancer/net/ssh-forward-nlb/4d7d6d4bbd98dfae","arn_suffix":"net/ssh-forward-nlb/4d7d6d4bbd98dfae","client_keep_alive":null,"connection_logs":[],"customer_owned_ipv4_pool":"","desync_mitigation_mode":null,"dns_name":"ssh-forward-nlb-4d7d6d4bbd98dfae.elb.us-east-2.amazonaws.com","dns_record_client_routing_policy":"any_availability_zone","drop_invalid_header_fields":null,"enable_cross_zone_load_balancing":false,"enable_deletion_protection":false,"enable_http2":null,"enable_tls_version_and_cipher_suite_headers":null,"enable_waf_fail_open":null,"enable_xff_client_port":null,"enable_zonal_shift":false,"enforce_security_group_inbound_rules_on_private_link_traffic":"","id":"arn:aws:elasticloadbalancing:us-east-2:815408489721:loadbalancer/net/ssh-forward-nlb/4d7d6d4bbd98dfae","idle_timeout":null,"internal":false,"ip_address_type":"ipv4","ipam_pools":[],"load_balancer_type":"network","minimum_load_balancer_capacity":[],"name":"ssh-forward-nlb","name_prefix":"","preserve_host_header":null,"region":"us-east-2","secondary_ips_auto_assigned_per_subnet":0,"security_groups":["sg-06a642da74cef8075"],"subnet_mapping":[{"allocation_id":"","ipv6_address":"","outpost_id":"","private_ipv4_address":"","subnet_id":"subnet-0d94d88880f9c195c"}],"subnets":["subnet-0d94d88880f9c195c"],"tags":{},"tags_all":{},"timeouts":null,"vpc_id":"vpc-0dca73f239e3b5e7d","xff_header_processing_mode":null,"zone_id":"ZLMOA37VPKANP"},"after_unknown":{},"before_sensitive":{"access_logs":[{}],"connection_logs":[],"ipam_pools":[],"minimum_load_balancer_capacity":[],"security_groups":[false],"subnet_mapping":[{}],"subnets":[false],"tags":{},"tags_all":{}},"after_sensitive":{"access_logs":[{}],"connection_logs":[],"ipam_pools":[],"minimum_load_balancer_capacity":[],"security_groups":[false],"subnet_mapping":[{}],"subnets":[false],"tags":{},"tags_all":{}},"before_identity":{"arn":"arn:aws:elasticloadbalancing:us-east-2:815408489721:loadbalancer/net/ssh-forward-nlb/4d7d6d4bbd98dfae"},"after_identity":{"arn":"arn:aws:elasticloadbalancing:us-east-2:815408489721:loadbalancer/net/ssh-forward-nlb/4d7d6d4bbd98dfae"}}},{"address":"aws_lb_listener.http","mode":"managed","type":"aws_lb_listener","name":"http","provider_name":"registry.terraform.io/hashicorp/aws","change":{"actions":["no-op"],"before":{"alpn_policy":null,"arn":"arn:aws:elasticloadbalancing:us-east-2:815408489721:listener/app/web-server-alb/7677b1d6303bbb27/959e7e5839db3a81","certificate_arn":null,"default_action":[{"authenticate_cognito":[],"authenticate_oidc":[],"fixed_response":[],"forward":[],"order":1,"redirect":[{"host":"#{host}","path":"/#{path}","port":"443","protocol":"HTTPS","query":"#{query}","status_code":"HTTP_301"}],"target_group_arn":"","type":"redirect"}],"id":"arn:aws:elasticloadbalancing:us-east-2:815408489721:listener/app/web-server-alb/7677b1d6303bbb27/959e7e5839db3a81","load_balancer_arn":"arn:aws:elasticloadbalancing:us-east-2:815408489721:loadbalancer/app/web-server-alb/7677b1d6303bbb27","mutual_authentication":[],"port":80,"protocol":"HTTP","region":"us-east-2","routing_http_request_x_amzn_mtls_clientcert_header_name":null,"routing_http_request_x_amzn_mtls_clientcert_issuer_header_name":null,"routing_http_request_x_amzn_mtls_clientcert_leaf_header_name":null,"routing_http_request_x_amzn_mtls_clientcert_serial_number_header_name":null,"routing_http_request_x_amzn_mtls_clientcert_subject_header_name":null,"routing_http_request_x_amzn_mtls_clientcert_validity_header_name":null,"routing_http_request_x_amzn_tls_cipher_suite_header_name":null,"routing_http_request_x_amzn_tls_version_header_name":null,"routing_http_response_access_control_allow_credentials_header_value":"","routing_http_response_access_control_allow_headers_header_value":"","routing_http_response_access_control_allow_methods_header_value":"","routing_http_response_access_control_allow_origin_header_value":"","routing_http_response_access_control_expose_headers_header_value":"","routing_http_response_access_control_max_age_header_value":"","routing_http_response_content_security_policy_header_value":"","routing_http_response_server_enabled":true,"routing_http_response_strict_transport_security_header_value":"","routing_http_response_x_content_type_options_header_value":"","routing_http_response_x_frame_options_header_value":"","ssl_policy":"","tags":{},"tags_all":{},"tcp_idle_timeout_seconds":null,"timeouts":null},"after":{"alpn_policy":null,"arn":"arn:aws:elasticloadbalancing:us-east-2:815408489721:listener/app/web-server-alb/7677b1d6303bbb27/959e7e5839db3a81","certificate_arn":null,"default_action":[{"authenticate_cognito":[],"authenticate_oidc":[],"fixed_response":[],"forward":[],"order":1,"redirect":[{"host":"#{host}","path":"/#{path}","port":"443","protocol":"HTTPS","query":"#{query}","status_code":"HTTP_301"}],"target_group_arn":"","type":"redirect"}],"id":"arn:aws:elasticloadbalancing:us-east-2:815408489721:listener/app/web-server-alb/7677b1d6303bbb27/959e7e5839db3a81","load_balancer_arn":"arn:aws:elasticloadbalancing:us-east-2:815408489721:loadbalancer/app/web-server-alb/7677b1d6303bbb27","mutual_authentication":[],"port":80,"protocol":"HTTP","region":"us-east-2","routing_http_request_x_amzn_mtls_clientcert_header_name":null,"routing_http_request_x_amzn_mtls_clientcert_issuer_header_name":null,"routing_http_request_x_amzn_mtls_clientcert_leaf_header_name":null,"routing_http_request_x_amzn_mtls_clientcert_serial_number_header_name":null,"routing_http_request_x_amzn_mtls_clientcert_subject_header_name":null,"routing_http_request_x_amzn_mtls_clientcert_validity_header_name":null,"routing_http_request_x_amzn_tls_cipher_suite_header_name":null,"routing_http_request_x_amzn_tls_version_header_name":null,"routing_http_response_access_control_allow_credentials_header_value":"","routing_http_response_access_control_allow_headers_header_value":"","routing_http_response_access_control_allow_methods_header_value":"","routing_http_response_access_control_allow_origin_header_value":"","routing_http_response_access_control_expose_headers_header_value":"","routing_http_response_access_control_max_age_header_value":"","routing_http_response_content_security_policy_header_value":"","routing_http_response_server_enabled":true,"routing_http_response_strict_transport_security_header_value":"","routing_http_response_x_content_type_options_header_value":"","routing_http_response_x_frame_options_header_value":"","ssl_policy":"","tags":{},"tags_all":{},"tcp_idle_timeout_seconds":null,"timeouts":null},"after_unknown":{},"before_sensitive":{"default_action":[{"authenticate_cognito":[],"authenticate_oidc":[],"fixed_response":[],"forward":[],"redirect":[{}]}],"mutual_authentication":[],"tags":{},"tags_all":{}},"after_sensitive":{"default_action":[{"authenticate_cognito":[],"authenticate_oidc":[],"fixed_response":[],"forward":[],"redirect":[{}]}],"mutual_authentication":[],"tags":{},"tags_all":{}},"before_identity":{"arn":"arn:aws:elasticloadbalancing:us-east-2:815408489721:listener/app/web-server-alb/7677b1d6303bbb27/959e7e5839db3a81"},"after_identity":{"arn":"arn:aws:elasticloadbalancing:us-east-2:815408489721:listener/app/web-server-alb/7677b1d6303bbb27/959e7e5839db3a81"}}},{"address":"aws_lb_listener.https","mode":"managed","type":"aws_lb_listener","name":"https","provider_name":"registry.terraform.io/hashicorp/aws","change":{"actions":["no-op"],"before":{"alpn_policy":null,"arn":"arn:aws:elasticloadbalancing:us-east-2:815408489721:listener/app/web-server-alb/7677b1d6303bbb27/b2234bced3d56762","certificate_arn":"arn:aws:acm:us-east-2:815408489721:certificate/fdf0abd1-d8ef-4e02-b2cd-d1493068bb47","default_action":[{"authenticate_cognito":[],"authenticate_oidc":[],"fixed_response":[],"forward":[],"order":1,"redirect":[],"target_group_arn":"arn:aws:elasticloadbalancing:us-east-2:815408489721:targetgroup/web-server-tg/c241aa4bb0ea3011","type":"forward"}],"id":"arn:aws:elasticloadbalancing:us-east-2:815408489721:listener/app/web-server-alb/7677b1d6303bbb27/b2234bced3d56762","load_balancer_arn":"arn:aws:elasticloadbalancing:us-east-2:815408489721:loadbalancer/app/web-server-alb/7677b1d6303bbb27","mutual_authentication":[{"advertise_trust_store_ca_names":"","ignore_client_certificate_expiry":false,"mode":"off","trust_store_arn":""}],"port":443,"protocol":"HTTPS","region":"us-east-2","routing_http_request_x_amzn_mtls_clientcert_header_name":"","routing_http_request_x_amzn_mtls_clientcert_issuer_header_name":"","routing_http_request_x_amzn_mtls_clientcert_leaf_header_name":"","routing_http_request_x_amzn_mtls_clientcert_serial_number_header_name":"","routing_http_request_x_amzn_mtls_clientcert_subject_header_name":"","routing_http_request_x_amzn_mtls_clientcert_validity_header_name":"","routing_http_request_x_amzn_tls_cipher_suite_header_name":"","routing_http_request_x_amzn_tls_version_header_name":"","routing_http_response_access_control_allow_credentials_header_value":"","routing_http_response_access_control_allow_headers_header_value":"","routing_http_response_access_control_allow_methods_header_value":"","routing_http_response_access_control_allow_origin_header_value":"","routing_http_response_access_control_expose_headers_header_value":"","routing_http_response_access_control_max_age_header_value":"","routing_http_response_content_security_policy_header_value":"","routing_http_response_server_enabled":true,"routing_http_response_strict_transport_security_header_value":"","routing_http_response_x_content_type_options_header_value":"","routing_http_response_x_frame_options_header_value":"","ssl_policy":"ELBSecurityPolicy-TLS13-1-2-2021-06","tags":{},"tags_all":{},"tcp_idle_timeout_seconds":null,"timeouts":null},"after":{"alpn_policy":null,"arn":"arn:aws:elasticloadbalancing:us-east-2:815408489721:listener/app/web-server-alb/7677b1d6303bbb27/b2234bced3d56762","certificate_arn":"arn:aws:acm:us-east-2:815408489721:certificate/fdf0abd1-d8ef-4e02-b2cd-d1493068bb47","default_action":[{"authenticate_cognito":[],"authenticate_oidc":[],"fixed_response":[],"forward":[],"order":1,"redirect":[],"target_group_arn":"arn:aws:elasticloadbalancing:us-east-2:815408489721:targetgroup/web-server-tg/c241aa4bb0ea3011","type":"forward"}],"id":"arn:aws:elasticloadbalancing:us-east-2:815408489721:listener/app/web-server-alb/7677b1d6303bbb27/b2234bced3d56762","load_balancer_arn":"arn:aws:elasticloadbalancing:us-east-2:815408489721:loadbalancer/app/web-server-alb/7677b1d6303bbb27","mutual_authentication":[{"advertise_trust_store_ca_names":"","ignore_client_certificate_expiry":false,"mode":"off","trust_store_arn":""}],"port":443,"protocol":"HTTPS","region":"us-east-2","routing_http_request_x_amzn_mtls_clientcert_header_name":"","routing_http_request_x_amzn_mtls_clientcert_issuer_header_name":"","routing_http_request_x_amzn_mtls_clientcert_leaf_header_name":"","routing_http_request_x_amzn_mtls_clientcert_serial_number_header_name":"","routing_http_request_x_amzn_mtls_clientcert_subject_header_name":"","routing_http_request_x_amzn_mtls_clientcert_validity_header_name":"","routing_http_request_x_amzn_tls_cipher_suite_header_name":"","routing_http_request_x_amzn_tls_version_header_name":"","routing_http_response_access_control_allow_credentials_header_value":"","routing_http_response_access_control_allow_headers_header_value":"","routing_http_response_access_control_allow_methods_header_value":"","routing_http_response_access_control_allow_origin_header_value":"","routing_http_response_access_control_expose_headers_header_value":"","routing_http_response_access_control_max_age_header_value":"","routing_http_response_content_security_policy_header_value":"","routing_http_response_server_enabled":true,"routing_http_response_strict_transport_security_header_value":"","routing_http_response_x_content_type_options_header_value":"","routing_http_response_x_frame_options_header_value":"","ssl_policy":"ELBSecurityPolicy-TLS13-1-2-2021-06","tags":{},"tags_all":{},"tcp_idle_timeout_seconds":null,"timeouts":null},"after_unknown":{},"before_sensitive":{"default_action":[{"authenticate_cognito":[],"authenticate_oidc":[],"fixed_response":[],"forward":[],"redirect":[]}],"mutual_authentication":[{}],"tags":{},"tags_all":{}},"after_sensitive":{"default_action":[{"authenticate_cognito":[],"authenticate_oidc":[],"fixed_response":[],"forward":[],"redirect":[]}],"mutual_authentication":[{}],"tags":{},"tags_all":{}},"before_identity":{"arn":"arn:aws:elasticloadbalancing:us-east-2:815408489721:listener/app/web-server-alb/7677b1d6303bbb27/b2234bced3d56762"},"after_identity":{"arn":"arn:aws:elasticloadbalancing:us-east-2:815408489721:listener/app/web-server-alb/7677b1d6303bbb27/b2234bced3d56762"}}},{"address":"aws_lb_listener.ssh_listener","mode":"managed","type":"aws_lb_listener","name":"ssh_listener","provider_name":"registry.terraform.io/hashicorp/aws","change":{"actions":["no-op"],"before":{"alpn_policy":null,"arn":"arn:aws:elasticloadbalancing:us-east-2:815408489721:listener/net/ssh-forward-nlb/4d7d6d4bbd98dfae/0885ce3ac65f2b7b","certificate_arn":null,"default_action":[{"authenticate_cognito":[],"authenticate_oidc":[],"fixed_response":[],"forward":[],"order":1,"redirect":[],"target_group_arn":"arn:aws:elasticloadbalancing:us-east-2:815408489721:targetgroup/ssh-target/1099c874235ec5a6","type":"forward"}],"id":"arn:aws:elasticloadbalancing:us-east-2:815408489721:listener/net/ssh-forward-nlb/4d7d6d4bbd98dfae/0885ce3ac65f2b7b","load_balancer_arn":"arn:aws:elasticloadbalancing:us-east-2:815408489721:loadbalancer/net/ssh-forward-nlb/4d7d6d4bbd98dfae","mutual_authentication":[],"port":2000,"protocol":"TCP","region":"us-east-2","routing_http_request_x_amzn_mtls_clientcert_header_name":null,"routing_http_request_x_amzn_mtls_clientcert_issuer_header_name":null,"routing_http_request_x_amzn_mtls_clientcert_leaf_header_name":null,"routing_http_request_x_amzn_mtls_clientcert_serial_number_header_name":null,"routing_http_request_x_amzn_mtls_clientcert_subject_header_name":null,"routing_http_request_x_amzn_mtls_clientcert_validity_header_name":null,"routing_http_request_x_amzn_tls_cipher_suite_header_name":null,"routing_http_request_x_amzn_tls_version_header_name":null,"routing_http_response_access_control_allow_credentials_header_value":null,"routing_http_response_access_control_allow_headers_header_value":null,"routing_http_response_access_control_allow_methods_header_value":null,"routing_http_response_access_control_allow_origin_header_value":null,"routing_http_response_access_control_expose_headers_header_value":null,"routing_http_response_access_control_max_age_header_value":null,"routing_http_response_content_security_policy_header_value":null,"routing_http_response_server_enabled":null,"routing_http_response_strict_transport_security_header_value":null,"routing_http_response_x_content_type_options_header_value":null,"routing_http_response_x_frame_options_header_value":null,"ssl_policy":"","tags":{},"tags_all":{},"tcp_idle_timeout_seconds":350,"timeouts":null},"after":{"alpn_policy":null,"arn":"arn:aws:elasticloadbalancing:us-east-2:815408489721:listener/net/ssh-forward-nlb/4d7d6d4bbd98dfae/0885ce3ac65f2b7b","certificate_arn":null,"default_action":[{"authenticate_cognito":[],"authenticate_oidc":[],"fixed_response":[],"forward":[],"order":1,"redirect":[],"target_group_arn":"arn:aws:elasticloadbalancing:us-east-2:815408489721:targetgroup/ssh-target/1099c874235ec5a6","type":"forward"}],"id":"arn:aws:elasticloadbalancing:us-east-2:815408489721:listener/net/ssh-forward-nlb/4d7d6d4bbd98dfae/0885ce3ac65f2b7b","load_balancer_arn":"arn:aws:elasticloadbalancing:us-east-2:815408489721:loadbalancer/net/ssh-forward-nlb/4d7d6d4bbd98dfae","mutual_authentication":[],"port":2000,"protocol":"TCP","region":"us-east-2","routing_http_request_x_amzn_mtls_clientcert_header_name":null,"routing_http_request_x_amzn_mtls_clientcert_issuer_header_name":null,"routing_http_request_x_amzn_mtls_clientcert_leaf_header_name":null,"routing_http_request_x_amzn_mtls_clientcert_serial_number_header_name":null,"routing_http_request_x_amzn_mtls_clientcert_subject_header_name":null,"routing_http_request_x_amzn_mtls_clientcert_validity_header_name":null,"routing_http_request_x_amzn_tls_cipher_suite_header_name":null,"routing_http_request_x_amzn_tls_version_header_name":null,"routing_http_response_access_control_allow_credentials_header_value":null,"routing_http_response_access_control_allow_headers_header_value":null,"routing_http_response_access_control_allow_methods_header_value":null,"routing_http_response_access_control_allow_origin_header_value":null,"routing_http_response_access_control_expose_headers_header_value":null,"routing_http_response_access_control_max_age_header_value":null,"routing_http_response_content_security_policy_header_value":null,"routing_http_response_server_enabled":null,"routing_http_response_strict_transport_security_header_value":null,"routing_http_response_x_content_type_options_header_value":null,"routing_http_response_x_frame_options_header_value":null,"ssl_policy":"","tags":{},"tags_all":{},"tcp_idle_timeout_seconds":350,"timeouts":null},"after_unknown":{},"before_sensitive":{"default_action":[{"authenticate_cognito":[],"authenticate_oidc":[],"fixed_response":[],"forward":[],"redirect":[]}],"mutual_authentication":[],"tags":{},"tags_all":{}},"after_sensitive":{"default_action":[{"authenticate_cognito":[],"authenticate_oidc":[],"fixed_response":[],"forward":[],"redirect":[]}],"mutual_authentication":[],"tags":{},"tags_all":{}},"before_identity":{"arn":"arn:aws:elasticloadbalancing:us-east-2:815408489721:listener/net/ssh-forward-nlb/4d7d6d4bbd98dfae/0885ce3ac65f2b7b"},"after_identity":{"arn":"arn:aws:elasticloadbalancing:us-east-2:815408489721:listener/net/ssh-forward-nlb/4d7d6d4bbd98dfae/0885ce3ac65f2b7b"}}},{"address":"aws_lb_target_group.ssh_target","mode":"managed","type":"aws_lb_target_group","name":"ssh_target","provider_name":"registry.terraform.io/hashicorp/aws","change":{"actions":["no-op"],"before":{"arn":"arn:aws:elasticloadbalancing:us-east-2:815408489721:targetgroup/ssh-target/1099c874235ec5a6","arn_suffix":"targetgroup/ssh-target/1099c874235ec5a6","connection_termination":false,"deregistration_delay":"300","health_check":[{"enabled":true,"healthy_threshold":5,"interval":30,"matcher":"","path":"","port":"traffic-port","protocol":"TCP","timeout":10,"unhealthy_threshold":2}],"id":"arn:aws:elasticloadbalancing:us-east-2:815408489721:targetgroup/ssh-target/1099c874235ec5a6","ip_address_type":"ipv4","lambda_multi_value_headers_enabled":false,"load_balancer_arns":["arn:aws:elasticloadbalancing:us-east-2:815408489721:loadbalancer/net/ssh-forward-nlb/4d7d6d4bbd98dfae"],"load_balancing_algorithm_type":null,"load_balancing_anomaly_mitigation":null,"load_balancing_cross_zone_enabled":"use_load_balancer_configuration","name":"ssh-target","name_prefix":"","port":22,"preserve_client_ip":"true","protocol":"TCP","protocol_version":null,"proxy_protocol_v2":false,"region":"us-east-2","slow_start":0,"stickiness":[{"cookie_duration":0,"cookie_name":"","enabled":false,"type":"source_ip"}],"tags":{},"tags_all":{},"target_failover":[{"on_deregistration":null,"on_unhealthy":null}],"target_group_health":[{"dns_failover":[{"minimum_healthy_targets_count":"1","minimum_healthy_targets_percentage":"off"}],"unhealthy_state_routing":[{"minimum_healthy_targets_count":1,"minimum_healthy_targets_percentage":"off"}]}],"target_health_state":[{"enable_unhealthy_connection_termination":true,"unhealthy_draining_interval":0}],"target_type":"instance","vpc_id":"vpc-0dca73f239e3b5e7d"},"after":{"arn":"arn:aws:elasticloadbalancing:us-east-2:815408489721:targetgroup/ssh-target/1099c874235ec5a6","arn_suffix":"targetgroup/ssh-target/1099c874235ec5a6","connection_termination":false,"deregistration_delay":"300","health_check":[{"enabled":true,"healthy_threshold":5,"interval":30,"matcher":"","path":"","port":"traffic-port","protocol":"TCP","timeout":10,"unhealthy_threshold":2}],"id":"arn:aws:elasticloadbalancing:us-east-2:815408489721:targetgroup/ssh-target/1099c874235ec5a6","ip_address_type":"ipv4","lambda_multi_value_headers_enabled":false,"load_balancer_arns":["arn:aws:elasticloadbalancing:us-east-2:815408489721:loadbalancer/net/ssh-forward-nlb/4d7d6d4bbd98dfae"],"load_balancing_algorithm_type":null,"load_balancing_anomaly_mitigation":null,"load_balancing_cross_zone_enabled":"use_load_balancer_configuration","name":"ssh-target","name_prefix":"","port":22,"preserve_client_ip":"true","protocol":"TCP","protocol_version":null,"proxy_protocol_v2":false,"region":"us-east-2","slow_start":0,"stickiness":[{"cookie_duration":0,"cookie_name":"","enabled":false,"type":"source_ip"}],"tags":{},"tags_all":{},"target_failover":[{"on_deregistration":null,"on_unhealthy":null}],"target_group_health":[{"dns_failover":[{"minimum_healthy_targets_count":"1","minimum_healthy_targets_percentage":"off"}],"unhealthy_state_routing":[{"minimum_healthy_targets_count":1,"minimum_healthy_targets_percentage":"off"}]}],"target_health_state":[{"enable_unhealthy_connection_termination":true,"unhealthy_draining_interval":0}],"target_type":"instance","vpc_id":"vpc-0dca73f239e3b5e7d"},"after_unknown":{},"before_sensitive":{"health_check":[{}],"load_balancer_arns":[false],"stickiness":[{}],"tags":{},"tags_all":{},"target_failover":[{}],"target_group_health":[{"dns_failover":[{}],"unhealthy_state_routing":[{}]}],"target_health_state":[{}]},"after_sensitive":{"health_check":[{}],"load_balancer_arns":[false],"stickiness":[{}],"tags":{},"tags_all":{},"target_failover":[{}],"target_group_health":[{"dns_failover":[{}],"unhealthy_state_routing":[{}]}],"target_health_state":[{}]},"before_identity":{"arn":"arn:aws:elasticloadbalancing:us-east-2:815408489721:targetgroup/ssh-target/1099c874235ec5a6"},"after_identity":{"arn":"arn:aws:elasticloadbalancing:us-east-2:815408489721:targetgroup/ssh-target/1099c874235ec5a6"}}},{"address":"aws_lb_target_group.web_tg","mode":"managed","type":"aws_lb_target_group","name":"web_tg","provider_name":"registry.terraform.io/hashicorp/aws","change":{"actions":["no-op"],"before":{"arn":"arn:aws:elasticloadbalancing:us-east-2:815408489721:targetgroup/web-server-tg/c241aa4bb0ea3011","arn_suffix":"targetgroup/web-server-tg/c241aa4bb0ea3011","connection_termination":null,"deregistration_delay":"300","health_check":[{"enabled":true,"healthy_threshold":2,"interval":30,"matcher":"200","path":"/","port":"traffic-port","protocol":"HTTP","timeout":5,"unhealthy_threshold":5}],"id":"arn:aws:elasticloadbalancing:us-east-2:815408489721:targetgroup/web-server-tg/c241aa4bb0ea3011","ip_address_type":"ipv4","lambda_multi_value_headers_enabled":false,"load_balancer_arns":["arn:aws:elasticloadbalancing:us-east-2:815408489721:loadbalancer/app/web-server-alb/7677b1d6303bbb27"],"load_balancing_algorithm_type":"round_robin","load_balancing_anomaly_mitigation":"off","load_balancing_cross_zone_enabled":"use_load_balancer_configuration","name":"web-server-tg","name_prefix":"","port":80,"preserve_client_ip":null,"protocol":"HTTP","protocol_version":"HTTP1","proxy_protocol_v2":false,"region":"us-east-2","slow_start":0,"stickiness":[{"cookie_duration":86400,"cookie_name":"","enabled":false,"type":"lb_cookie"}],"tags":{},"tags_all":{},"target_failover":[{"on_deregistration":null,"on_unhealthy":null}],"target_group_health":[{"dns_failover":[{"minimum_healthy_targets_count":"1","minimum_healthy_targets_percentage":"off"}],"unhealthy_state_routing":[{"minimum_healthy_targets_count":1,"minimum_healthy_targets_percentage":"off"}]}],"target_health_state":[{"enable_unhealthy_connection_termination":null,"unhealthy_draining_interval":null}],"target_type":"instance","vpc_id":"vpc-0dca73f239e3b5e7d"},"after":{"arn":"arn:aws:elasticloadbalancing:us-east-2:815408489721:targetgroup/web-server-tg/c241aa4bb0ea3011","arn_suffix":"targetgroup/web-server-tg/c241aa4bb0ea3011","connection_termination":null,"deregistration_delay":"300","health_check":[{"enabled":true,"healthy_threshold":2,"interval":30,"matcher":"200","path":"/","port":"traffic-port","protocol":"HTTP","timeout":5,"unhealthy_threshold":5}],"id":"arn:aws:elasticloadbalancing:us-east-2:815408489721:targetgroup/web-server-tg/c241aa4bb0ea3011","ip_address_type":"ipv4","lambda_multi_value_headers_enabled":false,"load_balancer_arns":["arn:aws:elasticloadbalancing:us-east-2:815408489721:loadbalancer/app/web-server-alb/7677b1d6303bbb27"],"load_balancing_algorithm_type":"round_robin","load_balancing_anomaly_mitigation":"off","load_balancing_cross_zone_enabled":"use_load_balancer_configuration","name":"web-server-tg","name_prefix":"","port":80,"preserve_client_ip":null,"protocol":"HTTP","protocol_version":"HTTP1","proxy_protocol_v2":false,"region":"us-east-2","slow_start":0,"stickiness":[{"cookie_duration":86400,"cookie_name":"","enabled":false,"type":"lb_cookie"}],"tags":{},"tags_all":{},"target_failover":[{"on_deregistration":null,"on_unhealthy":null}],"target_group_health":[{"dns_failover":[{"minimum_healthy_targets_count":"1","minimum_healthy_targets_percentage":"off"}],"unhealthy_state_routing":[{"minimum_healthy_targets_count":1,"minimum_healthy_targets_percentage":"off"}]}],"target_health_state":[{"enable_unhealthy_connection_termination":null,"unhealthy_draining_interval":null}],"target_type":"instance","vpc_id":"vpc-0dca73f239e3b5e7d"},"after_unknown":{},"before_sensitive":{"health_check":[{}],"load_balancer_arns":[false],"stickiness":[{}],"tags":{},"tags_all":{},"target_failover":[{}],"target_group_health":[{"dns_failover":[{}],"unhealthy_state_routing":[{}]}],"target_health_state":[{}]},"after_sensitive":{"health_check":[{}],"load_balancer_arns":[false],"stickiness":[{}],"tags":{},"tags_all":{},"target_failover":[{}],"target_group_health":[{"dns_failover":[{}],"unhealthy_state_routing":[{}]}],"target_health_state":[{}]},"before_identity":{"arn":"arn:aws:elasticloadbalancing:us-east-2:815408489721:targetgroup/web-server-tg/c241aa4bb0ea3011"},"after_identity":{"arn":"arn:aws:elasticloadbalancing:us-east-2:815408489721:targetgroup/web-server-tg/c241aa4bb0ea3011"}}},{"address":"aws_lb_target_group_attachment.ssh_attachment_bastion","mode":"managed","type":"aws_lb_target_group_attachment","name":"ssh_attachment_bastion","provider_name":"registry.terraform.io/hashicorp/aws","change":{"actions":["no-op"],"before":{"availability_zone":null,"id":"arn:aws:elasticloadbalancing:us-east-2:815408489721:targetgroup/ssh-target/1099c874235ec5a6-2025122920133462650000000c","port":22,"region":"us-east-2","target_group_arn":"arn:aws:elasticloadbalancing:us-east-2:815408489721:targetgroup/ssh-target/1099c874235ec5a6","target_id":"i-00c6d473f5b1fe5b6"},"after":{"availability_zone":null,"id":"arn:aws:elasticloadbalancing:us-east-2:815408489721:targetgroup/ssh-target/1099c874235ec5a6-2025122920133462650000000c","port":22,"region":"us-east-2","target_group_arn":"arn:aws:elasticloadbalancing:us-east-2:815408489721:targetgroup/ssh-target/1099c874235ec5a6","target_id":"i-00c6d473f5b1fe5b6"},"after_unknown":{},"before_sensitive":{},"after_sensitive":{}}},{"address":"aws_nat_gateway.nat","mode":"managed","type":"aws_nat_gateway","name":"nat","provider_name":"registry.terraform.io/hashicorp/aws","change":{"actions":["no-op"],"before":{"allocation_id":"eipalloc-01ee5e42cf7fc4fb4","association_id":"eipassoc-016437751892b184f","connectivity_type":"public","id":"nat-0c4e3afc69b8f0046","network_interface_id":"eni-0af9cb1665bf41ac6","private_ip":"10.0.0.57","public_ip":"3.136.33.199","region":"us-east-2","secondary_allocation_ids":[],"secondary_private_ip_address_count":0,"secondary_private_ip_addresses":[],"subnet_id":"subnet-0d94d88880f9c195c","tags":{"Name":"victors_lab_nat"},"tags_all":{"Name":"victors_lab_nat"},"timeouts":null},"after":{"allocation_id":"eipalloc-01ee5e42cf7fc4fb4","association_id":"eipassoc-016437751892b184f","connectivity_type":"public","id":"nat-0c4e3afc69b8f0046","network_interface_id":"eni-0af9cb1665bf41ac6","private_ip":"10.0.0.57","public_ip":"3.136.33.199","region":"us-east-2","secondary_allocation_ids":[],"secondary_private_ip_address_count":0,"secondary_private_ip_addresses":[],"subnet_id":"subnet-0d94d88880f9c195c","tags":{"Name":"victors_lab_nat"},"tags_all":{"Name":"victors_lab_nat"},"timeouts":null},"after_unknown":{},"before_sensitive":{"secondary_allocation_ids":[],"secondary_private_ip_addresses":[],"tags":{},"tags_all":{}},"after_sensitive":{"secondary_allocation_ids":[],"secondary_private_ip_addresses":[],"tags":{},"tags_all":{}}}},{"address":"aws_route53_record.alb_cert_validation[\"crypto.sys-lab.xyz\"]","mode":"managed","type":"aws_route53_record","name":"alb_cert_validation","index":"crypto.sys-lab.xyz","provider_name":"registry.terraform.io/hashicorp/aws","change":{"actions":["no-op"],"before":{"alias":[],"allow_overwrite":null,"cidr_routing_policy":[],"failover_routing_policy":[],"fqdn":"_ca079edc6fa878b19ec5d5c5c9e4969d.crypto.sys-lab.xyz","geolocation_routing_policy":[],"geoproximity_routing_policy":[],"health_check_id":"","id":"Z01701153CPZZN6JNE61O__ca079edc6fa878b19ec5d5c5c9e4969d.crypto.sys-lab.xyz._CNAME","latency_routing_policy":[],"multivalue_answer_routing_policy":false,"name":"_ca079edc6fa878b19ec5d5c5c9e4969d.crypto.sys-lab.xyz","records":["_ba40e27644fe4164c49a558bc2d2e9aa.jkddzztszm.acm-validations.aws."],"set_identifier":"","timeouts":null,"ttl":60,"type":"CNAME","weighted_routing_policy":[],"zone_id":"Z01701153CPZZN6JNE61O"},"after":{"alias":[],"allow_overwrite":null,"cidr_routing_policy":[],"failover_routing_policy":[],"fqdn":"_ca079edc6fa878b19ec5d5c5c9e4969d.crypto.sys-lab.xyz","geolocation_routing_policy":[],"geoproximity_routing_policy":[],"health_check_id":"","id":"Z01701153CPZZN6JNE61O__ca079edc6fa878b19ec5d5c5c9e4969d.crypto.sys-lab.xyz._CNAME","latency_routing_policy":[],"multivalue_answer_routing_policy":false,"name":"_ca079edc6fa878b19ec5d5c5c9e4969d.crypto.sys-lab.xyz","records":["_ba40e27644fe4164c49a558bc2d2e9aa.jkddzztszm.acm-validations.aws."],"set_identifier":"","timeouts":null,"ttl":60,"type":"CNAME","weighted_routing_policy":[],"zone_id":"Z01701153CPZZN6JNE61O"},"after_unknown":{},"before_sensitive":{"alias":[],"cidr_routing_policy":[],"failover_routing_policy":[],"geolocation_routing_policy":[],"geoproximity_routing_policy":[],"latency_routing_policy":[],"records":[false],"weighted_routing_policy":[]},"after_sensitive":{"alias":[],"cidr_routing_policy":[],"failover_routing_policy":[],"geolocation_routing_policy":[],"geoproximity_routing_policy":[],"latency_routing_policy":[],"records":[false],"weighted_routing_policy":[]},"before_identity":{"account_id":"815408489721","name":"_ca079edc6fa878b19ec5d5c5c9e4969d.crypto.sys-lab.xyz","set_identifier":null,"type":"CNAME","zone_id":"Z01701153CPZZN6JNE61O"},"after_identity":{"account_id":"815408489721","name":"_ca079edc6fa878b19ec5d5c5c9e4969d.crypto.sys-lab.xyz","set_identifier":null,"type":"CNAME","zone_id":"Z01701153CPZZN6JNE61O"}}},{"address":"aws_route53_record.alb_dns","mode":"managed","type":"aws_route53_record","name":"alb_dns","provider_name":"registry.terraform.io/hashicorp/aws","change":{"actions":["no-op"],"before":{"alias":[{"evaluate_target_health":true,"name":"web-server-alb-1011333748.us-east-2.elb.amazonaws.com","zone_id":"Z3AADJGX6KTTL2"}],"allow_overwrite":null,"cidr_routing_policy":[],"failover_routing_policy":[],"fqdn":"crypto.sys-lab.xyz","geolocation_routing_policy":[],"geoproximity_routing_policy":[],"health_check_id":"","id":"Z01701153CPZZN6JNE61O_crypto.sys-lab.xyz_A","latency_routing_policy":[],"multivalue_answer_routing_policy":false,"name":"crypto.sys-lab.xyz","records":[],"set_identifier":"","timeouts":null,"ttl":0,"type":"A","weighted_routing_policy":[],"zone_id":"Z01701153CPZZN6JNE61O"},"after":{"alias":[{"evaluate_target_health":true,"name":"web-server-alb-1011333748.us-east-2.elb.amazonaws.com","zone_id":"Z3AADJGX6KTTL2"}],"allow_overwrite":null,"cidr_routing_policy":[],"failover_routing_policy":[],"fqdn":"crypto.sys-lab.xyz","geolocation_routing_policy":[],"geoproximity_routing_policy":[],"health_check_id":"","id":"Z01701153CPZZN6JNE61O_crypto.sys-lab.xyz_A","latency_routing_policy":[],"multivalue_answer_routing_policy":false,"name":"crypto.sys-lab.xyz","records":[],"set_identifier":"","timeouts":null,"ttl":0,"type":"A","weighted_routing_policy":[],"zone_id":"Z01701153CPZZN6JNE61O"},"after_unknown":{},"before_sensitive":{"alias":[{}],"cidr_routing_policy":[],"failover_routing_policy":[],"geolocation_routing_policy":[],"geoproximity_routing_policy":[],"latency_routing_policy":[],"records":[],"weighted_routing_policy":[]},"after_sensitive":{"alias":[{}],"cidr_routing_policy":[],"failover_routing_policy":[],"geolocation_routing_policy":[],"geoproximity_routing_policy":[],"latency_routing_policy":[],"records":[],"weighted_routing_policy":[]},"before_identity":{"account_id":"815408489721","name":"crypto.sys-lab.xyz","set_identifier":null,"type":"A","zone_id":"Z01701153CPZZN6JNE61O"},"after_identity":{"account_id":"815408489721","name":"crypto.sys-lab.xyz","set_identifier":null,"type":"A","zone_id":"Z01701153CPZZN6JNE61O"}}},{"address":"aws_route53_record.cloudfront_cert_validation[\"internet.sys-lab.xyz\"]","mode":"managed","type":"aws_route53_record","name":"cloudfront_cert_validation","index":"internet.sys-lab.xyz","provider_name":"registry.terraform.io/hashicorp/aws","change":{"actions":["no-op"],"before":{"alias":[],"allow_overwrite":null,"cidr_routing_policy":[],"failover_routing_policy":[],"fqdn":"_e5fa437e2c6f643361b7206dd38d4d8c.internet.sys-lab.xyz","geolocation_routing_policy":[],"geoproximity_routing_policy":[],"health_check_id":"","id":"Z01701153CPZZN6JNE61O__e5fa437e2c6f643361b7206dd38d4d8c.internet.sys-lab.xyz._CNAME","latency_routing_policy":[],"multivalue_answer_routing_policy":false,"name":"_e5fa437e2c6f643361b7206dd38d4d8c.internet.sys-lab.xyz","records":["_2e4f7aeaa237764a4958be71fd12bf04.jkddzztszm.acm-validations.aws."],"set_identifier":"","timeouts":null,"ttl":60,"type":"CNAME","weighted_routing_policy":[],"zone_id":"Z01701153CPZZN6JNE61O"},"after":{"alias":[],"allow_overwrite":null,"cidr_routing_policy":[],"failover_routing_policy":[],"fqdn":"_e5fa437e2c6f643361b7206dd38d4d8c.internet.sys-lab.xyz","geolocation_routing_policy":[],"geoproximity_routing_policy":[],"health_check_id":"","id":"Z01701153CPZZN6JNE61O__e5fa437e2c6f643361b7206dd38d4d8c.internet.sys-lab.xyz._CNAME","latency_routing_policy":[],"multivalue_answer_routing_policy":false,"name":"_e5fa437e2c6f643361b7206dd38d4d8c.internet.sys-lab.xyz","records":["_2e4f7aeaa237764a4958be71fd12bf04.jkddzztszm.acm-validations.aws."],"set_identifier":"","timeouts":null,"ttl":60,"type":"CNAME","weighted_routing_policy":[],"zone_id":"Z01701153CPZZN6JNE61O"},"after_unknown":{},"before_sensitive":{"alias":[],"cidr_routing_policy":[],"failover_routing_policy":[],"geolocation_routing_policy":[],"geoproximity_routing_policy":[],"latency_routing_policy":[],"records":[false],"weighted_routing_policy":[]},"after_sensitive":{"alias":[],"cidr_routing_policy":[],"failover_routing_policy":[],"geolocation_routing_policy":[],"geoproximity_routing_policy":[],"latency_routing_policy":[],"records":[false],"weighted_routing_policy":[]},"before_identity":{"account_id":"815408489721","name":"_e5fa437e2c6f643361b7206dd38d4d8c.internet.sys-lab.xyz","set_identifier":null,"type":"CNAME","zone_id":"Z01701153CPZZN6JNE61O"},"after_identity":{"account_id":"815408489721","name":"_e5fa437e2c6f643361b7206dd38d4d8c.internet.sys-lab.xyz","set_identifier":null,"type":"CNAME","zone_id":"Z01701153CPZZN6JNE61O"}}},{"address":"aws_route53_record.cloudfront_cert_validation[\"sys-lab.xyz\"]","mode":"managed","type":"aws_route53_record","name":"cloudfront_cert_validation","index":"sys-lab.xyz","provider_name":"registry.terraform.io/hashicorp/aws","change":{"actions":["no-op"],"before":{"alias":[],"allow_overwrite":null,"cidr_routing_policy":[],"failover_routing_policy":[],"fqdn":"_3dca63e2adbcd90c7e2b91d82b83a461.sys-lab.xyz","geolocation_routing_policy":[],"geoproximity_routing_policy":[],"health_check_id":"","id":"Z01701153CPZZN6JNE61O__3dca63e2adbcd90c7e2b91d82b83a461.sys-lab.xyz._CNAME","latency_routing_policy":[],"multivalue_answer_routing_policy":false,"name":"_3dca63e2adbcd90c7e2b91d82b83a461.sys-lab.xyz","records":["_0e5c062399b8bb1c1ee8a7f6539ecc75.jkddzztszm.acm-validations.aws."],"set_identifier":"","timeouts":null,"ttl":60,"type":"CNAME","weighted_routing_policy":[],"zone_id":"Z01701153CPZZN6JNE61O"},"after":{"alias":[],"allow_overwrite":null,"cidr_routing_policy":[],"failover_routing_policy":[],"fqdn":"_3dca63e2adbcd90c7e2b91d82b83a461.sys-lab.xyz","geolocation_routing_policy":[],"geoproximity_routing_policy":[],"health_check_id":"","id":"Z01701153CPZZN6JNE61O__3dca63e2adbcd90c7e2b91d82b83a461.sys-lab.xyz._CNAME","latency_routing_policy":[],"multivalue_answer_routing_policy":false,"name":"_3dca63e2adbcd90c7e2b91d82b83a461.sys-lab.xyz","records":["_0e5c062399b8bb1c1ee8a7f6539ecc75.jkddzztszm.acm-validations.aws."],"set_identifier":"","timeouts":null,"ttl":60,"type":"CNAME","weighted_routing_policy":[],"zone_id":"Z01701153CPZZN6JNE61O"},"after_unknown":{},"before_sensitive":{"alias":[],"cidr_routing_policy":[],"failover_routing_policy":[],"geolocation_routing_policy":[],"geoproximity_routing_policy":[],"latency_routing_policy":[],"records":[false],"weighted_routing_policy":[]},"after_sensitive":{"alias":[],"cidr_routing_policy":[],"failover_routing_policy":[],"geolocation_routing_policy":[],"geoproximity_routing_policy":[],"latency_routing_policy":[],"records":[false],"weighted_routing_policy":[]},"before_identity":{"account_id":"815408489721","name":"_3dca63e2adbcd90c7e2b91d82b83a461.sys-lab.xyz","set_identifier":null,"type":"CNAME","zone_id":"Z01701153CPZZN6JNE61O"},"after_identity":{"account_id":"815408489721","name":"_3dca63e2adbcd90c7e2b91d82b83a461.sys-lab.xyz","set_identifier":null,"type":"CNAME","zone_id":"Z01701153CPZZN6JNE61O"}}},{"address":"aws_route53_record.cloudfront_cert_validation[\"www.internet.sys-lab.xyz\"]","mode":"managed","type":"aws_route53_record","name":"cloudfront_cert_validation","index":"www.internet.sys-lab.xyz","provider_name":"registry.terraform.io/hashicorp/aws","change":{"actions":["no-op"],"before":{"alias":[],"allow_overwrite":null,"cidr_routing_policy":[],"failover_routing_policy":[],"fqdn":"_ff3ab42d63eade181f5885597ddfee1f.www.internet.sys-lab.xyz","geolocation_routing_policy":[],"geoproximity_routing_policy":[],"health_check_id":"","id":"Z01701153CPZZN6JNE61O__ff3ab42d63eade181f5885597ddfee1f.www.internet.sys-lab.xyz._CNAME","latency_routing_policy":[],"multivalue_answer_routing_policy":false,"name":"_ff3ab42d63eade181f5885597ddfee1f.www.internet.sys-lab.xyz","records":["_93f8dcbef448edf93bb7dd2b37b67fb3.jkddzztszm.acm-validations.aws."],"set_identifier":"","timeouts":null,"ttl":60,"type":"CNAME","weighted_routing_policy":[],"zone_id":"Z01701153CPZZN6JNE61O"},"after":{"alias":[],"allow_overwrite":null,"cidr_routing_policy":[],"failover_routing_policy":[],"fqdn":"_ff3ab42d63eade181f5885597ddfee1f.www.internet.sys-lab.xyz","geolocation_routing_policy":[],"geoproximity_routing_policy":[],"health_check_id":"","id":"Z01701153CPZZN6JNE61O__ff3ab42d63eade181f5885597ddfee1f.www.internet.sys-lab.xyz._CNAME","latency_routing_policy":[],"multivalue_answer_routing_policy":false,"name":"_ff3ab42d63eade181f5885597ddfee1f.www.internet.sys-lab.xyz","records":["_93f8dcbef448edf93bb7dd2b37b67fb3.jkddzztszm.acm-validations.aws."],"set_identifier":"","timeouts":null,"ttl":60,"type":"CNAME","weighted_routing_policy":[],"zone_id":"Z01701153CPZZN6JNE61O"},"after_unknown":{},"before_sensitive":{"alias":[],"cidr_routing_policy":[],"failover_routing_policy":[],"geolocation_routing_policy":[],"geoproximity_routing_policy":[],"latency_routing_policy":[],"records":[false],"weighted_routing_policy":[]},"after_sensitive":{"alias":[],"cidr_routing_policy":[],"failover_routing_policy":[],"geolocation_routing_policy":[],"geoproximity_routing_policy":[],"latency_routing_policy":[],"records":[false],"weighted_routing_policy":[]},"before_identity":{"account_id":"815408489721","name":"_ff3ab42d63eade181f5885597ddfee1f.www.internet.sys-lab.xyz","set_identifier":null,"type":"CNAME","zone_id":"Z01701153CPZZN6JNE61O"},"after_identity":{"account_id":"815408489721","name":"_ff3ab42d63eade181f5885597ddfee1f.www.internet.sys-lab.xyz","set_identifier":null,"type":"CNAME","zone_id":"Z01701153CPZZN6JNE61O"}}},{"address":"aws_route53_record.cloudfront_dns","mode":"managed","type":"aws_route53_record","name":"cloudfront_dns","provider_name":"registry.terraform.io/hashicorp/aws","change":{"actions":["no-op"],"before":{"alias":[{"evaluate_target_health":false,"name":"d3pf16f1x4nqrx.cloudfront.net","zone_id":"Z2FDTNDATAQYW2"}],"allow_overwrite":null,"cidr_routing_policy":[],"failover_routing_policy":[],"fqdn":"internet.sys-lab.xyz","geolocation_routing_policy":[],"geoproximity_routing_policy":[],"health_check_id":"","id":"Z01701153CPZZN6JNE61O_internet.sys-lab.xyz_A","latency_routing_policy":[],"multivalue_answer_routing_policy":false,"name":"internet.sys-lab.xyz","records":[],"set_identifier":"","timeouts":null,"ttl":0,"type":"A","weighted_routing_policy":[],"zone_id":"Z01701153CPZZN6JNE61O"},"after":{"alias":[{"evaluate_target_health":false,"name":"d3pf16f1x4nqrx.cloudfront.net","zone_id":"Z2FDTNDATAQYW2"}],"allow_overwrite":null,"cidr_routing_policy":[],"failover_routing_policy":[],"fqdn":"internet.sys-lab.xyz","geolocation_routing_policy":[],"geoproximity_routing_policy":[],"health_check_id":"","id":"Z01701153CPZZN6JNE61O_internet.sys-lab.xyz_A","latency_routing_policy":[],"multivalue_answer_routing_policy":false,"name":"internet.sys-lab.xyz","records":[],"set_identifier":"","timeouts":null,"ttl":0,"type":"A","weighted_routing_policy":[],"zone_id":"Z01701153CPZZN6JNE61O"},"after_unknown":{},"before_sensitive":{"alias":[{}],"cidr_routing_policy":[],"failover_routing_policy":[],"geolocation_routing_policy":[],"geoproximity_routing_policy":[],"latency_routing_policy":[],"records":[],"weighted_routing_policy":[]},"after_sensitive":{"alias":[{}],"cidr_routing_policy":[],"failover_routing_policy":[],"geolocation_routing_policy":[],"geoproximity_routing_policy":[],"latency_routing_policy":[],"records":[],"weighted_routing_policy":[]},"before_identity":{"account_id":"815408489721","name":"internet.sys-lab.xyz","set_identifier":null,"type":"A","zone_id":"Z01701153CPZZN6JNE61O"},"after_identity":{"account_id":"815408489721","name":"internet.sys-lab.xyz","set_identifier":null,"type":"A","zone_id":"Z01701153CPZZN6JNE61O"}}},{"address":"aws_route_table.private_rt","mode":"managed","type":"aws_route_table","name":"private_rt","provider_name":"registry.terraform.io/hashicorp/aws","change":{"actions":["no-op"],"before":{"arn":"arn:aws:ec2:us-east-2:815408489721:route-table/rtb-06f4e4cd5f3e3a57c","id":"rtb-06f4e4cd5f3e3a57c","owner_id":"815408489721","propagating_vgws":[],"region":"us-east-2","route":[{"carrier_gateway_id":"","cidr_block":"0.0.0.0/0","core_network_arn":"","destination_prefix_list_id":"","egress_only_gateway_id":"","gateway_id":"","ipv6_cidr_block":"","local_gateway_id":"","nat_gateway_id":"nat-0c4e3afc69b8f0046","network_interface_id":"","transit_gateway_id":"","vpc_endpoint_id":"","vpc_peering_connection_id":""}],"tags":{"Name":"private-rt"},"tags_all":{"Name":"private-rt"},"timeouts":null,"vpc_id":"vpc-0dca73f239e3b5e7d"},"after":{"arn":"arn:aws:ec2:us-east-2:815408489721:route-table/rtb-06f4e4cd5f3e3a57c","id":"rtb-06f4e4cd5f3e3a57c","owner_id":"815408489721","propagating_vgws":[],"region":"us-east-2","route":[{"carrier_gateway_id":"","cidr_block":"0.0.0.0/0","core_network_arn":"","destination_prefix_list_id":"","egress_only_gateway_id":"","gateway_id":"","ipv6_cidr_block":"","local_gateway_id":"","nat_gateway_id":"nat-0c4e3afc69b8f0046","network_interface_id":"","transit_gateway_id":"","vpc_endpoint_id":"","vpc_peering_connection_id":""}],"tags":{"Name":"private-rt"},"tags_all":{"Name":"private-rt"},"timeouts":null,"vpc_id":"vpc-0dca73f239e3b5e7d"},"after_unknown":{},"before_sensitive":{"propagating_vgws":[],"route":[{}],"tags":{},"tags_all":{}},"after_sensitive":{"propagating_vgws":[],"route":[{}],"tags":{},"tags_all":{}},"before_identity":{"account_id":"815408489721","id":"rtb-06f4e4cd5f3e3a57c","region":"us-east-2"},"after_identity":{"account_id":"815408489721","id":"rtb-06f4e4cd5f3e3a57c","region":"us-east-2"}}},{"address":"aws_route_table.public_rt","mode":"managed","type":"aws_route_table","name":"public_rt","provider_name":"registry.terraform.io/hashicorp/aws","change":{"actions":["no-op"],"before":{"arn":"arn:aws:ec2:us-east-2:815408489721:route-table/rtb-0fcea1bdbad2242fa","id":"rtb-0fcea1bdbad2242fa","owner_id":"815408489721","propagating_vgws":[],"region":"us-east-2","route":[{"carrier_gateway_id":"","cidr_block":"0.0.0.0/0","core_network_arn":"","destination_prefix_list_id":"","egress_only_gateway_id":"","gateway_id":"igw-00df441e9e8bdc2fc","ipv6_cidr_block":"","local_gateway_id":"","nat_gateway_id":"","network_interface_id":"","transit_gateway_id":"","vpc_endpoint_id":"","vpc_peering_connection_id":""}],"tags":{"Name":"public-rt"},"tags_all":{"Name":"public-rt"},"timeouts":null,"vpc_id":"vpc-0dca73f239e3b5e7d"},"after":{"arn":"arn:aws:ec2:us-east-2:815408489721:route-table/rtb-0fcea1bdbad2242fa","id":"rtb-0fcea1bdbad2242fa","owner_id":"815408489721","propagating_vgws":[],"region":"us-east-2","route":[{"carrier_gateway_id":"","cidr_block":"0.0.0.0/0","core_network_arn":"","destination_prefix_list_id":"","egress_only_gateway_id":"","gateway_id":"igw-00df441e9e8bdc2fc","ipv6_cidr_block":"","local_gateway_id":"","nat_gateway_id":"","network_interface_id":"","transit_gateway_id":"","vpc_endpoint_id":"","vpc_peering_connection_id":""}],"tags":{"Name":"public-rt"},"tags_all":{"Name":"public-rt"},"timeouts":null,"vpc_id":"vpc-0dca73f239e3b5e7d"},"after_unknown":{},"before_sensitive":{"propagating_vgws":[],"route":[{}],"tags":{},"tags_all":{}},"after_sensitive":{"propagating_vgws":[],"route":[{}],"tags":{},"tags_all":{}},"before_identity":{"account_id":"815408489721","id":"rtb-0fcea1bdbad2242fa","region":"us-east-2"},"after_identity":{"account_id":"815408489721","id":"rtb-0fcea1bdbad2242fa","region":"us-east-2"}}},{"address":"aws_route_table_association.private_2_assoc","mode":"managed","type":"aws_route_table_association","name":"private_2_assoc","provider_name":"registry.terraform.io/hashicorp/aws","change":{"actions":["no-op"],"before":{"gateway_id":"","id":"rtbassoc-058fbf13593beb5bf","region":"us-east-2","route_table_id":"rtb-06f4e4cd5f3e3a57c","subnet_id":"subnet-0f9f39a6e96426678","timeouts":null},"after":{"gateway_id":"","id":"rtbassoc-058fbf13593beb5bf","region":"us-east-2","route_table_id":"rtb-06f4e4cd5f3e3a57c","subnet_id":"subnet-0f9f39a6e96426678","timeouts":null},"after_unknown":{},"before_sensitive":{},"after_sensitive":{}}},{"address":"aws_route_table_association.private_3_assoc","mode":"managed","type":"aws_route_table_association","name":"private_3_assoc","provider_name":"registry.terraform.io/hashicorp/aws","change":{"actions":["no-op"],"before":{"gateway_id":"","id":"rtbassoc-0fdfe606d62dc725b","region":"us-east-2","route_table_id":"rtb-06f4e4cd5f3e3a57c","subnet_id":"subnet-0e7f636aeeb038f14","timeouts":null},"after":{"gateway_id":"","id":"rtbassoc-0fdfe606d62dc725b","region":"us-east-2","route_table_id":"rtb-06f4e4cd5f3e3a57c","subnet_id":"subnet-0e7f636aeeb038f14","timeouts":null},"after_unknown":{},"before_sensitive":{},"after_sensitive":{}}},{"address":"aws_route_table_association.private_assoc","mode":"managed","type":"aws_route_table_association","name":"private_assoc","provider_name":"registry.terraform.io/hashicorp/aws","change":{"actions":["no-op"],"before":{"gateway_id":"","id":"rtbassoc-043602e6e3e1e53ea","region":"us-east-2","route_table_id":"rtb-06f4e4cd5f3e3a57c","subnet_id":"subnet-0e83351c992742dd0","timeouts":null},"after":{"gateway_id":"","id":"rtbassoc-043602e6e3e1e53ea","region":"us-east-2","route_table_id":"rtb-06f4e4cd5f3e3a57c","subnet_id":"subnet-0e83351c992742dd0","timeouts":null},"after_unknown":{},"before_sensitive":{},"after_sensitive":{}}},{"address":"aws_route_table_association.public_2_assoc","mode":"managed","type":"aws_route_table_association","name":"public_2_assoc","provider_name":"registry.terraform.io/hashicorp/aws","change":{"actions":["no-op"],"before":{"gateway_id":"","id":"rtbassoc-058b1cba90912a3cd","region":"us-east-2","route_table_id":"rtb-0fcea1bdbad2242fa","subnet_id":"subnet-0a71ebea939640ad0","timeouts":null},"after":{"gateway_id":"","id":"rtbassoc-058b1cba90912a3cd","region":"us-east-2","route_table_id":"rtb-0fcea1bdbad2242fa","subnet_id":"subnet-0a71ebea939640ad0","timeouts":null},"after_unknown":{},"before_sensitive":{},"after_sensitive":{}}},{"address":"aws_route_table_association.public_3_assoc","mode":"managed","type":"aws_route_table_association","name":"public_3_assoc","provider_name":"registry.terraform.io/hashicorp/aws","change":{"actions":["no-op"],"before":{"gateway_id":"","id":"rtbassoc-08f9601a5016fad54","region":"us-east-2","route_table_id":"rtb-0fcea1bdbad2242fa","subnet_id":"subnet-00da800a0e2d9d641","timeouts":null},"after":{"gateway_id":"","id":"rtbassoc-08f9601a5016fad54","region":"us-east-2","route_table_id":"rtb-0fcea1bdbad2242fa","subnet_id":"subnet-00da800a0e2d9d641","timeouts":null},"after_unknown":{},"before_sensitive":{},"after_sensitive":{}}},{"address":"aws_route_table_association.public_assoc","mode":"managed","type":"aws_route_table_association","name":"public_assoc","provider_name":"registry.terraform.io/hashicorp/aws","change":{"actions":["no-op"],"before":{"gateway_id":"","id":"rtbassoc-0572cc0a43c5fb0c0","region":"us-east-2","route_table_id":"rtb-0fcea1bdbad2242fa","subnet_id":"subnet-0d94d88880f9c195c","timeouts":null},"after":{"gateway_id":"","id":"rtbassoc-0572cc0a43c5fb0c0","region":"us-east-2","route_table_id":"rtb-0fcea1bdbad2242fa","subnet_id":"subnet-0d94d88880f9c195c","timeouts":null},"after_unknown":{},"before_sensitive":{},"after_sensitive":{}}},{"address":"aws_s3_bucket.cloudfront_logs","mode":"managed","type":"aws_s3_bucket","name":"cloudfront_logs","provider_name":"registry.terraform.io/hashicorp/aws","change":{"actions":["no-op"],"before":{"acceleration_status":"","acl":null,"arn":"arn:aws:s3:::alexrachok-cloudfront-logs","bucket":"alexrachok-cloudfront-logs","bucket_domain_name":"alexrachok-cloudfront-logs.s3.amazonaws.com","bucket_prefix":"","bucket_region":"us-east-2","bucket_regional_domain_name":"alexrachok-cloudfront-logs.s3.us-east-2.amazonaws.com","cors_rule":[],"force_destroy":false,"grant":[{"id":"216139b4b34298aeeb030691a880dfdd536e3fc9c9b158c739b40b82d55406b8","permissions":["FULL_CONTROL"],"type":"CanonicalUser","uri":""},{"id":"c4c1ede66af53448b93c283ce9448c4ba468c9432aa01d700d3878632f77d2d0","permissions":["FULL_CONTROL"],"type":"CanonicalUser","uri":""}],"hosted_zone_id":"Z2O1EMRO9K5GLX","id":"alexrachok-cloudfront-logs","lifecycle_rule":[],"logging":[],"object_lock_configuration":[],"object_lock_enabled":false,"policy":"","region":"us-east-2","replication_configuration":[],"request_payer":"BucketOwner","server_side_encryption_configuration":[{"rule":[{"apply_server_side_encryption_by_default":[{"kms_master_key_id":"","sse_algorithm":"AES256"}],"bucket_key_enabled":false}]}],"tags":{"Name":"cloudfront-access-logs"},"tags_all":{"Name":"cloudfront-access-logs"},"timeouts":null,"versioning":[{"enabled":false,"mfa_delete":false}],"website":[],"website_domain":null,"website_endpoint":null},"after":{"acceleration_status":"","acl":null,"arn":"arn:aws:s3:::alexrachok-cloudfront-logs","bucket":"alexrachok-cloudfront-logs","bucket_domain_name":"alexrachok-cloudfront-logs.s3.amazonaws.com","bucket_prefix":"","bucket_region":"us-east-2","bucket_regional_domain_name":"alexrachok-cloudfront-logs.s3.us-east-2.amazonaws.com","cors_rule":[],"force_destroy":false,"grant":[{"id":"216139b4b34298aeeb030691a880dfdd536e3fc9c9b158c739b40b82d55406b8","permissions":["FULL_CONTROL"],"type":"CanonicalUser","uri":""},{"id":"c4c1ede66af53448b93c283ce9448c4ba468c9432aa01d700d3878632f77d2d0","permissions":["FULL_CONTROL"],"type":"CanonicalUser","uri":""}],"hosted_zone_id":"Z2O1EMRO9K5GLX","id":"alexrachok-cloudfront-logs","lifecycle_rule":[],"logging":[],"object_lock_configuration":[],"object_lock_enabled":false,"policy":"","region":"us-east-2","replication_configuration":[],"request_payer":"BucketOwner","server_side_encryption_configuration":[{"rule":[{"apply_server_side_encryption_by_default":[{"kms_master_key_id":"","sse_algorithm":"AES256"}],"bucket_key_enabled":false}]}],"tags":{"Name":"cloudfront-access-logs"},"tags_all":{"Name":"cloudfront-access-logs"},"timeouts":null,"versioning":[{"enabled":false,"mfa_delete":false}],"website":[],"website_domain":null,"website_endpoint":null},"after_unknown":{},"before_sensitive":{"cors_rule":[],"grant":[{"permissions":[false]},{"permissions":[false]}],"lifecycle_rule":[],"logging":[],"object_lock_configuration":[],"replication_configuration":[],"server_side_encryption_configuration":[{"rule":[{"apply_server_side_encryption_by_default":[{}]}]}],"tags":{},"tags_all":{},"versioning":[{}],"website":[]},"after_sensitive":{"cors_rule":[],"grant":[{"permissions":[false]},{"permissions":[false]}],"lifecycle_rule":[],"logging":[],"object_lock_configuration":[],"replication_configuration":[],"server_side_encryption_configuration":[{"rule":[{"apply_server_side_encryption_by_default":[{}]}]}],"tags":{},"tags_all":{},"versioning":[{}],"website":[]},"before_identity":{"account_id":"815408489721","bucket":"alexrachok-cloudfront-logs","region":"us-east-2"},"after_identity":{"account_id":"815408489721","bucket":"alexrachok-cloudfront-logs","region":"us-east-2"}}},{"address":"aws_s3_bucket.static_web_site_bucket","mode":"managed","type":"aws_s3_bucket","name":"static_web_site_bucket","provider_name":"registry.terraform.io/hashicorp/aws","change":{"actions":["no-op"],"before":{"acceleration_status":"","acl":null,"arn":"arn:aws:s3:::alexrachok-terraform-web-site-static-content","bucket":"alexrachok-terraform-web-site-static-content","bucket_domain_name":"alexrachok-terraform-web-site-static-content.s3.amazonaws.com","bucket_prefix":"","bucket_region":"us-east-2","bucket_regional_domain_name":"alexrachok-terraform-web-site-static-content.s3.us-east-2.amazonaws.com","cors_rule":[],"force_destroy":false,"grant":[{"id":"216139b4b34298aeeb030691a880dfdd536e3fc9c9b158c739b40b82d55406b8","permissions":["FULL_CONTROL"],"type":"CanonicalUser","uri":""}],"hosted_zone_id":"Z2O1EMRO9K5GLX","id":"alexrachok-terraform-web-site-static-content","lifecycle_rule":[],"logging":[],"object_lock_configuration":[],"object_lock_enabled":false,"policy":"{\"Statement\":[{\"Action\":\"s3:GetObject\",\"Condition\":{\"StringEquals\":{\"AWS:SourceArn\":\"arn:aws:cloudfront::815408489721:distribution/E1M9VOWSRDD4I3\"}},\"Effect\":\"Allow\",\"Principal\":{\"Service\":\"cloudfront.amazonaws.com\"},\"Resource\":\"arn:aws:s3:::alexrachok-terraform-web-site-static-content/*\",\"Sid\":\"AllowCloudFrontRead\"}],\"Version\":\"2012-10-17\"}","region":"us-east-2","replication_configuration":[],"request_payer":"BucketOwner","server_side_encryption_configuration":[{"rule":[{"apply_server_side_encryption_by_default":[{"kms_master_key_id":"","sse_algorithm":"AES256"}],"bucket_key_enabled":false}]}],"tags":{"Name":"Static web site content"},"tags_all":{"Name":"Static web site content"},"timeouts":null,"versioning":[{"enabled":false,"mfa_delete":false}],"website":[],"website_domain":null,"website_endpoint":null},"after":{"acceleration_status":"","acl":null,"arn":"arn:aws:s3:::alexrachok-terraform-web-site-static-content","bucket":"alexrachok-terraform-web-site-static-content","bucket_domain_name":"alexrachok-terraform-web-site-static-content.s3.amazonaws.com","bucket_prefix":"","bucket_region":"us-east-2","bucket_regional_domain_name":"alexrachok-terraform-web-site-static-content.s3.us-east-2.amazonaws.com","cors_rule":[],"force_destroy":false,"grant":[{"id":"216139b4b34298aeeb030691a880dfdd536e3fc9c9b158c739b40b82d55406b8","permissions":["FULL_CONTROL"],"type":"CanonicalUser","uri":""}],"hosted_zone_id":"Z2O1EMRO9K5GLX","id":"alexrachok-terraform-web-site-static-content","lifecycle_rule":[],"logging":[],"object_lock_configuration":[],"object_lock_enabled":false,"policy":"{\"Statement\":[{\"Action\":\"s3:GetObject\",\"Condition\":{\"StringEquals\":{\"AWS:SourceArn\":\"arn:aws:cloudfront::815408489721:distribution/E1M9VOWSRDD4I3\"}},\"Effect\":\"Allow\",\"Principal\":{\"Service\":\"cloudfront.amazonaws.com\"},\"Resource\":\"arn:aws:s3:::alexrachok-terraform-web-site-static-content/*\",\"Sid\":\"AllowCloudFrontRead\"}],\"Version\":\"2012-10-17\"}","region":"us-east-2","replication_configuration":[],"request_payer":"BucketOwner","server_side_encryption_configuration":[{"rule":[{"apply_server_side_encryption_by_default":[{"kms_master_key_id":"","sse_algorithm":"AES256"}],"bucket_key_enabled":false}]}],"tags":{"Name":"Static web site content"},"tags_all":{"Name":"Static web site content"},"timeouts":null,"versioning":[{"enabled":false,"mfa_delete":false}],"website":[],"website_domain":null,"website_endpoint":null},"after_unknown":{},"before_sensitive":{"cors_rule":[],"grant":[{"permissions":[false]}],"lifecycle_rule":[],"logging":[],"object_lock_configuration":[],"replication_configuration":[],"server_side_encryption_configuration":[{"rule":[{"apply_server_side_encryption_by_default":[{}]}]}],"tags":{},"tags_all":{},"versioning":[{}],"website":[]},"after_sensitive":{"cors_rule":[],"grant":[{"permissions":[false]}],"lifecycle_rule":[],"logging":[],"object_lock_configuration":[],"replication_configuration":[],"server_side_encryption_configuration":[{"rule":[{"apply_server_side_encryption_by_default":[{}]}]}],"tags":{},"tags_all":{},"versioning":[{}],"website":[]},"before_identity":{"account_id":"815408489721","bucket":"alexrachok-terraform-web-site-static-content","region":"us-east-2"},"after_identity":{"account_id":"815408489721","bucket":"alexrachok-terraform-web-site-static-content","region":"us-east-2"}}},{"address":"aws_s3_bucket_ownership_controls.cloudfront_logs","mode":"managed","type":"aws_s3_bucket_ownership_controls","name":"cloudfront_logs","provider_name":"registry.terraform.io/hashicorp/aws","change":{"actions":["no-op"],"before":{"bucket":"alexrachok-cloudfront-logs","id":"alexrachok-cloudfront-logs","region":"us-east-2","rule":[{"object_ownership":"ObjectWriter"}]},"after":{"bucket":"alexrachok-cloudfront-logs","id":"alexrachok-cloudfront-logs","region":"us-east-2","rule":[{"object_ownership":"ObjectWriter"}]},"after_unknown":{},"before_sensitive":{"rule":[{}]},"after_sensitive":{"rule":[{}]},"before_identity":{"account_id":"815408489721","bucket":"alexrachok-cloudfront-logs","region":"us-east-2"},"after_identity":{"account_id":"815408489721","bucket":"alexrachok-cloudfront-logs","region":"us-east-2"}}},{"address":"aws_s3_bucket_ownership_controls.s3_ownership_controls","mode":"managed","type":"aws_s3_bucket_ownership_controls","name":"s3_ownership_controls","provider_name":"registry.terraform.io/hashicorp/aws","change":{"actions":["no-op"],"before":{"bucket":"alexrachok-terraform-web-site-static-content","id":"alexrachok-terraform-web-site-static-content","region":"us-east-2","rule":[{"object_ownership":"BucketOwnerEnforced"}]},"after":{"bucket":"alexrachok-terraform-web-site-static-content","id":"alexrachok-terraform-web-site-static-content","region":"us-east-2","rule":[{"object_ownership":"BucketOwnerEnforced"}]},"after_unknown":{},"before_sensitive":{"rule":[{}]},"after_sensitive":{"rule":[{}]},"before_identity":{"account_id":"815408489721","bucket":"alexrachok-terraform-web-site-static-content","region":"us-east-2"},"after_identity":{"account_id":"815408489721","bucket":"alexrachok-terraform-web-site-static-content","region":"us-east-2"}}},{"address":"aws_s3_bucket_policy.bucket_policy","mode":"managed","type":"aws_s3_bucket_policy","name":"bucket_policy","provider_name":"registry.terraform.io/hashicorp/aws","change":{"actions":["no-op"],"before":{"bucket":"alexrachok-terraform-web-site-static-content","id":"alexrachok-terraform-web-site-static-content","policy":"{\"Statement\":[{\"Action\":[\"s3:GetObject\"],\"Condition\":{\"StringEquals\":{\"AWS:SourceArn\":\"arn:aws:cloudfront::815408489721:distribution/E1M9VOWSRDD4I3\"}},\"Effect\":\"Allow\",\"Principal\":{\"Service\":\"cloudfront.amazonaws.com\"},\"Resource\":\"arn:aws:s3:::alexrachok-terraform-web-site-static-content/*\",\"Sid\":\"AllowCloudFrontRead\"}],\"Version\":\"2012-10-17\"}","region":"us-east-2"},"after":{"bucket":"alexrachok-terraform-web-site-static-content","id":"alexrachok-terraform-web-site-static-content","policy":"{\"Statement\":[{\"Action\":[\"s3:GetObject\"],\"Condition\":{\"StringEquals\":{\"AWS:SourceArn\":\"arn:aws:cloudfront::815408489721:distribution/E1M9VOWSRDD4I3\"}},\"Effect\":\"Allow\",\"Principal\":{\"Service\":\"cloudfront.amazonaws.com\"},\"Resource\":\"arn:aws:s3:::alexrachok-terraform-web-site-static-content/*\",\"Sid\":\"AllowCloudFrontRead\"}],\"Version\":\"2012-10-17\"}","region":"us-east-2"},"after_unknown":{},"before_sensitive":{},"after_sensitive":{},"before_identity":{"account_id":"815408489721","bucket":"alexrachok-terraform-web-site-static-content","region":"us-east-2"},"after_identity":{"account_id":"815408489721","bucket":"alexrachok-terraform-web-site-static-content","region":"us-east-2"}}},{"address":"aws_s3_bucket_public_access_block.cloudfront_logs","mode":"managed","type":"aws_s3_bucket_public_access_block","name":"cloudfront_logs","provider_name":"registry.terraform.io/hashicorp/aws","change":{"actions":["no-op"],"before":{"block_public_acls":false,"block_public_policy":true,"bucket":"alexrachok-cloudfront-logs","id":"alexrachok-cloudfront-logs","ignore_public_acls":false,"region":"us-east-2","restrict_public_buckets":true,"skip_destroy":null},"after":{"block_public_acls":false,"block_public_policy":true,"bucket":"alexrachok-cloudfront-logs","id":"alexrachok-cloudfront-logs","ignore_public_acls":false,"region":"us-east-2","restrict_public_buckets":true,"skip_destroy":null},"after_unknown":{},"before_sensitive":{},"after_sensitive":{},"before_identity":{"account_id":"815408489721","bucket":"alexrachok-cloudfront-logs","region":"us-east-2"},"after_identity":{"account_id":"815408489721","bucket":"alexrachok-cloudfront-logs","region":"us-east-2"}}},{"address":"aws_s3_bucket_public_access_block.s3_block_public_access","mode":"managed","type":"aws_s3_bucket_public_access_block","name":"s3_block_public_access","provider_name":"registry.terraform.io/hashicorp/aws","change":{"actions":["no-op"],"before":{"block_public_acls":true,"block_public_policy":true,"bucket":"alexrachok-terraform-web-site-static-content","id":"alexrachok-terraform-web-site-static-content","ignore_public_acls":true,"region":"us-east-2","restrict_public_buckets":true,"skip_destroy":null},"after":{"block_public_acls":true,"block_public_policy":true,"bucket":"alexrachok-terraform-web-site-static-content","id":"alexrachok-terraform-web-site-static-content","ignore_public_acls":true,"region":"us-east-2","restrict_public_buckets":true,"skip_destroy":null},"after_unknown":{},"before_sensitive":{},"after_sensitive":{},"before_identity":{"account_id":"815408489721","bucket":"alexrachok-terraform-web-site-static-content","region":"us-east-2"},"after_identity":{"account_id":"815408489721","bucket":"alexrachok-terraform-web-site-static-content","region":"us-east-2"}}},{"address":"aws_s3_object.crypto_updater_script","mode":"managed","type":"aws_s3_object","name":"crypto_updater_script","provider_name":"registry.terraform.io/hashicorp/aws","change":{"actions":["no-op"],"before":{"acl":null,"arn":"arn:aws:s3:::alexrachok-terraform-web-site-static-content/web_site2/crypto_updater.py","bucket":"alexrachok-terraform-web-site-static-content","bucket_key_enabled":false,"cache_control":"","checksum_algorithm":null,"checksum_crc32":"","checksum_crc32c":"","checksum_crc64nvme":"","checksum_sha1":"","checksum_sha256":"","content":null,"content_base64":null,"content_disposition":"","content_encoding":"","content_language":"","content_type":"application/octet-stream","etag":"aac246edd9cff23db676f5b23cb5a201","force_destroy":false,"id":"alexrachok-terraform-web-site-static-content/web_site2/crypto_updater.py","key":"web_site2/crypto_updater.py","kms_key_id":null,"metadata":{},"object_lock_legal_hold_status":"","object_lock_mode":"","object_lock_retain_until_date":"","override_provider":[],"region":"us-east-2","server_side_encryption":"AES256","source":"www_site2/crypto_updater.py","source_hash":null,"storage_class":"STANDARD","tags":{},"tags_all":{},"version_id":"","website_redirect":""},"after":{"acl":null,"arn":"arn:aws:s3:::alexrachok-terraform-web-site-static-content/web_site2/crypto_updater.py","bucket":"alexrachok-terraform-web-site-static-content","bucket_key_enabled":false,"cache_control":"","checksum_algorithm":null,"checksum_crc32":"","checksum_crc32c":"","checksum_crc64nvme":"","checksum_sha1":"","checksum_sha256":"","content":null,"content_base64":null,"content_disposition":"","content_encoding":"","content_language":"","content_type":"application/octet-stream","etag":"aac246edd9cff23db676f5b23cb5a201","force_destroy":false,"id":"alexrachok-terraform-web-site-static-content/web_site2/crypto_updater.py","key":"web_site2/crypto_updater.py","kms_key_id":null,"metadata":{},"object_lock_legal_hold_status":"","object_lock_mode":"","object_lock_retain_until_date":"","override_provider":[],"region":"us-east-2","server_side_encryption":"AES256","source":"www_site2/crypto_updater.py","source_hash":null,"storage_class":"STANDARD","tags":{},"tags_all":{},"version_id":"","website_redirect":""},"after_unknown":{},"before_sensitive":{"metadata":{},"override_provider":[],"tags":{},"tags_all":{}},"after_sensitive":{"metadata":{},"override_provider":[],"tags":{},"tags_all":{}},"before_identity":{"account_id":"815408489721","bucket":"alexrachok-terraform-web-site-static-content","key":"web_site2/crypto_updater.py","region":"us-east-2"},"after_identity":{"account_id":"815408489721","bucket":"alexrachok-terraform-web-site-static-content","key":"web_site2/crypto_updater.py","region":"us-east-2"}}},{"address":"aws_s3_object.db_backup","mode":"managed","type":"aws_s3_object","name":"db_backup","provider_name":"registry.terraform.io/hashicorp/aws","change":{"actions":["no-op"],"before":{"acl":null,"arn":"arn:aws:s3:::alexrachok-terraform-web-site-static-content/web_site2/db_backup.dump","bucket":"alexrachok-terraform-web-site-static-content","bucket_key_enabled":false,"cache_control":"","checksum_algorithm":null,"checksum_crc32":"","checksum_crc32c":"","checksum_crc64nvme":"","checksum_sha1":"","checksum_sha256":"","content":null,"content_base64":null,"content_disposition":"","content_encoding":"","content_language":"","content_type":"application/octet-stream","etag":"29430cbd66cfe2078d9e46e45065087b","force_destroy":false,"id":"alexrachok-terraform-web-site-static-content/web_site2/db_backup.dump","key":"web_site2/db_backup.dump","kms_key_id":null,"metadata":{},"object_lock_legal_hold_status":"","object_lock_mode":"","object_lock_retain_until_date":"","override_provider":[],"region":"us-east-2","server_side_encryption":"AES256","source":"www_site2/my_backup.dump","source_hash":null,"storage_class":"STANDARD","tags":{},"tags_all":{},"version_id":"","website_redirect":""},"after":{"acl":null,"arn":"arn:aws:s3:::alexrachok-terraform-web-site-static-content/web_site2/db_backup.dump","bucket":"alexrachok-terraform-web-site-static-content","bucket_key_enabled":false,"cache_control":"","checksum_algorithm":null,"checksum_crc32":"","checksum_crc32c":"","checksum_crc64nvme":"","checksum_sha1":"","checksum_sha256":"","content":null,"content_base64":null,"content_disposition":"","content_encoding":"","content_language":"","content_type":"application/octet-stream","etag":"29430cbd66cfe2078d9e46e45065087b","force_destroy":false,"id":"alexrachok-terraform-web-site-static-content/web_site2/db_backup.dump","key":"web_site2/db_backup.dump","kms_key_id":null,"metadata":{},"object_lock_legal_hold_status":"","object_lock_mode":"","object_lock_retain_until_date":"","override_provider":[],"region":"us-east-2","server_side_encryption":"AES256","source":"www_site2/my_backup.dump","source_hash":null,"storage_class":"STANDARD","tags":{},"tags_all":{},"version_id":"","website_redirect":""},"after_unknown":{},"before_sensitive":{"metadata":{},"override_provider":[],"tags":{},"tags_all":{}},"after_sensitive":{"metadata":{},"override_provider":[],"tags":{},"tags_all":{}},"before_identity":{"account_id":"815408489721","bucket":"alexrachok-terraform-web-site-static-content","key":"web_site2/db_backup.dump","region":"us-east-2"},"after_identity":{"account_id":"815408489721","bucket":"alexrachok-terraform-web-site-static-content","key":"web_site2/db_backup.dump","region":"us-east-2"}}},{"address":"aws_s3_object.healthcheck_script","mode":"managed","type":"aws_s3_object","name":"healthcheck_script","provider_name":"registry.terraform.io/hashicorp/aws","change":{"actions":["no-op"],"before":{"acl":null,"arn":"arn:aws:s3:::alexrachok-terraform-web-site-static-content/web_site2/healthcheck_init.sh","bucket":"alexrachok-terraform-web-site-static-content","bucket_key_enabled":false,"cache_control":"","checksum_algorithm":null,"checksum_crc32":"","checksum_crc32c":"","checksum_crc64nvme":"","checksum_sha1":"","checksum_sha256":"","content":null,"content_base64":null,"content_disposition":"","content_encoding":"","content_language":"","content_type":"application/octet-stream","etag":"ec60a60594dc342505c5cc346a4d8b69","force_destroy":false,"id":"alexrachok-terraform-web-site-static-content/web_site2/healthcheck_init.sh","key":"web_site2/healthcheck_init.sh","kms_key_id":null,"metadata":{},"object_lock_legal_hold_status":"","object_lock_mode":"","object_lock_retain_until_date":"","override_provider":[],"region":"us-east-2","server_side_encryption":"AES256","source":"www_site2/healthcheck_init.sh","source_hash":null,"storage_class":"STANDARD","tags":{},"tags_all":{},"version_id":"","website_redirect":""},"after":{"acl":null,"arn":"arn:aws:s3:::alexrachok-terraform-web-site-static-content/web_site2/healthcheck_init.sh","bucket":"alexrachok-terraform-web-site-static-content","bucket_key_enabled":false,"cache_control":"","checksum_algorithm":null,"checksum_crc32":"","checksum_crc32c":"","checksum_crc64nvme":"","checksum_sha1":"","checksum_sha256":"","content":null,"content_base64":null,"content_disposition":"","content_encoding":"","content_language":"","content_type":"application/octet-stream","etag":"ec60a60594dc342505c5cc346a4d8b69","force_destroy":false,"id":"alexrachok-terraform-web-site-static-content/web_site2/healthcheck_init.sh","key":"web_site2/healthcheck_init.sh","kms_key_id":null,"metadata":{},"object_lock_legal_hold_status":"","object_lock_mode":"","object_lock_retain_until_date":"","override_provider":[],"region":"us-east-2","server_side_encryption":"AES256","source":"www_site2/healthcheck_init.sh","source_hash":null,"storage_class":"STANDARD","tags":{},"tags_all":{},"version_id":"","website_redirect":""},"after_unknown":{},"before_sensitive":{"metadata":{},"override_provider":[],"tags":{},"tags_all":{}},"after_sensitive":{"metadata":{},"override_provider":[],"tags":{},"tags_all":{}},"before_identity":{"account_id":"815408489721","bucket":"alexrachok-terraform-web-site-static-content","key":"web_site2/healthcheck_init.sh","region":"us-east-2"},"after_identity":{"account_id":"815408489721","bucket":"alexrachok-terraform-web-site-static-content","key":"web_site2/healthcheck_init.sh","region":"us-east-2"}}},{"address":"aws_s3_object.index","mode":"managed","type":"aws_s3_object","name":"index","provider_name":"registry.terraform.io/hashicorp/aws","change":{"actions":["no-op"],"before":{"acl":null,"arn":"arn:aws:s3:::alexrachok-terraform-web-site-static-content/index.html","bucket":"alexrachok-terraform-web-site-static-content","bucket_key_enabled":false,"cache_control":"","checksum_algorithm":null,"checksum_crc32":"","checksum_crc32c":"","checksum_crc64nvme":"","checksum_sha1":"","checksum_sha256":"","content":"\u003c!DOCTYPE html\u003e\n\u003chtml lang=\"en\"\u003e\n\u003chead\u003e\n  \u003cmeta charset=\"UTF-8\" /\u003e\n  \u003cmeta name=\"viewport\" content=\"width=device-width, initial-scale=1.0\" /\u003e\n  \u003ctitle\u003eWelcome to My AWS Static Website\u003c/title\u003e\n\n  \u003cstyle\u003e\n    body {\n      font-family: Arial, sans-serif;\n      background: #f4f4f4;\n      color: #333;\n      margin: 0;\n      padding: 40px;\n      text-align: center;\n    }\n\n    .container {\n      background: white;\n      padding: 30px;\n      border-radius: 12px;\n      max-width: 600px;\n      margin: auto;\n      box-shadow: 0 4px 10px rgba(0,0,0,0.1);\n    }\n\n    img {\n      max-width: 100%;\n      border-radius: 8px;\n      margin-top: 20px;\n    }\n  \u003c/style\u003e\n\u003c/head\u003e\n\u003cbody\u003e\n\n  \u003cdiv class=\"container\"\u003e\n    \u003ch1\u003eWelcome to My AWS Static Website!\u003c/h1\u003e\n    \u003cp\u003eThis page is deployed using Terraform → S3 → CloudFront.\u003c/p\u003e\n\n    \u003cimg src=\"https://d3pf16f1x4nqrx.cloudfront.net/web_site1/images/test_site_image.jpg\" alt=\"Test Image\" /\u003e\n  \u003c/div\u003e\n\n\u003c/body\u003e\n\u003c/html\u003e","content_base64":null,"content_disposition":"","content_encoding":"","content_language":"","content_type":"text/html","etag":"f3d74e94f4e13d5d53730839660b7ae5","force_destroy":false,"id":"alexrachok-terraform-web-site-static-content/index.html","key":"index.html","kms_key_id":null,"metadata":{},"object_lock_legal_hold_status":"","object_lock_mode":"","object_lock_retain_until_date":"","override_provider":[],"region":"us-east-2","server_side_encryption":"AES256","source":null,"source_hash":null,"storage_class":"STANDARD","tags":{},"tags_all":{},"version_id":"","website_redirect":""},"after":{"acl":null,"arn":"arn:aws:s3:::alexrachok-terraform-web-site-static-content/index.html","bucket":"alexrachok-terraform-web-site-static-content","bucket_key_enabled":false,"cache_control":"","checksum_algorithm":null,"checksum_crc32":"","checksum_crc32c":"","checksum_crc64nvme":"","checksum_sha1":"","checksum_sha256":"","content":"\u003c!DOCTYPE html\u003e\n\u003chtml lang=\"en\"\u003e\n\u003chead\u003e\n  \u003cmeta charset=\"UTF-8\" /\u003e\n  \u003cmeta name=\"viewport\" content=\"width=device-width, initial-scale=1.0\" /\u003e\n  \u003ctitle\u003eWelcome to My AWS Static Website\u003c/title\u003e\n\n  \u003cstyle\u003e\n    body {\n      font-family: Arial, sans-serif;\n      background: #f4f4f4;\n      color: #333;\n      margin: 0;\n      padding: 40px;\n      text-align: center;\n    }\n\n    .container {\n      background: white;\n      padding: 30px;\n      border-radius: 12px;\n      max-width: 600px;\n      margin: auto;\n      box-shadow: 0 4px 10px rgba(0,0,0,0.1);\n    }\n\n    img {\n      max-width: 100%;\n      border-radius: 8px;\n      margin-top: 20px;\n    }\n  \u003c/style\u003e\n\u003c/head\u003e\n\u003cbody\u003e\n\n  \u003cdiv class=\"container\"\u003e\n    \u003ch1\u003eWelcome to My AWS Static Website!\u003c/h1\u003e\n    \u003cp\u003eThis page is deployed using Terraform → S3 → CloudFront.\u003c/p\u003e\n\n    \u003cimg src=\"https://d3pf16f1x4nqrx.cloudfront.net/web_site1/images/test_site_image.jpg\" alt=\"Test Image\" /\u003e\n  \u003c/div\u003e\n\n\u003c/body\u003e\n\u003c/html\u003e","content_base64":null,"content_disposition":"","content_encoding":"","content_language":"","content_type":"text/html","etag":"f3d74e94f4e13d5d53730839660b7ae5","force_destroy":false,"id":"alexrachok-terraform-web-site-static-content/index.html","key":"index.html","kms_key_id":null,"metadata":{},"object_lock_legal_hold_status":"","object_lock_mode":"","object_lock_retain_until_date":"","override_provider":[],"region":"us-east-2","server_side_encryption":"AES256","source":null,"source_hash":null,"storage_class":"STANDARD","tags":{},"tags_all":{},"version_id":"","website_redirect":""},"after_unknown":{},"before_sensitive":{"metadata":{},"override_provider":[],"tags":{},"tags_all":{}},"after_sensitive":{"metadata":{},"override_provider":[],"tags":{},"tags_all":{}},"before_identity":{"account_id":"815408489721","bucket":"alexrachok-terraform-web-site-static-content","key":"index.html","region":"us-east-2"},"after_identity":{"account_id":"815408489721","bucket":"alexrachok-terraform-web-site-static-content","key":"index.html","region":"us-east-2"}}},{"address":"aws_s3_object.lambda_function_zip","mode":"managed","type":"aws_s3_object","name":"lambda_function_zip","provider_name":"registry.terraform.io/hashicorp/aws","change":{"actions":["no-op"],"before":{"acl":null,"arn":"arn:aws:s3:::alexrachok-terraform-web-site-static-content/lambda/functions/crypto_updater.zip","bucket":"alexrachok-terraform-web-site-static-content","bucket_key_enabled":false,"cache_control":"","checksum_algorithm":null,"checksum_crc32":"","checksum_crc32c":"","checksum_crc64nvme":"","checksum_sha1":"","checksum_sha256":"","content":null,"content_base64":null,"content_disposition":"","content_encoding":"","content_language":"","content_type":"application/octet-stream","etag":"cd86b4798716d43ccf4ae32d01295e42","force_destroy":false,"id":"alexrachok-terraform-web-site-static-content/lambda/functions/crypto_updater.zip","key":"lambda/functions/crypto_updater.zip","kms_key_id":null,"metadata":{},"object_lock_legal_hold_status":"","object_lock_mode":"","object_lock_retain_until_date":"","override_provider":[],"region":"us-east-2","server_side_encryption":"AES256","source":"www_site2/lambda/crypto_updater.zip","source_hash":null,"storage_class":"STANDARD","tags":{},"tags_all":{},"version_id":"","website_redirect":""},"after":{"acl":null,"arn":"arn:aws:s3:::alexrachok-terraform-web-site-static-content/lambda/functions/crypto_updater.zip","bucket":"alexrachok-terraform-web-site-static-content","bucket_key_enabled":false,"cache_control":"","checksum_algorithm":null,"checksum_crc32":"","checksum_crc32c":"","checksum_crc64nvme":"","checksum_sha1":"","checksum_sha256":"","content":null,"content_base64":null,"content_disposition":"","content_encoding":"","content_language":"","content_type":"application/octet-stream","etag":"cd86b4798716d43ccf4ae32d01295e42","force_destroy":false,"id":"alexrachok-terraform-web-site-static-content/lambda/functions/crypto_updater.zip","key":"lambda/functions/crypto_updater.zip","kms_key_id":null,"metadata":{},"object_lock_legal_hold_status":"","object_lock_mode":"","object_lock_retain_until_date":"","override_provider":[],"region":"us-east-2","server_side_encryption":"AES256","source":"www_site2/lambda/crypto_updater.zip","source_hash":null,"storage_class":"STANDARD","tags":{},"tags_all":{},"version_id":"","website_redirect":""},"after_unknown":{},"before_sensitive":{"metadata":{},"override_provider":[],"tags":{},"tags_all":{}},"after_sensitive":{"metadata":{},"override_provider":[],"tags":{},"tags_all":{}},"before_identity":{"account_id":"815408489721","bucket":"alexrachok-terraform-web-site-static-content","key":"lambda/functions/crypto_updater.zip","region":"us-east-2"},"after_identity":{"account_id":"815408489721","bucket":"alexrachok-terraform-web-site-static-content","key":"lambda/functions/crypto_updater.zip","region":"us-east-2"}}},{"address":"aws_s3_object.lambda_layer_zip","mode":"managed","type":"aws_s3_object","name":"lambda_layer_zip","provider_name":"registry.terraform.io/hashicorp/aws","change":{"actions":["update"],"before":{"acl":null,"arn":"arn:aws:s3:::alexrachok-terraform-web-site-static-content/lambda/layers/lambda_layer.zip","bucket":"alexrachok-terraform-web-site-static-content","bucket_key_enabled":false,"cache_control":"","checksum_algorithm":null,"checksum_crc32":"","checksum_crc32c":"","checksum_crc64nvme":"","checksum_sha1":"","checksum_sha256":"","content":null,"content_base64":null,"content_disposition":"","content_encoding":"","content_language":"","content_type":"binary/octet-stream","etag":"7844343360e91a18496dba8c549929c5-5","force_destroy":false,"id":"alexrachok-terraform-web-site-static-content/lambda/layers/lambda_layer.zip","key":"lambda/layers/lambda_layer.zip","kms_key_id":null,"metadata":{},"object_lock_legal_hold_status":"","object_lock_mode":"","object_lock_retain_until_date":"","override_provider":[],"region":"us-east-2","server_side_encryption":"AES256","source":"www_site2/lambda/lambda_layer.zip","source_hash":null,"storage_class":"STANDARD","tags":{},"tags_all":{},"version_id":"","website_redirect":""},"after":{"acl":null,"arn":"arn:aws:s3:::alexrachok-terraform-web-site-static-content/lambda/layers/lambda_layer.zip","bucket":"alexrachok-terraform-web-site-static-content","bucket_key_enabled":false,"cache_control":"","checksum_algorithm":null,"checksum_crc32":"","checksum_crc32c":"","checksum_crc64nvme":"","checksum_sha1":"","checksum_sha256":"","content":null,"content_base64":null,"content_disposition":"","content_encoding":"","content_language":"","content_type":"binary/octet-stream","etag":"7c71985090486ace73635690ea086ec5","force_destroy":false,"id":"alexrachok-terraform-web-site-static-content/lambda/layers/lambda_layer.zip","key":"lambda/layers/lambda_layer.zip","kms_key_id":null,"metadata":{},"object_lock_legal_hold_status":"","object_lock_mode":"","object_lock_retain_until_date":"","override_provider":[],"region":"us-east-2","server_side_encryption":"AES256","source":"www_site2/lambda/lambda_layer.zip","source_hash":null,"storage_class":"STANDARD","tags":{},"tags_all":{},"website_redirect":""},"after_unknown":{"metadata":{},"override_provider":[],"tags":{},"tags_all":{},"version_id":true},"before_sensitive":{"metadata":{},"override_provider":[],"tags":{},"tags_all":{}},"after_sensitive":{"metadata":{},"override_provider":[],"tags":{},"tags_all":{}},"before_identity":{"account_id":"815408489721","bucket":"alexrachok-terraform-web-site-static-content","key":"lambda/layers/lambda_layer.zip","region":"us-east-2"},"after_identity":{"account_id":"815408489721","bucket":"alexrachok-terraform-web-site-static-content","key":"lambda/layers/lambda_layer.zip","region":"us-east-2"}}},{"address":"aws_s3_object.php_index","mode":"managed","type":"aws_s3_object","name":"php_index","provider_name":"registry.terraform.io/hashicorp/aws","change":{"actions":["no-op"],"before":{"acl":null,"arn":"arn:aws:s3:::alexrachok-terraform-web-site-static-content/web_site2/index.php","bucket":"alexrachok-terraform-web-site-static-content","bucket_key_enabled":false,"cache_control":"","checksum_algorithm":null,"checksum_crc32":"","checksum_crc32c":"","checksum_crc64nvme":"","checksum_sha1":"","checksum_sha256":"","content":"\u003c?php\n// ---------------------------\n// PostgreSQL Connection\n// ---------------------------\n$db_host = \"test-postgres-db.cns6wc2k8rgh.us-east-2.rds.amazonaws.com\";\n$db_name = \"postgres\";\n$db_user = \"postgres_admin\";\n$db_pass = \"DU9AZNAFx7IxxsfRb2P4\";\n$db_port = \"5432\";\n\n$conn_string = \"host=$db_host port=$db_port dbname=$db_name user=$db_user password=$db_pass\";\n$db_conn = pg_connect($conn_string);\n\ndate_default_timezone_set('Asia/Tbilisi');\n// ---------------------------\n// Helper functions\n// ---------------------------\nfunction format_rate($value) {\n    return rtrim(rtrim(number_format((float)$value, 8, '.', ''), '0'), '.');\n}\n\nfunction format_time($date_str, $time_str) {\n    // Combine DATE + TIME from DB\n    $dt = new DateTime(\"$date_str $time_str\", new DateTimeZone(\"UTC\"));\n    // Convert to your timezone\n    $dt-\u003esetTimezone(new DateTimeZone(\"Asia/Tbilisi\"));\n    return $dt-\u003eformat(\"H:i:s\");\n}\n\n// ---------------------------\n// Fetch Latest Crypto Rates\n// ---------------------------\nif (!$db_conn) {\n    $db_status = \"❌ Failed to connect to Postgres DB: \" . pg_last_error();\n    $latest_text = \"\";\n    $history_text = \"\";\n} else {\n    $db_status = \"✅ Postgres DB connected successfully.\";\n\n    // Latest rate\n    $query_latest = \"\n        SELECT *\n        FROM public.crypto_rates\n        ORDER BY rate_date DESC, rate_time DESC\n        LIMIT 1;\n    \";\n    $result_latest = pg_query($db_conn, $query_latest);\n\n    if (!$result_latest) {\n        $latest_text = \"Query failed: \" . pg_last_error();\n    } elseif (pg_num_rows($result_latest) == 0) {\n        $latest_text = \"No crypto rates found.\";\n    } else {\n        $row = pg_fetch_assoc($result_latest);\n        $latest_text = \"\n            \u003cdiv class='db-box'\u003e\n                \u003ch2\u003eLatest Crypto Rates\u003c/h2\u003e\n                \u003ctable border='1' cellpadding='8' cellspacing='0'\u003e\n                    \u003cthead\u003e\n                        \u003ctr\u003e\n                            \u003cth\u003eDate\u003c/th\u003e\n                            \u003cth\u003eTime\u003c/th\u003e\n                            \u003cth\u003eBTC/USD\u003c/th\u003e\n                            \u003cth\u003eETH/USD\u003c/th\u003e\n                            \u003cth\u003eSOL/USD\u003c/th\u003e\n                        \u003c/tr\u003e\n                    \u003c/thead\u003e\n                    \u003ctbody\u003e\n                        \u003ctr\u003e\n                            \u003ctd\u003e{$row['rate_date']}\u003c/td\u003e\n                            \u003ctd class='utc-time'\n                              data-date=\\\"{$row['rate_date']}\\\"\n                              data-time=\\\"{$row['rate_time']}\\\"\u003e\n                              {$row['rate_time']}\n                           \u003c/td\u003e\n                            \u003ctd\u003e\" . format_rate($row['btc_usd']) . \"\u003c/td\u003e\n                            \u003ctd\u003e\" . format_rate($row['eth_usd']) . \"\u003c/td\u003e\n                            \u003ctd\u003e\" . format_rate($row['sol_usd']) . \"\u003c/td\u003e\n                        \u003c/tr\u003e\n                    \u003c/tbody\u003e\n                \u003c/table\u003e\n            \u003c/div\u003e\n        \";\n    }\n\n    // Previous 10 records for history\n    $query_history = \"\n        SELECT *\n        FROM public.crypto_rates\n        ORDER BY rate_date DESC, rate_time DESC\n        OFFSET 1\n        LIMIT 10;\n    \";\n    $result_history = pg_query($db_conn, $query_history);\n\n    if ($result_history \u0026\u0026 pg_num_rows($result_history) \u003e 0) {\n        $history_text = \"\n            \u003cdiv class='db-box'\u003e\n                \u003ch2\u003eExchange Rate History (Previous 10 Records)\u003c/h2\u003e\n                \u003ctable border='1' cellpadding='8' cellspacing='0'\u003e\n                    \u003cthead\u003e\n                        \u003ctr\u003e\n                            \u003cth\u003eDate\u003c/th\u003e\n                            \u003cth\u003eTime\u003c/th\u003e\n                            \u003cth\u003eBTC/USD\u003c/th\u003e\n                            \u003cth\u003eETH/USD\u003c/th\u003e\n                            \u003cth\u003eSOL/USD\u003c/th\u003e\n                        \u003c/tr\u003e\n                    \u003c/thead\u003e\n                    \u003ctbody\u003e\n        \";\n        while ($row_hist = pg_fetch_assoc($result_history)) {\n            $history_text .= \"\n                \u003ctr\u003e\n                    \u003ctd\u003e{$row_hist['rate_date']}\u003c/td\u003e\n                    \u003ctd class='utc-time'\n                      data-date=\\\"{$row_hist['rate_date']}\\\"\n                      data-time=\\\"{$row_hist['rate_time']}\\\"\u003e\n                      {$row_hist['rate_time']}\n                   \u003c/td\u003e\n                    \u003ctd\u003e\" . format_rate($row_hist['btc_usd']) . \"\u003c/td\u003e\n                    \u003ctd\u003e\" . format_rate($row_hist['eth_usd']) . \"\u003c/td\u003e\n                    \u003ctd\u003e\" . format_rate($row_hist['sol_usd']) . \"\u003c/td\u003e\n                \u003c/tr\u003e\n            \";\n        }\n        $history_text .= \"\n                    \u003c/tbody\u003e\n                \u003c/table\u003e\n            \u003c/div\u003e\n        \";\n    } else {\n        $history_text = \"\u003cdiv class='db-box'\u003e\u003cp\u003eNo historical records found.\u003c/p\u003e\u003c/div\u003e\";\n    }\n\n    pg_close($db_conn);\n}\n?\u003e\n\u003c!DOCTYPE html\u003e\n\u003chtml lang=\"en\"\u003e\n\u003chead\u003e\n  \u003cmeta charset=\"UTF-8\" /\u003e\n  \u003cmeta name=\"viewport\" content=\"width=device-width, initial-scale=1.0\" /\u003e\n  \u003ctitle\u003eWelcome to My AWS Website with RDS\u003c/title\u003e\n  \u003cstyle\u003e\n    body {\n      font-family: Arial, sans-serif;\n      background: #f4f4f4;\n      color: #333;\n      margin: 0;\n      padding: 40px;\n      text-align: center;\n    }\n    .container {\n      background: white;\n      padding: 30px;\n      border-radius: 12px;\n      max-width: 700px;\n      margin: auto;\n      box-shadow: 0 4px 10px rgba(0,0,0,0.1);\n    }\n    .db-box {\n      background: #eef7ff;\n      padding: 20px;\n      border-radius: 10px;\n      margin-top: 25px;\n      font-size: 18px;\n      text-align: left;\n    }\n    table {\n      width: 100%;\n      border-collapse: collapse;\n    }\n    th, td {\n      padding: 8px;\n      border: 1px solid #ccc;\n      text-align: center;\n    }\n    th {\n      background: #eef7ff;\n    }\n    img {\n      max-width: 100%;\n      border-radius: 8px;\n      margin-bottom: 20px;\n    }\n  \u003c/style\u003e\n\u003c/head\u003e\n\u003cbody\u003e\n  \u003cdiv class=\"container\"\u003e\n    \u003cimg src=\"\u003c?= \"https://d3pf16f1x4nqrx.cloudfront.net/web_site2/images/crypto.jpg\" ?\u003e\" alt=\"Crypto Image\" /\u003e\n    \u003ch1\u003eWelcome to My AWS Website with RDS!\u003c/h1\u003e\n    \u003cp\u003eThis page is running on EC2 → Private RDS PostgreSQL → Terraform-managed infrastructure.\u003c/p\u003e\n\n    \u003cdiv class=\"db-box\"\u003e\n        \u003cstrong\u003eDB Status:\u003c/strong\u003e \u003c?= $db_status ?\u003e\n    \u003c/div\u003e\n\n    \u003c?= $latest_text ?\u003e\n    \u003c?= $history_text ?\u003e\n  \u003c/div\u003e\n\n  \u003cscript\u003e\n    document.addEventListener(\"DOMContentLoaded\", function () {\n        const cells = document.querySelectorAll(\".utc-time\");\n\n        cells.forEach(cell =\u003e {\n            const date = cell.getAttribute(\"data-date\");\n            const time = cell.getAttribute(\"data-time\").substring(0, 8);\n\n            const utcString = date + \"T\" + time + \"Z\"; \n            const localDate = new Date(utcString);\n\n            const localTime = localDate.toLocaleTimeString([], {\n                hour: \"2-digit\",\n                minute: \"2-digit\",\n                second: \"2-digit\"\n            });\n\n            cell.textContent = localTime;\n        });\n    });\n  \u003c/script\u003e\n\u003c/body\u003e\n\u003c/html\u003e","content_base64":null,"content_disposition":"","content_encoding":"","content_language":"","content_type":"application/x-httpd-php","etag":"b8ffc5fe5cd4353b89e864ccee85c26c","force_destroy":false,"id":"alexrachok-terraform-web-site-static-content/web_site2/index.php","key":"web_site2/index.php","kms_key_id":null,"metadata":{},"object_lock_legal_hold_status":"","object_lock_mode":"","object_lock_retain_until_date":"","override_provider":[],"region":"us-east-2","server_side_encryption":"AES256","source":null,"source_hash":null,"storage_class":"STANDARD","tags":{},"tags_all":{},"version_id":"","website_redirect":""},"after":{"acl":null,"arn":"arn:aws:s3:::alexrachok-terraform-web-site-static-content/web_site2/index.php","bucket":"alexrachok-terraform-web-site-static-content","bucket_key_enabled":false,"cache_control":"","checksum_algorithm":null,"checksum_crc32":"","checksum_crc32c":"","checksum_crc64nvme":"","checksum_sha1":"","checksum_sha256":"","content":"\u003c?php\n// ---------------------------\n// PostgreSQL Connection\n// ---------------------------\n$db_host = \"test-postgres-db.cns6wc2k8rgh.us-east-2.rds.amazonaws.com\";\n$db_name = \"postgres\";\n$db_user = \"postgres_admin\";\n$db_pass = \"DU9AZNAFx7IxxsfRb2P4\";\n$db_port = \"5432\";\n\n$conn_string = \"host=$db_host port=$db_port dbname=$db_name user=$db_user password=$db_pass\";\n$db_conn = pg_connect($conn_string);\n\ndate_default_timezone_set('Asia/Tbilisi');\n// ---------------------------\n// Helper functions\n// ---------------------------\nfunction format_rate($value) {\n    return rtrim(rtrim(number_format((float)$value, 8, '.', ''), '0'), '.');\n}\n\nfunction format_time($date_str, $time_str) {\n    // Combine DATE + TIME from DB\n    $dt = new DateTime(\"$date_str $time_str\", new DateTimeZone(\"UTC\"));\n    // Convert to your timezone\n    $dt-\u003esetTimezone(new DateTimeZone(\"Asia/Tbilisi\"));\n    return $dt-\u003eformat(\"H:i:s\");\n}\n\n// ---------------------------\n// Fetch Latest Crypto Rates\n// ---------------------------\nif (!$db_conn) {\n    $db_status = \"❌ Failed to connect to Postgres DB: \" . pg_last_error();\n    $latest_text = \"\";\n    $history_text = \"\";\n} else {\n    $db_status = \"✅ Postgres DB connected successfully.\";\n\n    // Latest rate\n    $query_latest = \"\n        SELECT *\n        FROM public.crypto_rates\n        ORDER BY rate_date DESC, rate_time DESC\n        LIMIT 1;\n    \";\n    $result_latest = pg_query($db_conn, $query_latest);\n\n    if (!$result_latest) {\n        $latest_text = \"Query failed: \" . pg_last_error();\n    } elseif (pg_num_rows($result_latest) == 0) {\n        $latest_text = \"No crypto rates found.\";\n    } else {\n        $row = pg_fetch_assoc($result_latest);\n        $latest_text = \"\n            \u003cdiv class='db-box'\u003e\n                \u003ch2\u003eLatest Crypto Rates\u003c/h2\u003e\n                \u003ctable border='1' cellpadding='8' cellspacing='0'\u003e\n                    \u003cthead\u003e\n                        \u003ctr\u003e\n                            \u003cth\u003eDate\u003c/th\u003e\n                            \u003cth\u003eTime\u003c/th\u003e\n                            \u003cth\u003eBTC/USD\u003c/th\u003e\n                            \u003cth\u003eETH/USD\u003c/th\u003e\n                            \u003cth\u003eSOL/USD\u003c/th\u003e\n                        \u003c/tr\u003e\n                    \u003c/thead\u003e\n                    \u003ctbody\u003e\n                        \u003ctr\u003e\n                            \u003ctd\u003e{$row['rate_date']}\u003c/td\u003e\n                            \u003ctd class='utc-time'\n                              data-date=\\\"{$row['rate_date']}\\\"\n                              data-time=\\\"{$row['rate_time']}\\\"\u003e\n                              {$row['rate_time']}\n                           \u003c/td\u003e\n                            \u003ctd\u003e\" . format_rate($row['btc_usd']) . \"\u003c/td\u003e\n                            \u003ctd\u003e\" . format_rate($row['eth_usd']) . \"\u003c/td\u003e\n                            \u003ctd\u003e\" . format_rate($row['sol_usd']) . \"\u003c/td\u003e\n                        \u003c/tr\u003e\n                    \u003c/tbody\u003e\n                \u003c/table\u003e\n            \u003c/div\u003e\n        \";\n    }\n\n    // Previous 10 records for history\n    $query_history = \"\n        SELECT *\n        FROM public.crypto_rates\n        ORDER BY rate_date DESC, rate_time DESC\n        OFFSET 1\n        LIMIT 10;\n    \";\n    $result_history = pg_query($db_conn, $query_history);\n\n    if ($result_history \u0026\u0026 pg_num_rows($result_history) \u003e 0) {\n        $history_text = \"\n            \u003cdiv class='db-box'\u003e\n                \u003ch2\u003eExchange Rate History (Previous 10 Records)\u003c/h2\u003e\n                \u003ctable border='1' cellpadding='8' cellspacing='0'\u003e\n                    \u003cthead\u003e\n                        \u003ctr\u003e\n                            \u003cth\u003eDate\u003c/th\u003e\n                            \u003cth\u003eTime\u003c/th\u003e\n                            \u003cth\u003eBTC/USD\u003c/th\u003e\n                            \u003cth\u003eETH/USD\u003c/th\u003e\n                            \u003cth\u003eSOL/USD\u003c/th\u003e\n                        \u003c/tr\u003e\n                    \u003c/thead\u003e\n                    \u003ctbody\u003e\n        \";\n        while ($row_hist = pg_fetch_assoc($result_history)) {\n            $history_text .= \"\n                \u003ctr\u003e\n                    \u003ctd\u003e{$row_hist['rate_date']}\u003c/td\u003e\n                    \u003ctd class='utc-time'\n                      data-date=\\\"{$row_hist['rate_date']}\\\"\n                      data-time=\\\"{$row_hist['rate_time']}\\\"\u003e\n                      {$row_hist['rate_time']}\n                   \u003c/td\u003e\n                    \u003ctd\u003e\" . format_rate($row_hist['btc_usd']) . \"\u003c/td\u003e\n                    \u003ctd\u003e\" . format_rate($row_hist['eth_usd']) . \"\u003c/td\u003e\n                    \u003ctd\u003e\" . format_rate($row_hist['sol_usd']) . \"\u003c/td\u003e\n                \u003c/tr\u003e\n            \";\n        }\n        $history_text .= \"\n                    \u003c/tbody\u003e\n                \u003c/table\u003e\n            \u003c/div\u003e\n        \";\n    } else {\n        $history_text = \"\u003cdiv class='db-box'\u003e\u003cp\u003eNo historical records found.\u003c/p\u003e\u003c/div\u003e\";\n    }\n\n    pg_close($db_conn);\n}\n?\u003e\n\u003c!DOCTYPE html\u003e\n\u003chtml lang=\"en\"\u003e\n\u003chead\u003e\n  \u003cmeta charset=\"UTF-8\" /\u003e\n  \u003cmeta name=\"viewport\" content=\"width=device-width, initial-scale=1.0\" /\u003e\n  \u003ctitle\u003eWelcome to My AWS Website with RDS\u003c/title\u003e\n  \u003cstyle\u003e\n    body {\n      font-family: Arial, sans-serif;\n      background: #f4f4f4;\n      color: #333;\n      margin: 0;\n      padding: 40px;\n      text-align: center;\n    }\n    .container {\n      background: white;\n      padding: 30px;\n      border-radius: 12px;\n      max-width: 700px;\n      margin: auto;\n      box-shadow: 0 4px 10px rgba(0,0,0,0.1);\n    }\n    .db-box {\n      background: #eef7ff;\n      padding: 20px;\n      border-radius: 10px;\n      margin-top: 25px;\n      font-size: 18px;\n      text-align: left;\n    }\n    table {\n      width: 100%;\n      border-collapse: collapse;\n    }\n    th, td {\n      padding: 8px;\n      border: 1px solid #ccc;\n      text-align: center;\n    }\n    th {\n      background: #eef7ff;\n    }\n    img {\n      max-width: 100%;\n      border-radius: 8px;\n      margin-bottom: 20px;\n    }\n  \u003c/style\u003e\n\u003c/head\u003e\n\u003cbody\u003e\n  \u003cdiv class=\"container\"\u003e\n    \u003cimg src=\"\u003c?= \"https://d3pf16f1x4nqrx.cloudfront.net/web_site2/images/crypto.jpg\" ?\u003e\" alt=\"Crypto Image\" /\u003e\n    \u003ch1\u003eWelcome to My AWS Website with RDS!\u003c/h1\u003e\n    \u003cp\u003eThis page is running on EC2 → Private RDS PostgreSQL → Terraform-managed infrastructure.\u003c/p\u003e\n\n    \u003cdiv class=\"db-box\"\u003e\n        \u003cstrong\u003eDB Status:\u003c/strong\u003e \u003c?= $db_status ?\u003e\n    \u003c/div\u003e\n\n    \u003c?= $latest_text ?\u003e\n    \u003c?= $history_text ?\u003e\n  \u003c/div\u003e\n\n  \u003cscript\u003e\n    document.addEventListener(\"DOMContentLoaded\", function () {\n        const cells = document.querySelectorAll(\".utc-time\");\n\n        cells.forEach(cell =\u003e {\n            const date = cell.getAttribute(\"data-date\");\n            const time = cell.getAttribute(\"data-time\").substring(0, 8);\n\n            const utcString = date + \"T\" + time + \"Z\"; \n            const localDate = new Date(utcString);\n\n            const localTime = localDate.toLocaleTimeString([], {\n                hour: \"2-digit\",\n                minute: \"2-digit\",\n                second: \"2-digit\"\n            });\n\n            cell.textContent = localTime;\n        });\n    });\n  \u003c/script\u003e\n\u003c/body\u003e\n\u003c/html\u003e","content_base64":null,"content_disposition":"","content_encoding":"","content_language":"","content_type":"application/x-httpd-php","etag":"b8ffc5fe5cd4353b89e864ccee85c26c","force_destroy":false,"id":"alexrachok-terraform-web-site-static-content/web_site2/index.php","key":"web_site2/index.php","kms_key_id":null,"metadata":{},"object_lock_legal_hold_status":"","object_lock_mode":"","object_lock_retain_until_date":"","override_provider":[],"region":"us-east-2","server_side_encryption":"AES256","source":null,"source_hash":null,"storage_class":"STANDARD","tags":{},"tags_all":{},"version_id":"","website_redirect":""},"after_unknown":{},"before_sensitive":{"content":true,"etag":true,"metadata":{},"override_provider":[],"tags":{},"tags_all":{}},"after_sensitive":{"content":true,"etag":true,"metadata":{},"override_provider":[],"tags":{},"tags_all":{}},"before_identity":{"account_id":"815408489721","bucket":"alexrachok-terraform-web-site-static-content","key":"web_site2/index.php","region":"us-east-2"},"after_identity":{"account_id":"815408489721","bucket":"alexrachok-terraform-web-site-static-content","key":"web_site2/index.php","region":"us-east-2"}}},{"address":"aws_s3_object.site1_image","mode":"managed","type":"aws_s3_object","name":"site1_image","provider_name":"registry.terraform.io/hashicorp/aws","change":{"actions":["no-op"],"before":{"acl":null,"arn":"arn:aws:s3:::alexrachok-terraform-web-site-static-content/web_site1/images/test_site_image.jpg","bucket":"alexrachok-terraform-web-site-static-content","bucket_key_enabled":false,"cache_control":"","checksum_algorithm":null,"checksum_crc32":"","checksum_crc32c":"","checksum_crc64nvme":"","checksum_sha1":"","checksum_sha256":"","content":null,"content_base64":null,"content_disposition":"","content_encoding":"","content_language":"","content_type":"application/octet-stream","etag":"3b6986d45333251b2b76ccf8eb0471b8","force_destroy":false,"id":"alexrachok-terraform-web-site-static-content/web_site1/images/test_site_image.jpg","key":"web_site1/images/test_site_image.jpg","kms_key_id":null,"metadata":{},"object_lock_legal_hold_status":"","object_lock_mode":"","object_lock_retain_until_date":"","override_provider":[],"region":"us-east-2","server_side_encryption":"AES256","source":"www_site1/test_site_image.jpg","source_hash":null,"storage_class":"STANDARD","tags":{},"tags_all":{},"version_id":"","website_redirect":""},"after":{"acl":null,"arn":"arn:aws:s3:::alexrachok-terraform-web-site-static-content/web_site1/images/test_site_image.jpg","bucket":"alexrachok-terraform-web-site-static-content","bucket_key_enabled":false,"cache_control":"","checksum_algorithm":null,"checksum_crc32":"","checksum_crc32c":"","checksum_crc64nvme":"","checksum_sha1":"","checksum_sha256":"","content":null,"content_base64":null,"content_disposition":"","content_encoding":"","content_language":"","content_type":"application/octet-stream","etag":"3b6986d45333251b2b76ccf8eb0471b8","force_destroy":false,"id":"alexrachok-terraform-web-site-static-content/web_site1/images/test_site_image.jpg","key":"web_site1/images/test_site_image.jpg","kms_key_id":null,"metadata":{},"object_lock_legal_hold_status":"","object_lock_mode":"","object_lock_retain_until_date":"","override_provider":[],"region":"us-east-2","server_side_encryption":"AES256","source":"www_site1/test_site_image.jpg","source_hash":null,"storage_class":"STANDARD","tags":{},"tags_all":{},"version_id":"","website_redirect":""},"after_unknown":{},"before_sensitive":{"metadata":{},"override_provider":[],"tags":{},"tags_all":{}},"after_sensitive":{"metadata":{},"override_provider":[],"tags":{},"tags_all":{}},"before_identity":{"account_id":"815408489721","bucket":"alexrachok-terraform-web-site-static-content","key":"web_site1/images/test_site_image.jpg","region":"us-east-2"},"after_identity":{"account_id":"815408489721","bucket":"alexrachok-terraform-web-site-static-content","key":"web_site1/images/test_site_image.jpg","region":"us-east-2"}}},{"address":"aws_s3_object.site2_image","mode":"managed","type":"aws_s3_object","name":"site2_image","provider_name":"registry.terraform.io/hashicorp/aws","change":{"actions":["no-op"],"before":{"acl":null,"arn":"arn:aws:s3:::alexrachok-terraform-web-site-static-content/web_site2/images/crypto.jpg","bucket":"alexrachok-terraform-web-site-static-content","bucket_key_enabled":false,"cache_control":"","checksum_algorithm":null,"checksum_crc32":"","checksum_crc32c":"","checksum_crc64nvme":"","checksum_sha1":"","checksum_sha256":"","content":null,"content_base64":null,"content_disposition":"","content_encoding":"","content_language":"","content_type":"application/octet-stream","etag":"df82d1cb3838986ff477cc8477c7d1bc","force_destroy":false,"id":"alexrachok-terraform-web-site-static-content/web_site2/images/crypto.jpg","key":"web_site2/images/crypto.jpg","kms_key_id":null,"metadata":{},"object_lock_legal_hold_status":"","object_lock_mode":"","object_lock_retain_until_date":"","override_provider":[],"region":"us-east-2","server_side_encryption":"AES256","source":"www_site2/crypto.jpg","source_hash":null,"storage_class":"STANDARD","tags":{},"tags_all":{},"version_id":"","website_redirect":""},"after":{"acl":null,"arn":"arn:aws:s3:::alexrachok-terraform-web-site-static-content/web_site2/images/crypto.jpg","bucket":"alexrachok-terraform-web-site-static-content","bucket_key_enabled":false,"cache_control":"","checksum_algorithm":null,"checksum_crc32":"","checksum_crc32c":"","checksum_crc64nvme":"","checksum_sha1":"","checksum_sha256":"","content":null,"content_base64":null,"content_disposition":"","content_encoding":"","content_language":"","content_type":"application/octet-stream","etag":"df82d1cb3838986ff477cc8477c7d1bc","force_destroy":false,"id":"alexrachok-terraform-web-site-static-content/web_site2/images/crypto.jpg","key":"web_site2/images/crypto.jpg","kms_key_id":null,"metadata":{},"object_lock_legal_hold_status":"","object_lock_mode":"","object_lock_retain_until_date":"","override_provider":[],"region":"us-east-2","server_side_encryption":"AES256","source":"www_site2/crypto.jpg","source_hash":null,"storage_class":"STANDARD","tags":{},"tags_all":{},"version_id":"","website_redirect":""},"after_unknown":{},"before_sensitive":{"metadata":{},"override_provider":[],"tags":{},"tags_all":{}},"after_sensitive":{"metadata":{},"override_provider":[],"tags":{},"tags_all":{}},"before_identity":{"account_id":"815408489721","bucket":"alexrachok-terraform-web-site-static-content","key":"web_site2/images/crypto.jpg","region":"us-east-2"},"after_identity":{"account_id":"815408489721","bucket":"alexrachok-terraform-web-site-static-content","key":"web_site2/images/crypto.jpg","region":"us-east-2"}}},{"address":"aws_security_group.lambda_sg","mode":"managed","type":"aws_security_group","name":"lambda_sg","provider_name":"registry.terraform.io/hashicorp/aws","change":{"actions":["no-op"],"before":{"arn":"arn:aws:ec2:us-east-2:815408489721:security-group/sg-0b51cfafa5933a0bf","description":"Allow Lambda to access RDS","egress":[{"cidr_blocks":["0.0.0.0/0"],"description":"","from_port":0,"ipv6_cidr_blocks":[],"prefix_list_ids":[],"protocol":"-1","security_groups":[],"self":false,"to_port":0}],"id":"sg-0b51cfafa5933a0bf","ingress":[],"name":"lambda_sg","name_prefix":"","owner_id":"815408489721","region":"us-east-2","revoke_rules_on_delete":false,"tags":{},"tags_all":{},"timeouts":null,"vpc_id":"vpc-0dca73f239e3b5e7d"},"after":{"arn":"arn:aws:ec2:us-east-2:815408489721:security-group/sg-0b51cfafa5933a0bf","description":"Allow Lambda to access RDS","egress":[{"cidr_blocks":["0.0.0.0/0"],"description":"","from_port":0,"ipv6_cidr_blocks":[],"prefix_list_ids":[],"protocol":"-1","security_groups":[],"self":false,"to_port":0}],"id":"sg-0b51cfafa5933a0bf","ingress":[],"name":"lambda_sg","name_prefix":"","owner_id":"815408489721","region":"us-east-2","revoke_rules_on_delete":false,"tags":{},"tags_all":{},"timeouts":null,"vpc_id":"vpc-0dca73f239e3b5e7d"},"after_unknown":{},"before_sensitive":{"egress":[{"cidr_blocks":[false],"ipv6_cidr_blocks":[],"prefix_list_ids":[],"security_groups":[]}],"ingress":[],"tags":{},"tags_all":{}},"after_sensitive":{"egress":[{"cidr_blocks":[false],"ipv6_cidr_blocks":[],"prefix_list_ids":[],"security_groups":[]}],"ingress":[],"tags":{},"tags_all":{}},"before_identity":{"account_id":"815408489721","id":"sg-0b51cfafa5933a0bf","region":"us-east-2"},"after_identity":{"account_id":"815408489721","id":"sg-0b51cfafa5933a0bf","region":"us-east-2"}}},{"address":"aws_security_group.sg_alb","mode":"managed","type":"aws_security_group","name":"sg_alb","provider_name":"registry.terraform.io/hashicorp/aws","change":{"actions":["no-op"],"before":{"arn":"arn:aws:ec2:us-east-2:815408489721:security-group/sg-08d0111c2b335a760","description":"Allow HTTP/HTTPS from Internet","egress":[{"cidr_blocks":["0.0.0.0/0"],"description":"","from_port":0,"ipv6_cidr_blocks":[],"prefix_list_ids":[],"protocol":"-1","security_groups":[],"self":false,"to_port":0}],"id":"sg-08d0111c2b335a760","ingress":[{"cidr_blocks":["0.0.0.0/0"],"description":"Allow HTTP from anywhere","from_port":80,"ipv6_cidr_blocks":[],"prefix_list_ids":[],"protocol":"tcp","security_groups":[],"self":false,"to_port":80},{"cidr_blocks":["0.0.0.0/0"],"description":"Allow HTTPS from anywhere","from_port":443,"ipv6_cidr_blocks":[],"prefix_list_ids":[],"protocol":"tcp","security_groups":[],"self":false,"to_port":443}],"name":"alb-sg","name_prefix":"","owner_id":"815408489721","region":"us-east-2","revoke_rules_on_delete":false,"tags":{"Name":"alb-sg"},"tags_all":{"Name":"alb-sg"},"timeouts":null,"vpc_id":"vpc-0dca73f239e3b5e7d"},"after":{"arn":"arn:aws:ec2:us-east-2:815408489721:security-group/sg-08d0111c2b335a760","description":"Allow HTTP/HTTPS from Internet","egress":[{"cidr_blocks":["0.0.0.0/0"],"description":"","from_port":0,"ipv6_cidr_blocks":[],"prefix_list_ids":[],"protocol":"-1","security_groups":[],"self":false,"to_port":0}],"id":"sg-08d0111c2b335a760","ingress":[{"cidr_blocks":["0.0.0.0/0"],"description":"Allow HTTP from anywhere","from_port":80,"ipv6_cidr_blocks":[],"prefix_list_ids":[],"protocol":"tcp","security_groups":[],"self":false,"to_port":80},{"cidr_blocks":["0.0.0.0/0"],"description":"Allow HTTPS from anywhere","from_port":443,"ipv6_cidr_blocks":[],"prefix_list_ids":[],"protocol":"tcp","security_groups":[],"self":false,"to_port":443}],"name":"alb-sg","name_prefix":"","owner_id":"815408489721","region":"us-east-2","revoke_rules_on_delete":false,"tags":{"Name":"alb-sg"},"tags_all":{"Name":"alb-sg"},"timeouts":null,"vpc_id":"vpc-0dca73f239e3b5e7d"},"after_unknown":{},"before_sensitive":{"egress":[{"cidr_blocks":[false],"ipv6_cidr_blocks":[],"prefix_list_ids":[],"security_groups":[]}],"ingress":[{"cidr_blocks":[false],"ipv6_cidr_blocks":[],"prefix_list_ids":[],"security_groups":[]},{"cidr_blocks":[false],"ipv6_cidr_blocks":[],"prefix_list_ids":[],"security_groups":[]}],"tags":{},"tags_all":{}},"after_sensitive":{"egress":[{"cidr_blocks":[false],"ipv6_cidr_blocks":[],"prefix_list_ids":[],"security_groups":[]}],"ingress":[{"cidr_blocks":[false],"ipv6_cidr_blocks":[],"prefix_list_ids":[],"security_groups":[]},{"cidr_blocks":[false],"ipv6_cidr_blocks":[],"prefix_list_ids":[],"security_groups":[]}],"tags":{},"tags_all":{}},"before_identity":{"account_id":"815408489721","id":"sg-08d0111c2b335a760","region":"us-east-2"},"after_identity":{"account_id":"815408489721","id":"sg-08d0111c2b335a760","region":"us-east-2"}}},{"address":"aws_security_group.sg_bastion","mode":"managed","type":"aws_security_group","name":"sg_bastion","provider_name":"registry.terraform.io/hashicorp/aws","change":{"actions":["no-op"],"before":{"arn":"arn:aws:ec2:us-east-2:815408489721:security-group/sg-0e22ad20f929a8ed1","description":"Bastion SG","egress":[{"cidr_blocks":["0.0.0.0/0"],"description":"Allow all outbound","from_port":0,"ipv6_cidr_blocks":[],"prefix_list_ids":[],"protocol":"-1","security_groups":[],"self":false,"to_port":0}],"id":"sg-0e22ad20f929a8ed1","ingress":[{"cidr_blocks":[],"description":"Allow SSH from NLB","from_port":22,"ipv6_cidr_blocks":[],"prefix_list_ids":[],"protocol":"tcp","security_groups":["sg-06a642da74cef8075"],"self":false,"to_port":22}],"name":"terraform-20251229201311263700000007","name_prefix":"terraform-","owner_id":"815408489721","region":"us-east-2","revoke_rules_on_delete":false,"tags":{},"tags_all":{},"timeouts":null,"vpc_id":"vpc-0dca73f239e3b5e7d"},"after":{"arn":"arn:aws:ec2:us-east-2:815408489721:security-group/sg-0e22ad20f929a8ed1","description":"Bastion SG","egress":[{"cidr_blocks":["0.0.0.0/0"],"description":"Allow all outbound","from_port":0,"ipv6_cidr_blocks":[],"prefix_list_ids":[],"protocol":"-1","security_groups":[],"self":false,"to_port":0}],"id":"sg-0e22ad20f929a8ed1","ingress":[{"cidr_blocks":[],"description":"Allow SSH from NLB","from_port":22,"ipv6_cidr_blocks":[],"prefix_list_ids":[],"protocol":"tcp","security_groups":["sg-06a642da74cef8075"],"self":false,"to_port":22}],"name":"terraform-20251229201311263700000007","name_prefix":"terraform-","owner_id":"815408489721","region":"us-east-2","revoke_rules_on_delete":false,"tags":{},"tags_all":{},"timeouts":null,"vpc_id":"vpc-0dca73f239e3b5e7d"},"after_unknown":{},"before_sensitive":{"egress":[{"cidr_blocks":[false],"ipv6_cidr_blocks":[],"prefix_list_ids":[],"security_groups":[]}],"ingress":[{"cidr_blocks":[],"ipv6_cidr_blocks":[],"prefix_list_ids":[],"security_groups":[false]}],"tags":{},"tags_all":{}},"after_sensitive":{"egress":[{"cidr_blocks":[false],"ipv6_cidr_blocks":[],"prefix_list_ids":[],"security_groups":[]}],"ingress":[{"cidr_blocks":[],"ipv6_cidr_blocks":[],"prefix_list_ids":[],"security_groups":[false]}],"tags":{},"tags_all":{}},"before_identity":{"account_id":"815408489721","id":"sg-0e22ad20f929a8ed1","region":"us-east-2"},"after_identity":{"account_id":"815408489721","id":"sg-0e22ad20f929a8ed1","region":"us-east-2"}}},{"address":"aws_security_group.sg_http","mode":"managed","type":"aws_security_group","name":"sg_http","provider_name":"registry.terraform.io/hashicorp/aws","change":{"actions":["no-op"],"before":{"arn":"arn:aws:ec2:us-east-2:815408489721:security-group/sg-0d31e00c241811008","description":"Allow HTTP from allowed CIDR","egress":[{"cidr_blocks":["0.0.0.0/0"],"description":"","from_port":0,"ipv6_cidr_blocks":[],"prefix_list_ids":[],"protocol":"-1","security_groups":[],"self":false,"to_port":0}],"id":"sg-0d31e00c241811008","ingress":[{"cidr_blocks":["5.152.109.0/24"],"description":"","from_port":80,"ipv6_cidr_blocks":[],"prefix_list_ids":[],"protocol":"tcp","security_groups":[],"self":false,"to_port":80}],"name":"terraform-20251229201302723100000002","name_prefix":"terraform-","owner_id":"815408489721","region":"us-east-2","revoke_rules_on_delete":false,"tags":{},"tags_all":{},"timeouts":null,"vpc_id":"vpc-0dca73f239e3b5e7d"},"after":{"arn":"arn:aws:ec2:us-east-2:815408489721:security-group/sg-0d31e00c241811008","description":"Allow HTTP from allowed CIDR","egress":[{"cidr_blocks":["0.0.0.0/0"],"description":"","from_port":0,"ipv6_cidr_blocks":[],"prefix_list_ids":[],"protocol":"-1","security_groups":[],"self":false,"to_port":0}],"id":"sg-0d31e00c241811008","ingress":[{"cidr_blocks":["5.152.109.0/24"],"description":"","from_port":80,"ipv6_cidr_blocks":[],"prefix_list_ids":[],"protocol":"tcp","security_groups":[],"self":false,"to_port":80}],"name":"terraform-20251229201302723100000002","name_prefix":"terraform-","owner_id":"815408489721","region":"us-east-2","revoke_rules_on_delete":false,"tags":{},"tags_all":{},"timeouts":null,"vpc_id":"vpc-0dca73f239e3b5e7d"},"after_unknown":{},"before_sensitive":{"egress":[{"cidr_blocks":[false],"ipv6_cidr_blocks":[],"prefix_list_ids":[],"security_groups":[]}],"ingress":[{"cidr_blocks":[false],"ipv6_cidr_blocks":[],"prefix_list_ids":[],"security_groups":[]}],"tags":{},"tags_all":{}},"after_sensitive":{"egress":[{"cidr_blocks":[false],"ipv6_cidr_blocks":[],"prefix_list_ids":[],"security_groups":[]}],"ingress":[{"cidr_blocks":[false],"ipv6_cidr_blocks":[],"prefix_list_ids":[],"security_groups":[]}],"tags":{},"tags_all":{}},"before_identity":{"account_id":"815408489721","id":"sg-0d31e00c241811008","region":"us-east-2"},"after_identity":{"account_id":"815408489721","id":"sg-0d31e00c241811008","region":"us-east-2"}}},{"address":"aws_security_group.sg_https","mode":"managed","type":"aws_security_group","name":"sg_https","provider_name":"registry.terraform.io/hashicorp/aws","change":{"actions":["no-op"],"before":{"arn":"arn:aws:ec2:us-east-2:815408489721:security-group/sg-042446341344523c5","description":"Allow HTTPS from allowed CIDR","egress":[{"cidr_blocks":["0.0.0.0/0"],"description":"","from_port":0,"ipv6_cidr_blocks":[],"prefix_list_ids":[],"protocol":"-1","security_groups":[],"self":false,"to_port":0}],"id":"sg-042446341344523c5","ingress":[{"cidr_blocks":["5.152.109.0/24"],"description":"","from_port":443,"ipv6_cidr_blocks":[],"prefix_list_ids":[],"protocol":"tcp","security_groups":[],"self":false,"to_port":443}],"name":"terraform-20251229201302723400000003","name_prefix":"terraform-","owner_id":"815408489721","region":"us-east-2","revoke_rules_on_delete":false,"tags":{},"tags_all":{},"timeouts":null,"vpc_id":"vpc-0dca73f239e3b5e7d"},"after":{"arn":"arn:aws:ec2:us-east-2:815408489721:security-group/sg-042446341344523c5","description":"Allow HTTPS from allowed CIDR","egress":[{"cidr_blocks":["0.0.0.0/0"],"description":"","from_port":0,"ipv6_cidr_blocks":[],"prefix_list_ids":[],"protocol":"-1","security_groups":[],"self":false,"to_port":0}],"id":"sg-042446341344523c5","ingress":[{"cidr_blocks":["5.152.109.0/24"],"description":"","from_port":443,"ipv6_cidr_blocks":[],"prefix_list_ids":[],"protocol":"tcp","security_groups":[],"self":false,"to_port":443}],"name":"terraform-20251229201302723400000003","name_prefix":"terraform-","owner_id":"815408489721","region":"us-east-2","revoke_rules_on_delete":false,"tags":{},"tags_all":{},"timeouts":null,"vpc_id":"vpc-0dca73f239e3b5e7d"},"after_unknown":{},"before_sensitive":{"egress":[{"cidr_blocks":[false],"ipv6_cidr_blocks":[],"prefix_list_ids":[],"security_groups":[]}],"ingress":[{"cidr_blocks":[false],"ipv6_cidr_blocks":[],"prefix_list_ids":[],"security_groups":[]}],"tags":{},"tags_all":{}},"after_sensitive":{"egress":[{"cidr_blocks":[false],"ipv6_cidr_blocks":[],"prefix_list_ids":[],"security_groups":[]}],"ingress":[{"cidr_blocks":[false],"ipv6_cidr_blocks":[],"prefix_list_ids":[],"security_groups":[]}],"tags":{},"tags_all":{}},"before_identity":{"account_id":"815408489721","id":"sg-042446341344523c5","region":"us-east-2"},"after_identity":{"account_id":"815408489721","id":"sg-042446341344523c5","region":"us-east-2"}}},{"address":"aws_security_group.sg_nlb","mode":"managed","type":"aws_security_group","name":"sg_nlb","provider_name":"registry.terraform.io/hashicorp/aws","change":{"actions":["no-op"],"before":{"arn":"arn:aws:ec2:us-east-2:815408489721:security-group/sg-06a642da74cef8075","description":"Allow inbound on port 2000","egress":[{"cidr_blocks":["0.0.0.0/0"],"description":"","from_port":0,"ipv6_cidr_blocks":[],"prefix_list_ids":[],"protocol":"-1","security_groups":[],"self":false,"to_port":0}],"id":"sg-06a642da74cef8075","ingress":[{"cidr_blocks":["5.152.109.0/24"],"description":"Allow SSH forwarding","from_port":2000,"ipv6_cidr_blocks":[],"prefix_list_ids":[],"protocol":"tcp","security_groups":[],"self":false,"to_port":2000}],"name":"terraform-20251229201305250400000005","name_prefix":"terraform-","owner_id":"815408489721","region":"us-east-2","revoke_rules_on_delete":false,"tags":{},"tags_all":{},"timeouts":null,"vpc_id":"vpc-0dca73f239e3b5e7d"},"after":{"arn":"arn:aws:ec2:us-east-2:815408489721:security-group/sg-06a642da74cef8075","description":"Allow inbound on port 2000","egress":[{"cidr_blocks":["0.0.0.0/0"],"description":"","from_port":0,"ipv6_cidr_blocks":[],"prefix_list_ids":[],"protocol":"-1","security_groups":[],"self":false,"to_port":0}],"id":"sg-06a642da74cef8075","ingress":[{"cidr_blocks":["5.152.109.0/24"],"description":"Allow SSH forwarding","from_port":2000,"ipv6_cidr_blocks":[],"prefix_list_ids":[],"protocol":"tcp","security_groups":[],"self":false,"to_port":2000}],"name":"terraform-20251229201305250400000005","name_prefix":"terraform-","owner_id":"815408489721","region":"us-east-2","revoke_rules_on_delete":false,"tags":{},"tags_all":{},"timeouts":null,"vpc_id":"vpc-0dca73f239e3b5e7d"},"after_unknown":{},"before_sensitive":{"egress":[{"cidr_blocks":[false],"ipv6_cidr_blocks":[],"prefix_list_ids":[],"security_groups":[]}],"ingress":[{"cidr_blocks":[false],"ipv6_cidr_blocks":[],"prefix_list_ids":[],"security_groups":[]}],"tags":{},"tags_all":{}},"after_sensitive":{"egress":[{"cidr_blocks":[false],"ipv6_cidr_blocks":[],"prefix_list_ids":[],"security_groups":[]}],"ingress":[{"cidr_blocks":[false],"ipv6_cidr_blocks":[],"prefix_list_ids":[],"security_groups":[]}],"tags":{},"tags_all":{}},"before_identity":{"account_id":"815408489721","id":"sg-06a642da74cef8075","region":"us-east-2"},"after_identity":{"account_id":"815408489721","id":"sg-06a642da74cef8075","region":"us-east-2"}}},{"address":"aws_security_group.sg_rds","mode":"managed","type":"aws_security_group","name":"sg_rds","provider_name":"registry.terraform.io/hashicorp/aws","change":{"actions":["no-op"],"before":{"arn":"arn:aws:ec2:us-east-2:815408489721:security-group/sg-0b35d65d63761ff18","description":"Allow Postgres from web-server","egress":[{"cidr_blocks":["0.0.0.0/0"],"description":"","from_port":0,"ipv6_cidr_blocks":[],"prefix_list_ids":[],"protocol":"-1","security_groups":[],"self":false,"to_port":0}],"id":"sg-0b35d65d63761ff18","ingress":[{"cidr_blocks":[],"description":"","from_port":5432,"ipv6_cidr_blocks":[],"prefix_list_ids":[],"protocol":"tcp","security_groups":["sg-07d99963b27f95843"],"self":false,"to_port":5432},{"cidr_blocks":[],"description":"","from_port":5432,"ipv6_cidr_blocks":[],"prefix_list_ids":[],"protocol":"tcp","security_groups":["sg-0b51cfafa5933a0bf"],"self":false,"to_port":5432}],"name":"rds-sg","name_prefix":"","owner_id":"815408489721","region":"us-east-2","revoke_rules_on_delete":false,"tags":{},"tags_all":{},"timeouts":null,"vpc_id":"vpc-0dca73f239e3b5e7d"},"after":{"arn":"arn:aws:ec2:us-east-2:815408489721:security-group/sg-0b35d65d63761ff18","description":"Allow Postgres from web-server","egress":[{"cidr_blocks":["0.0.0.0/0"],"description":"","from_port":0,"ipv6_cidr_blocks":[],"prefix_list_ids":[],"protocol":"-1","security_groups":[],"self":false,"to_port":0}],"id":"sg-0b35d65d63761ff18","ingress":[{"cidr_blocks":[],"description":"","from_port":5432,"ipv6_cidr_blocks":[],"prefix_list_ids":[],"protocol":"tcp","security_groups":["sg-07d99963b27f95843"],"self":false,"to_port":5432},{"cidr_blocks":[],"description":"","from_port":5432,"ipv6_cidr_blocks":[],"prefix_list_ids":[],"protocol":"tcp","security_groups":["sg-0b51cfafa5933a0bf"],"self":false,"to_port":5432}],"name":"rds-sg","name_prefix":"","owner_id":"815408489721","region":"us-east-2","revoke_rules_on_delete":false,"tags":{},"tags_all":{},"timeouts":null,"vpc_id":"vpc-0dca73f239e3b5e7d"},"after_unknown":{},"before_sensitive":{"egress":[{"cidr_blocks":[false],"ipv6_cidr_blocks":[],"prefix_list_ids":[],"security_groups":[]}],"ingress":[{"cidr_blocks":[],"ipv6_cidr_blocks":[],"prefix_list_ids":[],"security_groups":[false]},{"cidr_blocks":[],"ipv6_cidr_blocks":[],"prefix_list_ids":[],"security_groups":[false]}],"tags":{},"tags_all":{}},"after_sensitive":{"egress":[{"cidr_blocks":[false],"ipv6_cidr_blocks":[],"prefix_list_ids":[],"security_groups":[]}],"ingress":[{"cidr_blocks":[],"ipv6_cidr_blocks":[],"prefix_list_ids":[],"security_groups":[false]},{"cidr_blocks":[],"ipv6_cidr_blocks":[],"prefix_list_ids":[],"security_groups":[false]}],"tags":{},"tags_all":{}},"before_identity":{"account_id":"815408489721","id":"sg-0b35d65d63761ff18","region":"us-east-2"},"after_identity":{"account_id":"815408489721","id":"sg-0b35d65d63761ff18","region":"us-east-2"}}},{"address":"aws_security_group.sg_ssh","mode":"managed","type":"aws_security_group","name":"sg_ssh","provider_name":"registry.terraform.io/hashicorp/aws","change":{"actions":["no-op"],"before":{"arn":"arn:aws:ec2:us-east-2:815408489721:security-group/sg-07d99963b27f95843","description":"Allow SSH and ICMP from Bastion","egress":[{"cidr_blocks":["0.0.0.0/0"],"description":"","from_port":0,"ipv6_cidr_blocks":[],"prefix_list_ids":[],"protocol":"-1","security_groups":[],"self":false,"to_port":0}],"id":"sg-07d99963b27f95843","ingress":[{"cidr_blocks":[],"description":"Allow SSH from bastion","from_port":22,"ipv6_cidr_blocks":[],"prefix_list_ids":[],"protocol":"tcp","security_groups":["sg-0e22ad20f929a8ed1"],"self":false,"to_port":22}],"name":"terraform-20251229201315121700000008","name_prefix":"terraform-","owner_id":"815408489721","region":"us-east-2","revoke_rules_on_delete":false,"tags":{},"tags_all":{},"timeouts":null,"vpc_id":"vpc-0dca73f239e3b5e7d"},"after":{"arn":"arn:aws:ec2:us-east-2:815408489721:security-group/sg-07d99963b27f95843","description":"Allow SSH and ICMP from Bastion","egress":[{"cidr_blocks":["0.0.0.0/0"],"description":"","from_port":0,"ipv6_cidr_blocks":[],"prefix_list_ids":[],"protocol":"-1","security_groups":[],"self":false,"to_port":0}],"id":"sg-07d99963b27f95843","ingress":[{"cidr_blocks":[],"description":"Allow SSH from bastion","from_port":22,"ipv6_cidr_blocks":[],"prefix_list_ids":[],"protocol":"tcp","security_groups":["sg-0e22ad20f929a8ed1"],"self":false,"to_port":22}],"name":"terraform-20251229201315121700000008","name_prefix":"terraform-","owner_id":"815408489721","region":"us-east-2","revoke_rules_on_delete":false,"tags":{},"tags_all":{},"timeouts":null,"vpc_id":"vpc-0dca73f239e3b5e7d"},"after_unknown":{},"before_sensitive":{"egress":[{"cidr_blocks":[false],"ipv6_cidr_blocks":[],"prefix_list_ids":[],"security_groups":[]}],"ingress":[{"cidr_blocks":[],"ipv6_cidr_blocks":[],"prefix_list_ids":[],"security_groups":[false]}],"tags":{},"tags_all":{}},"after_sensitive":{"egress":[{"cidr_blocks":[false],"ipv6_cidr_blocks":[],"prefix_list_ids":[],"security_groups":[]}],"ingress":[{"cidr_blocks":[],"ipv6_cidr_blocks":[],"prefix_list_ids":[],"security_groups":[false]}],"tags":{},"tags_all":{}},"before_identity":{"account_id":"815408489721","id":"sg-07d99963b27f95843","region":"us-east-2"},"after_identity":{"account_id":"815408489721","id":"sg-07d99963b27f95843","region":"us-east-2"}}},{"address":"aws_security_group.sg_web_ingress","mode":"managed","type":"aws_security_group","name":"sg_web_ingress","provider_name":"registry.terraform.io/hashicorp/aws","change":{"actions":["no-op"],"before":{"arn":"arn:aws:ec2:us-east-2:815408489721:security-group/sg-06de0d78bda6332f6","description":"Allow HTTP/HTTPS from allowed CIDR","egress":[{"cidr_blocks":["0.0.0.0/0"],"description":"All outbound","from_port":0,"ipv6_cidr_blocks":[],"prefix_list_ids":[],"protocol":"-1","security_groups":[],"self":false,"to_port":0}],"id":"sg-06de0d78bda6332f6","ingress":[{"cidr_blocks":["5.152.109.0/24"],"description":"HTTP from allowed CIDR","from_port":80,"ipv6_cidr_blocks":[],"prefix_list_ids":[],"protocol":"tcp","security_groups":[],"self":false,"to_port":80},{"cidr_blocks":["5.152.109.0/24"],"description":"HTTPS from allowed CIDR","from_port":443,"ipv6_cidr_blocks":[],"prefix_list_ids":[],"protocol":"tcp","security_groups":[],"self":false,"to_port":443}],"name":"terraform-20251229201302724400000004","name_prefix":"terraform-","owner_id":"815408489721","region":"us-east-2","revoke_rules_on_delete":false,"tags":{"Name":"web-ingress-sg"},"tags_all":{"Name":"web-ingress-sg"},"timeouts":null,"vpc_id":"vpc-0dca73f239e3b5e7d"},"after":{"arn":"arn:aws:ec2:us-east-2:815408489721:security-group/sg-06de0d78bda6332f6","description":"Allow HTTP/HTTPS from allowed CIDR","egress":[{"cidr_blocks":["0.0.0.0/0"],"description":"All outbound","from_port":0,"ipv6_cidr_blocks":[],"prefix_list_ids":[],"protocol":"-1","security_groups":[],"self":false,"to_port":0}],"id":"sg-06de0d78bda6332f6","ingress":[{"cidr_blocks":["5.152.109.0/24"],"description":"HTTP from allowed CIDR","from_port":80,"ipv6_cidr_blocks":[],"prefix_list_ids":[],"protocol":"tcp","security_groups":[],"self":false,"to_port":80},{"cidr_blocks":["5.152.109.0/24"],"description":"HTTPS from allowed CIDR","from_port":443,"ipv6_cidr_blocks":[],"prefix_list_ids":[],"protocol":"tcp","security_groups":[],"self":false,"to_port":443}],"name":"terraform-20251229201302724400000004","name_prefix":"terraform-","owner_id":"815408489721","region":"us-east-2","revoke_rules_on_delete":false,"tags":{"Name":"web-ingress-sg"},"tags_all":{"Name":"web-ingress-sg"},"timeouts":null,"vpc_id":"vpc-0dca73f239e3b5e7d"},"after_unknown":{},"before_sensitive":{"egress":[{"cidr_blocks":[false],"ipv6_cidr_blocks":[],"prefix_list_ids":[],"security_groups":[]}],"ingress":[{"cidr_blocks":[false],"ipv6_cidr_blocks":[],"prefix_list_ids":[],"security_groups":[]},{"cidr_blocks":[false],"ipv6_cidr_blocks":[],"prefix_list_ids":[],"security_groups":[]}],"tags":{},"tags_all":{}},"after_sensitive":{"egress":[{"cidr_blocks":[false],"ipv6_cidr_blocks":[],"prefix_list_ids":[],"security_groups":[]}],"ingress":[{"cidr_blocks":[false],"ipv6_cidr_blocks":[],"prefix_list_ids":[],"security_groups":[]},{"cidr_blocks":[false],"ipv6_cidr_blocks":[],"prefix_list_ids":[],"security_groups":[]}],"tags":{},"tags_all":{}},"before_identity":{"account_id":"815408489721","id":"sg-06de0d78bda6332f6","region":"us-east-2"},"after_identity":{"account_id":"815408489721","id":"sg-06de0d78bda6332f6","region":"us-east-2"}}},{"address":"aws_security_group_rule.allow_alb_http","mode":"managed","type":"aws_security_group_rule","name":"allow_alb_http","provider_name":"registry.terraform.io/hashicorp/aws","change":{"actions":["create"],"before":null,"after":{"cidr_blocks":null,"description":null,"from_port":80,"ipv6_cidr_blocks":null,"prefix_list_ids":null,"protocol":"tcp","region":"us-east-2","security_group_id":"sg-07d99963b27f95843","self":false,"source_security_group_id":"sg-08d0111c2b335a760","timeouts":null,"to_port":80,"type":"ingress"},"after_unknown":{"id":true,"security_group_rule_id":true},"before_sensitive":false,"after_sensitive":{}}},{"address":"aws_security_group_rule.allow_alb_https","mode":"managed","type":"aws_security_group_rule","name":"allow_alb_https","provider_name":"registry.terraform.io/hashicorp/aws","change":{"actions":["create"],"before":null,"after":{"cidr_blocks":null,"description":null,"from_port":443,"ipv6_cidr_blocks":null,"prefix_list_ids":null,"protocol":"tcp","region":"us-east-2","security_group_id":"sg-07d99963b27f95843","self":false,"source_security_group_id":"sg-08d0111c2b335a760","timeouts":null,"to_port":443,"type":"ingress"},"after_unknown":{"id":true,"security_group_rule_id":true},"before_sensitive":false,"after_sensitive":{}}},{"address":"aws_subnet.private","mode":"managed","type":"aws_subnet","name":"private","provider_name":"registry.terraform.io/hashicorp/aws","change":{"actions":["no-op"],"before":{"arn":"arn:aws:ec2:us-east-2:815408489721:subnet/subnet-0e83351c992742dd0","assign_ipv6_address_on_creation":false,"availability_zone":"us-east-2b","availability_zone_id":"use2-az2","cidr_block":"10.0.1.0/24","customer_owned_ipv4_pool":"","enable_dns64":false,"enable_lni_at_device_index":0,"enable_resource_name_dns_a_record_on_launch":false,"enable_resource_name_dns_aaaa_record_on_launch":false,"id":"subnet-0e83351c992742dd0","ipv6_cidr_block":"","ipv6_cidr_block_association_id":"","ipv6_native":false,"map_customer_owned_ip_on_launch":false,"map_public_ip_on_launch":false,"outpost_arn":"","owner_id":"815408489721","private_dns_hostname_type_on_launch":"ip-name","region":"us-east-2","tags":{"Name":"private subnet"},"tags_all":{"Name":"private subnet"},"timeouts":null,"vpc_id":"vpc-0dca73f239e3b5e7d"},"after":{"arn":"arn:aws:ec2:us-east-2:815408489721:subnet/subnet-0e83351c992742dd0","assign_ipv6_address_on_creation":false,"availability_zone":"us-east-2b","availability_zone_id":"use2-az2","cidr_block":"10.0.1.0/24","customer_owned_ipv4_pool":"","enable_dns64":false,"enable_lni_at_device_index":0,"enable_resource_name_dns_a_record_on_launch":false,"enable_resource_name_dns_aaaa_record_on_launch":false,"id":"subnet-0e83351c992742dd0","ipv6_cidr_block":"","ipv6_cidr_block_association_id":"","ipv6_native":false,"map_customer_owned_ip_on_launch":false,"map_public_ip_on_launch":false,"outpost_arn":"","owner_id":"815408489721","private_dns_hostname_type_on_launch":"ip-name","region":"us-east-2","tags":{"Name":"private subnet"},"tags_all":{"Name":"private subnet"},"timeouts":null,"vpc_id":"vpc-0dca73f239e3b5e7d"},"after_unknown":{},"before_sensitive":{"tags":{},"tags_all":{}},"after_sensitive":{"tags":{},"tags_all":{}},"before_identity":{"account_id":"815408489721","id":"subnet-0e83351c992742dd0","region":"us-east-2"},"after_identity":{"account_id":"815408489721","id":"subnet-0e83351c992742dd0","region":"us-east-2"}}},{"address":"aws_subnet.private_2","mode":"managed","type":"aws_subnet","name":"private_2","provider_name":"registry.terraform.io/hashicorp/aws","change":{"actions":["no-op"],"before":{"arn":"arn:aws:ec2:us-east-2:815408489721:subnet/subnet-0f9f39a6e96426678","assign_ipv6_address_on_creation":false,"availability_zone":"us-east-2c","availability_zone_id":"use2-az3","cidr_block":"10.0.3.0/24","customer_owned_ipv4_pool":"","enable_dns64":false,"enable_lni_at_device_index":0,"enable_resource_name_dns_a_record_on_launch":false,"enable_resource_name_dns_aaaa_record_on_launch":false,"id":"subnet-0f9f39a6e96426678","ipv6_cidr_block":"","ipv6_cidr_block_association_id":"","ipv6_native":false,"map_customer_owned_ip_on_launch":false,"map_public_ip_on_launch":false,"outpost_arn":"","owner_id":"815408489721","private_dns_hostname_type_on_launch":"ip-name","region":"us-east-2","tags":{"Name":"private-subnet-2"},"tags_all":{"Name":"private-subnet-2"},"timeouts":null,"vpc_id":"vpc-0dca73f239e3b5e7d"},"after":{"arn":"arn:aws:ec2:us-east-2:815408489721:subnet/subnet-0f9f39a6e96426678","assign_ipv6_address_on_creation":false,"availability_zone":"us-east-2c","availability_zone_id":"use2-az3","cidr_block":"10.0.3.0/24","customer_owned_ipv4_pool":"","enable_dns64":false,"enable_lni_at_device_index":0,"enable_resource_name_dns_a_record_on_launch":false,"enable_resource_name_dns_aaaa_record_on_launch":false,"id":"subnet-0f9f39a6e96426678","ipv6_cidr_block":"","ipv6_cidr_block_association_id":"","ipv6_native":false,"map_customer_owned_ip_on_launch":false,"map_public_ip_on_launch":false,"outpost_arn":"","owner_id":"815408489721","private_dns_hostname_type_on_launch":"ip-name","region":"us-east-2","tags":{"Name":"private-subnet-2"},"tags_all":{"Name":"private-subnet-2"},"timeouts":null,"vpc_id":"vpc-0dca73f239e3b5e7d"},"after_unknown":{},"before_sensitive":{"tags":{},"tags_all":{}},"after_sensitive":{"tags":{},"tags_all":{}},"before_identity":{"account_id":"815408489721","id":"subnet-0f9f39a6e96426678","region":"us-east-2"},"after_identity":{"account_id":"815408489721","id":"subnet-0f9f39a6e96426678","region":"us-east-2"}}},{"address":"aws_subnet.private_3","mode":"managed","type":"aws_subnet","name":"private_3","provider_name":"registry.terraform.io/hashicorp/aws","change":{"actions":["no-op"],"before":{"arn":"arn:aws:ec2:us-east-2:815408489721:subnet/subnet-0e7f636aeeb038f14","assign_ipv6_address_on_creation":false,"availability_zone":"us-east-2a","availability_zone_id":"use2-az1","cidr_block":"10.0.5.0/24","customer_owned_ipv4_pool":"","enable_dns64":false,"enable_lni_at_device_index":0,"enable_resource_name_dns_a_record_on_launch":false,"enable_resource_name_dns_aaaa_record_on_launch":false,"id":"subnet-0e7f636aeeb038f14","ipv6_cidr_block":"","ipv6_cidr_block_association_id":"","ipv6_native":false,"map_customer_owned_ip_on_launch":false,"map_public_ip_on_launch":false,"outpost_arn":"","owner_id":"815408489721","private_dns_hostname_type_on_launch":"ip-name","region":"us-east-2","tags":{"Name":"private-subnet-3"},"tags_all":{"Name":"private-subnet-3"},"timeouts":null,"vpc_id":"vpc-0dca73f239e3b5e7d"},"after":{"arn":"arn:aws:ec2:us-east-2:815408489721:subnet/subnet-0e7f636aeeb038f14","assign_ipv6_address_on_creation":false,"availability_zone":"us-east-2a","availability_zone_id":"use2-az1","cidr_block":"10.0.5.0/24","customer_owned_ipv4_pool":"","enable_dns64":false,"enable_lni_at_device_index":0,"enable_resource_name_dns_a_record_on_launch":false,"enable_resource_name_dns_aaaa_record_on_launch":false,"id":"subnet-0e7f636aeeb038f14","ipv6_cidr_block":"","ipv6_cidr_block_association_id":"","ipv6_native":false,"map_customer_owned_ip_on_launch":false,"map_public_ip_on_launch":false,"outpost_arn":"","owner_id":"815408489721","private_dns_hostname_type_on_launch":"ip-name","region":"us-east-2","tags":{"Name":"private-subnet-3"},"tags_all":{"Name":"private-subnet-3"},"timeouts":null,"vpc_id":"vpc-0dca73f239e3b5e7d"},"after_unknown":{},"before_sensitive":{"tags":{},"tags_all":{}},"after_sensitive":{"tags":{},"tags_all":{}},"before_identity":{"account_id":"815408489721","id":"subnet-0e7f636aeeb038f14","region":"us-east-2"},"after_identity":{"account_id":"815408489721","id":"subnet-0e7f636aeeb038f14","region":"us-east-2"}}},{"address":"aws_subnet.public","mode":"managed","type":"aws_subnet","name":"public","provider_name":"registry.terraform.io/hashicorp/aws","change":{"actions":["no-op"],"before":{"arn":"arn:aws:ec2:us-east-2:815408489721:subnet/subnet-0d94d88880f9c195c","assign_ipv6_address_on_creation":false,"availability_zone":"us-east-2a","availability_zone_id":"use2-az1","cidr_block":"10.0.0.0/24","customer_owned_ipv4_pool":"","enable_dns64":false,"enable_lni_at_device_index":0,"enable_resource_name_dns_a_record_on_launch":false,"enable_resource_name_dns_aaaa_record_on_launch":false,"id":"subnet-0d94d88880f9c195c","ipv6_cidr_block":"","ipv6_cidr_block_association_id":"","ipv6_native":false,"map_customer_owned_ip_on_launch":false,"map_public_ip_on_launch":true,"outpost_arn":"","owner_id":"815408489721","private_dns_hostname_type_on_launch":"ip-name","region":"us-east-2","tags":{"Name":"public subnet"},"tags_all":{"Name":"public subnet"},"timeouts":null,"vpc_id":"vpc-0dca73f239e3b5e7d"},"after":{"arn":"arn:aws:ec2:us-east-2:815408489721:subnet/subnet-0d94d88880f9c195c","assign_ipv6_address_on_creation":false,"availability_zone":"us-east-2a","availability_zone_id":"use2-az1","cidr_block":"10.0.0.0/24","customer_owned_ipv4_pool":"","enable_dns64":false,"enable_lni_at_device_index":0,"enable_resource_name_dns_a_record_on_launch":false,"enable_resource_name_dns_aaaa_record_on_launch":false,"id":"subnet-0d94d88880f9c195c","ipv6_cidr_block":"","ipv6_cidr_block_association_id":"","ipv6_native":false,"map_customer_owned_ip_on_launch":false,"map_public_ip_on_launch":true,"outpost_arn":"","owner_id":"815408489721","private_dns_hostname_type_on_launch":"ip-name","region":"us-east-2","tags":{"Name":"public subnet"},"tags_all":{"Name":"public subnet"},"timeouts":null,"vpc_id":"vpc-0dca73f239e3b5e7d"},"after_unknown":{},"before_sensitive":{"tags":{},"tags_all":{}},"after_sensitive":{"tags":{},"tags_all":{}},"before_identity":{"account_id":"815408489721","id":"subnet-0d94d88880f9c195c","region":"us-east-2"},"after_identity":{"account_id":"815408489721","id":"subnet-0d94d88880f9c195c","region":"us-east-2"}}},{"address":"aws_subnet.public_2","mode":"managed","type":"aws_subnet","name":"public_2","provider_name":"registry.terraform.io/hashicorp/aws","change":{"actions":["no-op"],"before":{"arn":"arn:aws:ec2:us-east-2:815408489721:subnet/subnet-0a71ebea939640ad0","assign_ipv6_address_on_creation":false,"availability_zone":"us-east-2b","availability_zone_id":"use2-az2","cidr_block":"10.0.2.0/24","customer_owned_ipv4_pool":"","enable_dns64":false,"enable_lni_at_device_index":0,"enable_resource_name_dns_a_record_on_launch":false,"enable_resource_name_dns_aaaa_record_on_launch":false,"id":"subnet-0a71ebea939640ad0","ipv6_cidr_block":"","ipv6_cidr_block_association_id":"","ipv6_native":false,"map_customer_owned_ip_on_launch":false,"map_public_ip_on_launch":true,"outpost_arn":"","owner_id":"815408489721","private_dns_hostname_type_on_launch":"ip-name","region":"us-east-2","tags":{"Name":"public-subnet-2"},"tags_all":{"Name":"public-subnet-2"},"timeouts":null,"vpc_id":"vpc-0dca73f239e3b5e7d"},"after":{"arn":"arn:aws:ec2:us-east-2:815408489721:subnet/subnet-0a71ebea939640ad0","assign_ipv6_address_on_creation":false,"availability_zone":"us-east-2b","availability_zone_id":"use2-az2","cidr_block":"10.0.2.0/24","customer_owned_ipv4_pool":"","enable_dns64":false,"enable_lni_at_device_index":0,"enable_resource_name_dns_a_record_on_launch":false,"enable_resource_name_dns_aaaa_record_on_launch":false,"id":"subnet-0a71ebea939640ad0","ipv6_cidr_block":"","ipv6_cidr_block_association_id":"","ipv6_native":false,"map_customer_owned_ip_on_launch":false,"map_public_ip_on_launch":true,"outpost_arn":"","owner_id":"815408489721","private_dns_hostname_type_on_launch":"ip-name","region":"us-east-2","tags":{"Name":"public-subnet-2"},"tags_all":{"Name":"public-subnet-2"},"timeouts":null,"vpc_id":"vpc-0dca73f239e3b5e7d"},"after_unknown":{},"before_sensitive":{"tags":{},"tags_all":{}},"after_sensitive":{"tags":{},"tags_all":{}},"before_identity":{"account_id":"815408489721","id":"subnet-0a71ebea939640ad0","region":"us-east-2"},"after_identity":{"account_id":"815408489721","id":"subnet-0a71ebea939640ad0","region":"us-east-2"}}},{"address":"aws_subnet.public_3","mode":"managed","type":"aws_subnet","name":"public_3","provider_name":"registry.terraform.io/hashicorp/aws","change":{"actions":["no-op"],"before":{"arn":"arn:aws:ec2:us-east-2:815408489721:subnet/subnet-00da800a0e2d9d641","assign_ipv6_address_on_creation":false,"availability_zone":"us-east-2c","availability_zone_id":"use2-az3","cidr_block":"10.0.4.0/24","customer_owned_ipv4_pool":"","enable_dns64":false,"enable_lni_at_device_index":0,"enable_resource_name_dns_a_record_on_launch":false,"enable_resource_name_dns_aaaa_record_on_launch":false,"id":"subnet-00da800a0e2d9d641","ipv6_cidr_block":"","ipv6_cidr_block_association_id":"","ipv6_native":false,"map_customer_owned_ip_on_launch":false,"map_public_ip_on_launch":true,"outpost_arn":"","owner_id":"815408489721","private_dns_hostname_type_on_launch":"ip-name","region":"us-east-2","tags":{"Name":"public-subnet-3"},"tags_all":{"Name":"public-subnet-3"},"timeouts":null,"vpc_id":"vpc-0dca73f239e3b5e7d"},"after":{"arn":"arn:aws:ec2:us-east-2:815408489721:subnet/subnet-00da800a0e2d9d641","assign_ipv6_address_on_creation":false,"availability_zone":"us-east-2c","availability_zone_id":"use2-az3","cidr_block":"10.0.4.0/24","customer_owned_ipv4_pool":"","enable_dns64":false,"enable_lni_at_device_index":0,"enable_resource_name_dns_a_record_on_launch":false,"enable_resource_name_dns_aaaa_record_on_launch":false,"id":"subnet-00da800a0e2d9d641","ipv6_cidr_block":"","ipv6_cidr_block_association_id":"","ipv6_native":false,"map_customer_owned_ip_on_launch":false,"map_public_ip_on_launch":true,"outpost_arn":"","owner_id":"815408489721","private_dns_hostname_type_on_launch":"ip-name","region":"us-east-2","tags":{"Name":"public-subnet-3"},"tags_all":{"Name":"public-subnet-3"},"timeouts":null,"vpc_id":"vpc-0dca73f239e3b5e7d"},"after_unknown":{},"before_sensitive":{"tags":{},"tags_all":{}},"after_sensitive":{"tags":{},"tags_all":{}},"before_identity":{"account_id":"815408489721","id":"subnet-00da800a0e2d9d641","region":"us-east-2"},"after_identity":{"account_id":"815408489721","id":"subnet-00da800a0e2d9d641","region":"us-east-2"}}},{"address":"aws_vpc.victors_lab_vpc","mode":"managed","type":"aws_vpc","name":"victors_lab_vpc","provider_name":"registry.terraform.io/hashicorp/aws","change":{"actions":["no-op"],"before":{"arn":"arn:aws:ec2:us-east-2:815408489721:vpc/vpc-0dca73f239e3b5e7d","assign_generated_ipv6_cidr_block":false,"cidr_block":"10.0.0.0/16","default_network_acl_id":"acl-003bd0e8c47893adc","default_route_table_id":"rtb-0fbbe92e75f438e68","default_security_group_id":"sg-0f37054129a87e3ae","dhcp_options_id":"dopt-04c5425eaa937dc73","enable_dns_hostnames":true,"enable_dns_support":true,"enable_network_address_usage_metrics":false,"id":"vpc-0dca73f239e3b5e7d","instance_tenancy":"default","ipv4_ipam_pool_id":null,"ipv4_netmask_length":null,"ipv6_association_id":"","ipv6_cidr_block":"","ipv6_cidr_block_network_border_group":"","ipv6_ipam_pool_id":"","ipv6_netmask_length":0,"main_route_table_id":"rtb-0fbbe92e75f438e68","owner_id":"815408489721","region":"us-east-2","tags":{"Name":"victors_lab_vpc"},"tags_all":{"Name":"victors_lab_vpc"}},"after":{"arn":"arn:aws:ec2:us-east-2:815408489721:vpc/vpc-0dca73f239e3b5e7d","assign_generated_ipv6_cidr_block":false,"cidr_block":"10.0.0.0/16","default_network_acl_id":"acl-003bd0e8c47893adc","default_route_table_id":"rtb-0fbbe92e75f438e68","default_security_group_id":"sg-0f37054129a87e3ae","dhcp_options_id":"dopt-04c5425eaa937dc73","enable_dns_hostnames":true,"enable_dns_support":true,"enable_network_address_usage_metrics":false,"id":"vpc-0dca73f239e3b5e7d","instance_tenancy":"default","ipv4_ipam_pool_id":null,"ipv4_netmask_length":null,"ipv6_association_id":"","ipv6_cidr_block":"","ipv6_cidr_block_network_border_group":"","ipv6_ipam_pool_id":"","ipv6_netmask_length":0,"main_route_table_id":"rtb-0fbbe92e75f438e68","owner_id":"815408489721","region":"us-east-2","tags":{"Name":"victors_lab_vpc"},"tags_all":{"Name":"victors_lab_vpc"}},"after_unknown":{},"before_sensitive":{"tags":{},"tags_all":{}},"after_sensitive":{"tags":{},"tags_all":{}},"before_identity":{"account_id":"815408489721","id":"vpc-0dca73f239e3b5e7d","region":"us-east-2"},"after_identity":{"account_id":"815408489721","id":"vpc-0dca73f239e3b5e7d","region":"us-east-2"}}},{"address":"aws_vpc_endpoint.s3","mode":"managed","type":"aws_vpc_endpoint","name":"s3","provider_name":"registry.terraform.io/hashicorp/aws","change":{"actions":["no-op"],"before":{"arn":"arn:aws:ec2:us-east-2:815408489721:vpc-endpoint/vpce-0e3e60fe6da38bd66","auto_accept":null,"cidr_blocks":["18.34.252.0/22","52.219.141.0/24","18.34.72.0/21","52.219.96.0/20","52.219.224.0/21","16.12.60.0/22","52.219.232.0/22","52.219.80.0/20","3.5.128.0/22","52.219.142.0/23","3.5.132.0/23","16.12.64.0/22","52.219.212.0/22","52.219.176.0/22"],"dns_entry":[],"dns_options":[{"dns_record_ip_type":"service-defined","private_dns_only_for_inbound_resolver_endpoint":false}],"id":"vpce-0e3e60fe6da38bd66","ip_address_type":"ipv4","network_interface_ids":[],"owner_id":"815408489721","policy":"{\"Statement\":[{\"Action\":\"*\",\"Effect\":\"Allow\",\"Principal\":\"*\",\"Resource\":\"*\"}],\"Version\":\"2008-10-17\"}","prefix_list_id":"pl-7ba54012","private_dns_enabled":false,"region":"us-east-2","requester_managed":false,"resource_configuration_arn":"","route_table_ids":["rtb-06f4e4cd5f3e3a57c"],"security_group_ids":[],"service_name":"com.amazonaws.us-east-2.s3","service_network_arn":"","service_region":"us-east-2","state":"available","subnet_configuration":[],"subnet_ids":[],"tags":{},"tags_all":{},"timeouts":null,"vpc_endpoint_type":"Gateway","vpc_id":"vpc-0dca73f239e3b5e7d"},"after":{"arn":"arn:aws:ec2:us-east-2:815408489721:vpc-endpoint/vpce-0e3e60fe6da38bd66","auto_accept":null,"cidr_blocks":["18.34.252.0/22","52.219.141.0/24","18.34.72.0/21","52.219.96.0/20","52.219.224.0/21","16.12.60.0/22","52.219.232.0/22","52.219.80.0/20","3.5.128.0/22","52.219.142.0/23","3.5.132.0/23","16.12.64.0/22","52.219.212.0/22","52.219.176.0/22"],"dns_entry":[],"dns_options":[{"dns_record_ip_type":"service-defined","private_dns_only_for_inbound_resolver_endpoint":false}],"id":"vpce-0e3e60fe6da38bd66","ip_address_type":"ipv4","network_interface_ids":[],"owner_id":"815408489721","policy":"{\"Statement\":[{\"Action\":\"*\",\"Effect\":\"Allow\",\"Principal\":\"*\",\"Resource\":\"*\"}],\"Version\":\"2008-10-17\"}","prefix_list_id":"pl-7ba54012","private_dns_enabled":false,"region":"us-east-2","requester_managed":false,"resource_configuration_arn":"","route_table_ids":["rtb-06f4e4cd5f3e3a57c"],"security_group_ids":[],"service_name":"com.amazonaws.us-east-2.s3","service_network_arn":"","service_region":"us-east-2","state":"available","subnet_configuration":[],"subnet_ids":[],"tags":{},"tags_all":{},"timeouts":null,"vpc_endpoint_type":"Gateway","vpc_id":"vpc-0dca73f239e3b5e7d"},"after_unknown":{},"before_sensitive":{"cidr_blocks":[false,false,false,false,false,false,false,false,false,false,false,false,false,false],"dns_entry":[],"dns_options":[{}],"network_interface_ids":[],"route_table_ids":[false],"security_group_ids":[],"subnet_configuration":[],"subnet_ids":[],"tags":{},"tags_all":{}},"after_sensitive":{"cidr_blocks":[false,false,false,false,false,false,false,false,false,false,false,false,false,false],"dns_entry":[],"dns_options":[{}],"network_interface_ids":[],"route_table_ids":[false],"security_group_ids":[],"subnet_configuration":[],"subnet_ids":[],"tags":{},"tags_all":{}},"before_identity":{"account_id":"815408489721","id":"vpce-0e3e60fe6da38bd66","region":"us-east-2"},"after_identity":{"account_id":"815408489721","id":"vpce-0e3e60fe6da38bd66","region":"us-east-2"}}},{"address":"aws_wafv2_web_acl.cloudfront","mode":"managed","type":"aws_wafv2_web_acl","name":"cloudfront","provider_name":"registry.terraform.io/hashicorp/aws","change":{"actions":["no-op"],"before":{"application_integration_url":"","arn":"arn:aws:wafv2:us-east-1:815408489721:global/webacl/cloudfront-waf/6297f2b4-d8ec-4c9f-92a8-5352f3c56f36","association_config":[],"capacity":700,"captcha_config":[],"challenge_config":[],"custom_response_body":[],"data_protection_config":[],"default_action":[{"allow":[{"custom_request_handling":[]}],"block":[]}],"description":"","id":"6297f2b4-d8ec-4c9f-92a8-5352f3c56f36","lock_token":"8848ae7f-f083-4c46-a53c-b386622d1a0c","name":"cloudfront-waf","name_prefix":"","region":"us-east-1","rule":[{"action":[],"captcha_config":[],"challenge_config":[],"name":"AWSManagedCommonRuleSet","override_action":[{"count":[],"none":[{}]}],"priority":1,"rule_label":[],"statement":[{"and_statement":[],"asn_match_statement":[],"byte_match_statement":[],"geo_match_statement":[],"ip_set_reference_statement":[],"label_match_statement":[],"managed_rule_group_statement":[{"managed_rule_group_configs":[],"name":"AWSManagedRulesCommonRuleSet","rule_action_override":[],"scope_down_statement":[],"vendor_name":"AWS","version":""}],"not_statement":[],"or_statement":[],"rate_based_statement":[],"regex_match_statement":[],"regex_pattern_set_reference_statement":[],"rule_group_reference_statement":[],"size_constraint_statement":[],"sqli_match_statement":[],"xss_match_statement":[]}],"visibility_config":[{"cloudwatch_metrics_enabled":true,"metric_name":"commonRules","sampled_requests_enabled":true}]}],"rule_json":null,"scope":"CLOUDFRONT","tags":{},"tags_all":{},"token_domains":[],"visibility_config":[{"cloudwatch_metrics_enabled":true,"metric_name":"cloudfrontWAF","sampled_requests_enabled":true}]},"after":{"application_integration_url":"","arn":"arn:aws:wafv2:us-east-1:815408489721:global/webacl/cloudfront-waf/6297f2b4-d8ec-4c9f-92a8-5352f3c56f36","association_config":[],"capacity":700,"captcha_config":[],"challenge_config":[],"custom_response_body":[],"data_protection_config":[],"default_action":[{"allow":[{"custom_request_handling":[]}],"block":[]}],"description":"","id":"6297f2b4-d8ec-4c9f-92a8-5352f3c56f36","lock_token":"8848ae7f-f083-4c46-a53c-b386622d1a0c","name":"cloudfront-waf","name_prefix":"","region":"us-east-1","rule":[{"action":[],"captcha_config":[],"challenge_config":[],"name":"AWSManagedCommonRuleSet","override_action":[{"count":[],"none":[{}]}],"priority":1,"rule_label":[],"statement":[{"and_statement":[],"asn_match_statement":[],"byte_match_statement":[],"geo_match_statement":[],"ip_set_reference_statement":[],"label_match_statement":[],"managed_rule_group_statement":[{"managed_rule_group_configs":[],"name":"AWSManagedRulesCommonRuleSet","rule_action_override":[],"scope_down_statement":[],"vendor_name":"AWS","version":""}],"not_statement":[],"or_statement":[],"rate_based_statement":[],"regex_match_statement":[],"regex_pattern_set_reference_statement":[],"rule_group_reference_statement":[],"size_constraint_statement":[],"sqli_match_statement":[],"xss_match_statement":[]}],"visibility_config":[{"cloudwatch_metrics_enabled":true,"metric_name":"commonRules","sampled_requests_enabled":true}]}],"rule_json":null,"scope":"CLOUDFRONT","tags":{},"tags_all":{},"token_domains":[],"visibility_config":[{"cloudwatch_metrics_enabled":true,"metric_name":"cloudfrontWAF","sampled_requests_enabled":true}]},"after_unknown":{},"before_sensitive":{"association_config":[],"captcha_config":[],"challenge_config":[],"custom_response_body":[],"data_protection_config":[],"default_action":[{"allow":[{"custom_request_handling":[]}],"block":[]}],"rule":[{"action":[],"captcha_config":[],"challenge_config":[],"override_action":[{"count":[],"none":[{}]}],"rule_label":[],"statement":[{"and_statement":[],"asn_match_statement":[],"byte_match_statement":[],"geo_match_statement":[],"ip_set_reference_statement":[],"label_match_statement":[],"managed_rule_group_statement":[{"managed_rule_group_configs":[],"rule_action_override":[],"scope_down_statement":[]}],"not_statement":[],"or_statement":[],"rate_based_statement":[],"regex_match_statement":[],"regex_pattern_set_reference_statement":[],"rule_group_reference_statement":[],"size_constraint_statement":[],"sqli_match_statement":[],"xss_match_statement":[]}],"visibility_config":[{}]}],"tags":{},"tags_all":{},"token_domains":[],"visibility_config":[{}]},"after_sensitive":{"association_config":[],"captcha_config":[],"challenge_config":[],"custom_response_body":[],"data_protection_config":[],"default_action":[{"allow":[{"custom_request_handling":[]}],"block":[]}],"rule":[{"action":[],"captcha_config":[],"challenge_config":[],"override_action":[{"count":[],"none":[{}]}],"rule_label":[],"statement":[{"and_statement":[],"asn_match_statement":[],"byte_match_statement":[],"geo_match_statement":[],"ip_set_reference_statement":[],"label_match_statement":[],"managed_rule_group_statement":[{"managed_rule_group_configs":[],"rule_action_override":[],"scope_down_statement":[]}],"not_statement":[],"or_statement":[],"rate_based_statement":[],"regex_match_statement":[],"regex_pattern_set_reference_statement":[],"rule_group_reference_statement":[],"size_constraint_statement":[],"sqli_match_statement":[],"xss_match_statement":[]}],"visibility_config":[{}]}],"tags":{},"tags_all":{},"token_domains":[],"visibility_config":[{}]}}}],"output_changes":{"alb_application_url":{"actions":["no-op"],"before":"https://crypto.sys-lab.xyz/","after":"https://crypto.sys-lab.xyz/","after_unknown":false,"before_sensitive":false,"after_sensitive":false},"alb_custom_domain":{"actions":["no-op"],"before":"https://crypto.sys-lab.xyz","after":"https://crypto.sys-lab.xyz","after_unknown":false,"before_sensitive":false,"after_sensitive":false},"alb_dns_name":{"actions":["no-op"],"before":"web-server-alb-1011333748.us-east-2.elb.amazonaws.com","after":"web-server-alb-1011333748.us-east-2.elb.amazonaws.com","after_unknown":false,"before_sensitive":false,"after_sensitive":false},"cloudfront_custom_domain":{"actions":["no-op"],"before":"https://internet.sys-lab.xyz","after":"https://internet.sys-lab.xyz","after_unknown":false,"before_sensitive":false,"after_sensitive":false},"cloudfront_domain":{"actions":["no-op"],"before":"d3pf16f1x4nqrx.cloudfront.net","after":"d3pf16f1x4nqrx.cloudfront.net","after_unknown":false,"before_sensitive":false,"after_sensitive":false},"cloudfront_url":{"actions":["no-op"],"before":"https://internet.sys-lab.xyz/","after":"https://internet.sys-lab.xyz/","after_unknown":false,"before_sensitive":false,"after_sensitive":false},"nlb_dns_name":{"actions":["no-op"],"before":"ssh-forward-nlb-4d7d6d4bbd98dfae.elb.us-east-2.amazonaws.com","after":"ssh-forward-nlb-4d7d6d4bbd98dfae.elb.us-east-2.amazonaws.com","after_unknown":false,"before_sensitive":false,"after_sensitive":false},"rds_endpoint":{"actions":["no-op"],"before":"test-postgres-db.cns6wc2k8rgh.us-east-2.rds.amazonaws.com","after":"test-postgres-db.cns6wc2k8rgh.us-east-2.rds.amazonaws.com","after_unknown":false,"before_sensitive":false,"after_sensitive":false},"s3_bucket_name":{"actions":["no-op"],"before":"alexrachok-terraform-web-site-static-content","after":"alexrachok-terraform-web-site-static-content","after_unknown":false,"before_sensitive":false,"after_sensitive":false},"ssh_bastion_command":{"actions":["no-op"],"before":"ssh -p 2000 -i keys/aws_key ubuntu@ssh-forward-nlb-4d7d6d4bbd98dfae.elb.us-east-2.amazonaws.com","after":"ssh -p 2000 -i keys/aws_key ubuntu@ssh-forward-nlb-4d7d6d4bbd98dfae.elb.us-east-2.amazonaws.com","after_unknown":false,"before_sensitive":false,"after_sensitive":false}},"prior_state":{"format_version":"1.0","terraform_version":"1.13.5","values":{"outputs":{"alb_application_url":{"sensitive":false,"value":"https://crypto.sys-lab.xyz/","type":"string"},"alb_custom_domain":{"sensitive":false,"value":"https://crypto.sys-lab.xyz","type":"string"},"alb_dns_name":{"sensitive":false,"value":"web-server-alb-1011333748.us-east-2.elb.amazonaws.com","type":"string"},"cloudfront_custom_domain":{"sensitive":false,"value":"https://internet.sys-lab.xyz","type":"string"},"cloudfront_domain":{"sensitive":false,"value":"d3pf16f1x4nqrx.cloudfront.net","type":"string"},"cloudfront_url":{"sensitive":false,"value":"https://internet.sys-lab.xyz/","type":"string"},"nlb_dns_name":{"sensitive":false,"value":"ssh-forward-nlb-4d7d6d4bbd98dfae.elb.us-east-2.amazonaws.com","type":"string"},"rds_endpoint":{"sensitive":false,"value":"test-postgres-db.cns6wc2k8rgh.us-east-2.rds.amazonaws.com","type":"string"},"s3_bucket_name":{"sensitive":false,"value":"alexrachok-terraform-web-site-static-content","type":"string"},"ssh_bastion_command":{"sensitive":false,"value":"ssh -p 2000 -i keys/aws_key ubuntu@ssh-forward-nlb-4d7d6d4bbd98dfae.elb.us-east-2.amazonaws.com","type":"string"}},"root_module":{"resources":[{"address":"data.aws_availability_zones.available","mode":"data","type":"aws_availability_zones","name":"available","provider_name":"registry.terraform.io/hashicorp/aws","schema_version":0,"values":{"all_availability_zones":null,"exclude_names":null,"exclude_zone_ids":null,"filter":null,"group_names":["us-east-2-zg-1"],"id":"us-east-2","names":["us-east-2a","us-east-2b","us-east-2c"],"region":"us-east-2","state":null,"timeouts":null,"zone_ids":["use2-az1","use2-az2","use2-az3"]},"sensitive_values":{"group_names":[false],"names":[false,false,false],"zone_ids":[false,false,false]}},{"address":"data.aws_cloudfront_cache_policy.caching_optimized","mode":"data","type":"aws_cloudfront_cache_policy","name":"caching_optimized","provider_name":"registry.terraform.io/hashicorp/aws","schema_version":0,"values":{"arn":"arn:aws:cloudfront::815408489721:cache-policy/658327ea-f89d-4fab-a63d-7e88639e58f6","comment":"Policy with caching enabled. Supports Gzip and Brotli compression.","default_ttl":86400,"etag":"E23ZP02F085DFQ","id":"658327ea-f89d-4fab-a63d-7e88639e58f6","max_ttl":31536000,"min_ttl":1,"name":"Managed-CachingOptimized","parameters_in_cache_key_and_forwarded_to_origin":[{"cookies_config":[{"cookie_behavior":"none","cookies":[]}],"enable_accept_encoding_brotli":true,"enable_accept_encoding_gzip":true,"headers_config":[{"header_behavior":"none","headers":[]}],"query_strings_config":[{"query_string_behavior":"none","query_strings":[]}]}]},"sensitive_values":{"parameters_in_cache_key_and_forwarded_to_origin":[{"cookies_config":[{"cookies":[]}],"headers_config":[{"headers":[]}],"query_strings_config":[{"query_strings":[]}]}]}},{"address":"data.aws_cloudfront_origin_request_policy.s3_origin","mode":"data","type":"aws_cloudfront_origin_request_policy","name":"s3_origin","provider_name":"registry.terraform.io/hashicorp/aws","schema_version":0,"values":{"arn":"arn:aws:cloudfront::815408489721:origin-request-policy/88a5eaf4-2fd4-4709-b370-b4c650ea3fcf","comment":"Policy for S3 origin with CORS","cookies_config":[{"cookie_behavior":"none","cookies":[]}],"etag":"E23ZP02F085DFQ","headers_config":[{"header_behavior":"whitelist","headers":[{"items":["access-control-request-headers","access-control-request-method","origin"]}]}],"id":"88a5eaf4-2fd4-4709-b370-b4c650ea3fcf","name":"Managed-CORS-S3Origin","query_strings_config":[{"query_string_behavior":"none","query_strings":[]}]},"sensitive_values":{"cookies_config":[{"cookies":[]}],"headers_config":[{"headers":[{"items":[false,false,false]}]}],"query_strings_config":[{"query_strings":[]}]}},{"address":"data.aws_route53_zone.main","mode":"data","type":"aws_route53_zone","name":"main","provider_name":"registry.terraform.io/hashicorp/aws","schema_version":0,"values":{"arn":"arn:aws:route53:::hostedzone/Z01701153CPZZN6JNE61O","caller_reference":"a5248753-4747-4bba-a4a8-06f37de7afe9","comment":"sys-lab.xyz - my test DNS","id":"Z01701153CPZZN6JNE61O","linked_service_description":null,"linked_service_principal":null,"name":"sys-lab.xyz","name_servers":["ns-95.awsdns-11.com","ns-1121.awsdns-12.org","ns-1766.awsdns-28.co.uk","ns-597.awsdns-10.net"],"primary_name_server":"ns-95.awsdns-11.com","private_zone":false,"resource_record_set_count":9,"tags":{"name":"sys-lab.xyz"},"vpc_id":null,"zone_id":"Z01701153CPZZN6JNE61O"},"sensitive_values":{"name_servers":[false,false,false,false],"tags":{}}},{"address":"data.sops_file.secrets","mode":"data","type":"sops_file","name":"secrets","provider_name":"registry.terraform.io/carlpett/sops","schema_version":0,"values":{"data":{"db_name":"postgres","db_password":"DU9AZNAFx7IxxsfRb2P4","db_user":"postgres_admin"},"id":"-","input_type":"yaml","raw":"db_user: postgres_admin\ndb_password: DU9AZNAFx7IxxsfRb2P4\ndb_name: postgres\n","source_file":"./terraform.tfvars.enc"},"sensitive_values":{"data":true,"raw":true}},{"address":"aws_acm_certificate.alb_cert","mode":"managed","type":"aws_acm_certificate","name":"alb_cert","provider_name":"registry.terraform.io/hashicorp/aws","schema_version":0,"values":{"arn":"arn:aws:acm:us-east-2:815408489721:certificate/fdf0abd1-d8ef-4e02-b2cd-d1493068bb47","certificate_authority_arn":"","certificate_body":null,"certificate_chain":null,"domain_name":"crypto.sys-lab.xyz","domain_validation_options":[{"domain_name":"crypto.sys-lab.xyz","resource_record_name":"_ca079edc6fa878b19ec5d5c5c9e4969d.crypto.sys-lab.xyz.","resource_record_type":"CNAME","resource_record_value":"_ba40e27644fe4164c49a558bc2d2e9aa.jkddzztszm.acm-validations.aws."}],"early_renewal_duration":"","id":"arn:aws:acm:us-east-2:815408489721:certificate/fdf0abd1-d8ef-4e02-b2cd-d1493068bb47","key_algorithm":"RSA_2048","not_after":"2027-01-27T23:59:59Z","not_before":"2025-12-29T00:00:00Z","options":[{"certificate_transparency_logging_preference":"ENABLED","export":"DISABLED"}],"pending_renewal":false,"private_key":null,"region":"us-east-2","renewal_eligibility":"ELIGIBLE","renewal_summary":[],"status":"ISSUED","subject_alternative_names":["crypto.sys-lab.xyz"],"tags":{},"tags_all":{},"type":"AMAZON_ISSUED","validation_emails":[],"validation_method":"DNS","validation_option":[]},"sensitive_values":{"domain_validation_options":[{}],"options":[{}],"private_key":true,"renewal_summary":[],"subject_alternative_names":[false],"tags":{},"tags_all":{},"validation_emails":[],"validation_option":[]},"identity_schema_version":0,"identity":{"arn":"arn:aws:acm:us-east-2:815408489721:certificate/fdf0abd1-d8ef-4e02-b2cd-d1493068bb47"}},{"address":"aws_acm_certificate.cloudfront_cert","mode":"managed","type":"aws_acm_certificate","name":"cloudfront_cert","provider_name":"registry.terraform.io/hashicorp/aws","schema_version":0,"values":{"arn":"arn:aws:acm:us-east-1:815408489721:certificate/66b71a8f-7172-4cb9-8aef-868ee484dd54","certificate_authority_arn":"","certificate_body":null,"certificate_chain":null,"domain_name":"sys-lab.xyz","domain_validation_options":[{"domain_name":"internet.sys-lab.xyz","resource_record_name":"_e5fa437e2c6f643361b7206dd38d4d8c.internet.sys-lab.xyz.","resource_record_type":"CNAME","resource_record_value":"_2e4f7aeaa237764a4958be71fd12bf04.jkddzztszm.acm-validations.aws."},{"domain_name":"sys-lab.xyz","resource_record_name":"_3dca63e2adbcd90c7e2b91d82b83a461.sys-lab.xyz.","resource_record_type":"CNAME","resource_record_value":"_0e5c062399b8bb1c1ee8a7f6539ecc75.jkddzztszm.acm-validations.aws."},{"domain_name":"www.internet.sys-lab.xyz","resource_record_name":"_ff3ab42d63eade181f5885597ddfee1f.www.internet.sys-lab.xyz.","resource_record_type":"CNAME","resource_record_value":"_93f8dcbef448edf93bb7dd2b37b67fb3.jkddzztszm.acm-validations.aws."}],"early_renewal_duration":"","id":"arn:aws:acm:us-east-1:815408489721:certificate/66b71a8f-7172-4cb9-8aef-868ee484dd54","key_algorithm":"RSA_2048","not_after":"2027-01-27T23:59:59Z","not_before":"2025-12-29T00:00:00Z","options":[{"certificate_transparency_logging_preference":"ENABLED","export":"DISABLED"}],"pending_renewal":false,"private_key":null,"region":"us-east-1","renewal_eligibility":"ELIGIBLE","renewal_summary":[],"status":"ISSUED","subject_alternative_names":["internet.sys-lab.xyz","sys-lab.xyz","www.internet.sys-lab.xyz"],"tags":{},"tags_all":{},"type":"AMAZON_ISSUED","validation_emails":[],"validation_method":"DNS","validation_option":[]},"sensitive_values":{"domain_validation_options":[{},{},{}],"options":[{}],"private_key":true,"renewal_summary":[],"subject_alternative_names":[false,false,false],"tags":{},"tags_all":{},"validation_emails":[],"validation_option":[]},"identity_schema_version":0,"identity":{"arn":"arn:aws:acm:us-east-1:815408489721:certificate/66b71a8f-7172-4cb9-8aef-868ee484dd54"}},{"address":"aws_acm_certificate_validation.alb_cert_validation","mode":"managed","type":"aws_acm_certificate_validation","name":"alb_cert_validation","provider_name":"registry.terraform.io/hashicorp/aws","schema_version":0,"values":{"certificate_arn":"arn:aws:acm:us-east-2:815408489721:certificate/fdf0abd1-d8ef-4e02-b2cd-d1493068bb47","id":"2025-12-29 20:13:09.397 +0000 UTC","region":"us-east-2","timeouts":null,"validation_record_fqdns":["_ca079edc6fa878b19ec5d5c5c9e4969d.crypto.sys-lab.xyz"]},"sensitive_values":{"validation_record_fqdns":[false]},"depends_on":["aws_acm_certificate.alb_cert","aws_route53_record.alb_cert_validation","data.aws_route53_zone.main"]},{"address":"aws_acm_certificate_validation.cloudfront_cert","mode":"managed","type":"aws_acm_certificate_validation","name":"cloudfront_cert","provider_name":"registry.terraform.io/hashicorp/aws","schema_version":0,"values":{"certificate_arn":"arn:aws:acm:us-east-1:815408489721:certificate/66b71a8f-7172-4cb9-8aef-868ee484dd54","id":"2025-12-29 20:13:08.272 +0000 UTC","region":"us-east-1","timeouts":null,"validation_record_fqdns":["_3dca63e2adbcd90c7e2b91d82b83a461.sys-lab.xyz","_e5fa437e2c6f643361b7206dd38d4d8c.internet.sys-lab.xyz","_ff3ab42d63eade181f5885597ddfee1f.www.internet.sys-lab.xyz"]},"sensitive_values":{"validation_record_fqdns":[false,false,false]},"depends_on":["aws_acm_certificate.cloudfront_cert","aws_route53_record.cloudfront_cert_validation","data.aws_route53_zone.main"]},{"address":"aws_autoscaling_group.web_asg","mode":"managed","type":"aws_autoscaling_group","name":"web_asg","provider_name":"registry.terraform.io/hashicorp/aws","schema_version":1,"values":{"arn":"arn:aws:autoscaling:us-east-2:815408489721:autoScalingGroup:6dfc5922-7c0d-4c05-b27d-4fbb22b6864f:autoScalingGroupName/web-server-asg","availability_zone_distribution":[{"capacity_distribution_strategy":"balanced-best-effort"}],"availability_zones":["us-east-2a","us-east-2b","us-east-2c"],"capacity_rebalance":false,"capacity_reservation_specification":[{"capacity_reservation_preference":"default","capacity_reservation_target":[]}],"context":"","default_cooldown":300,"default_instance_warmup":0,"desired_capacity":1,"desired_capacity_type":"","enabled_metrics":[],"force_delete":false,"force_delete_warm_pool":false,"health_check_grace_period":300,"health_check_type":"EC2","id":"web-server-asg","ignore_failed_scaling_activities":false,"initial_lifecycle_hook":[],"instance_maintenance_policy":[],"instance_refresh":[],"launch_configuration":"","launch_template":[{"id":"lt-0e0181b1080220e94","name":"web-server-lt-2025122920182297270000000f","version":"$Latest"}],"load_balancers":[],"max_instance_lifetime":0,"max_size":2,"metrics_granularity":"1Minute","min_elb_capacity":null,"min_size":1,"mixed_instances_policy":[],"name":"web-server-asg","name_prefix":"","placement_group":"","predicted_capacity":0,"protect_from_scale_in":false,"region":"us-east-2","service_linked_role_arn":"arn:aws:iam::815408489721:role/aws-service-role/autoscaling.amazonaws.com/AWSServiceRoleForAutoScaling","suspended_processes":[],"tag":[{"key":"Name","propagate_at_launch":true,"value":"web-asg-instance"}],"target_group_arns":["arn:aws:elasticloadbalancing:us-east-2:815408489721:targetgroup/web-server-tg/c241aa4bb0ea3011"],"termination_policies":[],"timeouts":null,"traffic_source":[{"identifier":"arn:aws:elasticloadbalancing:us-east-2:815408489721:targetgroup/web-server-tg/c241aa4bb0ea3011","type":"elbv2"}],"vpc_zone_identifier":["subnet-0e7f636aeeb038f14","subnet-0e83351c992742dd0","subnet-0f9f39a6e96426678"],"wait_for_capacity_timeout":"10m","wait_for_elb_capacity":null,"warm_pool":[],"warm_pool_size":0},"sensitive_values":{"availability_zone_distribution":[{}],"availability_zones":[false,false,false],"capacity_reservation_specification":[{"capacity_reservation_target":[]}],"enabled_metrics":[],"initial_lifecycle_hook":[],"instance_maintenance_policy":[],"instance_refresh":[],"launch_template":[{}],"load_balancers":[],"mixed_instances_policy":[],"suspended_processes":[],"tag":[{}],"target_group_arns":[false],"termination_policies":[],"traffic_source":[{}],"vpc_zone_identifier":[false,false,false],"warm_pool":[]},"depends_on":["aws_db_instance.postgres","aws_db_subnet_group.db_subnets","aws_iam_instance_profile.ec2_profile","aws_iam_role.ec2_role","aws_key_pair.deployer","aws_launch_template.web_lt","aws_lb_target_group.web_tg","aws_security_group.lambda_sg","aws_security_group.sg_bastion","aws_security_group.sg_nlb","aws_security_group.sg_rds","aws_security_group.sg_ssh","aws_security_group.sg_web_ingress","aws_subnet.private","aws_subnet.private_2","aws_subnet.private_3","aws_vpc.victors_lab_vpc","data.aws_availability_zones.available","data.sops_file.secrets"]},{"address":"aws_autoscaling_policy.scale_out","mode":"managed","type":"aws_autoscaling_policy","name":"scale_out","provider_name":"registry.terraform.io/hashicorp/aws","schema_version":0,"values":{"adjustment_type":"ChangeInCapacity","arn":"arn:aws:autoscaling:us-east-2:815408489721:scalingPolicy:dbe9b62c-6a42-4f6b-91e9-29c973ed1dff:autoScalingGroupName/web-server-asg:policyName/web-scale-out","autoscaling_group_name":"web-server-asg","cooldown":60,"enabled":true,"estimated_instance_warmup":0,"id":"web-scale-out","metric_aggregation_type":"","min_adjustment_magnitude":0,"name":"web-scale-out","policy_type":"SimpleScaling","predictive_scaling_configuration":[],"region":"us-east-2","scaling_adjustment":1,"step_adjustment":[],"target_tracking_configuration":[]},"sensitive_values":{"predictive_scaling_configuration":[],"step_adjustment":[],"target_tracking_configuration":[]},"depends_on":["aws_autoscaling_group.web_asg","aws_db_instance.postgres","aws_db_subnet_group.db_subnets","aws_iam_instance_profile.ec2_profile","aws_iam_role.ec2_role","aws_key_pair.deployer","aws_launch_template.web_lt","aws_lb_target_group.web_tg","aws_security_group.lambda_sg","aws_security_group.sg_bastion","aws_security_group.sg_nlb","aws_security_group.sg_rds","aws_security_group.sg_ssh","aws_security_group.sg_web_ingress","aws_subnet.private","aws_subnet.private_2","aws_subnet.private_3","aws_vpc.victors_lab_vpc","data.aws_availability_zones.available","data.sops_file.secrets"]},{"address":"aws_cloudfront_distribution.cdn","mode":"managed","type":"aws_cloudfront_distribution","name":"cdn","provider_name":"registry.terraform.io/hashicorp/aws","schema_version":1,"values":{"aliases":["internet.sys-lab.xyz"],"anycast_ip_list_id":"","arn":"arn:aws:cloudfront::815408489721:distribution/E1M9VOWSRDD4I3","caller_reference":"terraform-20251229203022080200000001","comment":null,"continuous_deployment_policy_id":"","custom_error_response":[],"default_cache_behavior":[{"allowed_methods":["GET","HEAD"],"cache_policy_id":"658327ea-f89d-4fab-a63d-7e88639e58f6","cached_methods":["GET","HEAD"],"compress":false,"default_ttl":0,"field_level_encryption_id":"","forwarded_values":[],"function_association":[],"grpc_config":[{"enabled":false}],"lambda_function_association":[],"max_ttl":0,"min_ttl":0,"origin_request_policy_id":"88a5eaf4-2fd4-4709-b370-b4c650ea3fcf","realtime_log_config_arn":"","response_headers_policy_id":"","smooth_streaming":false,"target_origin_id":"s3-origin","trusted_key_groups":[],"trusted_signers":[],"viewer_protocol_policy":"redirect-to-https"}],"default_root_object":"index.html","domain_name":"d3pf16f1x4nqrx.cloudfront.net","enabled":true,"etag":"E2NLAODHNTH2JN","hosted_zone_id":"Z2FDTNDATAQYW2","http_version":"http2","id":"E1M9VOWSRDD4I3","in_progress_validation_batches":0,"is_ipv6_enabled":false,"last_modified_time":"2025-12-29 20:30:23.192 +0000 UTC","logging_config":[{"bucket":"alexrachok-cloudfront-logs.s3.amazonaws.com","include_cookies":false,"prefix":"cloudfront/"}],"logging_v1_enabled":true,"ordered_cache_behavior":[],"origin":[{"connection_attempts":3,"connection_timeout":10,"custom_header":[],"custom_origin_config":[],"domain_name":"alexrachok-terraform-web-site-static-content.s3.us-east-2.amazonaws.com","origin_access_control_id":"E2EUZB4VYDVFE7","origin_id":"s3-origin","origin_path":"","origin_shield":[],"response_completion_timeout":0,"s3_origin_config":[],"vpc_origin_config":[]}],"origin_group":[],"price_class":"PriceClass_All","restrictions":[{"geo_restriction":[{"locations":[],"restriction_type":"none"}]}],"retain_on_delete":false,"staging":false,"status":"Deployed","tags":{},"tags_all":{},"trusted_key_groups":[{"enabled":false,"items":[]}],"trusted_signers":[{"enabled":false,"items":[]}],"viewer_certificate":[{"acm_certificate_arn":"arn:aws:acm:us-east-1:815408489721:certificate/66b71a8f-7172-4cb9-8aef-868ee484dd54","cloudfront_default_certificate":false,"iam_certificate_id":"","minimum_protocol_version":"TLSv1.2_2021","ssl_support_method":"sni-only"}],"wait_for_deployment":true,"web_acl_id":"arn:aws:wafv2:us-east-1:815408489721:global/webacl/cloudfront-waf/6297f2b4-d8ec-4c9f-92a8-5352f3c56f36"},"sensitive_values":{"aliases":[false],"custom_error_response":[],"default_cache_behavior":[{"allowed_methods":[false,false],"cached_methods":[false,false],"forwarded_values":[],"function_association":[],"grpc_config":[{}],"lambda_function_association":[],"trusted_key_groups":[],"trusted_signers":[]}],"logging_config":[{}],"ordered_cache_behavior":[],"origin":[{"custom_header":[],"custom_origin_config":[],"origin_shield":[],"s3_origin_config":[],"vpc_origin_config":[]}],"origin_group":[],"restrictions":[{"geo_restriction":[{"locations":[]}]}],"tags":{},"tags_all":{},"trusted_key_groups":[{"items":[]}],"trusted_signers":[{"items":[]}],"viewer_certificate":[{}]},"depends_on":["aws_acm_certificate.cloudfront_cert","aws_acm_certificate_validation.cloudfront_cert","aws_cloudfront_origin_access_control.oac","aws_route53_record.cloudfront_cert_validation","aws_s3_bucket.cloudfront_logs","aws_s3_bucket.static_web_site_bucket","aws_wafv2_web_acl.cloudfront","data.aws_cloudfront_cache_policy.caching_optimized","data.aws_cloudfront_origin_request_policy.s3_origin","data.aws_route53_zone.main"]},{"address":"aws_cloudfront_origin_access_control.oac","mode":"managed","type":"aws_cloudfront_origin_access_control","name":"oac","provider_name":"registry.terraform.io/hashicorp/aws","schema_version":0,"values":{"arn":"arn:aws:cloudfront::815408489721:origin-access-control/E2EUZB4VYDVFE7","description":"Access control for CloudFront to read S3 bucket","etag":"ETVPDKIKX0DER","id":"E2EUZB4VYDVFE7","name":"s3-oac-web-site","origin_access_control_origin_type":"s3","signing_behavior":"always","signing_protocol":"sigv4"},"sensitive_values":{}},{"address":"aws_cloudwatch_event_rule.lambda_schedule","mode":"managed","type":"aws_cloudwatch_event_rule","name":"lambda_schedule","provider_name":"registry.terraform.io/hashicorp/aws","schema_version":1,"values":{"arn":"arn:aws:events:us-east-2:815408489721:rule/crypto-updater-schedule","description":"","event_bus_name":"default","event_pattern":null,"force_destroy":false,"id":"crypto-updater-schedule","is_enabled":true,"name":"crypto-updater-schedule","name_prefix":"","region":"us-east-2","role_arn":"","schedule_expression":"rate(5 minutes)","state":"ENABLED","tags":{},"tags_all":{}},"sensitive_values":{"tags":{},"tags_all":{}},"identity_schema_version":0,"identity":{"account_id":"815408489721","name":"crypto-updater-schedule","region":"us-east-2"}},{"address":"aws_cloudwatch_event_target.lambda_target","mode":"managed","type":"aws_cloudwatch_event_target","name":"lambda_target","provider_name":"registry.terraform.io/hashicorp/aws","schema_version":1,"values":{"appsync_target":[],"arn":"arn:aws:lambda:us-east-2:815408489721:function:crypto-updater","batch_target":[],"dead_letter_config":[],"ecs_target":[],"event_bus_name":"default","force_destroy":false,"http_target":[],"id":"crypto-updater-schedule-crypto-updater","input":"","input_path":"","input_transformer":[],"kinesis_target":[],"redshift_target":[],"region":"us-east-2","retry_policy":[],"role_arn":"","rule":"crypto-updater-schedule","run_command_targets":[],"sagemaker_pipeline_target":[],"sqs_target":[],"target_id":"crypto-updater"},"sensitive_values":{"appsync_target":[],"batch_target":[],"dead_letter_config":[],"ecs_target":[],"http_target":[],"input_transformer":[],"kinesis_target":[],"redshift_target":[],"retry_policy":[],"run_command_targets":[],"sagemaker_pipeline_target":[],"sqs_target":[]},"depends_on":["aws_cloudwatch_event_rule.lambda_schedule","aws_db_instance.postgres","aws_db_subnet_group.db_subnets","aws_iam_role.lambda_role","aws_lambda_function.crypto_updater","aws_lambda_layer_version.crypto_layer","aws_s3_bucket.static_web_site_bucket","aws_s3_object.lambda_function_zip","aws_s3_object.lambda_layer_zip","aws_security_group.lambda_sg","aws_security_group.sg_bastion","aws_security_group.sg_nlb","aws_security_group.sg_rds","aws_security_group.sg_ssh","aws_subnet.private","aws_subnet.private_2","aws_subnet.private_3","aws_vpc.victors_lab_vpc","data.aws_availability_zones.available","data.sops_file.secrets"],"identity_schema_version":0,"identity":{"account_id":"815408489721","event_bus_name":"default","region":"us-east-2","rule":"crypto-updater-schedule","target_id":"crypto-updater"}},{"address":"aws_cloudwatch_metric_alarm.cpu_high","mode":"managed","type":"aws_cloudwatch_metric_alarm","name":"cpu_high","provider_name":"registry.terraform.io/hashicorp/aws","schema_version":1,"values":{"actions_enabled":true,"alarm_actions":["arn:aws:autoscaling:us-east-2:815408489721:scalingPolicy:dbe9b62c-6a42-4f6b-91e9-29c973ed1dff:autoScalingGroupName/web-server-asg:policyName/web-scale-out"],"alarm_description":"","alarm_name":"web-cpu-high","arn":"arn:aws:cloudwatch:us-east-2:815408489721:alarm:web-cpu-high","comparison_operator":"GreaterThanThreshold","datapoints_to_alarm":0,"dimensions":{"AutoScalingGroupName":"web-server-asg"},"evaluate_low_sample_count_percentiles":"","evaluation_periods":2,"extended_statistic":"","id":"web-cpu-high","insufficient_data_actions":[],"metric_name":"CPUUtilization","metric_query":[],"namespace":"AWS/EC2","ok_actions":[],"period":60,"region":"us-east-2","statistic":"Average","tags":{},"tags_all":{},"threshold":70,"threshold_metric_id":"","treat_missing_data":"missing","unit":""},"sensitive_values":{"alarm_actions":[false],"dimensions":{},"insufficient_data_actions":[],"metric_query":[],"ok_actions":[],"tags":{},"tags_all":{}},"depends_on":["aws_autoscaling_group.web_asg","aws_autoscaling_policy.scale_out","aws_db_instance.postgres","aws_db_subnet_group.db_subnets","aws_iam_instance_profile.ec2_profile","aws_iam_role.ec2_role","aws_key_pair.deployer","aws_launch_template.web_lt","aws_lb_target_group.web_tg","aws_security_group.lambda_sg","aws_security_group.sg_bastion","aws_security_group.sg_nlb","aws_security_group.sg_rds","aws_security_group.sg_ssh","aws_security_group.sg_web_ingress","aws_subnet.private","aws_subnet.private_2","aws_subnet.private_3","aws_vpc.victors_lab_vpc","data.aws_availability_zones.available","data.sops_file.secrets"],"identity_schema_version":0,"identity":{"account_id":"815408489721","alarm_name":"web-cpu-high","region":"us-east-2"}},{"address":"aws_db_instance.postgres","mode":"managed","type":"aws_db_instance","name":"postgres","provider_name":"registry.terraform.io/hashicorp/aws","schema_version":2,"values":{"address":"test-postgres-db.cns6wc2k8rgh.us-east-2.rds.amazonaws.com","allocated_storage":20,"allow_major_version_upgrade":null,"apply_immediately":false,"arn":"arn:aws:rds:us-east-2:815408489721:db:test-postgres-db","auto_minor_version_upgrade":true,"availability_zone":"us-east-2c","backup_retention_period":0,"backup_target":"region","backup_window":"09:46-10:16","blue_green_update":[],"ca_cert_identifier":"rds-ca-rsa2048-g1","character_set_name":"","copy_tags_to_snapshot":false,"custom_iam_instance_profile":"","customer_owned_ip_enabled":false,"database_insights_mode":"standard","db_name":"postgres","db_subnet_group_name":"postgress-db-subnet-group","dedicated_log_volume":false,"delete_automated_backups":true,"deletion_protection":false,"domain":"","domain_auth_secret_arn":"","domain_dns_ips":[],"domain_fqdn":"","domain_iam_role_name":"","domain_ou":"","enabled_cloudwatch_logs_exports":[],"endpoint":"test-postgres-db.cns6wc2k8rgh.us-east-2.rds.amazonaws.com:5432","engine":"postgres","engine_lifecycle_support":"open-source-rds-extended-support","engine_version":"17.6","engine_version_actual":"17.6","final_snapshot_identifier":null,"hosted_zone_id":"Z2XHWR1WZ565X2","iam_database_authentication_enabled":false,"id":"db-FOZMFZE2WTBGYVWJMGATFNYRLA","identifier":"test-postgres-db","identifier_prefix":"","instance_class":"db.t4g.micro","iops":0,"kms_key_id":"","latest_restorable_time":"","license_model":"postgresql-license","listener_endpoint":[],"maintenance_window":"mon:09:11-mon:09:41","manage_master_user_password":null,"master_user_secret":[],"master_user_secret_kms_key_id":null,"max_allocated_storage":0,"monitoring_interval":0,"monitoring_role_arn":"","multi_az":false,"nchar_character_set_name":"","network_type":"IPV4","option_group_name":"default:postgres-17","parameter_group_name":"default.postgres17","password":"DU9AZNAFx7IxxsfRb2P4","password_wo":null,"password_wo_version":null,"performance_insights_enabled":false,"performance_insights_kms_key_id":"","performance_insights_retention_period":0,"port":5432,"publicly_accessible":false,"region":"us-east-2","replica_mode":"","replicas":[],"replicate_source_db":"","resource_id":"db-FOZMFZE2WTBGYVWJMGATFNYRLA","restore_to_point_in_time":[],"s3_import":[],"skip_final_snapshot":true,"snapshot_identifier":null,"status":"available","storage_encrypted":false,"storage_throughput":0,"storage_type":"gp2","tags":{},"tags_all":{},"timeouts":null,"timezone":"","upgrade_storage_config":null,"username":"postgres_admin","vpc_security_group_ids":["sg-0b35d65d63761ff18"]},"sensitive_values":{"blue_green_update":[],"db_name":true,"domain_dns_ips":[],"enabled_cloudwatch_logs_exports":[],"listener_endpoint":[],"master_user_secret":[],"password":true,"password_wo":true,"replicas":[],"restore_to_point_in_time":[],"s3_import":[],"tags":{},"tags_all":{},"username":true,"vpc_security_group_ids":[false]},"depends_on":["aws_db_subnet_group.db_subnets","aws_security_group.lambda_sg","aws_security_group.sg_bastion","aws_security_group.sg_nlb","aws_security_group.sg_rds","aws_security_group.sg_ssh","aws_subnet.private","aws_subnet.private_2","aws_subnet.private_3","aws_vpc.victors_lab_vpc","data.aws_availability_zones.available","data.sops_file.secrets"]},{"address":"aws_db_subnet_group.db_subnets","mode":"managed","type":"aws_db_subnet_group","name":"db_subnets","provider_name":"registry.terraform.io/hashicorp/aws","schema_version":0,"values":{"arn":"arn:aws:rds:us-east-2:815408489721:subgrp:postgress-db-subnet-group","description":"Managed by Terraform","id":"postgress-db-subnet-group","name":"postgress-db-subnet-group","name_prefix":"","region":"us-east-2","subnet_ids":["subnet-0e7f636aeeb038f14","subnet-0e83351c992742dd0","subnet-0f9f39a6e96426678"],"supported_network_types":["IPV4"],"tags":{"Name":"db-subnet-group"},"tags_all":{"Name":"db-subnet-group"},"vpc_id":"vpc-0dca73f239e3b5e7d"},"sensitive_values":{"subnet_ids":[false,false,false],"supported_network_types":[false],"tags":{},"tags_all":{}},"depends_on":["aws_subnet.private","aws_subnet.private_2","aws_subnet.private_3","aws_vpc.victors_lab_vpc","data.aws_availability_zones.available"]},{"address":"aws_eip.nat_eip","mode":"managed","type":"aws_eip","name":"nat_eip","provider_name":"registry.terraform.io/hashicorp/aws","schema_version":0,"values":{"address":null,"allocation_id":"eipalloc-01ee5e42cf7fc4fb4","arn":"arn:aws:ec2:us-east-2:815408489721:elastic-ip/eipalloc-01ee5e42cf7fc4fb4","associate_with_private_ip":null,"association_id":"eipassoc-016437751892b184f","carrier_ip":"","customer_owned_ip":"","customer_owned_ipv4_pool":"","domain":"vpc","id":"eipalloc-01ee5e42cf7fc4fb4","instance":"","ipam_pool_id":null,"network_border_group":"us-east-2","network_interface":"eni-0af9cb1665bf41ac6","private_dns":"ip-10-0-0-57.us-east-2.compute.internal","private_ip":"10.0.0.57","ptr_record":"","public_dns":"ec2-3-136-33-199.us-east-2.compute.amazonaws.com","public_ip":"3.136.33.199","public_ipv4_pool":"amazon","region":"us-east-2","tags":{},"tags_all":{},"timeouts":null},"sensitive_values":{"tags":{},"tags_all":{}}},{"address":"aws_iam_instance_profile.ec2_profile","mode":"managed","type":"aws_iam_instance_profile","name":"ec2_profile","provider_name":"registry.terraform.io/hashicorp/aws","schema_version":0,"values":{"arn":"arn:aws:iam::815408489721:instance-profile/ec2_s3_profile","create_date":"2025-12-29T20:12:50Z","id":"ec2_s3_profile","name":"ec2_s3_profile","name_prefix":"","path":"/","role":"ec2_s3_access_role","tags":{},"tags_all":{},"unique_id":"AIPA33WRCET4TGWWTEQ44"},"sensitive_values":{"tags":{},"tags_all":{}},"depends_on":["aws_iam_role.ec2_role"]},{"address":"aws_iam_role.ec2_role","mode":"managed","type":"aws_iam_role","name":"ec2_role","provider_name":"registry.terraform.io/hashicorp/aws","schema_version":0,"values":{"arn":"arn:aws:iam::815408489721:role/ec2_s3_access_role","assume_role_policy":"{\"Statement\":[{\"Action\":\"sts:AssumeRole\",\"Effect\":\"Allow\",\"Principal\":{\"Service\":\"ec2.amazonaws.com\"}}],\"Version\":\"2012-10-17\"}","create_date":"2025-12-29T20:12:49Z","description":"","force_detach_policies":false,"id":"ec2_s3_access_role","inline_policy":[{"name":"ec2_s3_read","policy":"{\"Version\":\"2012-10-17\",\"Statement\":[{\"Action\":[\"s3:GetObject\",\"s3:ListBucket\"],\"Effect\":\"Allow\",\"Resource\":[\"arn:aws:s3:::alexrachok-terraform-web-site-static-content\",\"arn:aws:s3:::alexrachok-terraform-web-site-static-content/*\"]}]}"}],"managed_policy_arns":[],"max_session_duration":3600,"name":"ec2_s3_access_role","name_prefix":"","path":"/","permissions_boundary":"","tags":{},"tags_all":{},"unique_id":"AROA33WRCET47TDM4MSMI"},"sensitive_values":{"inline_policy":[{}],"managed_policy_arns":[],"tags":{},"tags_all":{}},"identity_schema_version":0,"identity":{"account_id":"815408489721","name":"ec2_s3_access_role"}},{"address":"aws_iam_role.lambda_role","mode":"managed","type":"aws_iam_role","name":"lambda_role","provider_name":"registry.terraform.io/hashicorp/aws","schema_version":0,"values":{"arn":"arn:aws:iam::815408489721:role/crypto_updater_lambda_role","assume_role_policy":"{\"Statement\":[{\"Action\":\"sts:AssumeRole\",\"Effect\":\"Allow\",\"Principal\":{\"Service\":\"lambda.amazonaws.com\"}}],\"Version\":\"2012-10-17\"}","create_date":"2025-12-29T20:12:49Z","description":"","force_detach_policies":false,"id":"crypto_updater_lambda_role","inline_policy":[{"name":"crypto-updater-policy","policy":"{\"Version\":\"2012-10-17\",\"Statement\":[{\"Action\":[\"logs:CreateLogGroup\",\"logs:CreateLogStream\",\"logs:PutLogEvents\"],\"Effect\":\"Allow\",\"Resource\":\"*\"},{\"Action\":[\"s3:GetObject\"],\"Effect\":\"Allow\",\"Resource\":\"arn:aws:s3:::alexrachok-terraform-web-site-static-content/*\"}]}"}],"managed_policy_arns":["arn:aws:iam::aws:policy/service-role/AWSLambdaBasicExecutionRole","arn:aws:iam::aws:policy/service-role/AWSLambdaVPCAccessExecutionRole"],"max_session_duration":3600,"name":"crypto_updater_lambda_role","name_prefix":"","path":"/","permissions_boundary":"","tags":{},"tags_all":{},"unique_id":"AROA33WRCET4UN3LEMRET"},"sensitive_values":{"inline_policy":[{}],"managed_policy_arns":[false,false],"tags":{},"tags_all":{}},"identity_schema_version":0,"identity":{"account_id":"815408489721","name":"crypto_updater_lambda_role"}},{"address":"aws_iam_role_policy.ec2_s3_policy","mode":"managed","type":"aws_iam_role_policy","name":"ec2_s3_policy","provider_name":"registry.terraform.io/hashicorp/aws","schema_version":0,"values":{"id":"ec2_s3_access_role:ec2_s3_read","name":"ec2_s3_read","name_prefix":"","policy":"{\"Version\":\"2012-10-17\",\"Statement\":[{\"Action\":[\"s3:GetObject\",\"s3:ListBucket\"],\"Effect\":\"Allow\",\"Resource\":[\"arn:aws:s3:::alexrachok-terraform-web-site-static-content\",\"arn:aws:s3:::alexrachok-terraform-web-site-static-content/*\"]}]}","role":"ec2_s3_access_role"},"sensitive_values":{},"depends_on":["aws_iam_role.ec2_role","aws_s3_bucket.static_web_site_bucket"],"identity_schema_version":0,"identity":{"account_id":"815408489721","name":"ec2_s3_read","role":"ec2_s3_access_role"}},{"address":"aws_iam_role_policy.lambda_policy","mode":"managed","type":"aws_iam_role_policy","name":"lambda_policy","provider_name":"registry.terraform.io/hashicorp/aws","schema_version":0,"values":{"id":"crypto_updater_lambda_role:crypto-updater-policy","name":"crypto-updater-policy","name_prefix":"","policy":"{\"Version\":\"2012-10-17\",\"Statement\":[{\"Action\":[\"logs:CreateLogGroup\",\"logs:CreateLogStream\",\"logs:PutLogEvents\"],\"Effect\":\"Allow\",\"Resource\":\"*\"},{\"Action\":[\"s3:GetObject\"],\"Effect\":\"Allow\",\"Resource\":\"arn:aws:s3:::alexrachok-terraform-web-site-static-content/*\"}]}","role":"crypto_updater_lambda_role"},"sensitive_values":{},"depends_on":["aws_iam_role.lambda_role"],"identity_schema_version":0,"identity":{"account_id":"815408489721","name":"crypto-updater-policy","role":"crypto_updater_lambda_role"}},{"address":"aws_iam_role_policy_attachment.lambda_basic_execution","mode":"managed","type":"aws_iam_role_policy_attachment","name":"lambda_basic_execution","provider_name":"registry.terraform.io/hashicorp/aws","schema_version":0,"values":{"id":"crypto_updater_lambda_role/arn:aws:iam::aws:policy/service-role/AWSLambdaBasicExecutionRole","policy_arn":"arn:aws:iam::aws:policy/service-role/AWSLambdaBasicExecutionRole","role":"crypto_updater_lambda_role"},"sensitive_values":{},"depends_on":["aws_iam_role.lambda_role"],"identity_schema_version":0,"identity":{"account_id":"815408489721","policy_arn":"arn:aws:iam::aws:policy/service-role/AWSLambdaBasicExecutionRole","role":"crypto_updater_lambda_role"}},{"address":"aws_iam_role_policy_attachment.lambda_vpc_access","mode":"managed","type":"aws_iam_role_policy_attachment","name":"lambda_vpc_access","provider_name":"registry.terraform.io/hashicorp/aws","schema_version":0,"values":{"id":"crypto_updater_lambda_role/arn:aws:iam::aws:policy/service-role/AWSLambdaVPCAccessExecutionRole","policy_arn":"arn:aws:iam::aws:policy/service-role/AWSLambdaVPCAccessExecutionRole","role":"crypto_updater_lambda_role"},"sensitive_values":{},"depends_on":["aws_iam_role.lambda_role"],"identity_schema_version":0,"identity":{"account_id":"815408489721","policy_arn":"arn:aws:iam::aws:policy/service-role/AWSLambdaVPCAccessExecutionRole","role":"crypto_updater_lambda_role"}},{"address":"aws_instance.bastion","mode":"managed","type":"aws_instance","name":"bastion","provider_name":"registry.terraform.io/hashicorp/aws","schema_version":2,"values":{"ami":"ami-097a2df4ac947655f","arn":"arn:aws:ec2:us-east-2:815408489721:instance/i-00c6d473f5b1fe5b6","associate_public_ip_address":true,"availability_zone":"us-east-2a","capacity_reservation_specification":[{"capacity_reservation_preference":"open","capacity_reservation_target":[]}],"cpu_options":[{"amd_sev_snp":"","core_count":1,"threads_per_core":2}],"credit_specification":[{"cpu_credits":"unlimited"}],"disable_api_stop":false,"disable_api_termination":false,"ebs_block_device":[],"ebs_optimized":false,"enable_primary_ipv6":null,"enclave_options":[{"enabled":false}],"ephemeral_block_device":[],"force_destroy":false,"get_password_data":false,"hibernation":false,"host_id":"","host_resource_group_arn":null,"iam_instance_profile":"","id":"i-00c6d473f5b1fe5b6","instance_initiated_shutdown_behavior":"stop","instance_lifecycle":"","instance_market_options":[],"instance_state":"running","instance_type":"t3.micro","ipv6_address_count":0,"ipv6_addresses":[],"key_name":"aws_key","launch_template":[],"maintenance_options":[{"auto_recovery":"default"}],"metadata_options":[{"http_endpoint":"enabled","http_protocol_ipv6":"disabled","http_put_response_hop_limit":1,"http_tokens":"optional","instance_metadata_tags":"disabled"}],"monitoring":false,"network_interface":[],"outpost_arn":"","password_data":"","placement_group":"","placement_group_id":"","placement_partition_number":0,"primary_network_interface":[{"delete_on_termination":true,"network_interface_id":"eni-02fde7c64140ec522"}],"primary_network_interface_id":"eni-02fde7c64140ec522","private_dns":"ip-10-0-0-41.us-east-2.compute.internal","private_dns_name_options":[{"enable_resource_name_dns_a_record":false,"enable_resource_name_dns_aaaa_record":false,"hostname_type":"ip-name"}],"private_ip":"10.0.0.41","public_dns":"ec2-3-135-195-249.us-east-2.compute.amazonaws.com","public_ip":"3.135.195.249","region":"us-east-2","root_block_device":[{"delete_on_termination":true,"device_name":"/dev/sda1","encrypted":false,"iops":100,"kms_key_id":"","tags":{},"tags_all":{},"throughput":0,"volume_id":"vol-0cea0afe4d3d8ee84","volume_size":8,"volume_type":"gp2"}],"secondary_private_ips":[],"security_groups":[],"source_dest_check":true,"spot_instance_request_id":"","subnet_id":"subnet-0d94d88880f9c195c","tags":{"Name":"bastion-host","os":"ubuntu-22"},"tags_all":{"Name":"bastion-host","os":"ubuntu-22"},"tenancy":"default","timeouts":null,"user_data":null,"user_data_base64":null,"user_data_replace_on_change":false,"volume_tags":null,"vpc_security_group_ids":["sg-0e22ad20f929a8ed1"]},"sensitive_values":{"capacity_reservation_specification":[{"capacity_reservation_target":[]}],"cpu_options":[{}],"credit_specification":[{}],"ebs_block_device":[],"enclave_options":[{}],"ephemeral_block_device":[],"instance_market_options":[],"ipv6_addresses":[],"launch_template":[],"maintenance_options":[{}],"metadata_options":[{}],"network_interface":[],"primary_network_interface":[{}],"private_dns_name_options":[{}],"root_block_device":[{"tags":{},"tags_all":{}}],"secondary_private_ips":[],"security_groups":[],"tags":{},"tags_all":{},"vpc_security_group_ids":[false]},"depends_on":["aws_key_pair.deployer","aws_security_group.sg_bastion","aws_security_group.sg_nlb","aws_subnet.public","aws_vpc.victors_lab_vpc","data.aws_availability_zones.available"],"identity_schema_version":0,"identity":{"account_id":"815408489721","id":"i-00c6d473f5b1fe5b6","region":"us-east-2"}},{"address":"aws_internet_gateway.igw","mode":"managed","type":"aws_internet_gateway","name":"igw","provider_name":"registry.terraform.io/hashicorp/aws","schema_version":0,"values":{"arn":"arn:aws:ec2:us-east-2:815408489721:internet-gateway/igw-00df441e9e8bdc2fc","id":"igw-00df441e9e8bdc2fc","owner_id":"815408489721","region":"us-east-2","tags":{"Name":"victors_lab_igw"},"tags_all":{"Name":"victors_lab_igw"},"timeouts":null,"vpc_id":"vpc-0dca73f239e3b5e7d"},"sensitive_values":{"tags":{},"tags_all":{}},"depends_on":["aws_vpc.victors_lab_vpc"]},{"address":"aws_key_pair.deployer","mode":"managed","type":"aws_key_pair","name":"deployer","provider_name":"registry.terraform.io/hashicorp/aws","schema_version":1,"values":{"arn":"arn:aws:ec2:us-east-2:815408489721:key-pair/aws_key","fingerprint":"P7/sXcpNCqIzmorQCmKrtQqExYj3cA6jHDNYFh2bMD4=","id":"aws_key","key_name":"aws_key","key_name_prefix":"","key_pair_id":"key-0c0a821be24fa10e3","key_type":"ed25519","public_key":"ssh-ed25519 AAAAC3NzaC1lZDI1NTE5AAAAIC8bJfR85v9E+M096iS8Tn5eqOD3BpjezKfbASwNA8Um azuread\\aliaksandrrachok@EPGETBIW0398","region":"us-east-2","tags":{},"tags_all":{}},"sensitive_values":{"tags":{},"tags_all":{}}},{"address":"aws_lambda_function.crypto_updater","mode":"managed","type":"aws_lambda_function","name":"crypto_updater","provider_name":"registry.terraform.io/hashicorp/aws","schema_version":0,"values":{"architectures":["x86_64"],"arn":"arn:aws:lambda:us-east-2:815408489721:function:crypto-updater","code_sha256":"qED0DCMVTgzgcLfE5/KC9Nv6XyFf1GtnjtN/oAdfEN8=","code_signing_config_arn":"","dead_letter_config":[],"description":"","environment":[{"variables":{"DB_HOST":"test-postgres-db.cns6wc2k8rgh.us-east-2.rds.amazonaws.com","DB_NAME":"postgres","DB_PASS":"DU9AZNAFx7IxxsfRb2P4","DB_USER":"postgres_admin"}}],"ephemeral_storage":[{"size":512}],"file_system_config":[],"filename":null,"function_name":"crypto-updater","handler":"lambda_function.lambda_handler","id":"crypto-updater","image_config":[],"image_uri":"","invoke_arn":"arn:aws:apigateway:us-east-2:lambda:path/2015-03-31/functions/arn:aws:lambda:us-east-2:815408489721:function:crypto-updater/invocations","kms_key_arn":"","last_modified":"2025-12-29T20:18:23.989+0000","layers":["arn:aws:lambda:us-east-2:815408489721:layer:crypto-updater-layer:21"],"logging_config":[{"application_log_level":"","log_format":"Text","log_group":"/aws/lambda/crypto-updater","system_log_level":""}],"memory_size":128,"package_type":"Zip","publish":false,"qualified_arn":"arn:aws:lambda:us-east-2:815408489721:function:crypto-updater:$LATEST","qualified_invoke_arn":"arn:aws:apigateway:us-east-2:lambda:path/2015-03-31/functions/arn:aws:lambda:us-east-2:815408489721:function:crypto-updater:$LATEST/invocations","region":"us-east-2","replace_security_groups_on_destroy":null,"replacement_security_group_ids":null,"reserved_concurrent_executions":-1,"role":"arn:aws:iam::815408489721:role/crypto_updater_lambda_role","runtime":"python3.12","s3_bucket":"alexrachok-terraform-web-site-static-content","s3_key":"lambda/functions/crypto_updater.zip","s3_object_version":null,"signing_job_arn":"","signing_profile_version_arn":"","skip_destroy":false,"snap_start":[],"source_code_hash":"","source_code_size":1013,"source_kms_key_arn":"","tags":{},"tags_all":{},"timeout":60,"timeouts":null,"tracing_config":[{"mode":"PassThrough"}],"version":"$LATEST","vpc_config":[{"ipv6_allowed_for_dual_stack":false,"security_group_ids":["sg-0b51cfafa5933a0bf"],"subnet_ids":["subnet-0e83351c992742dd0","subnet-0f9f39a6e96426678"],"vpc_id":"vpc-0dca73f239e3b5e7d"}]},"sensitive_values":{"architectures":[false],"dead_letter_config":[],"environment":[{"variables":{"DB_NAME":true,"DB_PASS":true,"DB_USER":true}}],"ephemeral_storage":[{}],"file_system_config":[],"image_config":[],"layers":[false],"logging_config":[{}],"snap_start":[],"tags":{},"tags_all":{},"tracing_config":[{}],"vpc_config":[{"security_group_ids":[false],"subnet_ids":[false,false]}]},"depends_on":["aws_db_instance.postgres","aws_db_subnet_group.db_subnets","aws_iam_role.lambda_role","aws_lambda_layer_version.crypto_layer","aws_s3_bucket.static_web_site_bucket","aws_s3_object.lambda_function_zip","aws_s3_object.lambda_layer_zip","aws_security_group.lambda_sg","aws_security_group.sg_bastion","aws_security_group.sg_nlb","aws_security_group.sg_rds","aws_security_group.sg_ssh","aws_subnet.private","aws_subnet.private_2","aws_subnet.private_3","aws_vpc.victors_lab_vpc","data.aws_availability_zones.available","data.sops_file.secrets"],"identity_schema_version":0,"identity":{"account_id":"815408489721","function_name":"crypto-updater","region":"us-east-2"}},{"address":"aws_lambda_layer_version.crypto_layer","mode":"managed","type":"aws_lambda_layer_version","name":"crypto_layer","provider_name":"registry.terraform.io/hashicorp/aws","schema_version":0,"values":{"arn":"arn:aws:lambda:us-east-2:815408489721:layer:crypto-updater-layer:21","code_sha256":"8WZtGSxTwo3Ip6AOp0/sYmBN2Ez1YKg0bo3Cj3rkCqw=","compatible_architectures":[],"compatible_runtimes":["python3.12"],"created_date":"2025-12-29T20:13:05.262+0000","description":"","filename":null,"id":"arn:aws:lambda:us-east-2:815408489721:layer:crypto-updater-layer:21","layer_arn":"arn:aws:lambda:us-east-2:815408489721:layer:crypto-updater-layer","layer_name":"crypto-updater-layer","license_info":"","region":"us-east-2","s3_bucket":"alexrachok-terraform-web-site-static-content","s3_key":"lambda/layers/lambda_layer.zip","s3_object_version":null,"signing_job_arn":"","signing_profile_version_arn":"","skip_destroy":false,"source_code_hash":"","source_code_size":23291871,"version":"21"},"sensitive_values":{"compatible_architectures":[],"compatible_runtimes":[false]},"depends_on":["aws_s3_bucket.static_web_site_bucket","aws_s3_object.lambda_layer_zip"]},{"address":"aws_lambda_permission.lambda_schedule_permission","mode":"managed","type":"aws_lambda_permission","name":"lambda_schedule_permission","provider_name":"registry.terraform.io/hashicorp/aws","schema_version":0,"values":{"action":"lambda:InvokeFunction","event_source_token":null,"function_name":"crypto-updater","function_url_auth_type":null,"id":"allow_cloudwatch_invoke","principal":"events.amazonaws.com","principal_org_id":null,"qualifier":"","region":"us-east-2","source_account":null,"source_arn":"arn:aws:events:us-east-2:815408489721:rule/crypto-updater-schedule","statement_id":"allow_cloudwatch_invoke","statement_id_prefix":""},"sensitive_values":{},"depends_on":["aws_cloudwatch_event_rule.lambda_schedule","aws_db_instance.postgres","aws_db_subnet_group.db_subnets","aws_iam_role.lambda_role","aws_lambda_function.crypto_updater","aws_lambda_layer_version.crypto_layer","aws_s3_bucket.static_web_site_bucket","aws_s3_object.lambda_function_zip","aws_s3_object.lambda_layer_zip","aws_security_group.lambda_sg","aws_security_group.sg_bastion","aws_security_group.sg_nlb","aws_security_group.sg_rds","aws_security_group.sg_ssh","aws_subnet.private","aws_subnet.private_2","aws_subnet.private_3","aws_vpc.victors_lab_vpc","data.aws_availability_zones.available","data.sops_file.secrets"],"identity_schema_version":0,"identity":{"account_id":"815408489721","function_name":"crypto-updater","qualifier":null,"region":"us-east-2","statement_id":"allow_cloudwatch_invoke"}},{"address":"aws_launch_template.web_lt","mode":"managed","type":"aws_launch_template","name":"web_lt","provider_name":"registry.terraform.io/hashicorp/aws","schema_version":1,"values":{"arn":"arn:aws:ec2:us-east-2:815408489721:launch-template/lt-0e0181b1080220e94","block_device_mappings":[],"capacity_reservation_specification":[],"cpu_options":[],"credit_specification":[],"default_version":1,"description":"","disable_api_stop":false,"disable_api_termination":false,"ebs_optimized":"","enclave_options":[],"hibernation_options":[],"iam_instance_profile":[{"arn":"","name":"ec2_s3_profile"}],"id":"lt-0e0181b1080220e94","image_id":"ami-097a2df4ac947655f","instance_initiated_shutdown_behavior":"","instance_market_options":[],"instance_requirements":[],"instance_type":"t3.micro","kernel_id":"","key_name":"aws_key","latest_version":1,"license_specification":[],"maintenance_options":[],"metadata_options":[],"monitoring":[],"name":"web-server-lt-2025122920182297270000000f","name_prefix":"web-server-lt-","network_interfaces":[{"associate_carrier_ip_address":"","associate_public_ip_address":"","connection_tracking_specification":[],"delete_on_termination":"","description":"","device_index":0,"ena_srd_specification":[],"interface_type":"","ipv4_address_count":0,"ipv4_addresses":[],"ipv4_prefix_count":0,"ipv4_prefixes":[],"ipv6_address_count":0,"ipv6_addresses":[],"ipv6_prefix_count":0,"ipv6_prefixes":[],"network_card_index":0,"network_interface_id":"","primary_ipv6":"","private_ip_address":"","security_groups":["sg-06de0d78bda6332f6","sg-07d99963b27f95843"],"subnet_id":""}],"placement":[],"private_dns_name_options":[],"ram_disk_id":"","region":"us-east-2","security_group_names":[],"tag_specifications":[{"resource_type":"instance","tags":{"Name":"autoscaled-web-server","os":"ubuntu-22"}}],"tags":{},"tags_all":{},"update_default_version":null,"user_data":"I2Nsb3VkLWNvbmZpZy1ta2RvY3Mtc3lzdGVtDQoNCmdyb3VwczoNCiAgLSB1YnVudHU6IFtyb290LHN5c10NCiAgLSBkcHJvNDItZ3JvdXANCg0KdXNlcnM6DQogIC0gZGVmYXVsdA0KICAtIG5hbWU6IHNwaWRlcm1hbg0KICAgIGdlY29zOiBQZXRlciBQYXJrZXINCiAgICBzaGVsbDogL2Jpbi9iYXNoDQogICAgcHJpbWFyeV9ncm91cDogZHBybzQyLWdyb3VwDQogICAgc3VkbzogQUxMPShBTEwpIE5PUEFTU1dEOkFMTA0KICAgIGdyb3VwczogdXNlcnMsIGFkbWluDQogICAgbG9ja19wYXNzd2Q6IGZhbHNlDQogICAgc3NoX2F1dGhvcml6ZWRfa2V5czoNCiAgICAgIC0gc3NoLWVkMjU1MTkgQUFBQUMzTnphQzFsWkRJMU5URTVBQUFBSUM4YkpmUjg1djlFK00wOTZpUzhUbjVlcU9EM0JwamV6S2ZiQVN3TkE4VW0gYXp1cmVhZFxhbGlha3NhbmRycmFjaG9rQEVQR0VUQklXMDM5OA0KDQpwYWNrYWdlczoNCiAgLSBhcGFjaGUyDQogIC0gcGhwDQogIC0gcGhwLXBnc3FsDQogIC0gbGliYXBhY2hlMi1tb2QtcGhwDQogIC0gcG9zdGdyZXNxbC1jbGllbnQNCiAgLSBhd3NjbGkNCiAgLSBnaXQNCiAgLSBjdXJsDQogIC0gd2dldA0KDQpydW5jbWQ6DQogICMgLS0tIEFwYWNoZSBzZXR1cCAtLS0NCiAgLSBybSAvdmFyL3d3dy9odG1sL2luZGV4Lmh0bWwgfHwgdHJ1ZQ0KICAtIGF3cyBzMyBjcCBzMzovL2FsZXhyYWNob2stdGVycmFmb3JtLXdlYi1zaXRlLXN0YXRpYy1jb250ZW50L2luZGV4Lmh0bWwgL3Zhci93d3cvaHRtbC9pbmRleDEuaHRtbA0KICAtIGF3cyBzMyBjcCBzMzovL2FsZXhyYWNob2stdGVycmFmb3JtLXdlYi1zaXRlLXN0YXRpYy1jb250ZW50L3dlYl9zaXRlMi9pbmRleC5waHAgL3Zhci93d3cvaHRtbC9pbmRleC5waHANCiAgLSBzeXN0ZW1jdGwgcmVzdGFydCBhcGFjaGUyDQoNCiAgIyAtLS0gSGVhbHRoY2hlY2sgcGFnZSAtLS0NCiAgLSBhd3MgczMgY3AgczM6Ly9hbGV4cmFjaG9rLXRlcnJhZm9ybS13ZWItc2l0ZS1zdGF0aWMtY29udGVudC93ZWJfc2l0ZTIvaGVhbHRoY2hlY2tfaW5pdC5zaCAvdG1wL2hlYWx0aGNoZWNrX2luaXQuc2gNCiAgLSBjaG1vZCAreCAvdG1wL2hlYWx0aGNoZWNrX2luaXQuc2gNCiAgLSAvdG1wL2hlYWx0aGNoZWNrX2luaXQuc2gNCg0KICAjIC0tLSBQb3N0Z3JlU1FMIHJlcG9zaXRvcnkgaW5zdGFsbCAtLS0NCiAgLSBzaCAtYyAnZWNobyAiZGViIGh0dHA6Ly9hcHQucG9zdGdyZXNxbC5vcmcvcHViL3JlcG9zL2FwdC8gJChsc2JfcmVsZWFzZSAtY3MpLXBnZGcgbWFpbiIgPiAvZXRjL2FwdC9zb3VyY2VzLmxpc3QuZC9wZ2RnLmxpc3QnDQogIC0gd2dldCAtLXF1aWV0IC1PIC0gaHR0cHM6Ly93d3cucG9zdGdyZXNxbC5vcmcvbWVkaWEva2V5cy9BQ0NDNENGOC5hc2MgfCBhcHQta2V5IGFkZCAtDQogIC0gYXB0IHVwZGF0ZQ0KICAtIERFQklBTl9GUk9OVEVORD1ub25pbnRlcmFjdGl2ZSBhcHQgaW5zdGFsbCAteSBwb3N0Z3Jlc3FsLWNsaWVudC0xNw0KDQogICMgLS0tIERhdGFiYXNlIHJlc3RvcmUgKG9wdGlvbmFsKSAtLS0NCiAgLSBhd3MgczMgY3AgczM6Ly9hbGV4cmFjaG9rLXRlcnJhZm9ybS13ZWItc2l0ZS1zdGF0aWMtY29udGVudC93ZWJfc2l0ZTIvZGJfYmFja3VwLmR1bXAgL3RtcC9kYi5zcWwuZHVtcCB8fCB0cnVlDQogIC0gUEdQQVNTV09SRD0nRFU5QVpOQUZ4N0l4eHNmUmIyUDQnIHBzcWwgLWggdGVzdC1wb3N0Z3Jlcy1kYi5jbnM2d2MyazhyZ2gudXMtZWFzdC0yLnJkcy5hbWF6b25hd3MuY29tIC1VIHBvc3RncmVzX2FkbWluIC1kIHBvc3RncmVzIC1jICJDUkVBVEUgREFUQUJBU0UgcG9zdGdyZXM7IiB8fCB0cnVlDQogIC0gUEdQQVNTV09SRD0nRFU5QVpOQUZ4N0l4eHNmUmIyUDQnIHBzcWwgLWggdGVzdC1wb3N0Z3Jlcy1kYi5jbnM2d2MyazhyZ2gudXMtZWFzdC0yLnJkcy5hbWF6b25hd3MuY29tIC1VIHBvc3RncmVzX2FkbWluIC1kIHBvc3RncmVzIC1mIC90bXAvZGIuc3FsLmR1bXAgfHwgdHJ1ZQ0KDQo=","vpc_security_group_ids":[]},"sensitive_values":{"block_device_mappings":[],"capacity_reservation_specification":[],"cpu_options":[],"credit_specification":[],"enclave_options":[],"hibernation_options":[],"iam_instance_profile":[{}],"instance_market_options":[],"instance_requirements":[],"license_specification":[],"maintenance_options":[],"metadata_options":[],"monitoring":[],"network_interfaces":[{"connection_tracking_specification":[],"ena_srd_specification":[],"ipv4_addresses":[],"ipv4_prefixes":[],"ipv6_addresses":[],"ipv6_prefixes":[],"security_groups":[false,false]}],"placement":[],"private_dns_name_options":[],"security_group_names":[],"tag_specifications":[{"tags":{}}],"tags":{},"tags_all":{},"user_data":true,"vpc_security_group_ids":[]},"depends_on":["aws_db_instance.postgres","aws_db_subnet_group.db_subnets","aws_iam_instance_profile.ec2_profile","aws_iam_role.ec2_role","aws_key_pair.deployer","aws_security_group.lambda_sg","aws_security_group.sg_bastion","aws_security_group.sg_nlb","aws_security_group.sg_rds","aws_security_group.sg_ssh","aws_security_group.sg_web_ingress","aws_subnet.private","aws_subnet.private_2","aws_subnet.private_3","aws_vpc.victors_lab_vpc","data.aws_availability_zones.available","data.sops_file.secrets"]},{"address":"aws_lb.alb","mode":"managed","type":"aws_lb","name":"alb","provider_name":"registry.terraform.io/hashicorp/aws","schema_version":0,"values":{"access_logs":[{"bucket":"","enabled":false,"prefix":""}],"arn":"arn:aws:elasticloadbalancing:us-east-2:815408489721:loadbalancer/app/web-server-alb/7677b1d6303bbb27","arn_suffix":"app/web-server-alb/7677b1d6303bbb27","client_keep_alive":3600,"connection_logs":[{"bucket":"","enabled":false,"prefix":""}],"customer_owned_ipv4_pool":"","desync_mitigation_mode":"defensive","dns_name":"web-server-alb-1011333748.us-east-2.elb.amazonaws.com","dns_record_client_routing_policy":null,"drop_invalid_header_fields":false,"enable_cross_zone_load_balancing":true,"enable_deletion_protection":false,"enable_http2":true,"enable_tls_version_and_cipher_suite_headers":false,"enable_waf_fail_open":false,"enable_xff_client_port":false,"enable_zonal_shift":false,"enforce_security_group_inbound_rules_on_private_link_traffic":"","id":"arn:aws:elasticloadbalancing:us-east-2:815408489721:loadbalancer/app/web-server-alb/7677b1d6303bbb27","idle_timeout":60,"internal":false,"ip_address_type":"ipv4","ipam_pools":[],"load_balancer_type":"application","minimum_load_balancer_capacity":[],"name":"web-server-alb","name_prefix":"","preserve_host_header":false,"region":"us-east-2","secondary_ips_auto_assigned_per_subnet":null,"security_groups":["sg-08d0111c2b335a760"],"subnet_mapping":[{"allocation_id":"","ipv6_address":"","outpost_id":"","private_ipv4_address":"","subnet_id":"subnet-00da800a0e2d9d641"},{"allocation_id":"","ipv6_address":"","outpost_id":"","private_ipv4_address":"","subnet_id":"subnet-0a71ebea939640ad0"},{"allocation_id":"","ipv6_address":"","outpost_id":"","private_ipv4_address":"","subnet_id":"subnet-0d94d88880f9c195c"}],"subnets":["subnet-00da800a0e2d9d641","subnet-0a71ebea939640ad0","subnet-0d94d88880f9c195c"],"tags":{"Name":"web-server-alb"},"tags_all":{"Name":"web-server-alb"},"timeouts":null,"vpc_id":"vpc-0dca73f239e3b5e7d","xff_header_processing_mode":"append","zone_id":"Z3AADJGX6KTTL2"},"sensitive_values":{"access_logs":[{}],"connection_logs":[{}],"ipam_pools":[],"minimum_load_balancer_capacity":[],"security_groups":[false],"subnet_mapping":[{},{},{}],"subnets":[false,false,false],"tags":{},"tags_all":{}},"depends_on":["aws_security_group.sg_alb","aws_subnet.public","aws_subnet.public_2","aws_subnet.public_3","aws_vpc.victors_lab_vpc","data.aws_availability_zones.available"],"identity_schema_version":0,"identity":{"arn":"arn:aws:elasticloadbalancing:us-east-2:815408489721:loadbalancer/app/web-server-alb/7677b1d6303bbb27"}},{"address":"aws_lb.nlb","mode":"managed","type":"aws_lb","name":"nlb","provider_name":"registry.terraform.io/hashicorp/aws","schema_version":0,"values":{"access_logs":[{"bucket":"","enabled":false,"prefix":""}],"arn":"arn:aws:elasticloadbalancing:us-east-2:815408489721:loadbalancer/net/ssh-forward-nlb/4d7d6d4bbd98dfae","arn_suffix":"net/ssh-forward-nlb/4d7d6d4bbd98dfae","client_keep_alive":null,"connection_logs":[],"customer_owned_ipv4_pool":"","desync_mitigation_mode":null,"dns_name":"ssh-forward-nlb-4d7d6d4bbd98dfae.elb.us-east-2.amazonaws.com","dns_record_client_routing_policy":"any_availability_zone","drop_invalid_header_fields":null,"enable_cross_zone_load_balancing":false,"enable_deletion_protection":false,"enable_http2":null,"enable_tls_version_and_cipher_suite_headers":null,"enable_waf_fail_open":null,"enable_xff_client_port":null,"enable_zonal_shift":false,"enforce_security_group_inbound_rules_on_private_link_traffic":"","id":"arn:aws:elasticloadbalancing:us-east-2:815408489721:loadbalancer/net/ssh-forward-nlb/4d7d6d4bbd98dfae","idle_timeout":null,"internal":false,"ip_address_type":"ipv4","ipam_pools":[],"load_balancer_type":"network","minimum_load_balancer_capacity":[],"name":"ssh-forward-nlb","name_prefix":"","preserve_host_header":null,"region":"us-east-2","secondary_ips_auto_assigned_per_subnet":0,"security_groups":["sg-06a642da74cef8075"],"subnet_mapping":[{"allocation_id":"","ipv6_address":"","outpost_id":"","private_ipv4_address":"","subnet_id":"subnet-0d94d88880f9c195c"}],"subnets":["subnet-0d94d88880f9c195c"],"tags":{},"tags_all":{},"timeouts":null,"vpc_id":"vpc-0dca73f239e3b5e7d","xff_header_processing_mode":null,"zone_id":"ZLMOA37VPKANP"},"sensitive_values":{"access_logs":[{}],"connection_logs":[],"ipam_pools":[],"minimum_load_balancer_capacity":[],"security_groups":[false],"subnet_mapping":[{}],"subnets":[false],"tags":{},"tags_all":{}},"depends_on":["aws_security_group.sg_nlb","aws_subnet.public","aws_vpc.victors_lab_vpc","data.aws_availability_zones.available"],"identity_schema_version":0,"identity":{"arn":"arn:aws:elasticloadbalancing:us-east-2:815408489721:loadbalancer/net/ssh-forward-nlb/4d7d6d4bbd98dfae"}},{"address":"aws_lb_listener.http","mode":"managed","type":"aws_lb_listener","name":"http","provider_name":"registry.terraform.io/hashicorp/aws","schema_version":0,"values":{"alpn_policy":null,"arn":"arn:aws:elasticloadbalancing:us-east-2:815408489721:listener/app/web-server-alb/7677b1d6303bbb27/959e7e5839db3a81","certificate_arn":null,"default_action":[{"authenticate_cognito":[],"authenticate_oidc":[],"fixed_response":[],"forward":[],"order":1,"redirect":[{"host":"#{host}","path":"/#{path}","port":"443","protocol":"HTTPS","query":"#{query}","status_code":"HTTP_301"}],"target_group_arn":"","type":"redirect"}],"id":"arn:aws:elasticloadbalancing:us-east-2:815408489721:listener/app/web-server-alb/7677b1d6303bbb27/959e7e5839db3a81","load_balancer_arn":"arn:aws:elasticloadbalancing:us-east-2:815408489721:loadbalancer/app/web-server-alb/7677b1d6303bbb27","mutual_authentication":[],"port":80,"protocol":"HTTP","region":"us-east-2","routing_http_request_x_amzn_mtls_clientcert_header_name":null,"routing_http_request_x_amzn_mtls_clientcert_issuer_header_name":null,"routing_http_request_x_amzn_mtls_clientcert_leaf_header_name":null,"routing_http_request_x_amzn_mtls_clientcert_serial_number_header_name":null,"routing_http_request_x_amzn_mtls_clientcert_subject_header_name":null,"routing_http_request_x_amzn_mtls_clientcert_validity_header_name":null,"routing_http_request_x_amzn_tls_cipher_suite_header_name":null,"routing_http_request_x_amzn_tls_version_header_name":null,"routing_http_response_access_control_allow_credentials_header_value":"","routing_http_response_access_control_allow_headers_header_value":"","routing_http_response_access_control_allow_methods_header_value":"","routing_http_response_access_control_allow_origin_header_value":"","routing_http_response_access_control_expose_headers_header_value":"","routing_http_response_access_control_max_age_header_value":"","routing_http_response_content_security_policy_header_value":"","routing_http_response_server_enabled":true,"routing_http_response_strict_transport_security_header_value":"","routing_http_response_x_content_type_options_header_value":"","routing_http_response_x_frame_options_header_value":"","ssl_policy":"","tags":{},"tags_all":{},"tcp_idle_timeout_seconds":null,"timeouts":null},"sensitive_values":{"default_action":[{"authenticate_cognito":[],"authenticate_oidc":[],"fixed_response":[],"forward":[],"redirect":[{}]}],"mutual_authentication":[],"tags":{},"tags_all":{}},"depends_on":["aws_lb.alb","aws_security_group.sg_alb","aws_subnet.public","aws_subnet.public_2","aws_subnet.public_3","aws_vpc.victors_lab_vpc","data.aws_availability_zones.available"],"identity_schema_version":0,"identity":{"arn":"arn:aws:elasticloadbalancing:us-east-2:815408489721:listener/app/web-server-alb/7677b1d6303bbb27/959e7e5839db3a81"}},{"address":"aws_lb_listener.https","mode":"managed","type":"aws_lb_listener","name":"https","provider_name":"registry.terraform.io/hashicorp/aws","schema_version":0,"values":{"alpn_policy":null,"arn":"arn:aws:elasticloadbalancing:us-east-2:815408489721:listener/app/web-server-alb/7677b1d6303bbb27/b2234bced3d56762","certificate_arn":"arn:aws:acm:us-east-2:815408489721:certificate/fdf0abd1-d8ef-4e02-b2cd-d1493068bb47","default_action":[{"authenticate_cognito":[],"authenticate_oidc":[],"fixed_response":[],"forward":[],"order":1,"redirect":[],"target_group_arn":"arn:aws:elasticloadbalancing:us-east-2:815408489721:targetgroup/web-server-tg/c241aa4bb0ea3011","type":"forward"}],"id":"arn:aws:elasticloadbalancing:us-east-2:815408489721:listener/app/web-server-alb/7677b1d6303bbb27/b2234bced3d56762","load_balancer_arn":"arn:aws:elasticloadbalancing:us-east-2:815408489721:loadbalancer/app/web-server-alb/7677b1d6303bbb27","mutual_authentication":[{"advertise_trust_store_ca_names":"","ignore_client_certificate_expiry":false,"mode":"off","trust_store_arn":""}],"port":443,"protocol":"HTTPS","region":"us-east-2","routing_http_request_x_amzn_mtls_clientcert_header_name":"","routing_http_request_x_amzn_mtls_clientcert_issuer_header_name":"","routing_http_request_x_amzn_mtls_clientcert_leaf_header_name":"","routing_http_request_x_amzn_mtls_clientcert_serial_number_header_name":"","routing_http_request_x_amzn_mtls_clientcert_subject_header_name":"","routing_http_request_x_amzn_mtls_clientcert_validity_header_name":"","routing_http_request_x_amzn_tls_cipher_suite_header_name":"","routing_http_request_x_amzn_tls_version_header_name":"","routing_http_response_access_control_allow_credentials_header_value":"","routing_http_response_access_control_allow_headers_header_value":"","routing_http_response_access_control_allow_methods_header_value":"","routing_http_response_access_control_allow_origin_header_value":"","routing_http_response_access_control_expose_headers_header_value":"","routing_http_response_access_control_max_age_header_value":"","routing_http_response_content_security_policy_header_value":"","routing_http_response_server_enabled":true,"routing_http_response_strict_transport_security_header_value":"","routing_http_response_x_content_type_options_header_value":"","routing_http_response_x_frame_options_header_value":"","ssl_policy":"ELBSecurityPolicy-TLS13-1-2-2021-06","tags":{},"tags_all":{},"tcp_idle_timeout_seconds":null,"timeouts":null},"sensitive_values":{"default_action":[{"authenticate_cognito":[],"authenticate_oidc":[],"fixed_response":[],"forward":[],"redirect":[]}],"mutual_authentication":[{}],"tags":{},"tags_all":{}},"depends_on":["aws_acm_certificate.alb_cert","aws_lb.alb","aws_lb_target_group.web_tg","aws_security_group.sg_alb","aws_subnet.public","aws_subnet.public_2","aws_subnet.public_3","aws_vpc.victors_lab_vpc","data.aws_availability_zones.available"],"identity_schema_version":0,"identity":{"arn":"arn:aws:elasticloadbalancing:us-east-2:815408489721:listener/app/web-server-alb/7677b1d6303bbb27/b2234bced3d56762"}},{"address":"aws_lb_listener.ssh_listener","mode":"managed","type":"aws_lb_listener","name":"ssh_listener","provider_name":"registry.terraform.io/hashicorp/aws","schema_version":0,"values":{"alpn_policy":null,"arn":"arn:aws:elasticloadbalancing:us-east-2:815408489721:listener/net/ssh-forward-nlb/4d7d6d4bbd98dfae/0885ce3ac65f2b7b","certificate_arn":null,"default_action":[{"authenticate_cognito":[],"authenticate_oidc":[],"fixed_response":[],"forward":[],"order":1,"redirect":[],"target_group_arn":"arn:aws:elasticloadbalancing:us-east-2:815408489721:targetgroup/ssh-target/1099c874235ec5a6","type":"forward"}],"id":"arn:aws:elasticloadbalancing:us-east-2:815408489721:listener/net/ssh-forward-nlb/4d7d6d4bbd98dfae/0885ce3ac65f2b7b","load_balancer_arn":"arn:aws:elasticloadbalancing:us-east-2:815408489721:loadbalancer/net/ssh-forward-nlb/4d7d6d4bbd98dfae","mutual_authentication":[],"port":2000,"protocol":"TCP","region":"us-east-2","routing_http_request_x_amzn_mtls_clientcert_header_name":null,"routing_http_request_x_amzn_mtls_clientcert_issuer_header_name":null,"routing_http_request_x_amzn_mtls_clientcert_leaf_header_name":null,"routing_http_request_x_amzn_mtls_clientcert_serial_number_header_name":null,"routing_http_request_x_amzn_mtls_clientcert_subject_header_name":null,"routing_http_request_x_amzn_mtls_clientcert_validity_header_name":null,"routing_http_request_x_amzn_tls_cipher_suite_header_name":null,"routing_http_request_x_amzn_tls_version_header_name":null,"routing_http_response_access_control_allow_credentials_header_value":null,"routing_http_response_access_control_allow_headers_header_value":null,"routing_http_response_access_control_allow_methods_header_value":null,"routing_http_response_access_control_allow_origin_header_value":null,"routing_http_response_access_control_expose_headers_header_value":null,"routing_http_response_access_control_max_age_header_value":null,"routing_http_response_content_security_policy_header_value":null,"routing_http_response_server_enabled":null,"routing_http_response_strict_transport_security_header_value":null,"routing_http_response_x_content_type_options_header_value":null,"routing_http_response_x_frame_options_header_value":null,"ssl_policy":"","tags":{},"tags_all":{},"tcp_idle_timeout_seconds":350,"timeouts":null},"sensitive_values":{"default_action":[{"authenticate_cognito":[],"authenticate_oidc":[],"fixed_response":[],"forward":[],"redirect":[]}],"mutual_authentication":[],"tags":{},"tags_all":{}},"depends_on":["aws_lb.nlb","aws_lb_target_group.ssh_target","aws_security_group.sg_nlb","aws_subnet.public","aws_vpc.victors_lab_vpc","data.aws_availability_zones.available"],"identity_schema_version":0,"identity":{"arn":"arn:aws:elasticloadbalancing:us-east-2:815408489721:listener/net/ssh-forward-nlb/4d7d6d4bbd98dfae/0885ce3ac65f2b7b"}},{"address":"aws_lb_target_group.ssh_target","mode":"managed","type":"aws_lb_target_group","name":"ssh_target","provider_name":"registry.terraform.io/hashicorp/aws","schema_version":0,"values":{"arn":"arn:aws:elasticloadbalancing:us-east-2:815408489721:targetgroup/ssh-target/1099c874235ec5a6","arn_suffix":"targetgroup/ssh-target/1099c874235ec5a6","connection_termination":false,"deregistration_delay":"300","health_check":[{"enabled":true,"healthy_threshold":5,"interval":30,"matcher":"","path":"","port":"traffic-port","protocol":"TCP","timeout":10,"unhealthy_threshold":2}],"id":"arn:aws:elasticloadbalancing:us-east-2:815408489721:targetgroup/ssh-target/1099c874235ec5a6","ip_address_type":"ipv4","lambda_multi_value_headers_enabled":false,"load_balancer_arns":["arn:aws:elasticloadbalancing:us-east-2:815408489721:loadbalancer/net/ssh-forward-nlb/4d7d6d4bbd98dfae"],"load_balancing_algorithm_type":null,"load_balancing_anomaly_mitigation":null,"load_balancing_cross_zone_enabled":"use_load_balancer_configuration","name":"ssh-target","name_prefix":"","port":22,"preserve_client_ip":"true","protocol":"TCP","protocol_version":null,"proxy_protocol_v2":false,"region":"us-east-2","slow_start":0,"stickiness":[{"cookie_duration":0,"cookie_name":"","enabled":false,"type":"source_ip"}],"tags":{},"tags_all":{},"target_failover":[{"on_deregistration":null,"on_unhealthy":null}],"target_group_health":[{"dns_failover":[{"minimum_healthy_targets_count":"1","minimum_healthy_targets_percentage":"off"}],"unhealthy_state_routing":[{"minimum_healthy_targets_count":1,"minimum_healthy_targets_percentage":"off"}]}],"target_health_state":[{"enable_unhealthy_connection_termination":true,"unhealthy_draining_interval":0}],"target_type":"instance","vpc_id":"vpc-0dca73f239e3b5e7d"},"sensitive_values":{"health_check":[{}],"load_balancer_arns":[false],"stickiness":[{}],"tags":{},"tags_all":{},"target_failover":[{}],"target_group_health":[{"dns_failover":[{}],"unhealthy_state_routing":[{}]}],"target_health_state":[{}]},"depends_on":["aws_vpc.victors_lab_vpc"],"identity_schema_version":0,"identity":{"arn":"arn:aws:elasticloadbalancing:us-east-2:815408489721:targetgroup/ssh-target/1099c874235ec5a6"}},{"address":"aws_lb_target_group.web_tg","mode":"managed","type":"aws_lb_target_group","name":"web_tg","provider_name":"registry.terraform.io/hashicorp/aws","schema_version":0,"values":{"arn":"arn:aws:elasticloadbalancing:us-east-2:815408489721:targetgroup/web-server-tg/c241aa4bb0ea3011","arn_suffix":"targetgroup/web-server-tg/c241aa4bb0ea3011","connection_termination":null,"deregistration_delay":"300","health_check":[{"enabled":true,"healthy_threshold":2,"interval":30,"matcher":"200","path":"/","port":"traffic-port","protocol":"HTTP","timeout":5,"unhealthy_threshold":5}],"id":"arn:aws:elasticloadbalancing:us-east-2:815408489721:targetgroup/web-server-tg/c241aa4bb0ea3011","ip_address_type":"ipv4","lambda_multi_value_headers_enabled":false,"load_balancer_arns":["arn:aws:elasticloadbalancing:us-east-2:815408489721:loadbalancer/app/web-server-alb/7677b1d6303bbb27"],"load_balancing_algorithm_type":"round_robin","load_balancing_anomaly_mitigation":"off","load_balancing_cross_zone_enabled":"use_load_balancer_configuration","name":"web-server-tg","name_prefix":"","port":80,"preserve_client_ip":null,"protocol":"HTTP","protocol_version":"HTTP1","proxy_protocol_v2":false,"region":"us-east-2","slow_start":0,"stickiness":[{"cookie_duration":86400,"cookie_name":"","enabled":false,"type":"lb_cookie"}],"tags":{},"tags_all":{},"target_failover":[{"on_deregistration":null,"on_unhealthy":null}],"target_group_health":[{"dns_failover":[{"minimum_healthy_targets_count":"1","minimum_healthy_targets_percentage":"off"}],"unhealthy_state_routing":[{"minimum_healthy_targets_count":1,"minimum_healthy_targets_percentage":"off"}]}],"target_health_state":[{"enable_unhealthy_connection_termination":null,"unhealthy_draining_interval":null}],"target_type":"instance","vpc_id":"vpc-0dca73f239e3b5e7d"},"sensitive_values":{"health_check":[{}],"load_balancer_arns":[false],"stickiness":[{}],"tags":{},"tags_all":{},"target_failover":[{}],"target_group_health":[{"dns_failover":[{}],"unhealthy_state_routing":[{}]}],"target_health_state":[{}]},"depends_on":["aws_vpc.victors_lab_vpc"],"identity_schema_version":0,"identity":{"arn":"arn:aws:elasticloadbalancing:us-east-2:815408489721:targetgroup/web-server-tg/c241aa4bb0ea3011"}},{"address":"aws_lb_target_group_attachment.ssh_attachment_bastion","mode":"managed","type":"aws_lb_target_group_attachment","name":"ssh_attachment_bastion","provider_name":"registry.terraform.io/hashicorp/aws","schema_version":0,"values":{"availability_zone":null,"id":"arn:aws:elasticloadbalancing:us-east-2:815408489721:targetgroup/ssh-target/1099c874235ec5a6-2025122920133462650000000c","port":22,"region":"us-east-2","target_group_arn":"arn:aws:elasticloadbalancing:us-east-2:815408489721:targetgroup/ssh-target/1099c874235ec5a6","target_id":"i-00c6d473f5b1fe5b6"},"sensitive_values":{},"depends_on":["aws_instance.bastion","aws_key_pair.deployer","aws_lb_target_group.ssh_target","aws_security_group.sg_bastion","aws_security_group.sg_nlb","aws_subnet.public","aws_vpc.victors_lab_vpc","data.aws_availability_zones.available"]},{"address":"aws_nat_gateway.nat","mode":"managed","type":"aws_nat_gateway","name":"nat","provider_name":"registry.terraform.io/hashicorp/aws","schema_version":0,"values":{"allocation_id":"eipalloc-01ee5e42cf7fc4fb4","association_id":"eipassoc-016437751892b184f","connectivity_type":"public","id":"nat-0c4e3afc69b8f0046","network_interface_id":"eni-0af9cb1665bf41ac6","private_ip":"10.0.0.57","public_ip":"3.136.33.199","region":"us-east-2","secondary_allocation_ids":[],"secondary_private_ip_address_count":0,"secondary_private_ip_addresses":[],"subnet_id":"subnet-0d94d88880f9c195c","tags":{"Name":"victors_lab_nat"},"tags_all":{"Name":"victors_lab_nat"},"timeouts":null},"sensitive_values":{"secondary_allocation_ids":[],"secondary_private_ip_addresses":[],"tags":{},"tags_all":{}},"depends_on":["aws_eip.nat_eip","aws_subnet.public","aws_vpc.victors_lab_vpc","data.aws_availability_zones.available"]},{"address":"aws_route53_record.alb_cert_validation[\"crypto.sys-lab.xyz\"]","mode":"managed","type":"aws_route53_record","name":"alb_cert_validation","index":"crypto.sys-lab.xyz","provider_name":"registry.terraform.io/hashicorp/aws","schema_version":2,"values":{"alias":[],"allow_overwrite":null,"cidr_routing_policy":[],"failover_routing_policy":[],"fqdn":"_ca079edc6fa878b19ec5d5c5c9e4969d.crypto.sys-lab.xyz","geolocation_routing_policy":[],"geoproximity_routing_policy":[],"health_check_id":"","id":"Z01701153CPZZN6JNE61O__ca079edc6fa878b19ec5d5c5c9e4969d.crypto.sys-lab.xyz._CNAME","latency_routing_policy":[],"multivalue_answer_routing_policy":false,"name":"_ca079edc6fa878b19ec5d5c5c9e4969d.crypto.sys-lab.xyz","records":["_ba40e27644fe4164c49a558bc2d2e9aa.jkddzztszm.acm-validations.aws."],"set_identifier":"","timeouts":null,"ttl":60,"type":"CNAME","weighted_routing_policy":[],"zone_id":"Z01701153CPZZN6JNE61O"},"sensitive_values":{"alias":[],"cidr_routing_policy":[],"failover_routing_policy":[],"geolocation_routing_policy":[],"geoproximity_routing_policy":[],"latency_routing_policy":[],"records":[false],"weighted_routing_policy":[]},"depends_on":["aws_acm_certificate.alb_cert","data.aws_route53_zone.main"],"identity_schema_version":0,"identity":{"account_id":"815408489721","name":"_ca079edc6fa878b19ec5d5c5c9e4969d.crypto.sys-lab.xyz","set_identifier":null,"type":"CNAME","zone_id":"Z01701153CPZZN6JNE61O"}},{"address":"aws_route53_record.alb_dns","mode":"managed","type":"aws_route53_record","name":"alb_dns","provider_name":"registry.terraform.io/hashicorp/aws","schema_version":2,"values":{"alias":[{"evaluate_target_health":true,"name":"web-server-alb-1011333748.us-east-2.elb.amazonaws.com","zone_id":"Z3AADJGX6KTTL2"}],"allow_overwrite":null,"cidr_routing_policy":[],"failover_routing_policy":[],"fqdn":"crypto.sys-lab.xyz","geolocation_routing_policy":[],"geoproximity_routing_policy":[],"health_check_id":"","id":"Z01701153CPZZN6JNE61O_crypto.sys-lab.xyz_A","latency_routing_policy":[],"multivalue_answer_routing_policy":false,"name":"crypto.sys-lab.xyz","records":[],"set_identifier":"","timeouts":null,"ttl":0,"type":"A","weighted_routing_policy":[],"zone_id":"Z01701153CPZZN6JNE61O"},"sensitive_values":{"alias":[{}],"cidr_routing_policy":[],"failover_routing_policy":[],"geolocation_routing_policy":[],"geoproximity_routing_policy":[],"latency_routing_policy":[],"records":[],"weighted_routing_policy":[]},"depends_on":["aws_lb.alb","aws_security_group.sg_alb","aws_subnet.public","aws_subnet.public_2","aws_subnet.public_3","aws_vpc.victors_lab_vpc","data.aws_availability_zones.available","data.aws_route53_zone.main"],"identity_schema_version":0,"identity":{"account_id":"815408489721","name":"crypto.sys-lab.xyz","set_identifier":null,"type":"A","zone_id":"Z01701153CPZZN6JNE61O"}},{"address":"aws_route53_record.cloudfront_cert_validation[\"internet.sys-lab.xyz\"]","mode":"managed","type":"aws_route53_record","name":"cloudfront_cert_validation","index":"internet.sys-lab.xyz","provider_name":"registry.terraform.io/hashicorp/aws","schema_version":2,"values":{"alias":[],"allow_overwrite":null,"cidr_routing_policy":[],"failover_routing_policy":[],"fqdn":"_e5fa437e2c6f643361b7206dd38d4d8c.internet.sys-lab.xyz","geolocation_routing_policy":[],"geoproximity_routing_policy":[],"health_check_id":"","id":"Z01701153CPZZN6JNE61O__e5fa437e2c6f643361b7206dd38d4d8c.internet.sys-lab.xyz._CNAME","latency_routing_policy":[],"multivalue_answer_routing_policy":false,"name":"_e5fa437e2c6f643361b7206dd38d4d8c.internet.sys-lab.xyz","records":["_2e4f7aeaa237764a4958be71fd12bf04.jkddzztszm.acm-validations.aws."],"set_identifier":"","timeouts":null,"ttl":60,"type":"CNAME","weighted_routing_policy":[],"zone_id":"Z01701153CPZZN6JNE61O"},"sensitive_values":{"alias":[],"cidr_routing_policy":[],"failover_routing_policy":[],"geolocation_routing_policy":[],"geoproximity_routing_policy":[],"latency_routing_policy":[],"records":[false],"weighted_routing_policy":[]},"depends_on":["aws_acm_certificate.cloudfront_cert","data.aws_route53_zone.main"],"identity_schema_version":0,"identity":{"account_id":"815408489721","name":"_e5fa437e2c6f643361b7206dd38d4d8c.internet.sys-lab.xyz","set_identifier":null,"type":"CNAME","zone_id":"Z01701153CPZZN6JNE61O"}},{"address":"aws_route53_record.cloudfront_cert_validation[\"sys-lab.xyz\"]","mode":"managed","type":"aws_route53_record","name":"cloudfront_cert_validation","index":"sys-lab.xyz","provider_name":"registry.terraform.io/hashicorp/aws","schema_version":2,"values":{"alias":[],"allow_overwrite":null,"cidr_routing_policy":[],"failover_routing_policy":[],"fqdn":"_3dca63e2adbcd90c7e2b91d82b83a461.sys-lab.xyz","geolocation_routing_policy":[],"geoproximity_routing_policy":[],"health_check_id":"","id":"Z01701153CPZZN6JNE61O__3dca63e2adbcd90c7e2b91d82b83a461.sys-lab.xyz._CNAME","latency_routing_policy":[],"multivalue_answer_routing_policy":false,"name":"_3dca63e2adbcd90c7e2b91d82b83a461.sys-lab.xyz","records":["_0e5c062399b8bb1c1ee8a7f6539ecc75.jkddzztszm.acm-validations.aws."],"set_identifier":"","timeouts":null,"ttl":60,"type":"CNAME","weighted_routing_policy":[],"zone_id":"Z01701153CPZZN6JNE61O"},"sensitive_values":{"alias":[],"cidr_routing_policy":[],"failover_routing_policy":[],"geolocation_routing_policy":[],"geoproximity_routing_policy":[],"latency_routing_policy":[],"records":[false],"weighted_routing_policy":[]},"depends_on":["aws_acm_certificate.cloudfront_cert","data.aws_route53_zone.main"],"identity_schema_version":0,"identity":{"account_id":"815408489721","name":"_3dca63e2adbcd90c7e2b91d82b83a461.sys-lab.xyz","set_identifier":null,"type":"CNAME","zone_id":"Z01701153CPZZN6JNE61O"}},{"address":"aws_route53_record.cloudfront_cert_validation[\"www.internet.sys-lab.xyz\"]","mode":"managed","type":"aws_route53_record","name":"cloudfront_cert_validation","index":"www.internet.sys-lab.xyz","provider_name":"registry.terraform.io/hashicorp/aws","schema_version":2,"values":{"alias":[],"allow_overwrite":null,"cidr_routing_policy":[],"failover_routing_policy":[],"fqdn":"_ff3ab42d63eade181f5885597ddfee1f.www.internet.sys-lab.xyz","geolocation_routing_policy":[],"geoproximity_routing_policy":[],"health_check_id":"","id":"Z01701153CPZZN6JNE61O__ff3ab42d63eade181f5885597ddfee1f.www.internet.sys-lab.xyz._CNAME","latency_routing_policy":[],"multivalue_answer_routing_policy":false,"name":"_ff3ab42d63eade181f5885597ddfee1f.www.internet.sys-lab.xyz","records":["_93f8dcbef448edf93bb7dd2b37b67fb3.jkddzztszm.acm-validations.aws."],"set_identifier":"","timeouts":null,"ttl":60,"type":"CNAME","weighted_routing_policy":[],"zone_id":"Z01701153CPZZN6JNE61O"},"sensitive_values":{"alias":[],"cidr_routing_policy":[],"failover_routing_policy":[],"geolocation_routing_policy":[],"geoproximity_routing_policy":[],"latency_routing_policy":[],"records":[false],"weighted_routing_policy":[]},"depends_on":["aws_acm_certificate.cloudfront_cert","data.aws_route53_zone.main"],"identity_schema_version":0,"identity":{"account_id":"815408489721","name":"_ff3ab42d63eade181f5885597ddfee1f.www.internet.sys-lab.xyz","set_identifier":null,"type":"CNAME","zone_id":"Z01701153CPZZN6JNE61O"}},{"address":"aws_route53_record.cloudfront_dns","mode":"managed","type":"aws_route53_record","name":"cloudfront_dns","provider_name":"registry.terraform.io/hashicorp/aws","schema_version":2,"values":{"alias":[{"evaluate_target_health":false,"name":"d3pf16f1x4nqrx.cloudfront.net","zone_id":"Z2FDTNDATAQYW2"}],"allow_overwrite":null,"cidr_routing_policy":[],"failover_routing_policy":[],"fqdn":"internet.sys-lab.xyz","geolocation_routing_policy":[],"geoproximity_routing_policy":[],"health_check_id":"","id":"Z01701153CPZZN6JNE61O_internet.sys-lab.xyz_A","latency_routing_policy":[],"multivalue_answer_routing_policy":false,"name":"internet.sys-lab.xyz","records":[],"set_identifier":"","timeouts":null,"ttl":0,"type":"A","weighted_routing_policy":[],"zone_id":"Z01701153CPZZN6JNE61O"},"sensitive_values":{"alias":[{}],"cidr_routing_policy":[],"failover_routing_policy":[],"geolocation_routing_policy":[],"geoproximity_routing_policy":[],"latency_routing_policy":[],"records":[],"weighted_routing_policy":[]},"depends_on":["aws_acm_certificate.cloudfront_cert","aws_acm_certificate_validation.cloudfront_cert","aws_cloudfront_distribution.cdn","aws_cloudfront_origin_access_control.oac","aws_route53_record.cloudfront_cert_validation","aws_s3_bucket.cloudfront_logs","aws_s3_bucket.static_web_site_bucket","aws_wafv2_web_acl.cloudfront","data.aws_cloudfront_cache_policy.caching_optimized","data.aws_cloudfront_origin_request_policy.s3_origin","data.aws_route53_zone.main"],"identity_schema_version":0,"identity":{"account_id":"815408489721","name":"internet.sys-lab.xyz","set_identifier":null,"type":"A","zone_id":"Z01701153CPZZN6JNE61O"}},{"address":"aws_route_table.private_rt","mode":"managed","type":"aws_route_table","name":"private_rt","provider_name":"registry.terraform.io/hashicorp/aws","schema_version":0,"values":{"arn":"arn:aws:ec2:us-east-2:815408489721:route-table/rtb-06f4e4cd5f3e3a57c","id":"rtb-06f4e4cd5f3e3a57c","owner_id":"815408489721","propagating_vgws":[],"region":"us-east-2","route":[{"carrier_gateway_id":"","cidr_block":"0.0.0.0/0","core_network_arn":"","destination_prefix_list_id":"","egress_only_gateway_id":"","gateway_id":"","ipv6_cidr_block":"","local_gateway_id":"","nat_gateway_id":"nat-0c4e3afc69b8f0046","network_interface_id":"","transit_gateway_id":"","vpc_endpoint_id":"","vpc_peering_connection_id":""}],"tags":{"Name":"private-rt"},"tags_all":{"Name":"private-rt"},"timeouts":null,"vpc_id":"vpc-0dca73f239e3b5e7d"},"sensitive_values":{"propagating_vgws":[],"route":[{}],"tags":{},"tags_all":{}},"depends_on":["aws_eip.nat_eip","aws_nat_gateway.nat","aws_subnet.public","aws_vpc.victors_lab_vpc","data.aws_availability_zones.available"],"identity_schema_version":0,"identity":{"account_id":"815408489721","id":"rtb-06f4e4cd5f3e3a57c","region":"us-east-2"}},{"address":"aws_route_table.public_rt","mode":"managed","type":"aws_route_table","name":"public_rt","provider_name":"registry.terraform.io/hashicorp/aws","schema_version":0,"values":{"arn":"arn:aws:ec2:us-east-2:815408489721:route-table/rtb-0fcea1bdbad2242fa","id":"rtb-0fcea1bdbad2242fa","owner_id":"815408489721","propagating_vgws":[],"region":"us-east-2","route":[{"carrier_gateway_id":"","cidr_block":"0.0.0.0/0","core_network_arn":"","destination_prefix_list_id":"","egress_only_gateway_id":"","gateway_id":"igw-00df441e9e8bdc2fc","ipv6_cidr_block":"","local_gateway_id":"","nat_gateway_id":"","network_interface_id":"","transit_gateway_id":"","vpc_endpoint_id":"","vpc_peering_connection_id":""}],"tags":{"Name":"public-rt"},"tags_all":{"Name":"public-rt"},"timeouts":null,"vpc_id":"vpc-0dca73f239e3b5e7d"},"sensitive_values":{"propagating_vgws":[],"route":[{}],"tags":{},"tags_all":{}},"depends_on":["aws_internet_gateway.igw","aws_vpc.victors_lab_vpc"],"identity_schema_version":0,"identity":{"account_id":"815408489721","id":"rtb-0fcea1bdbad2242fa","region":"us-east-2"}},{"address":"aws_route_table_association.private_2_assoc","mode":"managed","type":"aws_route_table_association","name":"private_2_assoc","provider_name":"registry.terraform.io/hashicorp/aws","schema_version":0,"values":{"gateway_id":"","id":"rtbassoc-058fbf13593beb5bf","region":"us-east-2","route_table_id":"rtb-06f4e4cd5f3e3a57c","subnet_id":"subnet-0f9f39a6e96426678","timeouts":null},"sensitive_values":{},"depends_on":["aws_eip.nat_eip","aws_nat_gateway.nat","aws_route_table.private_rt","aws_subnet.private_2","aws_subnet.public","aws_vpc.victors_lab_vpc","data.aws_availability_zones.available"]},{"address":"aws_route_table_association.private_3_assoc","mode":"managed","type":"aws_route_table_association","name":"private_3_assoc","provider_name":"registry.terraform.io/hashicorp/aws","schema_version":0,"values":{"gateway_id":"","id":"rtbassoc-0fdfe606d62dc725b","region":"us-east-2","route_table_id":"rtb-06f4e4cd5f3e3a57c","subnet_id":"subnet-0e7f636aeeb038f14","timeouts":null},"sensitive_values":{},"depends_on":["aws_eip.nat_eip","aws_nat_gateway.nat","aws_route_table.private_rt","aws_subnet.private_3","aws_subnet.public","aws_vpc.victors_lab_vpc","data.aws_availability_zones.available"]},{"address":"aws_route_table_association.private_assoc","mode":"managed","type":"aws_route_table_association","name":"private_assoc","provider_name":"registry.terraform.io/hashicorp/aws","schema_version":0,"values":{"gateway_id":"","id":"rtbassoc-043602e6e3e1e53ea","region":"us-east-2","route_table_id":"rtb-06f4e4cd5f3e3a57c","subnet_id":"subnet-0e83351c992742dd0","timeouts":null},"sensitive_values":{},"depends_on":["aws_eip.nat_eip","aws_nat_gateway.nat","aws_route_table.private_rt","aws_subnet.private","aws_subnet.public","aws_vpc.victors_lab_vpc","data.aws_availability_zones.available"]},{"address":"aws_route_table_association.public_2_assoc","mode":"managed","type":"aws_route_table_association","name":"public_2_assoc","provider_name":"registry.terraform.io/hashicorp/aws","schema_version":0,"values":{"gateway_id":"","id":"rtbassoc-058b1cba90912a3cd","region":"us-east-2","route_table_id":"rtb-0fcea1bdbad2242fa","subnet_id":"subnet-0a71ebea939640ad0","timeouts":null},"sensitive_values":{},"depends_on":["aws_internet_gateway.igw","aws_route_table.public_rt","aws_subnet.public_2","aws_vpc.victors_lab_vpc","data.aws_availability_zones.available"]},{"address":"aws_route_table_association.public_3_assoc","mode":"managed","type":"aws_route_table_association","name":"public_3_assoc","provider_name":"registry.terraform.io/hashicorp/aws","schema_version":0,"values":{"gateway_id":"","id":"rtbassoc-08f9601a5016fad54","region":"us-east-2","route_table_id":"rtb-0fcea1bdbad2242fa","subnet_id":"subnet-00da800a0e2d9d641","timeouts":null},"sensitive_values":{},"depends_on":["aws_internet_gateway.igw","aws_route_table.public_rt","aws_subnet.public_3","aws_vpc.victors_lab_vpc","data.aws_availability_zones.available"]},{"address":"aws_route_table_association.public_assoc","mode":"managed","type":"aws_route_table_association","name":"public_assoc","provider_name":"registry.terraform.io/hashicorp/aws","schema_version":0,"values":{"gateway_id":"","id":"rtbassoc-0572cc0a43c5fb0c0","region":"us-east-2","route_table_id":"rtb-0fcea1bdbad2242fa","subnet_id":"subnet-0d94d88880f9c195c","timeouts":null},"sensitive_values":{},"depends_on":["aws_internet_gateway.igw","aws_route_table.public_rt","aws_subnet.public","aws_vpc.victors_lab_vpc","data.aws_availability_zones.available"]},{"address":"aws_s3_bucket.cloudfront_logs","mode":"managed","type":"aws_s3_bucket","name":"cloudfront_logs","provider_name":"registry.terraform.io/hashicorp/aws","schema_version":0,"values":{"acceleration_status":"","acl":null,"arn":"arn:aws:s3:::alexrachok-cloudfront-logs","bucket":"alexrachok-cloudfront-logs","bucket_domain_name":"alexrachok-cloudfront-logs.s3.amazonaws.com","bucket_prefix":"","bucket_region":"us-east-2","bucket_regional_domain_name":"alexrachok-cloudfront-logs.s3.us-east-2.amazonaws.com","cors_rule":[],"force_destroy":false,"grant":[{"id":"216139b4b34298aeeb030691a880dfdd536e3fc9c9b158c739b40b82d55406b8","permissions":["FULL_CONTROL"],"type":"CanonicalUser","uri":""},{"id":"c4c1ede66af53448b93c283ce9448c4ba468c9432aa01d700d3878632f77d2d0","permissions":["FULL_CONTROL"],"type":"CanonicalUser","uri":""}],"hosted_zone_id":"Z2O1EMRO9K5GLX","id":"alexrachok-cloudfront-logs","lifecycle_rule":[],"logging":[],"object_lock_configuration":[],"object_lock_enabled":false,"policy":"","region":"us-east-2","replication_configuration":[],"request_payer":"BucketOwner","server_side_encryption_configuration":[{"rule":[{"apply_server_side_encryption_by_default":[{"kms_master_key_id":"","sse_algorithm":"AES256"}],"bucket_key_enabled":false}]}],"tags":{"Name":"cloudfront-access-logs"},"tags_all":{"Name":"cloudfront-access-logs"},"timeouts":null,"versioning":[{"enabled":false,"mfa_delete":false}],"website":[],"website_domain":null,"website_endpoint":null},"sensitive_values":{"cors_rule":[],"grant":[{"permissions":[false]},{"permissions":[false]}],"lifecycle_rule":[],"logging":[],"object_lock_configuration":[],"replication_configuration":[],"server_side_encryption_configuration":[{"rule":[{"apply_server_side_encryption_by_default":[{}]}]}],"tags":{},"tags_all":{},"versioning":[{}],"website":[]},"identity_schema_version":0,"identity":{"account_id":"815408489721","bucket":"alexrachok-cloudfront-logs","region":"us-east-2"}},{"address":"aws_s3_bucket.static_web_site_bucket","mode":"managed","type":"aws_s3_bucket","name":"static_web_site_bucket","provider_name":"registry.terraform.io/hashicorp/aws","schema_version":0,"values":{"acceleration_status":"","acl":null,"arn":"arn:aws:s3:::alexrachok-terraform-web-site-static-content","bucket":"alexrachok-terraform-web-site-static-content","bucket_domain_name":"alexrachok-terraform-web-site-static-content.s3.amazonaws.com","bucket_prefix":"","bucket_region":"us-east-2","bucket_regional_domain_name":"alexrachok-terraform-web-site-static-content.s3.us-east-2.amazonaws.com","cors_rule":[],"force_destroy":false,"grant":[{"id":"216139b4b34298aeeb030691a880dfdd536e3fc9c9b158c739b40b82d55406b8","permissions":["FULL_CONTROL"],"type":"CanonicalUser","uri":""}],"hosted_zone_id":"Z2O1EMRO9K5GLX","id":"alexrachok-terraform-web-site-static-content","lifecycle_rule":[],"logging":[],"object_lock_configuration":[],"object_lock_enabled":false,"policy":"{\"Statement\":[{\"Action\":\"s3:GetObject\",\"Condition\":{\"StringEquals\":{\"AWS:SourceArn\":\"arn:aws:cloudfront::815408489721:distribution/E1M9VOWSRDD4I3\"}},\"Effect\":\"Allow\",\"Principal\":{\"Service\":\"cloudfront.amazonaws.com\"},\"Resource\":\"arn:aws:s3:::alexrachok-terraform-web-site-static-content/*\",\"Sid\":\"AllowCloudFrontRead\"}],\"Version\":\"2012-10-17\"}","region":"us-east-2","replication_configuration":[],"request_payer":"BucketOwner","server_side_encryption_configuration":[{"rule":[{"apply_server_side_encryption_by_default":[{"kms_master_key_id":"","sse_algorithm":"AES256"}],"bucket_key_enabled":false}]}],"tags":{"Name":"Static web site content"},"tags_all":{"Name":"Static web site content"},"timeouts":null,"versioning":[{"enabled":false,"mfa_delete":false}],"website":[],"website_domain":null,"website_endpoint":null},"sensitive_values":{"cors_rule":[],"grant":[{"permissions":[false]}],"lifecycle_rule":[],"logging":[],"object_lock_configuration":[],"replication_configuration":[],"server_side_encryption_configuration":[{"rule":[{"apply_server_side_encryption_by_default":[{}]}]}],"tags":{},"tags_all":{},"versioning":[{}],"website":[]},"identity_schema_version":0,"identity":{"account_id":"815408489721","bucket":"alexrachok-terraform-web-site-static-content","region":"us-east-2"}},{"address":"aws_s3_bucket_ownership_controls.cloudfront_logs","mode":"managed","type":"aws_s3_bucket_ownership_controls","name":"cloudfront_logs","provider_name":"registry.terraform.io/hashicorp/aws","schema_version":0,"values":{"bucket":"alexrachok-cloudfront-logs","id":"alexrachok-cloudfront-logs","region":"us-east-2","rule":[{"object_ownership":"ObjectWriter"}]},"sensitive_values":{"rule":[{}]},"depends_on":["aws_s3_bucket.cloudfront_logs"],"identity_schema_version":0,"identity":{"account_id":"815408489721","bucket":"alexrachok-cloudfront-logs","region":"us-east-2"}},{"address":"aws_s3_bucket_ownership_controls.s3_ownership_controls","mode":"managed","type":"aws_s3_bucket_ownership_controls","name":"s3_ownership_controls","provider_name":"registry.terraform.io/hashicorp/aws","schema_version":0,"values":{"bucket":"alexrachok-terraform-web-site-static-content","id":"alexrachok-terraform-web-site-static-content","region":"us-east-2","rule":[{"object_ownership":"BucketOwnerEnforced"}]},"sensitive_values":{"rule":[{}]},"depends_on":["aws_s3_bucket.static_web_site_bucket"],"identity_schema_version":0,"identity":{"account_id":"815408489721","bucket":"alexrachok-terraform-web-site-static-content","region":"us-east-2"}},{"address":"aws_s3_bucket_policy.bucket_policy","mode":"managed","type":"aws_s3_bucket_policy","name":"bucket_policy","provider_name":"registry.terraform.io/hashicorp/aws","schema_version":0,"values":{"bucket":"alexrachok-terraform-web-site-static-content","id":"alexrachok-terraform-web-site-static-content","policy":"{\"Statement\":[{\"Action\":[\"s3:GetObject\"],\"Condition\":{\"StringEquals\":{\"AWS:SourceArn\":\"arn:aws:cloudfront::815408489721:distribution/E1M9VOWSRDD4I3\"}},\"Effect\":\"Allow\",\"Principal\":{\"Service\":\"cloudfront.amazonaws.com\"},\"Resource\":\"arn:aws:s3:::alexrachok-terraform-web-site-static-content/*\",\"Sid\":\"AllowCloudFrontRead\"}],\"Version\":\"2012-10-17\"}","region":"us-east-2"},"sensitive_values":{},"depends_on":["aws_acm_certificate.cloudfront_cert","aws_acm_certificate_validation.cloudfront_cert","aws_cloudfront_distribution.cdn","aws_cloudfront_origin_access_control.oac","aws_route53_record.cloudfront_cert_validation","aws_s3_bucket.cloudfront_logs","aws_s3_bucket.static_web_site_bucket","aws_wafv2_web_acl.cloudfront","data.aws_cloudfront_cache_policy.caching_optimized","data.aws_cloudfront_origin_request_policy.s3_origin","data.aws_route53_zone.main"],"identity_schema_version":0,"identity":{"account_id":"815408489721","bucket":"alexrachok-terraform-web-site-static-content","region":"us-east-2"}},{"address":"aws_s3_bucket_public_access_block.cloudfront_logs","mode":"managed","type":"aws_s3_bucket_public_access_block","name":"cloudfront_logs","provider_name":"registry.terraform.io/hashicorp/aws","schema_version":0,"values":{"block_public_acls":false,"block_public_policy":true,"bucket":"alexrachok-cloudfront-logs","id":"alexrachok-cloudfront-logs","ignore_public_acls":false,"region":"us-east-2","restrict_public_buckets":true,"skip_destroy":null},"sensitive_values":{},"depends_on":["aws_s3_bucket.cloudfront_logs"],"identity_schema_version":0,"identity":{"account_id":"815408489721","bucket":"alexrachok-cloudfront-logs","region":"us-east-2"}},{"address":"aws_s3_bucket_public_access_block.s3_block_public_access","mode":"managed","type":"aws_s3_bucket_public_access_block","name":"s3_block_public_access","provider_name":"registry.terraform.io/hashicorp/aws","schema_version":0,"values":{"block_public_acls":true,"block_public_policy":true,"bucket":"alexrachok-terraform-web-site-static-content","id":"alexrachok-terraform-web-site-static-content","ignore_public_acls":true,"region":"us-east-2","restrict_public_buckets":true,"skip_destroy":null},"sensitive_values":{},"depends_on":["aws_s3_bucket.static_web_site_bucket"],"identity_schema_version":0,"identity":{"account_id":"815408489721","bucket":"alexrachok-terraform-web-site-static-content","region":"us-east-2"}},{"address":"aws_s3_object.crypto_updater_script","mode":"managed","type":"aws_s3_object","name":"crypto_updater_script","provider_name":"registry.terraform.io/hashicorp/aws","schema_version":0,"values":{"acl":null,"arn":"arn:aws:s3:::alexrachok-terraform-web-site-static-content/web_site2/crypto_updater.py","bucket":"alexrachok-terraform-web-site-static-content","bucket_key_enabled":false,"cache_control":"","checksum_algorithm":null,"checksum_crc32":"","checksum_crc32c":"","checksum_crc64nvme":"","checksum_sha1":"","checksum_sha256":"","content":null,"content_base64":null,"content_disposition":"","content_encoding":"","content_language":"","content_type":"application/octet-stream","etag":"aac246edd9cff23db676f5b23cb5a201","force_destroy":false,"id":"alexrachok-terraform-web-site-static-content/web_site2/crypto_updater.py","key":"web_site2/crypto_updater.py","kms_key_id":null,"metadata":{},"object_lock_legal_hold_status":"","object_lock_mode":"","object_lock_retain_until_date":"","override_provider":[],"region":"us-east-2","server_side_encryption":"AES256","source":"www_site2/crypto_updater.py","source_hash":null,"storage_class":"STANDARD","tags":{},"tags_all":{},"version_id":"","website_redirect":""},"sensitive_values":{"metadata":{},"override_provider":[],"tags":{},"tags_all":{}},"depends_on":["aws_s3_bucket.static_web_site_bucket"],"identity_schema_version":0,"identity":{"account_id":"815408489721","bucket":"alexrachok-terraform-web-site-static-content","key":"web_site2/crypto_updater.py","region":"us-east-2"}},{"address":"aws_s3_object.db_backup","mode":"managed","type":"aws_s3_object","name":"db_backup","provider_name":"registry.terraform.io/hashicorp/aws","schema_version":0,"values":{"acl":null,"arn":"arn:aws:s3:::alexrachok-terraform-web-site-static-content/web_site2/db_backup.dump","bucket":"alexrachok-terraform-web-site-static-content","bucket_key_enabled":false,"cache_control":"","checksum_algorithm":null,"checksum_crc32":"","checksum_crc32c":"","checksum_crc64nvme":"","checksum_sha1":"","checksum_sha256":"","content":null,"content_base64":null,"content_disposition":"","content_encoding":"","content_language":"","content_type":"application/octet-stream","etag":"29430cbd66cfe2078d9e46e45065087b","force_destroy":false,"id":"alexrachok-terraform-web-site-static-content/web_site2/db_backup.dump","key":"web_site2/db_backup.dump","kms_key_id":null,"metadata":{},"object_lock_legal_hold_status":"","object_lock_mode":"","object_lock_retain_until_date":"","override_provider":[],"region":"us-east-2","server_side_encryption":"AES256","source":"www_site2/my_backup.dump","source_hash":null,"storage_class":"STANDARD","tags":{},"tags_all":{},"version_id":"","website_redirect":""},"sensitive_values":{"metadata":{},"override_provider":[],"tags":{},"tags_all":{}},"depends_on":["aws_s3_bucket.static_web_site_bucket"],"identity_schema_version":0,"identity":{"account_id":"815408489721","bucket":"alexrachok-terraform-web-site-static-content","key":"web_site2/db_backup.dump","region":"us-east-2"}},{"address":"aws_s3_object.healthcheck_script","mode":"managed","type":"aws_s3_object","name":"healthcheck_script","provider_name":"registry.terraform.io/hashicorp/aws","schema_version":0,"values":{"acl":null,"arn":"arn:aws:s3:::alexrachok-terraform-web-site-static-content/web_site2/healthcheck_init.sh","bucket":"alexrachok-terraform-web-site-static-content","bucket_key_enabled":false,"cache_control":"","checksum_algorithm":null,"checksum_crc32":"","checksum_crc32c":"","checksum_crc64nvme":"","checksum_sha1":"","checksum_sha256":"","content":null,"content_base64":null,"content_disposition":"","content_encoding":"","content_language":"","content_type":"application/octet-stream","etag":"ec60a60594dc342505c5cc346a4d8b69","force_destroy":false,"id":"alexrachok-terraform-web-site-static-content/web_site2/healthcheck_init.sh","key":"web_site2/healthcheck_init.sh","kms_key_id":null,"metadata":{},"object_lock_legal_hold_status":"","object_lock_mode":"","object_lock_retain_until_date":"","override_provider":[],"region":"us-east-2","server_side_encryption":"AES256","source":"www_site2/healthcheck_init.sh","source_hash":null,"storage_class":"STANDARD","tags":{},"tags_all":{},"version_id":"","website_redirect":""},"sensitive_values":{"metadata":{},"override_provider":[],"tags":{},"tags_all":{}},"depends_on":["aws_s3_bucket.static_web_site_bucket"],"identity_schema_version":0,"identity":{"account_id":"815408489721","bucket":"alexrachok-terraform-web-site-static-content","key":"web_site2/healthcheck_init.sh","region":"us-east-2"}},{"address":"aws_s3_object.index","mode":"managed","type":"aws_s3_object","name":"index","provider_name":"registry.terraform.io/hashicorp/aws","schema_version":0,"values":{"acl":null,"arn":"arn:aws:s3:::alexrachok-terraform-web-site-static-content/index.html","bucket":"alexrachok-terraform-web-site-static-content","bucket_key_enabled":false,"cache_control":"","checksum_algorithm":null,"checksum_crc32":"","checksum_crc32c":"","checksum_crc64nvme":"","checksum_sha1":"","checksum_sha256":"","content":"\u003c!DOCTYPE html\u003e\n\u003chtml lang=\"en\"\u003e\n\u003chead\u003e\n  \u003cmeta charset=\"UTF-8\" /\u003e\n  \u003cmeta name=\"viewport\" content=\"width=device-width, initial-scale=1.0\" /\u003e\n  \u003ctitle\u003eWelcome to My AWS Static Website\u003c/title\u003e\n\n  \u003cstyle\u003e\n    body {\n      font-family: Arial, sans-serif;\n      background: #f4f4f4;\n      color: #333;\n      margin: 0;\n      padding: 40px;\n      text-align: center;\n    }\n\n    .container {\n      background: white;\n      padding: 30px;\n      border-radius: 12px;\n      max-width: 600px;\n      margin: auto;\n      box-shadow: 0 4px 10px rgba(0,0,0,0.1);\n    }\n\n    img {\n      max-width: 100%;\n      border-radius: 8px;\n      margin-top: 20px;\n    }\n  \u003c/style\u003e\n\u003c/head\u003e\n\u003cbody\u003e\n\n  \u003cdiv class=\"container\"\u003e\n    \u003ch1\u003eWelcome to My AWS Static Website!\u003c/h1\u003e\n    \u003cp\u003eThis page is deployed using Terraform → S3 → CloudFront.\u003c/p\u003e\n\n    \u003cimg src=\"https://d3pf16f1x4nqrx.cloudfront.net/web_site1/images/test_site_image.jpg\" alt=\"Test Image\" /\u003e\n  \u003c/div\u003e\n\n\u003c/body\u003e\n\u003c/html\u003e","content_base64":null,"content_disposition":"","content_encoding":"","content_language":"","content_type":"text/html","etag":"f3d74e94f4e13d5d53730839660b7ae5","force_destroy":false,"id":"alexrachok-terraform-web-site-static-content/index.html","key":"index.html","kms_key_id":null,"metadata":{},"object_lock_legal_hold_status":"","object_lock_mode":"","object_lock_retain_until_date":"","override_provider":[],"region":"us-east-2","server_side_encryption":"AES256","source":null,"source_hash":null,"storage_class":"STANDARD","tags":{},"tags_all":{},"version_id":"","website_redirect":""},"sensitive_values":{"metadata":{},"override_provider":[],"tags":{},"tags_all":{}},"depends_on":["aws_acm_certificate.cloudfront_cert","aws_acm_certificate_validation.cloudfront_cert","aws_cloudfront_distribution.cdn","aws_cloudfront_origin_access_control.oac","aws_route53_record.cloudfront_cert_validation","aws_s3_bucket.cloudfront_logs","aws_s3_bucket.static_web_site_bucket","aws_wafv2_web_acl.cloudfront","data.aws_cloudfront_cache_policy.caching_optimized","data.aws_cloudfront_origin_request_policy.s3_origin","data.aws_route53_zone.main"],"identity_schema_version":0,"identity":{"account_id":"815408489721","bucket":"alexrachok-terraform-web-site-static-content","key":"index.html","region":"us-east-2"}},{"address":"aws_s3_object.lambda_function_zip","mode":"managed","type":"aws_s3_object","name":"lambda_function_zip","provider_name":"registry.terraform.io/hashicorp/aws","schema_version":0,"values":{"acl":null,"arn":"arn:aws:s3:::alexrachok-terraform-web-site-static-content/lambda/functions/crypto_updater.zip","bucket":"alexrachok-terraform-web-site-static-content","bucket_key_enabled":false,"cache_control":"","checksum_algorithm":null,"checksum_crc32":"","checksum_crc32c":"","checksum_crc64nvme":"","checksum_sha1":"","checksum_sha256":"","content":null,"content_base64":null,"content_disposition":"","content_encoding":"","content_language":"","content_type":"application/octet-stream","etag":"cd86b4798716d43ccf4ae32d01295e42","force_destroy":false,"id":"alexrachok-terraform-web-site-static-content/lambda/functions/crypto_updater.zip","key":"lambda/functions/crypto_updater.zip","kms_key_id":null,"metadata":{},"object_lock_legal_hold_status":"","object_lock_mode":"","object_lock_retain_until_date":"","override_provider":[],"region":"us-east-2","server_side_encryption":"AES256","source":"www_site2/lambda/crypto_updater.zip","source_hash":null,"storage_class":"STANDARD","tags":{},"tags_all":{},"version_id":"","website_redirect":""},"sensitive_values":{"metadata":{},"override_provider":[],"tags":{},"tags_all":{}},"depends_on":["aws_s3_bucket.static_web_site_bucket"],"identity_schema_version":0,"identity":{"account_id":"815408489721","bucket":"alexrachok-terraform-web-site-static-content","key":"lambda/functions/crypto_updater.zip","region":"us-east-2"}},{"address":"aws_s3_object.lambda_layer_zip","mode":"managed","type":"aws_s3_object","name":"lambda_layer_zip","provider_name":"registry.terraform.io/hashicorp/aws","schema_version":0,"values":{"acl":null,"arn":"arn:aws:s3:::alexrachok-terraform-web-site-static-content/lambda/layers/lambda_layer.zip","bucket":"alexrachok-terraform-web-site-static-content","bucket_key_enabled":false,"cache_control":"","checksum_algorithm":null,"checksum_crc32":"","checksum_crc32c":"","checksum_crc64nvme":"","checksum_sha1":"","checksum_sha256":"","content":null,"content_base64":null,"content_disposition":"","content_encoding":"","content_language":"","content_type":"binary/octet-stream","etag":"7844343360e91a18496dba8c549929c5-5","force_destroy":false,"id":"alexrachok-terraform-web-site-static-content/lambda/layers/lambda_layer.zip","key":"lambda/layers/lambda_layer.zip","kms_key_id":null,"metadata":{},"object_lock_legal_hold_status":"","object_lock_mode":"","object_lock_retain_until_date":"","override_provider":[],"region":"us-east-2","server_side_encryption":"AES256","source":"www_site2/lambda/lambda_layer.zip","source_hash":null,"storage_class":"STANDARD","tags":{},"tags_all":{},"version_id":"","website_redirect":""},"sensitive_values":{"metadata":{},"override_provider":[],"tags":{},"tags_all":{}},"depends_on":["aws_s3_bucket.static_web_site_bucket"],"identity_schema_version":0,"identity":{"account_id":"815408489721","bucket":"alexrachok-terraform-web-site-static-content","key":"lambda/layers/lambda_layer.zip","region":"us-east-2"}},{"address":"aws_s3_object.php_index","mode":"managed","type":"aws_s3_object","name":"php_index","provider_name":"registry.terraform.io/hashicorp/aws","schema_version":0,"values":{"acl":null,"arn":"arn:aws:s3:::alexrachok-terraform-web-site-static-content/web_site2/index.php","bucket":"alexrachok-terraform-web-site-static-content","bucket_key_enabled":false,"cache_control":"","checksum_algorithm":null,"checksum_crc32":"","checksum_crc32c":"","checksum_crc64nvme":"","checksum_sha1":"","checksum_sha256":"","content":"\u003c?php\n// ---------------------------\n// PostgreSQL Connection\n// ---------------------------\n$db_host = \"test-postgres-db.cns6wc2k8rgh.us-east-2.rds.amazonaws.com\";\n$db_name = \"postgres\";\n$db_user = \"postgres_admin\";\n$db_pass = \"DU9AZNAFx7IxxsfRb2P4\";\n$db_port = \"5432\";\n\n$conn_string = \"host=$db_host port=$db_port dbname=$db_name user=$db_user password=$db_pass\";\n$db_conn = pg_connect($conn_string);\n\ndate_default_timezone_set('Asia/Tbilisi');\n// ---------------------------\n// Helper functions\n// ---------------------------\nfunction format_rate($value) {\n    return rtrim(rtrim(number_format((float)$value, 8, '.', ''), '0'), '.');\n}\n\nfunction format_time($date_str, $time_str) {\n    // Combine DATE + TIME from DB\n    $dt = new DateTime(\"$date_str $time_str\", new DateTimeZone(\"UTC\"));\n    // Convert to your timezone\n    $dt-\u003esetTimezone(new DateTimeZone(\"Asia/Tbilisi\"));\n    return $dt-\u003eformat(\"H:i:s\");\n}\n\n// ---------------------------\n// Fetch Latest Crypto Rates\n// ---------------------------\nif (!$db_conn) {\n    $db_status = \"❌ Failed to connect to Postgres DB: \" . pg_last_error();\n    $latest_text = \"\";\n    $history_text = \"\";\n} else {\n    $db_status = \"✅ Postgres DB connected successfully.\";\n\n    // Latest rate\n    $query_latest = \"\n        SELECT *\n        FROM public.crypto_rates\n        ORDER BY rate_date DESC, rate_time DESC\n        LIMIT 1;\n    \";\n    $result_latest = pg_query($db_conn, $query_latest);\n\n    if (!$result_latest) {\n        $latest_text = \"Query failed: \" . pg_last_error();\n    } elseif (pg_num_rows($result_latest) == 0) {\n        $latest_text = \"No crypto rates found.\";\n    } else {\n        $row = pg_fetch_assoc($result_latest);\n        $latest_text = \"\n            \u003cdiv class='db-box'\u003e\n                \u003ch2\u003eLatest Crypto Rates\u003c/h2\u003e\n                \u003ctable border='1' cellpadding='8' cellspacing='0'\u003e\n                    \u003cthead\u003e\n                        \u003ctr\u003e\n                            \u003cth\u003eDate\u003c/th\u003e\n                            \u003cth\u003eTime\u003c/th\u003e\n                            \u003cth\u003eBTC/USD\u003c/th\u003e\n                            \u003cth\u003eETH/USD\u003c/th\u003e\n                            \u003cth\u003eSOL/USD\u003c/th\u003e\n                        \u003c/tr\u003e\n                    \u003c/thead\u003e\n                    \u003ctbody\u003e\n                        \u003ctr\u003e\n                            \u003ctd\u003e{$row['rate_date']}\u003c/td\u003e\n                            \u003ctd class='utc-time'\n                              data-date=\\\"{$row['rate_date']}\\\"\n                              data-time=\\\"{$row['rate_time']}\\\"\u003e\n                              {$row['rate_time']}\n                           \u003c/td\u003e\n                            \u003ctd\u003e\" . format_rate($row['btc_usd']) . \"\u003c/td\u003e\n                            \u003ctd\u003e\" . format_rate($row['eth_usd']) . \"\u003c/td\u003e\n                            \u003ctd\u003e\" . format_rate($row['sol_usd']) . \"\u003c/td\u003e\n                        \u003c/tr\u003e\n                    \u003c/tbody\u003e\n                \u003c/table\u003e\n            \u003c/div\u003e\n        \";\n    }\n\n    // Previous 10 records for history\n    $query_history = \"\n        SELECT *\n        FROM public.crypto_rates\n        ORDER BY rate_date DESC, rate_time DESC\n        OFFSET 1\n        LIMIT 10;\n    \";\n    $result_history = pg_query($db_conn, $query_history);\n\n    if ($result_history \u0026\u0026 pg_num_rows($result_history) \u003e 0) {\n        $history_text = \"\n            \u003cdiv class='db-box'\u003e\n                \u003ch2\u003eExchange Rate History (Previous 10 Records)\u003c/h2\u003e\n                \u003ctable border='1' cellpadding='8' cellspacing='0'\u003e\n                    \u003cthead\u003e\n                        \u003ctr\u003e\n                            \u003cth\u003eDate\u003c/th\u003e\n                            \u003cth\u003eTime\u003c/th\u003e\n                            \u003cth\u003eBTC/USD\u003c/th\u003e\n                            \u003cth\u003eETH/USD\u003c/th\u003e\n                            \u003cth\u003eSOL/USD\u003c/th\u003e\n                        \u003c/tr\u003e\n                    \u003c/thead\u003e\n                    \u003ctbody\u003e\n        \";\n        while ($row_hist = pg_fetch_assoc($result_history)) {\n            $history_text .= \"\n                \u003ctr\u003e\n                    \u003ctd\u003e{$row_hist['rate_date']}\u003c/td\u003e\n                    \u003ctd class='utc-time'\n                      data-date=\\\"{$row_hist['rate_date']}\\\"\n                      data-time=\\\"{$row_hist['rate_time']}\\\"\u003e\n                      {$row_hist['rate_time']}\n                   \u003c/td\u003e\n                    \u003ctd\u003e\" . format_rate($row_hist['btc_usd']) . \"\u003c/td\u003e\n                    \u003ctd\u003e\" . format_rate($row_hist['eth_usd']) . \"\u003c/td\u003e\n                    \u003ctd\u003e\" . format_rate($row_hist['sol_usd']) . \"\u003c/td\u003e\n                \u003c/tr\u003e\n            \";\n        }\n        $history_text .= \"\n                    \u003c/tbody\u003e\n                \u003c/table\u003e\n            \u003c/div\u003e\n        \";\n    } else {\n        $history_text = \"\u003cdiv class='db-box'\u003e\u003cp\u003eNo historical records found.\u003c/p\u003e\u003c/div\u003e\";\n    }\n\n    pg_close($db_conn);\n}\n?\u003e\n\u003c!DOCTYPE html\u003e\n\u003chtml lang=\"en\"\u003e\n\u003chead\u003e\n  \u003cmeta charset=\"UTF-8\" /\u003e\n  \u003cmeta name=\"viewport\" content=\"width=device-width, initial-scale=1.0\" /\u003e\n  \u003ctitle\u003eWelcome to My AWS Website with RDS\u003c/title\u003e\n  \u003cstyle\u003e\n    body {\n      font-family: Arial, sans-serif;\n      background: #f4f4f4;\n      color: #333;\n      margin: 0;\n      padding: 40px;\n      text-align: center;\n    }\n    .container {\n      background: white;\n      padding: 30px;\n      border-radius: 12px;\n      max-width: 700px;\n      margin: auto;\n      box-shadow: 0 4px 10px rgba(0,0,0,0.1);\n    }\n    .db-box {\n      background: #eef7ff;\n      padding: 20px;\n      border-radius: 10px;\n      margin-top: 25px;\n      font-size: 18px;\n      text-align: left;\n    }\n    table {\n      width: 100%;\n      border-collapse: collapse;\n    }\n    th, td {\n      padding: 8px;\n      border: 1px solid #ccc;\n      text-align: center;\n    }\n    th {\n      background: #eef7ff;\n    }\n    img {\n      max-width: 100%;\n      border-radius: 8px;\n      margin-bottom: 20px;\n    }\n  \u003c/style\u003e\n\u003c/head\u003e\n\u003cbody\u003e\n  \u003cdiv class=\"container\"\u003e\n    \u003cimg src=\"\u003c?= \"https://d3pf16f1x4nqrx.cloudfront.net/web_site2/images/crypto.jpg\" ?\u003e\" alt=\"Crypto Image\" /\u003e\n    \u003ch1\u003eWelcome to My AWS Website with RDS!\u003c/h1\u003e\n    \u003cp\u003eThis page is running on EC2 → Private RDS PostgreSQL → Terraform-managed infrastructure.\u003c/p\u003e\n\n    \u003cdiv class=\"db-box\"\u003e\n        \u003cstrong\u003eDB Status:\u003c/strong\u003e \u003c?= $db_status ?\u003e\n    \u003c/div\u003e\n\n    \u003c?= $latest_text ?\u003e\n    \u003c?= $history_text ?\u003e\n  \u003c/div\u003e\n\n  \u003cscript\u003e\n    document.addEventListener(\"DOMContentLoaded\", function () {\n        const cells = document.querySelectorAll(\".utc-time\");\n\n        cells.forEach(cell =\u003e {\n            const date = cell.getAttribute(\"data-date\");\n            const time = cell.getAttribute(\"data-time\").substring(0, 8);\n\n            const utcString = date + \"T\" + time + \"Z\"; \n            const localDate = new Date(utcString);\n\n            const localTime = localDate.toLocaleTimeString([], {\n                hour: \"2-digit\",\n                minute: \"2-digit\",\n                second: \"2-digit\"\n            });\n\n            cell.textContent = localTime;\n        });\n    });\n  \u003c/script\u003e\n\u003c/body\u003e\n\u003c/html\u003e","content_base64":null,"content_disposition":"","content_encoding":"","content_language":"","content_type":"application/x-httpd-php","etag":"b8ffc5fe5cd4353b89e864ccee85c26c","force_destroy":false,"id":"alexrachok-terraform-web-site-static-content/web_site2/index.php","key":"web_site2/index.php","kms_key_id":null,"metadata":{},"object_lock_legal_hold_status":"","object_lock_mode":"","object_lock_retain_until_date":"","override_provider":[],"region":"us-east-2","server_side_encryption":"AES256","source":null,"source_hash":null,"storage_class":"STANDARD","tags":{},"tags_all":{},"version_id":"","website_redirect":""},"sensitive_values":{"content":true,"etag":true,"metadata":{},"override_provider":[],"tags":{},"tags_all":{}},"depends_on":["aws_acm_certificate.cloudfront_cert","aws_acm_certificate_validation.cloudfront_cert","aws_cloudfront_distribution.cdn","aws_cloudfront_origin_access_control.oac","aws_db_instance.postgres","aws_db_subnet_group.db_subnets","aws_route53_record.cloudfront_cert_validation","aws_s3_bucket.cloudfront_logs","aws_s3_bucket.static_web_site_bucket","aws_security_group.lambda_sg","aws_security_group.sg_bastion","aws_security_group.sg_nlb","aws_security_group.sg_rds","aws_security_group.sg_ssh","aws_subnet.private","aws_subnet.private_2","aws_subnet.private_3","aws_vpc.victors_lab_vpc","aws_wafv2_web_acl.cloudfront","data.aws_availability_zones.available","data.aws_cloudfront_cache_policy.caching_optimized","data.aws_cloudfront_origin_request_policy.s3_origin","data.aws_route53_zone.main","data.sops_file.secrets"],"identity_schema_version":0,"identity":{"account_id":"815408489721","bucket":"alexrachok-terraform-web-site-static-content","key":"web_site2/index.php","region":"us-east-2"}},{"address":"aws_s3_object.site1_image","mode":"managed","type":"aws_s3_object","name":"site1_image","provider_name":"registry.terraform.io/hashicorp/aws","schema_version":0,"values":{"acl":null,"arn":"arn:aws:s3:::alexrachok-terraform-web-site-static-content/web_site1/images/test_site_image.jpg","bucket":"alexrachok-terraform-web-site-static-content","bucket_key_enabled":false,"cache_control":"","checksum_algorithm":null,"checksum_crc32":"","checksum_crc32c":"","checksum_crc64nvme":"","checksum_sha1":"","checksum_sha256":"","content":null,"content_base64":null,"content_disposition":"","content_encoding":"","content_language":"","content_type":"application/octet-stream","etag":"3b6986d45333251b2b76ccf8eb0471b8","force_destroy":false,"id":"alexrachok-terraform-web-site-static-content/web_site1/images/test_site_image.jpg","key":"web_site1/images/test_site_image.jpg","kms_key_id":null,"metadata":{},"object_lock_legal_hold_status":"","object_lock_mode":"","object_lock_retain_until_date":"","override_provider":[],"region":"us-east-2","server_side_encryption":"AES256","source":"www_site1/test_site_image.jpg","source_hash":null,"storage_class":"STANDARD","tags":{},"tags_all":{},"version_id":"","website_redirect":""},"sensitive_values":{"metadata":{},"override_provider":[],"tags":{},"tags_all":{}},"depends_on":["aws_s3_bucket.static_web_site_bucket"],"identity_schema_version":0,"identity":{"account_id":"815408489721","bucket":"alexrachok-terraform-web-site-static-content","key":"web_site1/images/test_site_image.jpg","region":"us-east-2"}},{"address":"aws_s3_object.site2_image","mode":"managed","type":"aws_s3_object","name":"site2_image","provider_name":"registry.terraform.io/hashicorp/aws","schema_version":0,"values":{"acl":null,"arn":"arn:aws:s3:::alexrachok-terraform-web-site-static-content/web_site2/images/crypto.jpg","bucket":"alexrachok-terraform-web-site-static-content","bucket_key_enabled":false,"cache_control":"","checksum_algorithm":null,"checksum_crc32":"","checksum_crc32c":"","checksum_crc64nvme":"","checksum_sha1":"","checksum_sha256":"","content":null,"content_base64":null,"content_disposition":"","content_encoding":"","content_language":"","content_type":"application/octet-stream","etag":"df82d1cb3838986ff477cc8477c7d1bc","force_destroy":false,"id":"alexrachok-terraform-web-site-static-content/web_site2/images/crypto.jpg","key":"web_site2/images/crypto.jpg","kms_key_id":null,"metadata":{},"object_lock_legal_hold_status":"","object_lock_mode":"","object_lock_retain_until_date":"","override_provider":[],"region":"us-east-2","server_side_encryption":"AES256","source":"www_site2/crypto.jpg","source_hash":null,"storage_class":"STANDARD","tags":{},"tags_all":{},"version_id":"","website_redirect":""},"sensitive_values":{"metadata":{},"override_provider":[],"tags":{},"tags_all":{}},"depends_on":["aws_s3_bucket.static_web_site_bucket"],"identity_schema_version":0,"identity":{"account_id":"815408489721","bucket":"alexrachok-terraform-web-site-static-content","key":"web_site2/images/crypto.jpg","region":"us-east-2"}},{"address":"aws_security_group.lambda_sg","mode":"managed","type":"aws_security_group","name":"lambda_sg","provider_name":"registry.terraform.io/hashicorp/aws","schema_version":1,"values":{"arn":"arn:aws:ec2:us-east-2:815408489721:security-group/sg-0b51cfafa5933a0bf","description":"Allow Lambda to access RDS","egress":[{"cidr_blocks":["0.0.0.0/0"],"description":"","from_port":0,"ipv6_cidr_blocks":[],"prefix_list_ids":[],"protocol":"-1","security_groups":[],"self":false,"to_port":0}],"id":"sg-0b51cfafa5933a0bf","ingress":[],"name":"lambda_sg","name_prefix":"","owner_id":"815408489721","region":"us-east-2","revoke_rules_on_delete":false,"tags":{},"tags_all":{},"timeouts":null,"vpc_id":"vpc-0dca73f239e3b5e7d"},"sensitive_values":{"egress":[{"cidr_blocks":[false],"ipv6_cidr_blocks":[],"prefix_list_ids":[],"security_groups":[]}],"ingress":[],"tags":{},"tags_all":{}},"depends_on":["aws_vpc.victors_lab_vpc"],"identity_schema_version":0,"identity":{"account_id":"815408489721","id":"sg-0b51cfafa5933a0bf","region":"us-east-2"}},{"address":"aws_security_group.sg_alb","mode":"managed","type":"aws_security_group","name":"sg_alb","provider_name":"registry.terraform.io/hashicorp/aws","schema_version":1,"values":{"arn":"arn:aws:ec2:us-east-2:815408489721:security-group/sg-08d0111c2b335a760","description":"Allow HTTP/HTTPS from Internet","egress":[{"cidr_blocks":["0.0.0.0/0"],"description":"","from_port":0,"ipv6_cidr_blocks":[],"prefix_list_ids":[],"protocol":"-1","security_groups":[],"self":false,"to_port":0}],"id":"sg-08d0111c2b335a760","ingress":[{"cidr_blocks":["0.0.0.0/0"],"description":"Allow HTTP from anywhere","from_port":80,"ipv6_cidr_blocks":[],"prefix_list_ids":[],"protocol":"tcp","security_groups":[],"self":false,"to_port":80},{"cidr_blocks":["0.0.0.0/0"],"description":"Allow HTTPS from anywhere","from_port":443,"ipv6_cidr_blocks":[],"prefix_list_ids":[],"protocol":"tcp","security_groups":[],"self":false,"to_port":443}],"name":"alb-sg","name_prefix":"","owner_id":"815408489721","region":"us-east-2","revoke_rules_on_delete":false,"tags":{"Name":"alb-sg"},"tags_all":{"Name":"alb-sg"},"timeouts":null,"vpc_id":"vpc-0dca73f239e3b5e7d"},"sensitive_values":{"egress":[{"cidr_blocks":[false],"ipv6_cidr_blocks":[],"prefix_list_ids":[],"security_groups":[]}],"ingress":[{"cidr_blocks":[false],"ipv6_cidr_blocks":[],"prefix_list_ids":[],"security_groups":[]},{"cidr_blocks":[false],"ipv6_cidr_blocks":[],"prefix_list_ids":[],"security_groups":[]}],"tags":{},"tags_all":{}},"depends_on":["aws_vpc.victors_lab_vpc"],"identity_schema_version":0,"identity":{"account_id":"815408489721","id":"sg-08d0111c2b335a760","region":"us-east-2"}},{"address":"aws_security_group.sg_bastion","mode":"managed","type":"aws_security_group","name":"sg_bastion","provider_name":"registry.terraform.io/hashicorp/aws","schema_version":1,"values":{"arn":"arn:aws:ec2:us-east-2:815408489721:security-group/sg-0e22ad20f929a8ed1","description":"Bastion SG","egress":[{"cidr_blocks":["0.0.0.0/0"],"description":"Allow all outbound","from_port":0,"ipv6_cidr_blocks":[],"prefix_list_ids":[],"protocol":"-1","security_groups":[],"self":false,"to_port":0}],"id":"sg-0e22ad20f929a8ed1","ingress":[{"cidr_blocks":[],"description":"Allow SSH from NLB","from_port":22,"ipv6_cidr_blocks":[],"prefix_list_ids":[],"protocol":"tcp","security_groups":["sg-06a642da74cef8075"],"self":false,"to_port":22}],"name":"terraform-20251229201311263700000007","name_prefix":"terraform-","owner_id":"815408489721","region":"us-east-2","revoke_rules_on_delete":false,"tags":{},"tags_all":{},"timeouts":null,"vpc_id":"vpc-0dca73f239e3b5e7d"},"sensitive_values":{"egress":[{"cidr_blocks":[false],"ipv6_cidr_blocks":[],"prefix_list_ids":[],"security_groups":[]}],"ingress":[{"cidr_blocks":[],"ipv6_cidr_blocks":[],"prefix_list_ids":[],"security_groups":[false]}],"tags":{},"tags_all":{}},"depends_on":["aws_security_group.sg_nlb","aws_vpc.victors_lab_vpc"],"identity_schema_version":0,"identity":{"account_id":"815408489721","id":"sg-0e22ad20f929a8ed1","region":"us-east-2"}},{"address":"aws_security_group.sg_http","mode":"managed","type":"aws_security_group","name":"sg_http","provider_name":"registry.terraform.io/hashicorp/aws","schema_version":1,"values":{"arn":"arn:aws:ec2:us-east-2:815408489721:security-group/sg-0d31e00c241811008","description":"Allow HTTP from allowed CIDR","egress":[{"cidr_blocks":["0.0.0.0/0"],"description":"","from_port":0,"ipv6_cidr_blocks":[],"prefix_list_ids":[],"protocol":"-1","security_groups":[],"self":false,"to_port":0}],"id":"sg-0d31e00c241811008","ingress":[{"cidr_blocks":["5.152.109.0/24"],"description":"","from_port":80,"ipv6_cidr_blocks":[],"prefix_list_ids":[],"protocol":"tcp","security_groups":[],"self":false,"to_port":80}],"name":"terraform-20251229201302723100000002","name_prefix":"terraform-","owner_id":"815408489721","region":"us-east-2","revoke_rules_on_delete":false,"tags":{},"tags_all":{},"timeouts":null,"vpc_id":"vpc-0dca73f239e3b5e7d"},"sensitive_values":{"egress":[{"cidr_blocks":[false],"ipv6_cidr_blocks":[],"prefix_list_ids":[],"security_groups":[]}],"ingress":[{"cidr_blocks":[false],"ipv6_cidr_blocks":[],"prefix_list_ids":[],"security_groups":[]}],"tags":{},"tags_all":{}},"depends_on":["aws_vpc.victors_lab_vpc"],"identity_schema_version":0,"identity":{"account_id":"815408489721","id":"sg-0d31e00c241811008","region":"us-east-2"}},{"address":"aws_security_group.sg_https","mode":"managed","type":"aws_security_group","name":"sg_https","provider_name":"registry.terraform.io/hashicorp/aws","schema_version":1,"values":{"arn":"arn:aws:ec2:us-east-2:815408489721:security-group/sg-042446341344523c5","description":"Allow HTTPS from allowed CIDR","egress":[{"cidr_blocks":["0.0.0.0/0"],"description":"","from_port":0,"ipv6_cidr_blocks":[],"prefix_list_ids":[],"protocol":"-1","security_groups":[],"self":false,"to_port":0}],"id":"sg-042446341344523c5","ingress":[{"cidr_blocks":["5.152.109.0/24"],"description":"","from_port":443,"ipv6_cidr_blocks":[],"prefix_list_ids":[],"protocol":"tcp","security_groups":[],"self":false,"to_port":443}],"name":"terraform-20251229201302723400000003","name_prefix":"terraform-","owner_id":"815408489721","region":"us-east-2","revoke_rules_on_delete":false,"tags":{},"tags_all":{},"timeouts":null,"vpc_id":"vpc-0dca73f239e3b5e7d"},"sensitive_values":{"egress":[{"cidr_blocks":[false],"ipv6_cidr_blocks":[],"prefix_list_ids":[],"security_groups":[]}],"ingress":[{"cidr_blocks":[false],"ipv6_cidr_blocks":[],"prefix_list_ids":[],"security_groups":[]}],"tags":{},"tags_all":{}},"depends_on":["aws_vpc.victors_lab_vpc"],"identity_schema_version":0,"identity":{"account_id":"815408489721","id":"sg-042446341344523c5","region":"us-east-2"}},{"address":"aws_security_group.sg_nlb","mode":"managed","type":"aws_security_group","name":"sg_nlb","provider_name":"registry.terraform.io/hashicorp/aws","schema_version":1,"values":{"arn":"arn:aws:ec2:us-east-2:815408489721:security-group/sg-06a642da74cef8075","description":"Allow inbound on port 2000","egress":[{"cidr_blocks":["0.0.0.0/0"],"description":"","from_port":0,"ipv6_cidr_blocks":[],"prefix_list_ids":[],"protocol":"-1","security_groups":[],"self":false,"to_port":0}],"id":"sg-06a642da74cef8075","ingress":[{"cidr_blocks":["5.152.109.0/24"],"description":"Allow SSH forwarding","from_port":2000,"ipv6_cidr_blocks":[],"prefix_list_ids":[],"protocol":"tcp","security_groups":[],"self":false,"to_port":2000}],"name":"terraform-20251229201305250400000005","name_prefix":"terraform-","owner_id":"815408489721","region":"us-east-2","revoke_rules_on_delete":false,"tags":{},"tags_all":{},"timeouts":null,"vpc_id":"vpc-0dca73f239e3b5e7d"},"sensitive_values":{"egress":[{"cidr_blocks":[false],"ipv6_cidr_blocks":[],"prefix_list_ids":[],"security_groups":[]}],"ingress":[{"cidr_blocks":[false],"ipv6_cidr_blocks":[],"prefix_list_ids":[],"security_groups":[]}],"tags":{},"tags_all":{}},"depends_on":["aws_vpc.victors_lab_vpc"],"identity_schema_version":0,"identity":{"account_id":"815408489721","id":"sg-06a642da74cef8075","region":"us-east-2"}},{"address":"aws_security_group.sg_rds","mode":"managed","type":"aws_security_group","name":"sg_rds","provider_name":"registry.terraform.io/hashicorp/aws","schema_version":1,"values":{"arn":"arn:aws:ec2:us-east-2:815408489721:security-group/sg-0b35d65d63761ff18","description":"Allow Postgres from web-server","egress":[{"cidr_blocks":["0.0.0.0/0"],"description":"","from_port":0,"ipv6_cidr_blocks":[],"prefix_list_ids":[],"protocol":"-1","security_groups":[],"self":false,"to_port":0}],"id":"sg-0b35d65d63761ff18","ingress":[{"cidr_blocks":[],"description":"","from_port":5432,"ipv6_cidr_blocks":[],"prefix_list_ids":[],"protocol":"tcp","security_groups":["sg-07d99963b27f95843"],"self":false,"to_port":5432},{"cidr_blocks":[],"description":"","from_port":5432,"ipv6_cidr_blocks":[],"prefix_list_ids":[],"protocol":"tcp","security_groups":["sg-0b51cfafa5933a0bf"],"self":false,"to_port":5432}],"name":"rds-sg","name_prefix":"","owner_id":"815408489721","region":"us-east-2","revoke_rules_on_delete":false,"tags":{},"tags_all":{},"timeouts":null,"vpc_id":"vpc-0dca73f239e3b5e7d"},"sensitive_values":{"egress":[{"cidr_blocks":[false],"ipv6_cidr_blocks":[],"prefix_list_ids":[],"security_groups":[]}],"ingress":[{"cidr_blocks":[],"ipv6_cidr_blocks":[],"prefix_list_ids":[],"security_groups":[false]},{"cidr_blocks":[],"ipv6_cidr_blocks":[],"prefix_list_ids":[],"security_groups":[false]}],"tags":{},"tags_all":{}},"depends_on":["aws_security_group.lambda_sg","aws_security_group.sg_bastion","aws_security_group.sg_nlb","aws_security_group.sg_ssh","aws_vpc.victors_lab_vpc"],"identity_schema_version":0,"identity":{"account_id":"815408489721","id":"sg-0b35d65d63761ff18","region":"us-east-2"}},{"address":"aws_security_group.sg_ssh","mode":"managed","type":"aws_security_group","name":"sg_ssh","provider_name":"registry.terraform.io/hashicorp/aws","schema_version":1,"values":{"arn":"arn:aws:ec2:us-east-2:815408489721:security-group/sg-07d99963b27f95843","description":"Allow SSH and ICMP from Bastion","egress":[{"cidr_blocks":["0.0.0.0/0"],"description":"","from_port":0,"ipv6_cidr_blocks":[],"prefix_list_ids":[],"protocol":"-1","security_groups":[],"self":false,"to_port":0}],"id":"sg-07d99963b27f95843","ingress":[{"cidr_blocks":[],"description":"Allow SSH from bastion","from_port":22,"ipv6_cidr_blocks":[],"prefix_list_ids":[],"protocol":"tcp","security_groups":["sg-0e22ad20f929a8ed1"],"self":false,"to_port":22}],"name":"terraform-20251229201315121700000008","name_prefix":"terraform-","owner_id":"815408489721","region":"us-east-2","revoke_rules_on_delete":false,"tags":{},"tags_all":{},"timeouts":null,"vpc_id":"vpc-0dca73f239e3b5e7d"},"sensitive_values":{"egress":[{"cidr_blocks":[false],"ipv6_cidr_blocks":[],"prefix_list_ids":[],"security_groups":[]}],"ingress":[{"cidr_blocks":[],"ipv6_cidr_blocks":[],"prefix_list_ids":[],"security_groups":[false]}],"tags":{},"tags_all":{}},"depends_on":["aws_security_group.sg_bastion","aws_security_group.sg_nlb","aws_vpc.victors_lab_vpc"],"identity_schema_version":0,"identity":{"account_id":"815408489721","id":"sg-07d99963b27f95843","region":"us-east-2"}},{"address":"aws_security_group.sg_web_ingress","mode":"managed","type":"aws_security_group","name":"sg_web_ingress","provider_name":"registry.terraform.io/hashicorp/aws","schema_version":1,"values":{"arn":"arn:aws:ec2:us-east-2:815408489721:security-group/sg-06de0d78bda6332f6","description":"Allow HTTP/HTTPS from allowed CIDR","egress":[{"cidr_blocks":["0.0.0.0/0"],"description":"All outbound","from_port":0,"ipv6_cidr_blocks":[],"prefix_list_ids":[],"protocol":"-1","security_groups":[],"self":false,"to_port":0}],"id":"sg-06de0d78bda6332f6","ingress":[{"cidr_blocks":["5.152.109.0/24"],"description":"HTTP from allowed CIDR","from_port":80,"ipv6_cidr_blocks":[],"prefix_list_ids":[],"protocol":"tcp","security_groups":[],"self":false,"to_port":80},{"cidr_blocks":["5.152.109.0/24"],"description":"HTTPS from allowed CIDR","from_port":443,"ipv6_cidr_blocks":[],"prefix_list_ids":[],"protocol":"tcp","security_groups":[],"self":false,"to_port":443}],"name":"terraform-20251229201302724400000004","name_prefix":"terraform-","owner_id":"815408489721","region":"us-east-2","revoke_rules_on_delete":false,"tags":{"Name":"web-ingress-sg"},"tags_all":{"Name":"web-ingress-sg"},"timeouts":null,"vpc_id":"vpc-0dca73f239e3b5e7d"},"sensitive_values":{"egress":[{"cidr_blocks":[false],"ipv6_cidr_blocks":[],"prefix_list_ids":[],"security_groups":[]}],"ingress":[{"cidr_blocks":[false],"ipv6_cidr_blocks":[],"prefix_list_ids":[],"security_groups":[]},{"cidr_blocks":[false],"ipv6_cidr_blocks":[],"prefix_list_ids":[],"security_groups":[]}],"tags":{},"tags_all":{}},"depends_on":["aws_vpc.victors_lab_vpc"],"identity_schema_version":0,"identity":{"account_id":"815408489721","id":"sg-06de0d78bda6332f6","region":"us-east-2"}},{"address":"aws_subnet.private","mode":"managed","type":"aws_subnet","name":"private","provider_name":"registry.terraform.io/hashicorp/aws","schema_version":1,"values":{"arn":"arn:aws:ec2:us-east-2:815408489721:subnet/subnet-0e83351c992742dd0","assign_ipv6_address_on_creation":false,"availability_zone":"us-east-2b","availability_zone_id":"use2-az2","cidr_block":"10.0.1.0/24","customer_owned_ipv4_pool":"","enable_dns64":false,"enable_lni_at_device_index":0,"enable_resource_name_dns_a_record_on_launch":false,"enable_resource_name_dns_aaaa_record_on_launch":false,"id":"subnet-0e83351c992742dd0","ipv6_cidr_block":"","ipv6_cidr_block_association_id":"","ipv6_native":false,"map_customer_owned_ip_on_launch":false,"map_public_ip_on_launch":false,"outpost_arn":"","owner_id":"815408489721","private_dns_hostname_type_on_launch":"ip-name","region":"us-east-2","tags":{"Name":"private subnet"},"tags_all":{"Name":"private subnet"},"timeouts":null,"vpc_id":"vpc-0dca73f239e3b5e7d"},"sensitive_values":{"tags":{},"tags_all":{}},"depends_on":["aws_vpc.victors_lab_vpc","data.aws_availability_zones.available"],"identity_schema_version":0,"identity":{"account_id":"815408489721","id":"subnet-0e83351c992742dd0","region":"us-east-2"}},{"address":"aws_subnet.private_2","mode":"managed","type":"aws_subnet","name":"private_2","provider_name":"registry.terraform.io/hashicorp/aws","schema_version":1,"values":{"arn":"arn:aws:ec2:us-east-2:815408489721:subnet/subnet-0f9f39a6e96426678","assign_ipv6_address_on_creation":false,"availability_zone":"us-east-2c","availability_zone_id":"use2-az3","cidr_block":"10.0.3.0/24","customer_owned_ipv4_pool":"","enable_dns64":false,"enable_lni_at_device_index":0,"enable_resource_name_dns_a_record_on_launch":false,"enable_resource_name_dns_aaaa_record_on_launch":false,"id":"subnet-0f9f39a6e96426678","ipv6_cidr_block":"","ipv6_cidr_block_association_id":"","ipv6_native":false,"map_customer_owned_ip_on_launch":false,"map_public_ip_on_launch":false,"outpost_arn":"","owner_id":"815408489721","private_dns_hostname_type_on_launch":"ip-name","region":"us-east-2","tags":{"Name":"private-subnet-2"},"tags_all":{"Name":"private-subnet-2"},"timeouts":null,"vpc_id":"vpc-0dca73f239e3b5e7d"},"sensitive_values":{"tags":{},"tags_all":{}},"depends_on":["aws_vpc.victors_lab_vpc","data.aws_availability_zones.available"],"identity_schema_version":0,"identity":{"account_id":"815408489721","id":"subnet-0f9f39a6e96426678","region":"us-east-2"}},{"address":"aws_subnet.private_3","mode":"managed","type":"aws_subnet","name":"private_3","provider_name":"registry.terraform.io/hashicorp/aws","schema_version":1,"values":{"arn":"arn:aws:ec2:us-east-2:815408489721:subnet/subnet-0e7f636aeeb038f14","assign_ipv6_address_on_creation":false,"availability_zone":"us-east-2a","availability_zone_id":"use2-az1","cidr_block":"10.0.5.0/24","customer_owned_ipv4_pool":"","enable_dns64":false,"enable_lni_at_device_index":0,"enable_resource_name_dns_a_record_on_launch":false,"enable_resource_name_dns_aaaa_record_on_launch":false,"id":"subnet-0e7f636aeeb038f14","ipv6_cidr_block":"","ipv6_cidr_block_association_id":"","ipv6_native":false,"map_customer_owned_ip_on_launch":false,"map_public_ip_on_launch":false,"outpost_arn":"","owner_id":"815408489721","private_dns_hostname_type_on_launch":"ip-name","region":"us-east-2","tags":{"Name":"private-subnet-3"},"tags_all":{"Name":"private-subnet-3"},"timeouts":null,"vpc_id":"vpc-0dca73f239e3b5e7d"},"sensitive_values":{"tags":{},"tags_all":{}},"depends_on":["aws_vpc.victors_lab_vpc","data.aws_availability_zones.available"],"identity_schema_version":0,"identity":{"account_id":"815408489721","id":"subnet-0e7f636aeeb038f14","region":"us-east-2"}},{"address":"aws_subnet.public","mode":"managed","type":"aws_subnet","name":"public","provider_name":"registry.terraform.io/hashicorp/aws","schema_version":1,"values":{"arn":"arn:aws:ec2:us-east-2:815408489721:subnet/subnet-0d94d88880f9c195c","assign_ipv6_address_on_creation":false,"availability_zone":"us-east-2a","availability_zone_id":"use2-az1","cidr_block":"10.0.0.0/24","customer_owned_ipv4_pool":"","enable_dns64":false,"enable_lni_at_device_index":0,"enable_resource_name_dns_a_record_on_launch":false,"enable_resource_name_dns_aaaa_record_on_launch":false,"id":"subnet-0d94d88880f9c195c","ipv6_cidr_block":"","ipv6_cidr_block_association_id":"","ipv6_native":false,"map_customer_owned_ip_on_launch":false,"map_public_ip_on_launch":true,"outpost_arn":"","owner_id":"815408489721","private_dns_hostname_type_on_launch":"ip-name","region":"us-east-2","tags":{"Name":"public subnet"},"tags_all":{"Name":"public subnet"},"timeouts":null,"vpc_id":"vpc-0dca73f239e3b5e7d"},"sensitive_values":{"tags":{},"tags_all":{}},"depends_on":["aws_vpc.victors_lab_vpc","data.aws_availability_zones.available"],"identity_schema_version":0,"identity":{"account_id":"815408489721","id":"subnet-0d94d88880f9c195c","region":"us-east-2"}},{"address":"aws_subnet.public_2","mode":"managed","type":"aws_subnet","name":"public_2","provider_name":"registry.terraform.io/hashicorp/aws","schema_version":1,"values":{"arn":"arn:aws:ec2:us-east-2:815408489721:subnet/subnet-0a71ebea939640ad0","assign_ipv6_address_on_creation":false,"availability_zone":"us-east-2b","availability_zone_id":"use2-az2","cidr_block":"10.0.2.0/24","customer_owned_ipv4_pool":"","enable_dns64":false,"enable_lni_at_device_index":0,"enable_resource_name_dns_a_record_on_launch":false,"enable_resource_name_dns_aaaa_record_on_launch":false,"id":"subnet-0a71ebea939640ad0","ipv6_cidr_block":"","ipv6_cidr_block_association_id":"","ipv6_native":false,"map_customer_owned_ip_on_launch":false,"map_public_ip_on_launch":true,"outpost_arn":"","owner_id":"815408489721","private_dns_hostname_type_on_launch":"ip-name","region":"us-east-2","tags":{"Name":"public-subnet-2"},"tags_all":{"Name":"public-subnet-2"},"timeouts":null,"vpc_id":"vpc-0dca73f239e3b5e7d"},"sensitive_values":{"tags":{},"tags_all":{}},"depends_on":["aws_vpc.victors_lab_vpc","data.aws_availability_zones.available"],"identity_schema_version":0,"identity":{"account_id":"815408489721","id":"subnet-0a71ebea939640ad0","region":"us-east-2"}},{"address":"aws_subnet.public_3","mode":"managed","type":"aws_subnet","name":"public_3","provider_name":"registry.terraform.io/hashicorp/aws","schema_version":1,"values":{"arn":"arn:aws:ec2:us-east-2:815408489721:subnet/subnet-00da800a0e2d9d641","assign_ipv6_address_on_creation":false,"availability_zone":"us-east-2c","availability_zone_id":"use2-az3","cidr_block":"10.0.4.0/24","customer_owned_ipv4_pool":"","enable_dns64":false,"enable_lni_at_device_index":0,"enable_resource_name_dns_a_record_on_launch":false,"enable_resource_name_dns_aaaa_record_on_launch":false,"id":"subnet-00da800a0e2d9d641","ipv6_cidr_block":"","ipv6_cidr_block_association_id":"","ipv6_native":false,"map_customer_owned_ip_on_launch":false,"map_public_ip_on_launch":true,"outpost_arn":"","owner_id":"815408489721","private_dns_hostname_type_on_launch":"ip-name","region":"us-east-2","tags":{"Name":"public-subnet-3"},"tags_all":{"Name":"public-subnet-3"},"timeouts":null,"vpc_id":"vpc-0dca73f239e3b5e7d"},"sensitive_values":{"tags":{},"tags_all":{}},"depends_on":["aws_vpc.victors_lab_vpc","data.aws_availability_zones.available"],"identity_schema_version":0,"identity":{"account_id":"815408489721","id":"subnet-00da800a0e2d9d641","region":"us-east-2"}},{"address":"aws_vpc.victors_lab_vpc","mode":"managed","type":"aws_vpc","name":"victors_lab_vpc","provider_name":"registry.terraform.io/hashicorp/aws","schema_version":1,"values":{"arn":"arn:aws:ec2:us-east-2:815408489721:vpc/vpc-0dca73f239e3b5e7d","assign_generated_ipv6_cidr_block":false,"cidr_block":"10.0.0.0/16","default_network_acl_id":"acl-003bd0e8c47893adc","default_route_table_id":"rtb-0fbbe92e75f438e68","default_security_group_id":"sg-0f37054129a87e3ae","dhcp_options_id":"dopt-04c5425eaa937dc73","enable_dns_hostnames":true,"enable_dns_support":true,"enable_network_address_usage_metrics":false,"id":"vpc-0dca73f239e3b5e7d","instance_tenancy":"default","ipv4_ipam_pool_id":null,"ipv4_netmask_length":null,"ipv6_association_id":"","ipv6_cidr_block":"","ipv6_cidr_block_network_border_group":"","ipv6_ipam_pool_id":"","ipv6_netmask_length":0,"main_route_table_id":"rtb-0fbbe92e75f438e68","owner_id":"815408489721","region":"us-east-2","tags":{"Name":"victors_lab_vpc"},"tags_all":{"Name":"victors_lab_vpc"}},"sensitive_values":{"tags":{},"tags_all":{}},"identity_schema_version":0,"identity":{"account_id":"815408489721","id":"vpc-0dca73f239e3b5e7d","region":"us-east-2"}},{"address":"aws_vpc_endpoint.s3","mode":"managed","type":"aws_vpc_endpoint","name":"s3","provider_name":"registry.terraform.io/hashicorp/aws","schema_version":0,"values":{"arn":"arn:aws:ec2:us-east-2:815408489721:vpc-endpoint/vpce-0e3e60fe6da38bd66","auto_accept":null,"cidr_blocks":["18.34.252.0/22","52.219.141.0/24","18.34.72.0/21","52.219.96.0/20","52.219.224.0/21","16.12.60.0/22","52.219.232.0/22","52.219.80.0/20","3.5.128.0/22","52.219.142.0/23","3.5.132.0/23","16.12.64.0/22","52.219.212.0/22","52.219.176.0/22"],"dns_entry":[],"dns_options":[{"dns_record_ip_type":"service-defined","private_dns_only_for_inbound_resolver_endpoint":false}],"id":"vpce-0e3e60fe6da38bd66","ip_address_type":"ipv4","network_interface_ids":[],"owner_id":"815408489721","policy":"{\"Statement\":[{\"Action\":\"*\",\"Effect\":\"Allow\",\"Principal\":\"*\",\"Resource\":\"*\"}],\"Version\":\"2008-10-17\"}","prefix_list_id":"pl-7ba54012","private_dns_enabled":false,"region":"us-east-2","requester_managed":false,"resource_configuration_arn":"","route_table_ids":["rtb-06f4e4cd5f3e3a57c"],"security_group_ids":[],"service_name":"com.amazonaws.us-east-2.s3","service_network_arn":"","service_region":"us-east-2","state":"available","subnet_configuration":[],"subnet_ids":[],"tags":{},"tags_all":{},"timeouts":null,"vpc_endpoint_type":"Gateway","vpc_id":"vpc-0dca73f239e3b5e7d"},"sensitive_values":{"cidr_blocks":[false,false,false,false,false,false,false,false,false,false,false,false,false,false],"dns_entry":[],"dns_options":[{}],"network_interface_ids":[],"route_table_ids":[false],"security_group_ids":[],"subnet_configuration":[],"subnet_ids":[],"tags":{},"tags_all":{}},"depends_on":["aws_eip.nat_eip","aws_nat_gateway.nat","aws_route_table.private_rt","aws_subnet.public","aws_vpc.victors_lab_vpc","data.aws_availability_zones.available"],"identity_schema_version":0,"identity":{"account_id":"815408489721","id":"vpce-0e3e60fe6da38bd66","region":"us-east-2"}},{"address":"aws_wafv2_web_acl.cloudfront","mode":"managed","type":"aws_wafv2_web_acl","name":"cloudfront","provider_name":"registry.terraform.io/hashicorp/aws","schema_version":0,"values":{"application_integration_url":"","arn":"arn:aws:wafv2:us-east-1:815408489721:global/webacl/cloudfront-waf/6297f2b4-d8ec-4c9f-92a8-5352f3c56f36","association_config":[],"capacity":700,"captcha_config":[],"challenge_config":[],"custom_response_body":[],"data_protection_config":[],"default_action":[{"allow":[{"custom_request_handling":[]}],"block":[]}],"description":"","id":"6297f2b4-d8ec-4c9f-92a8-5352f3c56f36","lock_token":"8848ae7f-f083-4c46-a53c-b386622d1a0c","name":"cloudfront-waf","name_prefix":"","region":"us-east-1","rule":[{"action":[],"captcha_config":[],"challenge_config":[],"name":"AWSManagedCommonRuleSet","override_action":[{"count":[],"none":[{}]}],"priority":1,"rule_label":[],"statement":[{"and_statement":[],"asn_match_statement":[],"byte_match_statement":[],"geo_match_statement":[],"ip_set_reference_statement":[],"label_match_statement":[],"managed_rule_group_statement":[{"managed_rule_group_configs":[],"name":"AWSManagedRulesCommonRuleSet","rule_action_override":[],"scope_down_statement":[],"vendor_name":"AWS","version":""}],"not_statement":[],"or_statement":[],"rate_based_statement":[],"regex_match_statement":[],"regex_pattern_set_reference_statement":[],"rule_group_reference_statement":[],"size_constraint_statement":[],"sqli_match_statement":[],"xss_match_statement":[]}],"visibility_config":[{"cloudwatch_metrics_enabled":true,"metric_name":"commonRules","sampled_requests_enabled":true}]}],"rule_json":null,"scope":"CLOUDFRONT","tags":{},"tags_all":{},"token_domains":[],"visibility_config":[{"cloudwatch_metrics_enabled":true,"metric_name":"cloudfrontWAF","sampled_requests_enabled":true}]},"sensitive_values":{"association_config":[],"captcha_config":[],"challenge_config":[],"custom_response_body":[],"data_protection_config":[],"default_action":[{"allow":[{"custom_request_handling":[]}],"block":[]}],"rule":[{"action":[],"captcha_config":[],"challenge_config":[],"override_action":[{"count":[],"none":[{}]}],"rule_label":[],"statement":[{"and_statement":[],"asn_match_statement":[],"byte_match_statement":[],"geo_match_statement":[],"ip_set_reference_statement":[],"label_match_statement":[],"managed_rule_group_statement":[{"managed_rule_group_configs":[],"rule_action_override":[],"scope_down_statement":[]}],"not_statement":[],"or_statement":[],"rate_based_statement":[],"regex_match_statement":[],"regex_pattern_set_reference_statement":[],"rule_group_reference_statement":[],"size_constraint_statement":[],"sqli_match_statement":[],"xss_match_statement":[]}],"visibility_config":[{}]}],"tags":{},"tags_all":{},"token_domains":[],"visibility_config":[{}]}}]}}},"configuration":{"provider_config":{"aws":{"name":"aws","full_name":"registry.terraform.io/hashicorp/aws","expressions":{"region":{"constant_value":"us-east-2"}}},"aws.us_east_1":{"name":"aws","full_name":"registry.terraform.io/hashicorp/aws","alias":"us_east_1","expressions":{"region":{"constant_value":"us-east-1"}}},"sops":{"name":"sops","full_name":"registry.terraform.io/carlpett/sops","version_constraint":"1.0.0"}},"root_module":{"outputs":{"alb_application_url":{"expression":{"constant_value":"https://crypto.sys-lab.xyz/"},"description":"Application URL via ALB (crypto site)"},"alb_custom_domain":{"expression":{"constant_value":"https://crypto.sys-lab.xyz"},"description":"Custom domain pointing to Application Load Balancer (app)"},"alb_dns_name":{"expression":{"references":["aws_lb.alb.dns_name","aws_lb.alb"]},"description":"DNS name of the Application Load Balancer"},"cloudfront_custom_domain":{"expression":{"constant_value":"https://internet.sys-lab.xyz"},"description":"Custom domain pointing to CloudFront (static website)"},"cloudfront_domain":{"expression":{"references":["aws_cloudfront_distribution.cdn.domain_name","aws_cloudfront_distribution.cdn"]},"description":"CloudFront distribution domain"},"cloudfront_url":{"expression":{"constant_value":"https://internet.sys-lab.xyz/"},"description":"Public CloudFront URL"},"nlb_dns_name":{"expression":{"references":["aws_lb.nlb.dns_name","aws_lb.nlb"]},"description":"DNS name of the Network Load Balancer (SSH Bastion)"},"rds_endpoint":{"expression":{"references":["aws_db_instance.postgres.address","aws_db_instance.postgres"]},"description":"PostgreSQL RDS endpoint"},"s3_bucket_name":{"expression":{"references":["aws_s3_bucket.static_web_site_bucket.bucket","aws_s3_bucket.static_web_site_bucket"]},"description":"S3 bucket for static website content"},"ssh_bastion_command":{"expression":{"references":["aws_lb.nlb.dns_name","aws_lb.nlb"]},"description":"SSH command to connect to Bastion via NLB"}},"resources":[{"address":"aws_acm_certificate.alb_cert","mode":"managed","type":"aws_acm_certificate","name":"alb_cert","provider_config_key":"aws","expressions":{"domain_name":{"constant_value":"crypto.sys-lab.xyz"},"validation_method":{"constant_value":"DNS"}},"schema_version":0},{"address":"aws_acm_certificate.cloudfront_cert","mode":"managed","type":"aws_acm_certificate","name":"cloudfront_cert","provider_config_key":"aws.us_east_1","expressions":{"domain_name":{"constant_value":"sys-lab.xyz"},"subject_alternative_names":{"constant_value":["internet.sys-lab.xyz","www.internet.sys-lab.xyz"]},"validation_method":{"constant_value":"DNS"}},"schema_version":0},{"address":"aws_acm_certificate_validation.alb_cert_validation","mode":"managed","type":"aws_acm_certificate_validation","name":"alb_cert_validation","provider_config_key":"aws","expressions":{"certificate_arn":{"references":["aws_acm_certificate.alb_cert.arn","aws_acm_certificate.alb_cert"]},"validation_record_fqdns":{"references":["aws_route53_record.alb_cert_validation"]}},"schema_version":0},{"address":"aws_acm_certificate_validation.cloudfront_cert","mode":"managed","type":"aws_acm_certificate_validation","name":"cloudfront_cert","provider_config_key":"aws.us_east_1","expressions":{"certificate_arn":{"references":["aws_acm_certificate.cloudfront_cert.arn","aws_acm_certificate.cloudfront_cert"]},"validation_record_fqdns":{"references":["aws_route53_record.cloudfront_cert_validation"]}},"schema_version":0},{"address":"aws_autoscaling_group.web_asg","mode":"managed","type":"aws_autoscaling_group","name":"web_asg","provider_config_key":"aws","expressions":{"desired_capacity":{"constant_value":1},"health_check_grace_period":{"constant_value":300},"health_check_type":{"constant_value":"EC2"},"launch_template":[{"id":{"references":["aws_launch_template.web_lt.id","aws_launch_template.web_lt"]},"version":{"constant_value":"$Latest"}}],"max_size":{"constant_value":2},"min_size":{"constant_value":1},"name":{"constant_value":"web-server-asg"},"tag":[{"key":{"constant_value":"Name"},"propagate_at_launch":{"constant_value":true},"value":{"constant_value":"web-asg-instance"}}],"target_group_arns":{"references":["aws_lb_target_group.web_tg.arn","aws_lb_target_group.web_tg"]},"vpc_zone_identifier":{"references":["aws_subnet.private.id","aws_subnet.private","aws_subnet.private_2.id","aws_subnet.private_2","aws_subnet.private_3.id","aws_subnet.private_3"]}},"schema_version":1},{"address":"aws_autoscaling_policy.scale_out","mode":"managed","type":"aws_autoscaling_policy","name":"scale_out","provider_config_key":"aws","expressions":{"adjustment_type":{"constant_value":"ChangeInCapacity"},"autoscaling_group_name":{"references":["aws_autoscaling_group.web_asg.name","aws_autoscaling_group.web_asg"]},"cooldown":{"constant_value":60},"name":{"constant_value":"web-scale-out"},"policy_type":{"constant_value":"SimpleScaling"},"scaling_adjustment":{"constant_value":1}},"schema_version":0},{"address":"aws_cloudfront_distribution.cdn","mode":"managed","type":"aws_cloudfront_distribution","name":"cdn","provider_config_key":"aws","expressions":{"aliases":{"constant_value":["internet.sys-lab.xyz"]},"default_cache_behavior":[{"allowed_methods":{"constant_value":["GET","HEAD"]},"cache_policy_id":{"references":["data.aws_cloudfront_cache_policy.caching_optimized.id","data.aws_cloudfront_cache_policy.caching_optimized"]},"cached_methods":{"constant_value":["GET","HEAD"]},"origin_request_policy_id":{"references":["data.aws_cloudfront_origin_request_policy.s3_origin.id","data.aws_cloudfront_origin_request_policy.s3_origin"]},"target_origin_id":{"constant_value":"s3-origin"},"viewer_protocol_policy":{"constant_value":"redirect-to-https"}}],"default_root_object":{"constant_value":"index.html"},"enabled":{"constant_value":true},"logging_config":[{"bucket":{"references":["aws_s3_bucket.cloudfront_logs.bucket_domain_name","aws_s3_bucket.cloudfront_logs"]},"include_cookies":{"constant_value":false},"prefix":{"constant_value":"cloudfront/"}}],"origin":[{"domain_name":{"references":["aws_s3_bucket.static_web_site_bucket.bucket_regional_domain_name","aws_s3_bucket.static_web_site_bucket"]},"origin_access_control_id":{"references":["aws_cloudfront_origin_access_control.oac.id","aws_cloudfront_origin_access_control.oac"]},"origin_id":{"constant_value":"s3-origin"}}],"restrictions":[{"geo_restriction":[{"restriction_type":{"constant_value":"none"}}]}],"viewer_certificate":[{"acm_certificate_arn":{"references":["aws_acm_certificate.cloudfront_cert.arn","aws_acm_certificate.cloudfront_cert"]},"minimum_protocol_version":{"constant_value":"TLSv1.2_2021"},"ssl_support_method":{"constant_value":"sni-only"}}],"web_acl_id":{"references":["aws_wafv2_web_acl.cloudfront.arn","aws_wafv2_web_acl.cloudfront"]}},"schema_version":1,"depends_on":["aws_acm_certificate_validation.cloudfront_cert"]},{"address":"aws_cloudfront_origin_access_control.oac","mode":"managed","type":"aws_cloudfront_origin_access_control","name":"oac","provider_config_key":"aws","expressions":{"description":{"constant_value":"Access control for CloudFront to read S3 bucket"},"name":{"constant_value":"s3-oac-web-site"},"origin_access_control_origin_type":{"constant_value":"s3"},"signing_behavior":{"constant_value":"always"},"signing_protocol":{"constant_value":"sigv4"}},"schema_version":0},{"address":"aws_cloudwatch_event_rule.lambda_schedule","mode":"managed","type":"aws_cloudwatch_event_rule","name":"lambda_schedule","provider_config_key":"aws","expressions":{"name":{"constant_value":"crypto-updater-schedule"},"schedule_expression":{"constant_value":"rate(5 minutes)"}},"schema_version":1},{"address":"aws_cloudwatch_event_target.lambda_target","mode":"managed","type":"aws_cloudwatch_event_target","name":"lambda_target","provider_config_key":"aws","expressions":{"arn":{"references":["aws_lambda_function.crypto_updater.arn","aws_lambda_function.crypto_updater"]},"rule":{"references":["aws_cloudwatch_event_rule.lambda_schedule.name","aws_cloudwatch_event_rule.lambda_schedule"]},"target_id":{"constant_value":"crypto-updater"}},"schema_version":1},{"address":"aws_cloudwatch_metric_alarm.cpu_high","mode":"managed","type":"aws_cloudwatch_metric_alarm","name":"cpu_high","provider_config_key":"aws","expressions":{"alarm_actions":{"references":["aws_autoscaling_policy.scale_out.arn","aws_autoscaling_policy.scale_out"]},"alarm_name":{"constant_value":"web-cpu-high"},"comparison_operator":{"constant_value":"GreaterThanThreshold"},"dimensions":{"references":["aws_autoscaling_group.web_asg.name","aws_autoscaling_group.web_asg"]},"evaluation_periods":{"constant_value":2},"metric_name":{"constant_value":"CPUUtilization"},"namespace":{"constant_value":"AWS/EC2"},"period":{"constant_value":60},"statistic":{"constant_value":"Average"},"threshold":{"constant_value":70}},"schema_version":1},{"address":"aws_db_instance.postgres","mode":"managed","type":"aws_db_instance","name":"postgres","provider_config_key":"aws","expressions":{"allocated_storage":{"constant_value":20},"db_name":{"references":["local.db_name"]},"db_subnet_group_name":{"references":["aws_db_subnet_group.db_subnets.name","aws_db_subnet_group.db_subnets"]},"engine":{"constant_value":"postgres"},"identifier":{"constant_value":"test-postgres-db"},"instance_class":{"constant_value":"db.t4g.micro"},"password":{"references":["local.db_password"]},"publicly_accessible":{"constant_value":false},"skip_final_snapshot":{"constant_value":true},"username":{"references":["local.db_user"]},"vpc_security_group_ids":{"references":["aws_security_group.sg_rds.id","aws_security_group.sg_rds"]}},"schema_version":2},{"address":"aws_db_subnet_group.db_subnets","mode":"managed","type":"aws_db_subnet_group","name":"db_subnets","provider_config_key":"aws","expressions":{"name":{"constant_value":"postgress-db-subnet-group"},"subnet_ids":{"references":["aws_subnet.private.id","aws_subnet.private","aws_subnet.private_2.id","aws_subnet.private_2","aws_subnet.private_3.id","aws_subnet.private_3"]},"tags":{"constant_value":{"Name":"db-subnet-group"}}},"schema_version":0},{"address":"aws_eip.nat_eip","mode":"managed","type":"aws_eip","name":"nat_eip","provider_config_key":"aws","expressions":{"domain":{"constant_value":"vpc"}},"schema_version":0},{"address":"aws_iam_instance_profile.ec2_profile","mode":"managed","type":"aws_iam_instance_profile","name":"ec2_profile","provider_config_key":"aws","expressions":{"name":{"constant_value":"ec2_s3_profile"},"role":{"references":["aws_iam_role.ec2_role.name","aws_iam_role.ec2_role"]}},"schema_version":0},{"address":"aws_iam_role.ec2_role","mode":"managed","type":"aws_iam_role","name":"ec2_role","provider_config_key":"aws","expressions":{"assume_role_policy":{},"name":{"constant_value":"ec2_s3_access_role"}},"schema_version":0},{"address":"aws_iam_role.lambda_role","mode":"managed","type":"aws_iam_role","name":"lambda_role","provider_config_key":"aws","expressions":{"assume_role_policy":{},"name":{"constant_value":"crypto_updater_lambda_role"}},"schema_version":0},{"address":"aws_iam_role_policy.ec2_s3_policy","mode":"managed","type":"aws_iam_role_policy","name":"ec2_s3_policy","provider_config_key":"aws","expressions":{"name":{"constant_value":"ec2_s3_read"},"policy":{"references":["aws_s3_bucket.static_web_site_bucket.arn","aws_s3_bucket.static_web_site_bucket","aws_s3_bucket.static_web_site_bucket.arn","aws_s3_bucket.static_web_site_bucket"]},"role":{"references":["aws_iam_role.ec2_role.id","aws_iam_role.ec2_role"]}},"schema_version":0},{"address":"aws_iam_role_policy.lambda_policy","mode":"managed","type":"aws_iam_role_policy","name":"lambda_policy","provider_config_key":"aws","expressions":{"name":{"references":["local.lambda_name"]},"policy":{"references":["var.lambda_bucket_name"]},"role":{"references":["aws_iam_role.lambda_role.id","aws_iam_role.lambda_role"]}},"schema_version":0},{"address":"aws_iam_role_policy_attachment.lambda_basic_execution","mode":"managed","type":"aws_iam_role_policy_attachment","name":"lambda_basic_execution","provider_config_key":"aws","expressions":{"policy_arn":{"constant_value":"arn:aws:iam::aws:policy/service-role/AWSLambdaBasicExecutionRole"},"role":{"references":["aws_iam_role.lambda_role.name","aws_iam_role.lambda_role"]}},"schema_version":0},{"address":"aws_iam_role_policy_attachment.lambda_vpc_access","mode":"managed","type":"aws_iam_role_policy_attachment","name":"lambda_vpc_access","provider_config_key":"aws","expressions":{"policy_arn":{"constant_value":"arn:aws:iam::aws:policy/service-role/AWSLambdaVPCAccessExecutionRole"},"role":{"references":["aws_iam_role.lambda_role.name","aws_iam_role.lambda_role"]}},"schema_version":0},{"address":"aws_instance.bastion","mode":"managed","type":"aws_instance","name":"bastion","provider_config_key":"aws","expressions":{"ami":{"references":["var.instance_ami"]},"instance_type":{"references":["var.instance_type"]},"key_name":{"references":["aws_key_pair.deployer.key_name","aws_key_pair.deployer"]},"subnet_id":{"references":["aws_subnet.public.id","aws_subnet.public"]},"tags":{"constant_value":{"Name":"bastion-host","os":"ubuntu-22"}},"vpc_security_group_ids":{"references":["aws_security_group.sg_bastion.id","aws_security_group.sg_bastion"]}},"schema_version":2},{"address":"aws_internet_gateway.igw","mode":"managed","type":"aws_internet_gateway","name":"igw","provider_config_key":"aws","expressions":{"tags":{"constant_value":{"Name":"victors_lab_igw"}},"vpc_id":{"references":["aws_vpc.victors_lab_vpc.id","aws_vpc.victors_lab_vpc"]}},"schema_version":0},{"address":"aws_key_pair.deployer","mode":"managed","type":"aws_key_pair","name":"deployer","provider_config_key":"aws","expressions":{"key_name":{"references":["var.ssh_key_name"]},"public_key":{"references":["var.ssh_public_key"]}},"schema_version":1},{"address":"aws_lambda_function.crypto_updater","mode":"managed","type":"aws_lambda_function","name":"crypto_updater","provider_config_key":"aws","expressions":{"environment":[{"variables":{"references":["aws_db_instance.postgres.address","aws_db_instance.postgres","local.db_name","local.db_user","local.db_password"]}}],"function_name":{"references":["local.lambda_name"]},"handler":{"constant_value":"lambda_function.lambda_handler"},"layers":{"references":["aws_lambda_layer_version.crypto_layer.arn","aws_lambda_layer_version.crypto_layer"]},"role":{"references":["aws_iam_role.lambda_role.arn","aws_iam_role.lambda_role"]},"runtime":{"constant_value":"python3.12"},"s3_bucket":{"references":["var.lambda_bucket_name"]},"s3_key":{"references":["local.function_key"]},"timeout":{"constant_value":60},"vpc_config":[{"security_group_ids":{"references":["aws_security_group.lambda_sg.id","aws_security_group.lambda_sg"]},"subnet_ids":{"references":["aws_subnet.private.id","aws_subnet.private","aws_subnet.private_2.id","aws_subnet.private_2"]}}]},"schema_version":0,"depends_on":["aws_s3_object.lambda_function_zip","aws_lambda_layer_version.crypto_layer"]},{"address":"aws_lambda_layer_version.crypto_layer","mode":"managed","type":"aws_lambda_layer_version","name":"crypto_layer","provider_config_key":"aws","expressions":{"compatible_runtimes":{"constant_value":["python3.12"]},"layer_name":{"constant_value":"crypto-updater-layer"},"s3_bucket":{"references":["var.lambda_bucket_name"]},"s3_key":{"references":["local.layer_key"]}},"schema_version":0,"depends_on":["aws_s3_object.lambda_layer_zip"]},{"address":"aws_lambda_permission.lambda_schedule_permission","mode":"managed","type":"aws_lambda_permission","name":"lambda_schedule_permission","provider_config_key":"aws","expressions":{"action":{"constant_value":"lambda:InvokeFunction"},"function_name":{"references":["aws_lambda_function.crypto_updater.function_name","aws_lambda_function.crypto_updater"]},"principal":{"constant_value":"events.amazonaws.com"},"source_arn":{"references":["aws_cloudwatch_event_rule.lambda_schedule.arn","aws_cloudwatch_event_rule.lambda_schedule"]},"statement_id":{"constant_value":"allow_cloudwatch_invoke"}},"schema_version":0},{"address":"aws_launch_template.web_lt","mode":"managed","type":"aws_launch_template","name":"web_lt","provider_config_key":"aws","expressions":{"iam_instance_profile":[{"name":{"references":["aws_iam_instance_profile.ec2_profile.name","aws_iam_instance_profile.ec2_profile"]}}],"image_id":{"references":["var.instance_ami"]},"instance_type":{"references":["var.instance_type"]},"key_name":{"references":["aws_key_pair.deployer.key_name","aws_key_pair.deployer"]},"name_prefix":{"constant_value":"web-server-lt-"},"network_interfaces":[{"security_groups":{"references":["aws_security_group.sg_ssh.id","aws_security_group.sg_ssh","aws_security_group.sg_web_ingress.id","aws_security_group.sg_web_ingress"]}}],"tag_specifications":[{"resource_type":{"constant_value":"instance"},"tags":{"constant_value":{"Name":"autoscaled-web-server","os":"ubuntu-22"}}}],"user_data":{"references":["path.module","local.db_user","local.db_password","local.db_name","aws_db_instance.postgres.address","aws_db_instance.postgres"]}},"schema_version":1},{"address":"aws_lb.alb","mode":"managed","type":"aws_lb","name":"alb","provider_config_key":"aws","expressions":{"enable_deletion_protection":{"constant_value":false},"idle_timeout":{"constant_value":60},"load_balancer_type":{"constant_value":"application"},"name":{"constant_value":"web-server-alb"},"security_groups":{"references":["aws_security_group.sg_alb.id","aws_security_group.sg_alb"]},"subnets":{"references":["aws_subnet.public.id","aws_subnet.public","aws_subnet.public_2.id","aws_subnet.public_2","aws_subnet.public_3.id","aws_subnet.public_3"]},"tags":{"constant_value":{"Name":"web-server-alb"}}},"schema_version":0},{"address":"aws_lb.nlb","mode":"managed","type":"aws_lb","name":"nlb","provider_config_key":"aws","expressions":{"load_balancer_type":{"constant_value":"network"},"name":{"constant_value":"ssh-forward-nlb"},"security_groups":{"references":["aws_security_group.sg_nlb.id","aws_security_group.sg_nlb"]},"subnets":{"references":["aws_subnet.public.id","aws_subnet.public"]}},"schema_version":0},{"address":"aws_lb_listener.http","mode":"managed","type":"aws_lb_listener","name":"http","provider_config_key":"aws","expressions":{"default_action":[{"redirect":[{"port":{"constant_value":"443"},"protocol":{"constant_value":"HTTPS"},"status_code":{"constant_value":"HTTP_301"}}],"type":{"constant_value":"redirect"}}],"load_balancer_arn":{"references":["aws_lb.alb.arn","aws_lb.alb"]},"port":{"constant_value":80},"protocol":{"constant_value":"HTTP"}},"schema_version":0},{"address":"aws_lb_listener.https","mode":"managed","type":"aws_lb_listener","name":"https","provider_config_key":"aws","expressions":{"certificate_arn":{"references":["aws_acm_certificate.alb_cert.arn","aws_acm_certificate.alb_cert"]},"default_action":[{"target_group_arn":{"references":["aws_lb_target_group.web_tg.arn","aws_lb_target_group.web_tg"]},"type":{"constant_value":"forward"}}],"load_balancer_arn":{"references":["aws_lb.alb.arn","aws_lb.alb"]},"port":{"constant_value":443},"protocol":{"constant_value":"HTTPS"},"ssl_policy":{"constant_value":"ELBSecurityPolicy-TLS13-1-2-2021-06"}},"schema_version":0},{"address":"aws_lb_listener.ssh_listener","mode":"managed","type":"aws_lb_listener","name":"ssh_listener","provider_config_key":"aws","expressions":{"default_action":[{"target_group_arn":{"references":["aws_lb_target_group.ssh_target.arn","aws_lb_target_group.ssh_target"]},"type":{"constant_value":"forward"}}],"load_balancer_arn":{"references":["aws_lb.nlb.arn","aws_lb.nlb"]},"port":{"constant_value":2000},"protocol":{"constant_value":"TCP"}},"schema_version":0},{"address":"aws_lb_target_group.ssh_target","mode":"managed","type":"aws_lb_target_group","name":"ssh_target","provider_config_key":"aws","expressions":{"name":{"constant_value":"ssh-target"},"port":{"constant_value":22},"protocol":{"constant_value":"TCP"},"target_type":{"constant_value":"instance"},"vpc_id":{"references":["aws_vpc.victors_lab_vpc.id","aws_vpc.victors_lab_vpc"]}},"schema_version":0},{"address":"aws_lb_target_group.web_tg","mode":"managed","type":"aws_lb_target_group","name":"web_tg","provider_config_key":"aws","expressions":{"health_check":[{"healthy_threshold":{"constant_value":2},"interval":{"constant_value":30},"path":{"constant_value":"/"},"timeout":{"constant_value":5},"unhealthy_threshold":{"constant_value":5}}],"name":{"constant_value":"web-server-tg"},"port":{"constant_value":80},"protocol":{"constant_value":"HTTP"},"target_type":{"constant_value":"instance"},"vpc_id":{"references":["aws_vpc.victors_lab_vpc.id","aws_vpc.victors_lab_vpc"]}},"schema_version":0},{"address":"aws_lb_target_group_attachment.ssh_attachment_bastion","mode":"managed","type":"aws_lb_target_group_attachment","name":"ssh_attachment_bastion","provider_config_key":"aws","expressions":{"port":{"constant_value":22},"target_group_arn":{"references":["aws_lb_target_group.ssh_target.arn","aws_lb_target_group.ssh_target"]},"target_id":{"references":["aws_instance.bastion.id","aws_instance.bastion"]}},"schema_version":0},{"address":"aws_nat_gateway.nat","mode":"managed","type":"aws_nat_gateway","name":"nat","provider_config_key":"aws","expressions":{"allocation_id":{"references":["aws_eip.nat_eip.id","aws_eip.nat_eip"]},"subnet_id":{"references":["aws_subnet.public.id","aws_subnet.public"]},"tags":{"constant_value":{"Name":"victors_lab_nat"}}},"schema_version":0},{"address":"aws_route53_record.alb_cert_validation","mode":"managed","type":"aws_route53_record","name":"alb_cert_validation","provider_config_key":"aws","expressions":{"name":{"references":["each.value.name","each.value"]},"records":{"references":["each.value.value","each.value"]},"ttl":{"constant_value":60},"type":{"references":["each.value.type","each.value"]},"zone_id":{"references":["data.aws_route53_zone.main.zone_id","data.aws_route53_zone.main"]}},"schema_version":2,"for_each_expression":{"references":["aws_acm_certificate.alb_cert.domain_validation_options","aws_acm_certificate.alb_cert"]}},{"address":"aws_route53_record.alb_dns","mode":"managed","type":"aws_route53_record","name":"alb_dns","provider_config_key":"aws","expressions":{"alias":[{"evaluate_target_health":{"constant_value":true},"name":{"references":["aws_lb.alb.dns_name","aws_lb.alb"]},"zone_id":{"references":["aws_lb.alb.zone_id","aws_lb.alb"]}}],"name":{"constant_value":"crypto.sys-lab.xyz"},"type":{"constant_value":"A"},"zone_id":{"references":["data.aws_route53_zone.main.zone_id","data.aws_route53_zone.main"]}},"schema_version":2},{"address":"aws_route53_record.cloudfront_cert_validation","mode":"managed","type":"aws_route53_record","name":"cloudfront_cert_validation","provider_config_key":"aws","expressions":{"name":{"references":["each.value.name","each.value"]},"records":{"references":["each.value.value","each.value"]},"ttl":{"constant_value":60},"type":{"references":["each.value.type","each.value"]},"zone_id":{"references":["data.aws_route53_zone.main.zone_id","data.aws_route53_zone.main"]}},"schema_version":2,"for_each_expression":{"references":["aws_acm_certificate.cloudfront_cert.domain_validation_options","aws_acm_certificate.cloudfront_cert"]}},{"address":"aws_route53_record.cloudfront_dns","mode":"managed","type":"aws_route53_record","name":"cloudfront_dns","provider_config_key":"aws","expressions":{"alias":[{"evaluate_target_health":{"constant_value":false},"name":{"references":["aws_cloudfront_distribution.cdn.domain_name","aws_cloudfront_distribution.cdn"]},"zone_id":{"references":["aws_cloudfront_distribution.cdn.hosted_zone_id","aws_cloudfront_distribution.cdn"]}}],"name":{"constant_value":"internet.sys-lab.xyz"},"type":{"constant_value":"A"},"zone_id":{"references":["data.aws_route53_zone.main.zone_id","data.aws_route53_zone.main"]}},"schema_version":2},{"address":"aws_route_table.private_rt","mode":"managed","type":"aws_route_table","name":"private_rt","provider_config_key":"aws","expressions":{"route":{"references":["aws_nat_gateway.nat.id","aws_nat_gateway.nat"]},"tags":{"constant_value":{"Name":"private-rt"}},"vpc_id":{"references":["aws_vpc.victors_lab_vpc.id","aws_vpc.victors_lab_vpc"]}},"schema_version":0},{"address":"aws_route_table.public_rt","mode":"managed","type":"aws_route_table","name":"public_rt","provider_config_key":"aws","expressions":{"route":{"references":["aws_internet_gateway.igw.id","aws_internet_gateway.igw"]},"tags":{"constant_value":{"Name":"public-rt"}},"vpc_id":{"references":["aws_vpc.victors_lab_vpc.id","aws_vpc.victors_lab_vpc"]}},"schema_version":0},{"address":"aws_route_table_association.private_2_assoc","mode":"managed","type":"aws_route_table_association","name":"private_2_assoc","provider_config_key":"aws","expressions":{"route_table_id":{"references":["aws_route_table.private_rt.id","aws_route_table.private_rt"]},"subnet_id":{"references":["aws_subnet.private_2.id","aws_subnet.private_2"]}},"schema_version":0},{"address":"aws_route_table_association.private_3_assoc","mode":"managed","type":"aws_route_table_association","name":"private_3_assoc","provider_config_key":"aws","expressions":{"route_table_id":{"references":["aws_route_table.private_rt.id","aws_route_table.private_rt"]},"subnet_id":{"references":["aws_subnet.private_3.id","aws_subnet.private_3"]}},"schema_version":0},{"address":"aws_route_table_association.private_assoc","mode":"managed","type":"aws_route_table_association","name":"private_assoc","provider_config_key":"aws","expressions":{"route_table_id":{"references":["aws_route_table.private_rt.id","aws_route_table.private_rt"]},"subnet_id":{"references":["aws_subnet.private.id","aws_subnet.private"]}},"schema_version":0},{"address":"aws_route_table_association.public_2_assoc","mode":"managed","type":"aws_route_table_association","name":"public_2_assoc","provider_config_key":"aws","expressions":{"route_table_id":{"references":["aws_route_table.public_rt.id","aws_route_table.public_rt"]},"subnet_id":{"references":["aws_subnet.public_2.id","aws_subnet.public_2"]}},"schema_version":0},{"address":"aws_route_table_association.public_3_assoc","mode":"managed","type":"aws_route_table_association","name":"public_3_assoc","provider_config_key":"aws","expressions":{"route_table_id":{"references":["aws_route_table.public_rt.id","aws_route_table.public_rt"]},"subnet_id":{"references":["aws_subnet.public_3.id","aws_subnet.public_3"]}},"schema_version":0},{"address":"aws_route_table_association.public_assoc","mode":"managed","type":"aws_route_table_association","name":"public_assoc","provider_config_key":"aws","expressions":{"route_table_id":{"references":["aws_route_table.public_rt.id","aws_route_table.public_rt"]},"subnet_id":{"references":["aws_subnet.public.id","aws_subnet.public"]}},"schema_version":0},{"address":"aws_s3_bucket.cloudfront_logs","mode":"managed","type":"aws_s3_bucket","name":"cloudfront_logs","provider_config_key":"aws","expressions":{"bucket":{"constant_value":"alexrachok-cloudfront-logs"},"tags":{"constant_value":{"Name":"cloudfront-access-logs"}}},"schema_version":0},{"address":"aws_s3_bucket.static_web_site_bucket","mode":"managed","type":"aws_s3_bucket","name":"static_web_site_bucket","provider_config_key":"aws","expressions":{"bucket":{"constant_value":"alexrachok-terraform-web-site-static-content"},"tags":{"constant_value":{"Name":"Static web site content"}}},"schema_version":0},{"address":"aws_s3_bucket_ownership_controls.cloudfront_logs","mode":"managed","type":"aws_s3_bucket_ownership_controls","name":"cloudfront_logs","provider_config_key":"aws","expressions":{"bucket":{"references":["aws_s3_bucket.cloudfront_logs.id","aws_s3_bucket.cloudfront_logs"]},"rule":[{"object_ownership":{"constant_value":"ObjectWriter"}}]},"schema_version":0},{"address":"aws_s3_bucket_ownership_controls.s3_ownership_controls","mode":"managed","type":"aws_s3_bucket_ownership_controls","name":"s3_ownership_controls","provider_config_key":"aws","expressions":{"bucket":{"references":["aws_s3_bucket.static_web_site_bucket.id","aws_s3_bucket.static_web_site_bucket"]},"rule":[{"object_ownership":{"constant_value":"BucketOwnerEnforced"}}]},"schema_version":0},{"address":"aws_s3_bucket_policy.bucket_policy","mode":"managed","type":"aws_s3_bucket_policy","name":"bucket_policy","provider_config_key":"aws","expressions":{"bucket":{"references":["aws_s3_bucket.static_web_site_bucket.id","aws_s3_bucket.static_web_site_bucket"]},"policy":{"references":["aws_s3_bucket.static_web_site_bucket.arn","aws_s3_bucket.static_web_site_bucket","aws_cloudfront_distribution.cdn.arn","aws_cloudfront_distribution.cdn"]}},"schema_version":0},{"address":"aws_s3_bucket_public_access_block.cloudfront_logs","mode":"managed","type":"aws_s3_bucket_public_access_block","name":"cloudfront_logs","provider_config_key":"aws","expressions":{"block_public_acls":{"constant_value":false},"block_public_policy":{"constant_value":true},"bucket":{"references":["aws_s3_bucket.cloudfront_logs.id","aws_s3_bucket.cloudfront_logs"]},"ignore_public_acls":{"constant_value":false},"restrict_public_buckets":{"constant_value":true}},"schema_version":0},{"address":"aws_s3_bucket_public_access_block.s3_block_public_access","mode":"managed","type":"aws_s3_bucket_public_access_block","name":"s3_block_public_access","provider_config_key":"aws","expressions":{"block_public_acls":{"constant_value":true},"block_public_policy":{"constant_value":true},"bucket":{"references":["aws_s3_bucket.static_web_site_bucket.id","aws_s3_bucket.static_web_site_bucket"]},"ignore_public_acls":{"constant_value":true},"restrict_public_buckets":{"constant_value":true}},"schema_version":0},{"address":"aws_s3_object.crypto_updater_script","mode":"managed","type":"aws_s3_object","name":"crypto_updater_script","provider_config_key":"aws","expressions":{"bucket":{"references":["aws_s3_bucket.static_web_site_bucket.bucket","aws_s3_bucket.static_web_site_bucket"]},"etag":{},"key":{"constant_value":"web_site2/crypto_updater.py"},"source":{"constant_value":"www_site2/crypto_updater.py"}},"schema_version":0},{"address":"aws_s3_object.db_backup","mode":"managed","type":"aws_s3_object","name":"db_backup","provider_config_key":"aws","expressions":{"bucket":{"references":["aws_s3_bucket.static_web_site_bucket.bucket","aws_s3_bucket.static_web_site_bucket"]},"etag":{},"key":{"constant_value":"web_site2/db_backup.dump"},"source":{"constant_value":"www_site2/my_backup.dump"}},"schema_version":0},{"address":"aws_s3_object.healthcheck_script","mode":"managed","type":"aws_s3_object","name":"healthcheck_script","provider_config_key":"aws","expressions":{"bucket":{"references":["aws_s3_bucket.static_web_site_bucket.bucket","aws_s3_bucket.static_web_site_bucket"]},"etag":{},"key":{"constant_value":"web_site2/healthcheck_init.sh"},"source":{"constant_value":"www_site2/healthcheck_init.sh"}},"schema_version":0},{"address":"aws_s3_object.index","mode":"managed","type":"aws_s3_object","name":"index","provider_config_key":"aws","expressions":{"bucket":{"references":["aws_s3_bucket.static_web_site_bucket.bucket","aws_s3_bucket.static_web_site_bucket"]},"content":{"references":["path.module","aws_cloudfront_distribution.cdn.domain_name","aws_cloudfront_distribution.cdn"]},"content_type":{"constant_value":"text/html"},"etag":{"references":["path.module","aws_cloudfront_distribution.cdn.domain_name","aws_cloudfront_distribution.cdn"]},"key":{"constant_value":"index.html"}},"schema_version":0},{"address":"aws_s3_object.lambda_function_zip","mode":"managed","type":"aws_s3_object","name":"lambda_function_zip","provider_config_key":"aws","expressions":{"bucket":{"references":["var.lambda_bucket_name"]},"etag":{},"key":{"references":["local.function_key"]},"source":{"constant_value":"www_site2/lambda/crypto_updater.zip"}},"schema_version":0,"depends_on":["aws_s3_bucket.static_web_site_bucket"]},{"address":"aws_s3_object.lambda_layer_zip","mode":"managed","type":"aws_s3_object","name":"lambda_layer_zip","provider_config_key":"aws","expressions":{"bucket":{"references":["var.lambda_bucket_name"]},"etag":{},"key":{"references":["local.layer_key"]},"source":{"constant_value":"www_site2/lambda/lambda_layer.zip"}},"schema_version":0,"depends_on":["aws_s3_bucket.static_web_site_bucket"]},{"address":"aws_s3_object.php_index","mode":"managed","type":"aws_s3_object","name":"php_index","provider_config_key":"aws","expressions":{"bucket":{"references":["aws_s3_bucket.static_web_site_bucket.bucket","aws_s3_bucket.static_web_site_bucket"]},"content":{"references":["path.module","aws_cloudfront_distribution.cdn.domain_name","aws_cloudfront_distribution.cdn","aws_db_instance.postgres.address","aws_db_instance.postgres","local.db_name","local.db_user","local.db_password"]},"content_type":{"constant_value":"application/x-httpd-php"},"etag":{"references":["path.module","aws_cloudfront_distribution.cdn.domain_name","aws_cloudfront_distribution.cdn","aws_db_instance.postgres.address","aws_db_instance.postgres","local.db_name","local.db_user","local.db_password"]},"key":{"constant_value":"web_site2/index.php"}},"schema_version":0},{"address":"aws_s3_object.site1_image","mode":"managed","type":"aws_s3_object","name":"site1_image","provider_config_key":"aws","expressions":{"bucket":{"references":["aws_s3_bucket.static_web_site_bucket.bucket","aws_s3_bucket.static_web_site_bucket"]},"etag":{},"key":{"constant_value":"web_site1/images/test_site_image.jpg"},"source":{"constant_value":"www_site1/test_site_image.jpg"}},"schema_version":0},{"address":"aws_s3_object.site2_image","mode":"managed","type":"aws_s3_object","name":"site2_image","provider_config_key":"aws","expressions":{"bucket":{"references":["aws_s3_bucket.static_web_site_bucket.bucket","aws_s3_bucket.static_web_site_bucket"]},"etag":{},"key":{"constant_value":"web_site2/images/crypto.jpg"},"source":{"constant_value":"www_site2/crypto.jpg"}},"schema_version":0},{"address":"aws_security_group.lambda_sg","mode":"managed","type":"aws_security_group","name":"lambda_sg","provider_config_key":"aws","expressions":{"description":{"constant_value":"Allow Lambda to access RDS"},"egress":{"constant_value":[{"cidr_blocks":["0.0.0.0/0"],"description":null,"from_port":0,"ipv6_cidr_blocks":null,"prefix_list_ids":null,"protocol":"-1","security_groups":null,"self":null,"to_port":0}]},"name":{"constant_value":"lambda_sg"},"vpc_id":{"references":["aws_vpc.victors_lab_vpc.id","aws_vpc.victors_lab_vpc"]}},"schema_version":1},{"address":"aws_security_group.sg_alb","mode":"managed","type":"aws_security_group","name":"sg_alb","provider_config_key":"aws","expressions":{"description":{"constant_value":"Allow HTTP/HTTPS from Internet"},"egress":{"constant_value":[{"cidr_blocks":["0.0.0.0/0"],"description":null,"from_port":0,"ipv6_cidr_blocks":null,"prefix_list_ids":null,"protocol":"-1","security_groups":null,"self":null,"to_port":0}]},"ingress":{"constant_value":[{"cidr_blocks":["0.0.0.0/0"],"description":"Allow HTTP from anywhere","from_port":80,"ipv6_cidr_blocks":null,"prefix_list_ids":null,"protocol":"tcp","security_groups":null,"self":null,"to_port":80},{"cidr_blocks":["0.0.0.0/0"],"description":"Allow HTTPS from anywhere","from_port":443,"ipv6_cidr_blocks":null,"prefix_list_ids":null,"protocol":"tcp","security_groups":null,"self":null,"to_port":443}]},"name":{"constant_value":"alb-sg"},"tags":{"constant_value":{"Name":"alb-sg"}},"vpc_id":{"references":["aws_vpc.victors_lab_vpc.id","aws_vpc.victors_lab_vpc"]}},"schema_version":1},{"address":"aws_security_group.sg_bastion","mode":"managed","type":"aws_security_group","name":"sg_bastion","provider_config_key":"aws","expressions":{"description":{"constant_value":"Bastion SG"},"egress":{"constant_value":[{"cidr_blocks":["0.0.0.0/0"],"description":"Allow all outbound","from_port":0,"ipv6_cidr_blocks":null,"prefix_list_ids":null,"protocol":"-1","security_groups":null,"self":null,"to_port":0}]},"ingress":{"references":["aws_security_group.sg_nlb.id","aws_security_group.sg_nlb"]},"vpc_id":{"references":["aws_vpc.victors_lab_vpc.id","aws_vpc.victors_lab_vpc"]}},"schema_version":1},{"address":"aws_security_group.sg_http","mode":"managed","type":"aws_security_group","name":"sg_http","provider_config_key":"aws","expressions":{"description":{"constant_value":"Allow HTTP from allowed CIDR"},"egress":{"constant_value":[{"cidr_blocks":["0.0.0.0/0"],"description":null,"from_port":0,"ipv6_cidr_blocks":null,"prefix_list_ids":null,"protocol":"-1","security_groups":null,"self":null,"to_port":0}]},"ingress":{"references":["var.allowed_cidr"]},"vpc_id":{"references":["aws_vpc.victors_lab_vpc.id","aws_vpc.victors_lab_vpc"]}},"schema_version":1},{"address":"aws_security_group.sg_https","mode":"managed","type":"aws_security_group","name":"sg_https","provider_config_key":"aws","expressions":{"description":{"constant_value":"Allow HTTPS from allowed CIDR"},"egress":{"constant_value":[{"cidr_blocks":["0.0.0.0/0"],"description":null,"from_port":0,"ipv6_cidr_blocks":null,"prefix_list_ids":null,"protocol":"-1","security_groups":null,"self":null,"to_port":0}]},"ingress":{"references":["var.allowed_cidr"]},"vpc_id":{"references":["aws_vpc.victors_lab_vpc.id","aws_vpc.victors_lab_vpc"]}},"schema_version":1},{"address":"aws_security_group.sg_nlb","mode":"managed","type":"aws_security_group","name":"sg_nlb","provider_config_key":"aws","expressions":{"description":{"constant_value":"Allow inbound on port 2000"},"egress":{"constant_value":[{"cidr_blocks":["0.0.0.0/0"],"description":null,"from_port":0,"ipv6_cidr_blocks":null,"prefix_list_ids":null,"protocol":"-1","security_groups":null,"self":null,"to_port":0}]},"ingress":{"references":["var.allowed_cidr"]},"vpc_id":{"references":["aws_vpc.victors_lab_vpc.id","aws_vpc.victors_lab_vpc"]}},"schema_version":1},{"address":"aws_security_group.sg_rds","mode":"managed","type":"aws_security_group","name":"sg_rds","provider_config_key":"aws","expressions":{"description":{"constant_value":"Allow Postgres from web-server"},"egress":{"constant_value":[{"cidr_blocks":["0.0.0.0/0"],"description":null,"from_port":0,"ipv6_cidr_blocks":null,"prefix_list_ids":null,"protocol":"-1","security_groups":null,"self":null,"to_port":0}]},"ingress":{"references":["aws_security_group.sg_ssh.id","aws_security_group.sg_ssh","aws_security_group.lambda_sg.id","aws_security_group.lambda_sg"]},"name":{"constant_value":"rds-sg"},"vpc_id":{"references":["aws_vpc.victors_lab_vpc.id","aws_vpc.victors_lab_vpc"]}},"schema_version":1},{"address":"aws_security_group.sg_ssh","mode":"managed","type":"aws_security_group","name":"sg_ssh","provider_config_key":"aws","expressions":{"description":{"constant_value":"Allow SSH and ICMP from Bastion"},"egress":{"constant_value":[{"cidr_blocks":["0.0.0.0/0"],"description":null,"from_port":0,"ipv6_cidr_blocks":null,"prefix_list_ids":null,"protocol":"-1","security_groups":null,"self":null,"to_port":0}]},"ingress":{"references":["aws_security_group.sg_bastion.id","aws_security_group.sg_bastion"]},"vpc_id":{"references":["aws_vpc.victors_lab_vpc.id","aws_vpc.victors_lab_vpc"]}},"schema_version":1},{"address":"aws_security_group.sg_web_ingress","mode":"managed","type":"aws_security_group","name":"sg_web_ingress","provider_config_key":"aws","expressions":{"description":{"constant_value":"Allow HTTP/HTTPS from allowed CIDR"},"egress":{"constant_value":[{"cidr_blocks":["0.0.0.0/0"],"description":"All outbound","from_port":0,"ipv6_cidr_blocks":null,"prefix_list_ids":null,"protocol":"-1","security_groups":null,"self":null,"to_port":0}]},"ingress":{"references":["var.allowed_cidr","var.allowed_cidr"]},"tags":{"constant_value":{"Name":"web-ingress-sg"}},"vpc_id":{"references":["aws_vpc.victors_lab_vpc.id","aws_vpc.victors_lab_vpc"]}},"schema_version":1},{"address":"aws_security_group_rule.allow_alb_http","mode":"managed","type":"aws_security_group_rule","name":"allow_alb_http","provider_config_key":"aws","expressions":{"from_port":{"constant_value":80},"protocol":{"constant_value":"tcp"},"security_group_id":{"references":["aws_security_group.sg_ssh.id","aws_security_group.sg_ssh"]},"source_security_group_id":{"references":["aws_security_group.sg_alb.id","aws_security_group.sg_alb"]},"to_port":{"constant_value":80},"type":{"constant_value":"ingress"}},"schema_version":2},{"address":"aws_security_group_rule.allow_alb_https","mode":"managed","type":"aws_security_group_rule","name":"allow_alb_https","provider_config_key":"aws","expressions":{"from_port":{"constant_value":443},"protocol":{"constant_value":"tcp"},"security_group_id":{"references":["aws_security_group.sg_ssh.id","aws_security_group.sg_ssh"]},"source_security_group_id":{"references":["aws_security_group.sg_alb.id","aws_security_group.sg_alb"]},"to_port":{"constant_value":443},"type":{"constant_value":"ingress"}},"schema_version":2},{"address":"aws_subnet.private","mode":"managed","type":"aws_subnet","name":"private","provider_config_key":"aws","expressions":{"availability_zone":{"references":["data.aws_availability_zones.available.names[1]","data.aws_availability_zones.available.names","data.aws_availability_zones.available"]},"cidr_block":{"constant_value":"10.0.1.0/24"},"tags":{"constant_value":{"Name":"private subnet"}},"vpc_id":{"references":["aws_vpc.victors_lab_vpc.id","aws_vpc.victors_lab_vpc"]}},"schema_version":1},{"address":"aws_subnet.private_2","mode":"managed","type":"aws_subnet","name":"private_2","provider_config_key":"aws","expressions":{"availability_zone":{"references":["data.aws_availability_zones.available.names[2]","data.aws_availability_zones.available.names","data.aws_availability_zones.available"]},"cidr_block":{"constant_value":"10.0.3.0/24"},"map_public_ip_on_launch":{"constant_value":false},"tags":{"constant_value":{"Name":"private-subnet-2"}},"vpc_id":{"references":["aws_vpc.victors_lab_vpc.id","aws_vpc.victors_lab_vpc"]}},"schema_version":1},{"address":"aws_subnet.private_3","mode":"managed","type":"aws_subnet","name":"private_3","provider_config_key":"aws","expressions":{"availability_zone":{"references":["data.aws_availability_zones.available.names[0]","data.aws_availability_zones.available.names","data.aws_availability_zones.available"]},"cidr_block":{"constant_value":"10.0.5.0/24"},"map_public_ip_on_launch":{"constant_value":false},"tags":{"constant_value":{"Name":"private-subnet-3"}},"vpc_id":{"references":["aws_vpc.victors_lab_vpc.id","aws_vpc.victors_lab_vpc"]}},"schema_version":1},{"address":"aws_subnet.public","mode":"managed","type":"aws_subnet","name":"public","provider_config_key":"aws","expressions":{"availability_zone":{"references":["data.aws_availability_zones.available.names[0]","data.aws_availability_zones.available.names","data.aws_availability_zones.available"]},"cidr_block":{"constant_value":"10.0.0.0/24"},"map_public_ip_on_launch":{"constant_value":true},"tags":{"constant_value":{"Name":"public subnet"}},"vpc_id":{"references":["aws_vpc.victors_lab_vpc.id","aws_vpc.victors_lab_vpc"]}},"schema_version":1},{"address":"aws_subnet.public_2","mode":"managed","type":"aws_subnet","name":"public_2","provider_config_key":"aws","expressions":{"availability_zone":{"references":["data.aws_availability_zones.available.names[1]","data.aws_availability_zones.available.names","data.aws_availability_zones.available"]},"cidr_block":{"constant_value":"10.0.2.0/24"},"map_public_ip_on_launch":{"constant_value":true},"tags":{"constant_value":{"Name":"public-subnet-2"}},"vpc_id":{"references":["aws_vpc.victors_lab_vpc.id","aws_vpc.victors_lab_vpc"]}},"schema_version":1},{"address":"aws_subnet.public_3","mode":"managed","type":"aws_subnet","name":"public_3","provider_config_key":"aws","expressions":{"availability_zone":{"references":["data.aws_availability_zones.available.names[2]","data.aws_availability_zones.available.names","data.aws_availability_zones.available"]},"cidr_block":{"constant_value":"10.0.4.0/24"},"map_public_ip_on_launch":{"constant_value":true},"tags":{"constant_value":{"Name":"public-subnet-3"}},"vpc_id":{"references":["aws_vpc.victors_lab_vpc.id","aws_vpc.victors_lab_vpc"]}},"schema_version":1},{"address":"aws_vpc.victors_lab_vpc","mode":"managed","type":"aws_vpc","name":"victors_lab_vpc","provider_config_key":"aws","expressions":{"cidr_block":{"constant_value":"10.0.0.0/16"},"enable_dns_hostnames":{"constant_value":true},"enable_dns_support":{"constant_value":true},"tags":{"constant_value":{"Name":"victors_lab_vpc"}}},"schema_version":1},{"address":"aws_vpc_endpoint.s3","mode":"managed","type":"aws_vpc_endpoint","name":"s3","provider_config_key":"aws","expressions":{"route_table_ids":{"references":["aws_route_table.private_rt.id","aws_route_table.private_rt"]},"service_name":{"references":["var.region"]},"vpc_id":{"references":["aws_vpc.victors_lab_vpc.id","aws_vpc.victors_lab_vpc"]}},"schema_version":0},{"address":"aws_wafv2_web_acl.cloudfront","mode":"managed","type":"aws_wafv2_web_acl","name":"cloudfront","provider_config_key":"aws.us_east_1","expressions":{"default_action":[{"allow":[{}]}],"name":{"constant_value":"cloudfront-waf"},"rule":[{"name":{"constant_value":"AWSManagedCommonRuleSet"},"override_action":[{"none":[{}]}],"priority":{"constant_value":1},"statement":[{"managed_rule_group_statement":[{"name":{"constant_value":"AWSManagedRulesCommonRuleSet"},"vendor_name":{"constant_value":"AWS"}}]}],"visibility_config":[{"cloudwatch_metrics_enabled":{"constant_value":true},"metric_name":{"constant_value":"commonRules"},"sampled_requests_enabled":{"constant_value":true}}]}],"scope":{"constant_value":"CLOUDFRONT"},"visibility_config":[{"cloudwatch_metrics_enabled":{"constant_value":true},"metric_name":{"constant_value":"cloudfrontWAF"},"sampled_requests_enabled":{"constant_value":true}}]},"schema_version":0},{"address":"data.aws_availability_zones.available","mode":"data","type":"aws_availability_zones","name":"available","provider_config_key":"aws","schema_version":0},{"address":"data.aws_cloudfront_cache_policy.caching_optimized","mode":"data","type":"aws_cloudfront_cache_policy","name":"caching_optimized","provider_config_key":"aws","expressions":{"name":{"constant_value":"Managed-CachingOptimized"}},"schema_version":0},{"address":"data.aws_cloudfront_origin_request_policy.s3_origin","mode":"data","type":"aws_cloudfront_origin_request_policy","name":"s3_origin","provider_config_key":"aws","expressions":{"name":{"constant_value":"Managed-CORS-S3Origin"}},"schema_version":0},{"address":"data.aws_route53_zone.main","mode":"data","type":"aws_route53_zone","name":"main","provider_config_key":"aws","expressions":{"name":{"constant_value":"sys-lab.xyz"},"private_zone":{"constant_value":false}},"schema_version":0},{"address":"data.sops_file.secrets","mode":"data","type":"sops_file","name":"secrets","provider_config_key":"sops","expressions":{"input_type":{"constant_value":"yaml"},"source_file":{"references":["path.module"]}},"schema_version":0}],"variables":{"allowed_cidr":{"default":"5.152.109.0/24","description":"CIDR block allowed to access NLB"},"instance_ami":{"default":"ami-097a2df4ac947655f","description":"AMI for EC2 instance"},"instance_type":{"default":"t3.micro","description":"EC2 instance type"},"lambda_bucket_name":{"default":"alexrachok-terraform-web-site-static-content","description":"S3 bucket for Lambda layers and functions"},"region":{"default":"us-east-2","description":"AWS region"},"ssh_key_name":{"default":"aws_key","description":"SSH key name"},"ssh_public_key":{"default":"ssh-ed25519 AAAAC3NzaC1lZDI1NTE5AAAAIC8bJfR85v9E+M096iS8Tn5eqOD3BpjezKfbASwNA8Um azuread\\aliaksandrrachok@EPGETBIW0398","description":"SSH public key"}}}},"relevant_attributes":[{"resource":"aws_security_group.sg_alb","attribute":["id"]},{"resource":"aws_security_group.sg_ssh","attribute":["id"]}],"timestamp":"2025-12-29T20:41:58Z","applyable":true,"complete":true,"errored":false}
